{
    "format_version": "1.2",
    "terraform_version": "1.5.7",
    "planned_values": {
        "root_module": {
            "resources": [
                {
                    "address": "aws_s3_bucket.terraform-bucket",
                    "mode": "managed",
                    "type": "aws_s3_bucket",
                    "name": "terraform-bucket",
                    "provider_name": "registry.terraform.io/hashicorp/aws",
                    "schema_version": 0,
                    "values": {
                        "bucket": "terraform-series-bucket-bao",
                        "force_destroy": false,
                        "tags": {
                            "Name": "Terraform Series"
                        },
                        "tags_all": {
                            "Name": "Terraform Series"
                        },
                        "timeouts": null
                    },
                    "sensitive_values": {
                        "cors_rule": [],
                        "grant": [],
                        "lifecycle_rule": [],
                        "logging": [],
                        "object_lock_configuration": [],
                        "replication_configuration": [],
                        "server_side_encryption_configuration": [],
                        "tags": {},
                        "tags_all": {},
                        "versioning": [],
                        "website": []
                    }
                }
            ]
        }
    },
    "resource_changes": [
        {
            "address": "aws_s3_bucket.terraform-bucket",
            "mode": "managed",
            "type": "aws_s3_bucket",
            "name": "terraform-bucket",
            "provider_name": "registry.terraform.io/hashicorp/aws",
            "change": {
                "actions": [
                    "create"
                ],
                "before": null,
                "after": {
                    "bucket": "terraform-series-bucket-bao",
                    "force_destroy": false,
                    "tags": {
                        "Name": "Terraform Series"
                    },
                    "tags_all": {
                        "Name": "Terraform Series"
                    },
                    "timeouts": null
                },
                "after_unknown": {
                    "acceleration_status": true,
                    "acl": true,
                    "arn": true,
                    "bucket_domain_name": true,
                    "bucket_prefix": true,
                    "bucket_regional_domain_name": true,
                    "cors_rule": true,
                    "grant": true,
                    "hosted_zone_id": true,
                    "id": true,
                    "lifecycle_rule": true,
                    "logging": true,
                    "object_lock_configuration": true,
                    "object_lock_enabled": true,
                    "policy": true,
                    "region": true,
                    "replication_configuration": true,
                    "request_payer": true,
                    "server_side_encryption_configuration": true,
                    "tags": {},
                    "tags_all": {},
                    "versioning": true,
                    "website": true,
                    "website_domain": true,
                    "website_endpoint": true
                },
                "before_sensitive": false,
                "after_sensitive": {
                    "cors_rule": [],
                    "grant": [],
                    "lifecycle_rule": [],
                    "logging": [],
                    "object_lock_configuration": [],
                    "replication_configuration": [],
                    "server_side_encryption_configuration": [],
                    "tags": {},
                    "tags_all": {},
                    "versioning": [],
                    "website": []
                }
            }
        }
    ],
    "configuration": {
        "provider_config": {
            "aws": {
                "name": "aws",
                "full_name": "registry.terraform.io/hashicorp/aws",
                "expressions": {
                    "region": {
                        "constant_value": "us-west-2"
                    }
                }
            }
        },
        "root_module": {
            "resources": [
                {
                    "address": "aws_s3_bucket.terraform-bucket",
                    "mode": "managed",
                    "type": "aws_s3_bucket",
                    "name": "terraform-bucket",
                    "provider_config_key": "aws",
                    "expressions": {
                        "bucket": {
                            "constant_value": "terraform-series-bucket-bao"
                        },
                        "tags": {
                            "constant_value": {
                                "Name": "Terraform Series"
                            }
                        }
                    },
                    "schema_version": 0
                }
            ]
        }
    },
    "timestamp": "2023-09-29T09:12:10Z"
}