{
  "version": 4,
  "terraform_version": "1.5.7",
  "serial": 2060,
  "lineage": "fa2b4684-b4cf-bf94-e029-4767b20cf86e",
  "outputs": {},
  "resources": [
    {
      "mode": "managed",
      "type": "local_file",
      "name": "mad_libs",
      "provider": "provider[\"registry.terraform.io/hashicorp/local\"]",
      "instances": [
        {
          "index_key": 0,
          "schema_version": 0,
          "attributes": {
            "content": "ALICE'S UPSIDE-DOWN WORLD\n\nLewis Carroll's classic, \"Alice's Adventures in Wonderland\", as well\nas its GRUMPY sequel, \"Through the Looking CAT\",\nhave enchanted both the young and old JIGSAWs for the last\n101 years, Alice's THUNDERING adventures begin\nwhen she KICKEDs down a/an ABUNDANT hole and lands\nin a strange and topsy-turvy MILK. There she discovers she\ncan become a tall ZEUS or a small SUN simply by\nnibbling on alternate sides of a magic SANDWICH. In her travels\nthrough Wonderland, Alice BAKEDs such remarkable\ncharacters as the White PANTHER, the BITTER Hatter,\nthe Cheshire ARMY, and even the Queen of BANANAs.\nUnfortunately, Alice's adventures come to a/an CHUBBY\nend when Alice awakens from her BANANA.",
            "content_base64": null,
            "content_base64sha256": "j0sk9C8jBGxfCRSRtOSfvZP2L/tmSSfFKIbG9nlBrig=",
            "content_base64sha512": "PXvST+ZvLGVx9dYtZpO4a16GnTZ/ElZ+xtl513MWrIneucA1FEzQPKzr8rOr0H+ZVwfWzob4JdB2dM51Nilq6w==",
            "content_md5": "12a6943bd6dc4607eb51b541b0518dc1",
            "content_sha1": "a703f24b0c84341ce925f347fed41f06ef5196e6",
            "content_sha256": "8f4b24f42f23046c5f091491b4e49fbd93f62ffb664927c52886c6f67941ae28",
            "content_sha512": "3d7bd24fe66f2c6571f5d62d6693b86b5e869d367f12567ec6d979d77316ac89deb9c035144cd03cacebf2b3abd07f995707d6ce86f825d07674ce7536296aeb",
            "directory_permission": "0777",
            "file_permission": "0777",
            "filename": "madlibs/madlibs-0.txt",
            "id": "a703f24b0c84341ce925f347fed41f06ef5196e6",
            "sensitive_content": null,
            "source": null
          },
          "sensitive_attributes": [],
          "dependencies": [
            "random_shuffle.random_adjectives",
            "random_shuffle.random_adverbs",
            "random_shuffle.random_nouns",
            "random_shuffle.random_numbers",
            "random_shuffle.random_verbs"
          ]
        },
        {
          "index_key": 1,
          "schema_version": 0,
          "attributes": {
            "content": "THE OBSERVATORY\n\nOut class when on a field trip to a THUNDERING observatory. It\nwas located on top of a SANDWICH, and it looked like a giant\nSUN with a slit down its ZEUS. We went inside and\nlooked through a BANANA and were able to see CATs in\nthe sky that were millions of WALNUTSs away. The men and\nwomen who RUN in the observatory are called\nMILKs, and they are always watching for comets, eclipses,\nand shooting JIGSAWs. An eclipse occurs when a JELLYFISH\ncomes between the earth and the ARMY and everything\ngets STICKY. Next week, we place to LOVE the\nMuseum of Modern VIOLIN.\n",
            "content_base64": null,
            "content_base64sha256": "3QKaBwP6REWtRB8+AvHbiwoRSQbD9yOU/cyzcHdQm3c=",
            "content_base64sha512": "s6CGr0rJYYAO6u2K+vqWshdXklH7xmJdzPhd1jeFF6e/iDAz96u7i2Dnbw4zTtW1+kBwrHfEPKGpBrFmXPq+xA==",
            "content_md5": "e405aaabc0b5053f94e1dc5111e2bd1d",
            "content_sha1": "af12cd9335db6b9cdadef539885c4d1acf043c96",
            "content_sha256": "dd029a0703fa4445ad441f3e02f1db8b0a114906c3f72394fdccb37077509b77",
            "content_sha512": "b3a086af4ac961800eeaed8afafa96b217579251fbc6625dccf85dd6378517a7bf883033f7abbb8b60e76f0e334ed5b5fa4070ac77c43ca1a906b1665cfabec4",
            "directory_permission": "0777",
            "file_permission": "0777",
            "filename": "madlibs/madlibs-1.txt",
            "id": "af12cd9335db6b9cdadef539885c4d1acf043c96",
            "sensitive_content": null,
            "source": null
          },
          "sensitive_attributes": [],
          "dependencies": [
            "random_shuffle.random_adjectives",
            "random_shuffle.random_adverbs",
            "random_shuffle.random_nouns",
            "random_shuffle.random_numbers",
            "random_shuffle.random_verbs"
          ]
        },
        {
          "index_key": 2,
          "schema_version": 0,
          "attributes": {
            "content": "HOW TO BE A PHOTOGRAPHER\n\nMany BITTER photographers make big money\nphotographing WALNUTSs and beautiful SUNs. They sell\nthe prints to STICKY magazines or to agencies who use\nthem in ZEUS advertisements. To be a photographer, you\nhave to have a VIOLIN camera. You also need an\nCHUBBY meter and filters and a special close-up\nARMY. Then you either hire professional SUNs or go\nout and snap candid pictures of ordinary SANDWICHs. But if you\nwant to have a career, you must study very WEARILY for at\nleast 73 years.\n",
            "content_base64": null,
            "content_base64sha256": "o0z3pR4bu/4bx9NLpBOwUQ0NMM8hAd4DrD52+6rJh/s=",
            "content_base64sha512": "fzbApUeiutWLA+KrVQtNTuXeUx121pqwfMPOaR+G9W3yr3fqJHmlhHWp3v8oNGu2zNCVSWAIf4o813MkaoOzUQ==",
            "content_md5": "938a0aad315f00ec82bd2b819c993f78",
            "content_sha1": "a57f84985c6fe8ed9c7b2b010c7eb4a40e97aacf",
            "content_sha256": "a34cf7a51e1bbbfe1bc7d34ba413b0510d0d30cf2101de03ac3e76fbaac987fb",
            "content_sha512": "7f36c0a547a2bad58b03e2ab550b4d4ee5de531d76d69ab07cc3ce691f86f56df2af77ea2479a58475a9deff28346bb6ccd0954960087f8a3cd773246a83b351",
            "directory_permission": "0777",
            "file_permission": "0777",
            "filename": "madlibs/madlibs-2.txt",
            "id": "a57f84985c6fe8ed9c7b2b010c7eb4a40e97aacf",
            "sensitive_content": null,
            "source": null
          },
          "sensitive_attributes": [],
          "dependencies": [
            "random_shuffle.random_adjectives",
            "random_shuffle.random_adverbs",
            "random_shuffle.random_nouns",
            "random_shuffle.random_numbers",
            "random_shuffle.random_verbs"
          ]
        },
        {
          "index_key": 3,
          "schema_version": 0,
          "attributes": {
            "content": "ALICE'S UPSIDE-DOWN WORLD\n\nLewis Carroll's classic, \"Alice's Adventures in Wonderland\", as well\nas its ABUNDANT sequel, \"Through the Looking BANANA\",\nhave enchanted both the young and old SANDWICHs for the last\n42 years, Alice's BITTER adventures begin\nwhen she BAKEDs down a/an STICKY hole and lands\nin a strange and topsy-turvy JELLYFISH. There she discovers she\ncan become a tall VIOLIN or a small WALNUTS simply by\nnibbling on alternate sides of a magic ZEUS. In her travels\nthrough Wonderland, Alice DANCEs such remarkable\ncharacters as the White JIGSAW, the THUNDERING Hatter,\nthe Cheshire MILK, and even the Queen of CATs.\nUnfortunately, Alice's adventures come to a/an CHUBBY\nend when Alice awakens from her CAT.",
            "content_base64": null,
            "content_base64sha256": "M7Qpp3Sgz4/3gV8hfjUcbudDPwQMnEGGdIxQnZ9GHFQ=",
            "content_base64sha512": "bpL53DfaydlKVI69XVNoCTqahefmetoY4H5osImF84oqt0o4lRdOyqQaTH4ntjFkskQa8HCmj+pffz1qw1g/Bw==",
            "content_md5": "0762d3df1a5636e4c792a208f3ed7c12",
            "content_sha1": "bee7d7374565c425e1e4c7037b7edd799ce34086",
            "content_sha256": "33b429a774a0cf8ff7815f217e351c6ee7433f040c9c4186748c509d9f461c54",
            "content_sha512": "6e92f9dc37dac9d94a548ebd5d5368093a9a85e7e67ada18e07e68b08985f38a2ab74a3895174ecaa41a4c7e27b63164b2441af070a68fea5f7f3d6ac3583f07",
            "directory_permission": "0777",
            "file_permission": "0777",
            "filename": "madlibs/madlibs-3.txt",
            "id": "bee7d7374565c425e1e4c7037b7edd799ce34086",
            "sensitive_content": null,
            "source": null
          },
          "sensitive_attributes": [],
          "dependencies": [
            "random_shuffle.random_adjectives",
            "random_shuffle.random_adverbs",
            "random_shuffle.random_nouns",
            "random_shuffle.random_numbers",
            "random_shuffle.random_verbs"
          ]
        },
        {
          "index_key": 4,
          "schema_version": 0,
          "attributes": {
            "content": "THE OBSERVATORY\n\nOut class when on a field trip to a GRUMPY observatory. It\nwas located on top of a MILK, and it looked like a giant\nVIOLIN with a slit down its PANTHER. We went inside and\nlooked through a SUN and were able to see CATs in\nthe sky that were millions of ARMYs away. The men and\nwomen who RESPECT in the observatory are called\nWALNUTSs, and they are always watching for comets, eclipses,\nand shooting JELLYFISHs. An eclipse occurs when a ZEUS\ncomes between the earth and the BANANA and everything\ngets BITTER. Next week, we place to RUN the\nMuseum of Modern SANDWICH.\n",
            "content_base64": null,
            "content_base64sha256": "czyXTEgVA6R8HBkzBUkf1gMjqOGAn6gbiCM8LeSMLxI=",
            "content_base64sha512": "vU28pIzgOTLU9YDNc4Od166vFQr+6V4bUqVxp3JE1qnkbh+2wsTVD1fJ/liePaInWdMEyZNOhSjmI0BDmHmDfQ==",
            "content_md5": "ac7d466a21fdc222bed0fa7a7e4b57da",
            "content_sha1": "cd298ffc4bb976e37522b051b5a815719ff162e6",
            "content_sha256": "733c974c481503a47c1c193305491fd60323a8e1809fa81b88233c2de48c2f12",
            "content_sha512": "bd4dbca48ce03932d4f580cd73839dd7aeaf150afee95e1b52a571a77244d6a9e46e1fb6c2c4d50f57c9fe589e3da22759d304c9934e8528e62340439879837d",
            "directory_permission": "0777",
            "file_permission": "0777",
            "filename": "madlibs/madlibs-4.txt",
            "id": "cd298ffc4bb976e37522b051b5a815719ff162e6",
            "sensitive_content": null,
            "source": null
          },
          "sensitive_attributes": [],
          "dependencies": [
            "random_shuffle.random_adjectives",
            "random_shuffle.random_adverbs",
            "random_shuffle.random_nouns",
            "random_shuffle.random_numbers",
            "random_shuffle.random_verbs"
          ]
        },
        {
          "index_key": 5,
          "schema_version": 0,
          "attributes": {
            "content": "HOW TO BE A PHOTOGRAPHER\n\nMany BITTER photographers make big money\nphotographing PANTHERs and beautiful WALNUTSs. They sell\nthe prints to GRUMPY magazines or to agencies who use\nthem in ZEUS advertisements. To be a photographer, you\nhave to have a VIOLIN camera. You also need an\nCHUBBY meter and filters and a special close-up\nCAT. Then you either hire professional WALNUTSs or go\nout and snap candid pictures of ordinary SUNs. But if you\nwant to have a career, you must study very BEAUTIFULLY for at\nleast 73 years.\n",
            "content_base64": null,
            "content_base64sha256": "dSIkDmsbmZi60BFUfKnpdl9BR7QEqIQwtMswCyCfVDs=",
            "content_base64sha512": "Qsf33ThcxVYWdzY4Ygdx96jiciGKVxBe05c0L/lNTR1DlPpUHGrCZLAzjpgytmDewkvANowswIwrr7dpWvcIHw==",
            "content_md5": "cc93ac45827bc6900c0efd9f4061208a",
            "content_sha1": "3ea379a0c417d563efa605a593642ac3728d3123",
            "content_sha256": "7522240e6b1b9998bad011547ca9e9765f4147b404a88430b4cb300b209f543b",
            "content_sha512": "42c7f7dd385cc55616773638620771f7a8e272218a57105ed397342ff94d4d1d4394fa541c6ac264b0338e9832b660dec24bc0368c2cc08c2bafb7695af7081f",
            "directory_permission": "0777",
            "file_permission": "0777",
            "filename": "madlibs/madlibs-5.txt",
            "id": "3ea379a0c417d563efa605a593642ac3728d3123",
            "sensitive_content": null,
            "source": null
          },
          "sensitive_attributes": [],
          "dependencies": [
            "random_shuffle.random_adjectives",
            "random_shuffle.random_adverbs",
            "random_shuffle.random_nouns",
            "random_shuffle.random_numbers",
            "random_shuffle.random_verbs"
          ]
        },
        {
          "index_key": 6,
          "schema_version": 0,
          "attributes": {
            "content": "ALICE'S UPSIDE-DOWN WORLD\n\nLewis Carroll's classic, \"Alice's Adventures in Wonderland\", as well\nas its CHUBBY sequel, \"Through the Looking ARMY\",\nhave enchanted both the young and old MILKs for the last\n42 years, Alice's ABUNDANT adventures begin\nwhen she LOVEs down a/an THUNDERING hole and lands\nin a strange and topsy-turvy SANDWICH. There she discovers she\ncan become a tall PANTHER or a small SUN simply by\nnibbling on alternate sides of a magic ZEUS. In her travels\nthrough Wonderland, Alice RUNs such remarkable\ncharacters as the White JELLYFISH, the GRUMPY Hatter,\nthe Cheshire VIOLIN, and even the Queen of WALNUTSs.\nUnfortunately, Alice's adventures come to a/an STICKY\nend when Alice awakens from her WALNUTS.",
            "content_base64": null,
            "content_base64sha256": "53CuTghQCTpq+zsNr9AKV3+hdEHekBRQ5mzXs9nGAwE=",
            "content_base64sha512": "qL0KUgJhmwqA2RH70iX9u3RwF19B2zwCRCbtn/5N1iutLUuCZjcrDlZn7lSiKk/7iN7Tnfpvz7xlqq+Zz/6L2w==",
            "content_md5": "6a1900df017e6e29e89633324d2d9749",
            "content_sha1": "522d55899cec5220219d7773b38b9e93df533462",
            "content_sha256": "e770ae4e0850093a6afb3b0dafd00a577fa17441de901450e66cd7b3d9c60301",
            "content_sha512": "a8bd0a5202619b0a80d911fbd225fdbb7470175f41db3c024426ed9ffe4dd62bad2d4b8266372b0e5667ee54a22a4ffb88ded39dfa6fcfbc65aaaf99cffe8bdb",
            "directory_permission": "0777",
            "file_permission": "0777",
            "filename": "madlibs/madlibs-6.txt",
            "id": "522d55899cec5220219d7773b38b9e93df533462",
            "sensitive_content": null,
            "source": null
          },
          "sensitive_attributes": [],
          "dependencies": [
            "random_shuffle.random_adjectives",
            "random_shuffle.random_adverbs",
            "random_shuffle.random_nouns",
            "random_shuffle.random_numbers",
            "random_shuffle.random_verbs"
          ]
        },
        {
          "index_key": 7,
          "schema_version": 0,
          "attributes": {
            "content": "THE OBSERVATORY\n\nOut class when on a field trip to a CHUBBY observatory. It\nwas located on top of a JELLYFISH, and it looked like a giant\nWALNUTS with a slit down its MILK. We went inside and\nlooked through a SANDWICH and were able to see VIOLINs in\nthe sky that were millions of PANTHERs away. The men and\nwomen who RESPECT in the observatory are called\nARMYs, and they are always watching for comets, eclipses,\nand shooting JIGSAWs. An eclipse occurs when a CAT\ncomes between the earth and the BANANA and everything\ngets ABUNDANT. Next week, we place to DANCE the\nMuseum of Modern ZEUS.\n",
            "content_base64": null,
            "content_base64sha256": "rRAnW5bNHrMi/s4TMU/EWt5BqOxqKa5l9gR0OGjX/Ds=",
            "content_base64sha512": "vAcBabVmJW6bE52X07m+x9VnPhSNkVdRdXrKiU39QCoMoGPhZcM3wjnkSZaPWXgNkBINpUONMgYSQsndGangXQ==",
            "content_md5": "0c28d2f3ab1c087250e6fe625b647c87",
            "content_sha1": "caffd690e37787baf0053c91f1a4a269a2e92de4",
            "content_sha256": "ad10275b96cd1eb322fece13314fc45ade41a8ec6a29ae65f604743868d7fc3b",
            "content_sha512": "bc070169b566256e9b139d97d3b9bec7d5673e148d915751757aca894dfd402a0ca063e165c337c239e449968f59780d90120da5438d32061242c9dd19a9e05d",
            "directory_permission": "0777",
            "file_permission": "0777",
            "filename": "madlibs/madlibs-7.txt",
            "id": "caffd690e37787baf0053c91f1a4a269a2e92de4",
            "sensitive_content": null,
            "source": null
          },
          "sensitive_attributes": [],
          "dependencies": [
            "random_shuffle.random_adjectives",
            "random_shuffle.random_adverbs",
            "random_shuffle.random_nouns",
            "random_shuffle.random_numbers",
            "random_shuffle.random_verbs"
          ]
        },
        {
          "index_key": 8,
          "schema_version": 0,
          "attributes": {
            "content": "HOW TO BE A PHOTOGRAPHER\n\nMany BITTER photographers make big money\nphotographing PANTHERs and beautiful VIOLINs. They sell\nthe prints to GRUMPY magazines or to agencies who use\nthem in MILK advertisements. To be a photographer, you\nhave to have a JIGSAW camera. You also need an\nABUNDANT meter and filters and a special close-up\nSUN. Then you either hire professional VIOLINs or go\nout and snap candid pictures of ordinary WALNUTSs. But if you\nwant to have a career, you must study very BEAUTIFULLY for at\nleast 73 years.\n",
            "content_base64": null,
            "content_base64sha256": "QV3O+5KpT+JGtlwTDZgyz8ALwXRXlFyttmlprTRw4O8=",
            "content_base64sha512": "64Nna10Ltno5l3RRXiOWWyF93OXlQu1PmvOXEPxPl3yDmpW5M5spwe0HowfCyI0l3H45eJ+0L9hUyigSYocYfQ==",
            "content_md5": "8628865158f6291e4f6d6225e7042fff",
            "content_sha1": "2bac2f5a64017439e8a262ce6c90c8ebe7a8a618",
            "content_sha256": "415dcefb92a94fe246b65c130d9832cfc00bc17457945cadb66969ad3470e0ef",
            "content_sha512": "eb83676b5d0bb67a399774515e23965b217ddce5e542ed4f9af39710fc4f977c839a95b9339b29c1ed07a307c2c88d25dc7e39789fb42fd854ca28126287187d",
            "directory_permission": "0777",
            "file_permission": "0777",
            "filename": "madlibs/madlibs-8.txt",
            "id": "2bac2f5a64017439e8a262ce6c90c8ebe7a8a618",
            "sensitive_content": null,
            "source": null
          },
          "sensitive_attributes": [],
          "dependencies": [
            "random_shuffle.random_adjectives",
            "random_shuffle.random_adverbs",
            "random_shuffle.random_nouns",
            "random_shuffle.random_numbers",
            "random_shuffle.random_verbs"
          ]
        },
        {
          "index_key": 9,
          "schema_version": 0,
          "attributes": {
            "content": "ALICE'S UPSIDE-DOWN WORLD\n\nLewis Carroll's classic, \"Alice's Adventures in Wonderland\", as well\nas its GRUMPY sequel, \"Through the Looking JELLYFISH\",\nhave enchanted both the young and old WALNUTSs for the last\n27 years, Alice's STICKY adventures begin\nwhen she DANCEs down a/an CHUBBY hole and lands\nin a strange and topsy-turvy ZEUS. There she discovers she\ncan become a tall MILK or a small JIGSAW simply by\nnibbling on alternate sides of a magic SUN. In her travels\nthrough Wonderland, Alice RESPECTs such remarkable\ncharacters as the White ARMY, the BITTER Hatter,\nthe Cheshire PANTHER, and even the Queen of VIOLINs.\nUnfortunately, Alice's adventures come to a/an THUNDERING\nend when Alice awakens from her VIOLIN.",
            "content_base64": null,
            "content_base64sha256": "QmU4MT0uUvwkv9pjfyvN8zlA6pMDTX65gOBmkJ5MDhQ=",
            "content_base64sha512": "kpb3d5bvlAwJ5SDiW3VGBHpycTAVqB+84Ftc9nk8wUZUQYllVSLug1nwRAwFNCPTVC4N7CPFMnckMzYrcIECuw==",
            "content_md5": "919cd192a9d0e15d7eea9abaebeaee04",
            "content_sha1": "d5b8fe6a69bb04813975a07a28683997162d0095",
            "content_sha256": "426538313d2e52fc24bfda637f2bcdf33940ea93034d7eb980e066909e4c0e14",
            "content_sha512": "9296f77796ef940c09e520e25b7546047a72713015a81fbce05b5cf6793cc146544189655522ee8359f0440c053423d3542e0dec23c532772433362b708102bb",
            "directory_permission": "0777",
            "file_permission": "0777",
            "filename": "madlibs/madlibs-9.txt",
            "id": "d5b8fe6a69bb04813975a07a28683997162d0095",
            "sensitive_content": null,
            "source": null
          },
          "sensitive_attributes": [],
          "dependencies": [
            "random_shuffle.random_adjectives",
            "random_shuffle.random_adverbs",
            "random_shuffle.random_nouns",
            "random_shuffle.random_numbers",
            "random_shuffle.random_verbs"
          ]
        },
        {
          "index_key": 10,
          "schema_version": 0,
          "attributes": {
            "content": "THE OBSERVATORY\n\nOut class when on a field trip to a CHUBBY observatory. It\nwas located on top of a PANTHER, and it looked like a giant\nMILK with a slit down its BANANA. We went inside and\nlooked through a JIGSAW and were able to see WALNUTSs in\nthe sky that were millions of ZEUSs away. The men and\nwomen who DANCE in the observatory are called\nVIOLINs, and they are always watching for comets, eclipses,\nand shooting JELLYFISHs. An eclipse occurs when a SANDWICH\ncomes between the earth and the SUN and everything\ngets STICKY. Next week, we place to BAKED the\nMuseum of Modern ARMY.\n",
            "content_base64": null,
            "content_base64sha256": "rL/kOIk+1eIXunEvADBKCIRzK8UWqaiaet68QNRwLJs=",
            "content_base64sha512": "1j/JVFhUmIk2PEsf8X13lWOy5WhFECFrPSmqluwIQj0ys0t51UCV6Mlk8cK25SiC9VvPXSSqfLl7BzGGr/9tFg==",
            "content_md5": "383cb5726bdb74685cd9b4ea81256377",
            "content_sha1": "2f3d2df26affa8109a33fc70d596aff30bfd6657",
            "content_sha256": "acbfe438893ed5e217ba712f00304a0884732bc516a9a89a7adebc40d4702c9b",
            "content_sha512": "d63fc95458549889363c4b1ff17d779563b2e5684510216b3d29aa96ec08423d32b34b79d54095e8c964f1c2b6e52882f55bcf5d24aa7cb97b073186afff6d16",
            "directory_permission": "0777",
            "file_permission": "0777",
            "filename": "madlibs/madlibs-10.txt",
            "id": "2f3d2df26affa8109a33fc70d596aff30bfd6657",
            "sensitive_content": null,
            "source": null
          },
          "sensitive_attributes": [],
          "dependencies": [
            "random_shuffle.random_adjectives",
            "random_shuffle.random_adverbs",
            "random_shuffle.random_nouns",
            "random_shuffle.random_numbers",
            "random_shuffle.random_verbs"
          ]
        },
        {
          "index_key": 11,
          "schema_version": 0,
          "attributes": {
            "content": "HOW TO BE A PHOTOGRAPHER\n\nMany GRUMPY photographers make big money\nphotographing CATs and beautiful PANTHERs. They sell\nthe prints to ABUNDANT magazines or to agencies who use\nthem in VIOLIN advertisements. To be a photographer, you\nhave to have a ARMY camera. You also need an\nTHUNDERING meter and filters and a special close-up\nSUN. Then you either hire professional PANTHERs or go\nout and snap candid pictures of ordinary BANANAs. But if you\nwant to have a career, you must study very WEARILY for at\nleast 101 years.\n",
            "content_base64": null,
            "content_base64sha256": "9Suz+K6vxXeF3Us50dRIdx1rCN7IZkNVzF4dEsolvFU=",
            "content_base64sha512": "Dpx38q9OeGQS0fsDK3o6fkvfOMirtkmPXqey9Ko8BSBx7YkQ2mlmy/dsN60RPGuoKogwm9KFTqb9H3GoQVNLKg==",
            "content_md5": "281b6b75d732cca89263212088ea1929",
            "content_sha1": "4f78901408c32a8b9ee67958f5c9e11ed414b667",
            "content_sha256": "f52bb3f8aeafc57785dd4b39d1d448771d6b08dec8664355cc5e1d12ca25bc55",
            "content_sha512": "0e9c77f2af4e786412d1fb032b7a3a7e4bdf38c8abb6498f5ea7b2f4aa3c052071ed8910da6966cbf76c37ad113c6ba82a88309bd2854ea6fd1f71a841534b2a",
            "directory_permission": "0777",
            "file_permission": "0777",
            "filename": "madlibs/madlibs-11.txt",
            "id": "4f78901408c32a8b9ee67958f5c9e11ed414b667",
            "sensitive_content": null,
            "source": null
          },
          "sensitive_attributes": [],
          "dependencies": [
            "random_shuffle.random_adjectives",
            "random_shuffle.random_adverbs",
            "random_shuffle.random_nouns",
            "random_shuffle.random_numbers",
            "random_shuffle.random_verbs"
          ]
        },
        {
          "index_key": 12,
          "schema_version": 0,
          "attributes": {
            "content": "ALICE'S UPSIDE-DOWN WORLD\n\nLewis Carroll's classic, \"Alice's Adventures in Wonderland\", as well\nas its BITTER sequel, \"Through the Looking PANTHER\",\nhave enchanted both the young and old VIOLINs for the last\n27 years, Alice's STICKY adventures begin\nwhen she KICKEDs down a/an CHUBBY hole and lands\nin a strange and topsy-turvy ZEUS. There she discovers she\ncan become a tall CAT or a small WALNUTS simply by\nnibbling on alternate sides of a magic SUN. In her travels\nthrough Wonderland, Alice LOVEs such remarkable\ncharacters as the White BANANA, the ABUNDANT Hatter,\nthe Cheshire JELLYFISH, and even the Queen of MILKs.\nUnfortunately, Alice's adventures come to a/an THUNDERING\nend when Alice awakens from her MILK.",
            "content_base64": null,
            "content_base64sha256": "4dlhSqZydVOOmakUwMxOQZWdzxUlCNaWf0iy/+Umx9s=",
            "content_base64sha512": "J/5QaqHpaoOib+Gi+ReAos4OzNItN3YxGNyRPZEx4Ikt3e/D1QA4EcdMGwDe42ArQt/09QvPn08lDPqbfYDs2w==",
            "content_md5": "a7a4be42e1b3eaee01bdbcfe3d21e667",
            "content_sha1": "dd91224266aba623b0dac5723d75ee26e317a187",
            "content_sha256": "e1d9614aa67275538e99a914c0cc4e41959dcf152508d6967f48b2ffe526c7db",
            "content_sha512": "27fe506aa1e96a83a26fe1a2f91780a2ce0eccd22d37763118dc913d9131e0892dddefc3d5003811c74c1b00dee3602b42dff4f50bcf9f4f250cfa9b7d80ecdb",
            "directory_permission": "0777",
            "file_permission": "0777",
            "filename": "madlibs/madlibs-12.txt",
            "id": "dd91224266aba623b0dac5723d75ee26e317a187",
            "sensitive_content": null,
            "source": null
          },
          "sensitive_attributes": [],
          "dependencies": [
            "random_shuffle.random_adjectives",
            "random_shuffle.random_adverbs",
            "random_shuffle.random_nouns",
            "random_shuffle.random_numbers",
            "random_shuffle.random_verbs"
          ]
        },
        {
          "index_key": 13,
          "schema_version": 0,
          "attributes": {
            "content": "THE OBSERVATORY\n\nOut class when on a field trip to a STICKY observatory. It\nwas located on top of a VIOLIN, and it looked like a giant\nARMY with a slit down its ZEUS. We went inside and\nlooked through a WALNUTS and were able to see BANANAs in\nthe sky that were millions of JIGSAWs away. The men and\nwomen who RESPECT in the observatory are called\nMILKs, and they are always watching for comets, eclipses,\nand shooting CATs. An eclipse occurs when a SUN\ncomes between the earth and the JELLYFISH and everything\ngets THUNDERING. Next week, we place to KICKED the\nMuseum of Modern SANDWICH.\n",
            "content_base64": null,
            "content_base64sha256": "ENbE0zoluZLq0AH3lTb3uaKc//FiaK7UzZ4haf+JYp8=",
            "content_base64sha512": "69opE/4vDt8CPFjXc78stcSnwAMs5BVUfUgHdiUgj3w+mE493LbZLMrWMdrZUIyh5xZ4FowqnNZjsebmmwq64w==",
            "content_md5": "87d735a514d769a0e7b2ac4326d14828",
            "content_sha1": "931a3261d284d39b2e71ca8f81f24e690b8fbabc",
            "content_sha256": "10d6c4d33a25b992ead001f79536f7b9a29cfff16268aed4cd9e2169ff89629f",
            "content_sha512": "ebda2913fe2f0edf023c58d773bf2cb5c4a7c0032ce415547d48077625208f7c3e984e3ddcb6d92ccad631dad9508ca1e71678168c2a9cd663b1e6e69b0abae3",
            "directory_permission": "0777",
            "file_permission": "0777",
            "filename": "madlibs/madlibs-13.txt",
            "id": "931a3261d284d39b2e71ca8f81f24e690b8fbabc",
            "sensitive_content": null,
            "source": null
          },
          "sensitive_attributes": [],
          "dependencies": [
            "random_shuffle.random_adjectives",
            "random_shuffle.random_adverbs",
            "random_shuffle.random_nouns",
            "random_shuffle.random_numbers",
            "random_shuffle.random_verbs"
          ]
        },
        {
          "index_key": 14,
          "schema_version": 0,
          "attributes": {
            "content": "HOW TO BE A PHOTOGRAPHER\n\nMany ABUNDANT photographers make big money\nphotographing SANDWICHs and beautiful WALNUTSs. They sell\nthe prints to THUNDERING magazines or to agencies who use\nthem in JIGSAW advertisements. To be a photographer, you\nhave to have a ZEUS camera. You also need an\nSTICKY meter and filters and a special close-up\nARMY. Then you either hire professional WALNUTSs or go\nout and snap candid pictures of ordinary MILKs. But if you\nwant to have a career, you must study very DELICATELY for at\nleast 0 years.\n",
            "content_base64": null,
            "content_base64sha256": "cGWx8QXtOb7crQzhapXdlkn2Tcx+vU6yE1w/w8vl2bQ=",
            "content_base64sha512": "2rzsnbGqaFaWo0UYVIy7SE/AddvXF832yXWzypHLexttY7T87iK47QygZMidN0e+0oB3DHBi1fAvs3qfwNsEEg==",
            "content_md5": "0fb71bdbdbbcb763697d9ddd312f2b24",
            "content_sha1": "dcacc06031b1dffa6778ab8221843a03323bca6a",
            "content_sha256": "7065b1f105ed39bedcad0ce16a95dd9649f64dcc7ebd4eb2135c3fc3cbe5d9b4",
            "content_sha512": "dabcec9db1aa685696a34518548cbb484fc075dbd717cdf6c975b3ca91cb7b1b6d63b4fcee22b8ed0ca064c89d3747bed280770c7062d5f02fb37a9fc0db0412",
            "directory_permission": "0777",
            "file_permission": "0777",
            "filename": "madlibs/madlibs-14.txt",
            "id": "dcacc06031b1dffa6778ab8221843a03323bca6a",
            "sensitive_content": null,
            "source": null
          },
          "sensitive_attributes": [],
          "dependencies": [
            "random_shuffle.random_adjectives",
            "random_shuffle.random_adverbs",
            "random_shuffle.random_nouns",
            "random_shuffle.random_numbers",
            "random_shuffle.random_verbs"
          ]
        },
        {
          "index_key": 15,
          "schema_version": 0,
          "attributes": {
            "content": "ALICE'S UPSIDE-DOWN WORLD\n\nLewis Carroll's classic, \"Alice's Adventures in Wonderland\", as well\nas its STICKY sequel, \"Through the Looking BANANA\",\nhave enchanted both the young and old MILKs for the last\n27 years, Alice's THUNDERING adventures begin\nwhen she RESPECTs down a/an GRUMPY hole and lands\nin a strange and topsy-turvy SUN. There she discovers she\ncan become a tall PANTHER or a small CAT simply by\nnibbling on alternate sides of a magic ARMY. In her travels\nthrough Wonderland, Alice BAKEDs such remarkable\ncharacters as the White ZEUS, the ABUNDANT Hatter,\nthe Cheshire WALNUTS, and even the Queen of VIOLINs.\nUnfortunately, Alice's adventures come to a/an CHUBBY\nend when Alice awakens from her VIOLIN.",
            "content_base64": null,
            "content_base64sha256": "aQEWFr+9JlICo22LjTKp72hHnhJcAZMMsqBojCU3NtI=",
            "content_base64sha512": "YSXWT6ZZS1vYIPPPn7H/6zC616rSzofMbgc4SorNqlOTOXO/Jlg3p0eni/tOP29StYGnn0esW5bjO3vDNkD44g==",
            "content_md5": "5ef21e97e1c76c17caa3298c03bd6dcf",
            "content_sha1": "3db2116b19ba9cf0e1e8f826c5e3ddeb01892e3e",
            "content_sha256": "69011616bfbd265202a36d8b8d32a9ef68479e125c01930cb2a0688c253736d2",
            "content_sha512": "6125d64fa6594b5bd820f3cf9fb1ffeb30bad7aad2ce87cc6e07384a8acdaa53933973bf265837a747a78bfb4e3f6f52b581a79f47ac5b96e33b7bc33640f8e2",
            "directory_permission": "0777",
            "file_permission": "0777",
            "filename": "madlibs/madlibs-15.txt",
            "id": "3db2116b19ba9cf0e1e8f826c5e3ddeb01892e3e",
            "sensitive_content": null,
            "source": null
          },
          "sensitive_attributes": [],
          "dependencies": [
            "random_shuffle.random_adjectives",
            "random_shuffle.random_adverbs",
            "random_shuffle.random_nouns",
            "random_shuffle.random_numbers",
            "random_shuffle.random_verbs"
          ]
        },
        {
          "index_key": 16,
          "schema_version": 0,
          "attributes": {
            "content": "THE OBSERVATORY\n\nOut class when on a field trip to a THUNDERING observatory. It\nwas located on top of a MILK, and it looked like a giant\nJELLYFISH with a slit down its SANDWICH. We went inside and\nlooked through a JIGSAW and were able to see WALNUTSs in\nthe sky that were millions of VIOLINs away. The men and\nwomen who LOVE in the observatory are called\nSUNs, and they are always watching for comets, eclipses,\nand shooting BANANAs. An eclipse occurs when a CAT\ncomes between the earth and the ARMY and everything\ngets GRUMPY. Next week, we place to DANCE the\nMuseum of Modern ZEUS.\n",
            "content_base64": null,
            "content_base64sha256": "fzpjfrR1dpESH3WndE2ZNDvC3G/T2fw+f+P7hbHX1r4=",
            "content_base64sha512": "YSu672l8oEXCfdr3fNkdnV2SOTDttF5mtAHTZilGTd7rlcALhfJtHU/EpSe93FZa1M5Rckgelq3PPj6qqIiRpA==",
            "content_md5": "4dc22c7111cc001ebc5e55ff9e852761",
            "content_sha1": "f94dacb328232f818bbcb7d07701dd8e83867a52",
            "content_sha256": "7f3a637eb4757691121f75a7744d99343bc2dc6fd3d9fc3e7fe3fb85b1d7d6be",
            "content_sha512": "612bbaef697ca045c27ddaf77cd91d9d5d923930edb45e66b401d36629464ddeeb95c00b85f26d1d4fc4a527bddc565ad4ce5172481e96adcf3e3eaaa88891a4",
            "directory_permission": "0777",
            "file_permission": "0777",
            "filename": "madlibs/madlibs-16.txt",
            "id": "f94dacb328232f818bbcb7d07701dd8e83867a52",
            "sensitive_content": null,
            "source": null
          },
          "sensitive_attributes": [],
          "dependencies": [
            "random_shuffle.random_adjectives",
            "random_shuffle.random_adverbs",
            "random_shuffle.random_nouns",
            "random_shuffle.random_numbers",
            "random_shuffle.random_verbs"
          ]
        },
        {
          "index_key": 17,
          "schema_version": 0,
          "attributes": {
            "content": "HOW TO BE A PHOTOGRAPHER\n\nMany ABUNDANT photographers make big money\nphotographing SANDWICHs and beautiful CATs. They sell\nthe prints to BITTER magazines or to agencies who use\nthem in JIGSAW advertisements. To be a photographer, you\nhave to have a WALNUTS camera. You also need an\nTHUNDERING meter and filters and a special close-up\nVIOLIN. Then you either hire professional CATs or go\nout and snap candid pictures of ordinary ZEUSs. But if you\nwant to have a career, you must study very BEAUTIFULLY for at\nleast -5 years.\n",
            "content_base64": null,
            "content_base64sha256": "Azp6YVZfflshNdIqsyrOMi+QRxVgZl3UZ8Pmw14Zkw0=",
            "content_base64sha512": "p1uSdX9UFeNoeIav4gUrl3BRHmLedmmYUBKdp7ByW6B/xuT//D/7y1mGYvRng8ehs4Nqx/+M5gra4YTUOjKN7g==",
            "content_md5": "97bb0d9008612a81fde5d601797188e6",
            "content_sha1": "3d5fc0ba1c63af155297cd111a77f2d838b35ee8",
            "content_sha256": "033a7a61565f7e5b2135d22ab32ace322f90471560665dd467c3e6c35e19930d",
            "content_sha512": "a75b92757f5415e3687886afe2052b9770511e62de76699850129da7b0725ba07fc6e4fffc3ffbcb598662f46783c7a1b3836ac7ff8ce60adae184d43a328dee",
            "directory_permission": "0777",
            "file_permission": "0777",
            "filename": "madlibs/madlibs-17.txt",
            "id": "3d5fc0ba1c63af155297cd111a77f2d838b35ee8",
            "sensitive_content": null,
            "source": null
          },
          "sensitive_attributes": [],
          "dependencies": [
            "random_shuffle.random_adjectives",
            "random_shuffle.random_adverbs",
            "random_shuffle.random_nouns",
            "random_shuffle.random_numbers",
            "random_shuffle.random_verbs"
          ]
        },
        {
          "index_key": 18,
          "schema_version": 0,
          "attributes": {
            "content": "ALICE'S UPSIDE-DOWN WORLD\n\nLewis Carroll's classic, \"Alice's Adventures in Wonderland\", as well\nas its ABUNDANT sequel, \"Through the Looking PANTHER\",\nhave enchanted both the young and old JIGSAWs for the last\n-5 years, Alice's STICKY adventures begin\nwhen she RESPECTs down a/an GRUMPY hole and lands\nin a strange and topsy-turvy VIOLIN. There she discovers she\ncan become a tall JELLYFISH or a small BANANA simply by\nnibbling on alternate sides of a magic WALNUTS. In her travels\nthrough Wonderland, Alice KICKEDs such remarkable\ncharacters as the White SANDWICH, the CHUBBY Hatter,\nthe Cheshire CAT, and even the Queen of ARMYs.\nUnfortunately, Alice's adventures come to a/an BITTER\nend when Alice awakens from her ARMY.",
            "content_base64": null,
            "content_base64sha256": "5W7AM7lBTWWgNoRxqm0HGpScFQ16M5oWJqywK4DsAyk=",
            "content_base64sha512": "QOQ3tVfsEFwDpGGCCccoQkRvkSQ1ScWWKoqzjZXyxBIjxyJz7BZnQajPodrH0I+B6Ev9Yhvn1GyndrLriNzcpw==",
            "content_md5": "f36f26036aeb95c7568f84a5dafa295e",
            "content_sha1": "6fe2051af27e6cac69d705b4251c87a0a042768b",
            "content_sha256": "e56ec033b9414d65a0368471aa6d071a949c150d7a339a1626acb02b80ec0329",
            "content_sha512": "40e437b557ec105c03a4618209c72842446f91243549c5962a8ab38d95f2c41223c72273ec166741a8cfa1dac7d08f81e84bfd621be7d46ca776b2eb88dcdca7",
            "directory_permission": "0777",
            "file_permission": "0777",
            "filename": "madlibs/madlibs-18.txt",
            "id": "6fe2051af27e6cac69d705b4251c87a0a042768b",
            "sensitive_content": null,
            "source": null
          },
          "sensitive_attributes": [],
          "dependencies": [
            "random_shuffle.random_adjectives",
            "random_shuffle.random_adverbs",
            "random_shuffle.random_nouns",
            "random_shuffle.random_numbers",
            "random_shuffle.random_verbs"
          ]
        },
        {
          "index_key": 19,
          "schema_version": 0,
          "attributes": {
            "content": "THE OBSERVATORY\n\nOut class when on a field trip to a BITTER observatory. It\nwas located on top of a WALNUTS, and it looked like a giant\nPANTHER with a slit down its CAT. We went inside and\nlooked through a JELLYFISH and were able to see VIOLINs in\nthe sky that were millions of ARMYs away. The men and\nwomen who KICKED in the observatory are called\nZEUSs, and they are always watching for comets, eclipses,\nand shooting JIGSAWs. An eclipse occurs when a BANANA\ncomes between the earth and the MILK and everything\ngets GRUMPY. Next week, we place to DANCE the\nMuseum of Modern SUN.\n",
            "content_base64": null,
            "content_base64sha256": "CFrGM9US6CW7btutAUHc5Gmmz6fGhcpEhuqYmJCL2ho=",
            "content_base64sha512": "klccbMfkJRHGslwg/KSSNKqgxs0Mokk2Z3anB4fRVm6JoUYVv9GUDXn/N4Wq8Xr6q9Qlf+YEIE97i69cOiYs0w==",
            "content_md5": "e4313c70ec9b6ee8ab0b4baf610a5ef9",
            "content_sha1": "29645c635d4aecbc00d8f985aac3ff74c0dc803d",
            "content_sha256": "085ac633d512e825bb6edbad0141dce469a6cfa7c685ca4486ea9898908bda1a",
            "content_sha512": "92571c6cc7e42511c6b25c20fca49234aaa0c6cd0ca249366776a70787d1566e89a14615bfd1940d79ff3785aaf17afaabd4257fe604204f7b8baf5c3a262cd3",
            "directory_permission": "0777",
            "file_permission": "0777",
            "filename": "madlibs/madlibs-19.txt",
            "id": "29645c635d4aecbc00d8f985aac3ff74c0dc803d",
            "sensitive_content": null,
            "source": null
          },
          "sensitive_attributes": [],
          "dependencies": [
            "random_shuffle.random_adjectives",
            "random_shuffle.random_adverbs",
            "random_shuffle.random_nouns",
            "random_shuffle.random_numbers",
            "random_shuffle.random_verbs"
          ]
        },
        {
          "index_key": 20,
          "schema_version": 0,
          "attributes": {
            "content": "HOW TO BE A PHOTOGRAPHER\n\nMany ABUNDANT photographers make big money\nphotographing SANDWICHs and beautiful PANTHERs. They sell\nthe prints to GRUMPY magazines or to agencies who use\nthem in ZEUS advertisements. To be a photographer, you\nhave to have a VIOLIN camera. You also need an\nCHUBBY meter and filters and a special close-up\nCAT. Then you either hire professional PANTHERs or go\nout and snap candid pictures of ordinary BANANAs. But if you\nwant to have a career, you must study very TRUTHFULLY for at\nleast 0 years.\n",
            "content_base64": null,
            "content_base64sha256": "hzxxYGQLc6Hi8z12Wj/Mx/hG/gFKADcffM4LHpYCecI=",
            "content_base64sha512": "CYu+cJmPrZgtoPJqnpH5te5+ldTGkhAnSxDfxIhV0rytCz0nj8AnxD5F+9plPQ79X8TJlScWvPKA7hAEVevkeQ==",
            "content_md5": "d3a28ab95ec75adbff33edf30f4b46ba",
            "content_sha1": "9f58153d403901a0ad39336c821e07f5cd619b69",
            "content_sha256": "873c7160640b73a1e2f33d765a3fccc7f846fe014a00371f7cce0b1e960279c2",
            "content_sha512": "098bbe70998fad982da0f26a9e91f9b5ee7e95d4c69210274b10dfc48855d2bcad0b3d278fc027c43e45fbda653d0efd5fc4c9952716bcf280ee100455ebe479",
            "directory_permission": "0777",
            "file_permission": "0777",
            "filename": "madlibs/madlibs-20.txt",
            "id": "9f58153d403901a0ad39336c821e07f5cd619b69",
            "sensitive_content": null,
            "source": null
          },
          "sensitive_attributes": [],
          "dependencies": [
            "random_shuffle.random_adjectives",
            "random_shuffle.random_adverbs",
            "random_shuffle.random_nouns",
            "random_shuffle.random_numbers",
            "random_shuffle.random_verbs"
          ]
        },
        {
          "index_key": 21,
          "schema_version": 0,
          "attributes": {
            "content": "ALICE'S UPSIDE-DOWN WORLD\n\nLewis Carroll's classic, \"Alice's Adventures in Wonderland\", as well\nas its THUNDERING sequel, \"Through the Looking SUN\",\nhave enchanted both the young and old MILKs for the last\n73 years, Alice's STICKY adventures begin\nwhen she LOVEs down a/an BITTER hole and lands\nin a strange and topsy-turvy ZEUS. There she discovers she\ncan become a tall JELLYFISH or a small CAT simply by\nnibbling on alternate sides of a magic JIGSAW. In her travels\nthrough Wonderland, Alice RUNs such remarkable\ncharacters as the White ARMY, the GRUMPY Hatter,\nthe Cheshire BANANA, and even the Queen of SANDWICHs.\nUnfortunately, Alice's adventures come to a/an CHUBBY\nend when Alice awakens from her SANDWICH.",
            "content_base64": null,
            "content_base64sha256": "gva1lLTNZZ2EjQWCrm1L5qYDsoujsH4JUhDaGTKe70A=",
            "content_base64sha512": "ABQVAa0LnSJx+lnJPMVuW4bIgSRyespwwE0aFSvgLvIha5xEbXSaAwpL2OuFSDrPnN/mNhffLwJK1c1/xKCqNA==",
            "content_md5": "46962b3759ce0d5fd80a529f4299b4ba",
            "content_sha1": "27448554aeeeda2f19d1bdf7647fda5f15e030e4",
            "content_sha256": "82f6b594b4cd659d848d0582ae6d4be6a603b28ba3b07e095210da19329eef40",
            "content_sha512": "00141501ad0b9d2271fa59c93cc56e5b86c88124727aca70c04d1a152be02ef2216b9c446d749a030a4bd8eb85483acf9cdfe63617df2f024ad5cd7fc4a0aa34",
            "directory_permission": "0777",
            "file_permission": "0777",
            "filename": "madlibs/madlibs-21.txt",
            "id": "27448554aeeeda2f19d1bdf7647fda5f15e030e4",
            "sensitive_content": null,
            "source": null
          },
          "sensitive_attributes": [],
          "dependencies": [
            "random_shuffle.random_adjectives",
            "random_shuffle.random_adverbs",
            "random_shuffle.random_nouns",
            "random_shuffle.random_numbers",
            "random_shuffle.random_verbs"
          ]
        },
        {
          "index_key": 22,
          "schema_version": 0,
          "attributes": {
            "content": "THE OBSERVATORY\n\nOut class when on a field trip to a BITTER observatory. It\nwas located on top of a ARMY, and it looked like a giant\nMILK with a slit down its WALNUTS. We went inside and\nlooked through a ZEUS and were able to see PANTHERs in\nthe sky that were millions of JIGSAWs away. The men and\nwomen who LOVE in the observatory are called\nVIOLINs, and they are always watching for comets, eclipses,\nand shooting CATs. An eclipse occurs when a BANANA\ncomes between the earth and the SANDWICH and everything\ngets STICKY. Next week, we place to KICKED the\nMuseum of Modern SUN.\n",
            "content_base64": null,
            "content_base64sha256": "lULNb0H271khKB/rcLapfPh//T9wdkGPw4JQTRXNntI=",
            "content_base64sha512": "ubP/yUan0/l0OM5s+43OIu6K6g8EYFLv5Z8GVOYgm07AzfYJwqbLf9L2f+3QQjWFyERkILxp5XZGfVE1Zp8iUw==",
            "content_md5": "b30b500612aabdb035760237016d32c2",
            "content_sha1": "c38835520d9344fd8724f78e668c94c44e6b0357",
            "content_sha256": "9542cd6f41f6ef5921281feb70b6a97cf87ffd3f7076418fc382504d15cd9ed2",
            "content_sha512": "b9b3ffc946a7d3f97438ce6cfb8dce22ee8aea0f046052efe59f0654e6209b4ec0cdf609c2a6cb7fd2f67fedd0423585c8446420bc69e576467d5135669f2253",
            "directory_permission": "0777",
            "file_permission": "0777",
            "filename": "madlibs/madlibs-22.txt",
            "id": "c38835520d9344fd8724f78e668c94c44e6b0357",
            "sensitive_content": null,
            "source": null
          },
          "sensitive_attributes": [],
          "dependencies": [
            "random_shuffle.random_adjectives",
            "random_shuffle.random_adverbs",
            "random_shuffle.random_nouns",
            "random_shuffle.random_numbers",
            "random_shuffle.random_verbs"
          ]
        },
        {
          "index_key": 23,
          "schema_version": 0,
          "attributes": {
            "content": "HOW TO BE A PHOTOGRAPHER\n\nMany THUNDERING photographers make big money\nphotographing SUNs and beautiful WALNUTSs. They sell\nthe prints to STICKY magazines or to agencies who use\nthem in CAT advertisements. To be a photographer, you\nhave to have a ZEUS camera. You also need an\nABUNDANT meter and filters and a special close-up\nVIOLIN. Then you either hire professional WALNUTSs or go\nout and snap candid pictures of ordinary SANDWICHs. But if you\nwant to have a career, you must study very BEAUTIFULLY for at\nleast -5 years.\n",
            "content_base64": null,
            "content_base64sha256": "1yqfXrIga5fcB4l/Sb6J4xXwUemsgbHijHQhrJ2ptv4=",
            "content_base64sha512": "B/gKWXDBeu+jTFdeU9lt0DGn9CF41cUpRIPKY9TGBFOnpBwbzcqHfMehuDfCqAJTsqWukuo+1EF3aK+jBAGQkA==",
            "content_md5": "f8a422a261d0e57bd471eab74479a352",
            "content_sha1": "8db5aeb49fef6a85e56a02a2a4ef4c22c4863350",
            "content_sha256": "d72a9f5eb2206b97dc07897f49be89e315f051e9ac81b1e28c7421ac9da9b6fe",
            "content_sha512": "07f80a5970c17aefa34c575e53d96dd031a7f42178d5c5294483ca63d4c60453a7a41c1bcdca877cc7a1b837c2a80253b2a5ae92ea3ed4417768afa304019090",
            "directory_permission": "0777",
            "file_permission": "0777",
            "filename": "madlibs/madlibs-23.txt",
            "id": "8db5aeb49fef6a85e56a02a2a4ef4c22c4863350",
            "sensitive_content": null,
            "source": null
          },
          "sensitive_attributes": [],
          "dependencies": [
            "random_shuffle.random_adjectives",
            "random_shuffle.random_adverbs",
            "random_shuffle.random_nouns",
            "random_shuffle.random_numbers",
            "random_shuffle.random_verbs"
          ]
        },
        {
          "index_key": 24,
          "schema_version": 0,
          "attributes": {
            "content": "ALICE'S UPSIDE-DOWN WORLD\n\nLewis Carroll's classic, \"Alice's Adventures in Wonderland\", as well\nas its ABUNDANT sequel, \"Through the Looking ZEUS\",\nhave enchanted both the young and old JIGSAWs for the last\n42 years, Alice's BITTER adventures begin\nwhen she LOVEs down a/an CHUBBY hole and lands\nin a strange and topsy-turvy SUN. There she discovers she\ncan become a tall MILK or a small BANANA simply by\nnibbling on alternate sides of a magic PANTHER. In her travels\nthrough Wonderland, Alice DANCEs such remarkable\ncharacters as the White VIOLIN, the STICKY Hatter,\nthe Cheshire ARMY, and even the Queen of WALNUTSs.\nUnfortunately, Alice's adventures come to a/an THUNDERING\nend when Alice awakens from her WALNUTS.",
            "content_base64": null,
            "content_base64sha256": "JvVgUNCKvZfJ4z66Njdmzoo+fqkr2P164IwXFoGk2Vw=",
            "content_base64sha512": "lAZqW4X9Wp1IMtE0RAOe6ZPKZMTcOSlSBML8/o6gf1UPyBXcjNy6b+g/EGKxWmgIX8sK+MjP5OOZSQI2FmLGPA==",
            "content_md5": "e3798014a02f50676c64822f6ddb4bfa",
            "content_sha1": "b01b8974b94467d96c4e027db69b5496e27fb3fe",
            "content_sha256": "26f56050d08abd97c9e33eba363766ce8a3e7ea92bd8fd7ae08c171681a4d95c",
            "content_sha512": "94066a5b85fd5a9d4832d13444039ee993ca64c4dc39295204c2fcfe8ea07f550fc815dc8cdcba6fe83f1062b15a68085fcb0af8c8cfe4e3994902361662c63c",
            "directory_permission": "0777",
            "file_permission": "0777",
            "filename": "madlibs/madlibs-24.txt",
            "id": "b01b8974b94467d96c4e027db69b5496e27fb3fe",
            "sensitive_content": null,
            "source": null
          },
          "sensitive_attributes": [],
          "dependencies": [
            "random_shuffle.random_adjectives",
            "random_shuffle.random_adverbs",
            "random_shuffle.random_nouns",
            "random_shuffle.random_numbers",
            "random_shuffle.random_verbs"
          ]
        },
        {
          "index_key": 25,
          "schema_version": 0,
          "attributes": {
            "content": "THE OBSERVATORY\n\nOut class when on a field trip to a BITTER observatory. It\nwas located on top of a MILK, and it looked like a giant\nCAT with a slit down its BANANA. We went inside and\nlooked through a ARMY and were able to see WALNUTSs in\nthe sky that were millions of VIOLINs away. The men and\nwomen who RESPECT in the observatory are called\nJIGSAWs, and they are always watching for comets, eclipses,\nand shooting JELLYFISHs. An eclipse occurs when a PANTHER\ncomes between the earth and the ZEUS and everything\ngets CHUBBY. Next week, we place to DANCE the\nMuseum of Modern SANDWICH.\n",
            "content_base64": null,
            "content_base64sha256": "15RB7Fmutjb0ZXzLPmR4Vqwpjs8VKiwMSoHuhVXiGPs=",
            "content_base64sha512": "QAY+o53350MMHOuA/FBVoH5q5V8IZNu6c+YgAb+q/41ysIAKw+OLo0ey+3sL3dIbcVVgGCiLTRjhxyvbCuRXrA==",
            "content_md5": "4a3c72c764b9630037fa8a9a38dc2241",
            "content_sha1": "0b3d228fb075007101b3a6518297912e68dae440",
            "content_sha256": "d79441ec59aeb636f4657ccb3e647856ac298ecf152a2c0c4a81ee8555e218fb",
            "content_sha512": "40063ea39df7e7430c1ceb80fc5055a07e6ae55f0864dbba73e62001bfaaff8d72b0800ac3e38ba347b2fb7b0bddd21b71556018288b4d18e1c72bdb0ae457ac",
            "directory_permission": "0777",
            "file_permission": "0777",
            "filename": "madlibs/madlibs-25.txt",
            "id": "0b3d228fb075007101b3a6518297912e68dae440",
            "sensitive_content": null,
            "source": null
          },
          "sensitive_attributes": [],
          "dependencies": [
            "random_shuffle.random_adjectives",
            "random_shuffle.random_adverbs",
            "random_shuffle.random_nouns",
            "random_shuffle.random_numbers",
            "random_shuffle.random_verbs"
          ]
        },
        {
          "index_key": 26,
          "schema_version": 0,
          "attributes": {
            "content": "HOW TO BE A PHOTOGRAPHER\n\nMany CHUBBY photographers make big money\nphotographing WALNUTSs and beautiful PANTHERs. They sell\nthe prints to STICKY magazines or to agencies who use\nthem in SANDWICH advertisements. To be a photographer, you\nhave to have a JIGSAW camera. You also need an\nTHUNDERING meter and filters and a special close-up\nARMY. Then you either hire professional PANTHERs or go\nout and snap candid pictures of ordinary JELLYFISHs. But if you\nwant to have a career, you must study very QUICKLY for at\nleast 73 years.\n",
            "content_base64": null,
            "content_base64sha256": "aw+OTq87reKau/C1OqP1aU93/R6wqDLtUmpcajVYti0=",
            "content_base64sha512": "2ZubviYC8Hkl2VBBfK6qLMW70O+jsfMMPoJGmsoj/LXMtqYobYrGY+CasmNN8T5oZjqwMPDaBfs1K+wUzn0KNw==",
            "content_md5": "8099acfe4321681a8d5fc0c84f5f5608",
            "content_sha1": "2823d062e29b0b9f241f692ef2396a6e4a4c4f72",
            "content_sha256": "6b0f8e4eaf3bade29abbf0b53aa3f5694f77fd1eb0a832ed526a5c6a3558b62d",
            "content_sha512": "d99b9bbe2602f07925d950417caeaa2cc5bbd0efa3b1f30c3e82469aca23fcb5ccb6a6286d8ac663e09ab2634df13e68663ab030f0da05fb352bec14ce7d0a37",
            "directory_permission": "0777",
            "file_permission": "0777",
            "filename": "madlibs/madlibs-26.txt",
            "id": "2823d062e29b0b9f241f692ef2396a6e4a4c4f72",
            "sensitive_content": null,
            "source": null
          },
          "sensitive_attributes": [],
          "dependencies": [
            "random_shuffle.random_adjectives",
            "random_shuffle.random_adverbs",
            "random_shuffle.random_nouns",
            "random_shuffle.random_numbers",
            "random_shuffle.random_verbs"
          ]
        },
        {
          "index_key": 27,
          "schema_version": 0,
          "attributes": {
            "content": "ALICE'S UPSIDE-DOWN WORLD\n\nLewis Carroll's classic, \"Alice's Adventures in Wonderland\", as well\nas its GRUMPY sequel, \"Through the Looking JIGSAW\",\nhave enchanted both the young and old JELLYFISHs for the last\n42 years, Alice's ABUNDANT adventures begin\nwhen she RUNs down a/an BITTER hole and lands\nin a strange and topsy-turvy CAT. There she discovers she\ncan become a tall ZEUS or a small MILK simply by\nnibbling on alternate sides of a magic SANDWICH. In her travels\nthrough Wonderland, Alice LOVEs such remarkable\ncharacters as the White PANTHER, the THUNDERING Hatter,\nthe Cheshire VIOLIN, and even the Queen of ARMYs.\nUnfortunately, Alice's adventures come to a/an CHUBBY\nend when Alice awakens from her ARMY.",
            "content_base64": null,
            "content_base64sha256": "LrBp1c/DYRJe+n8bucyNjLZ29ZaVtcqM0gJ0Ttmk9A4=",
            "content_base64sha512": "DTfWVMreHK6j4C7vGuvDn5cV8h/NOXBK98qVDz710AP7VecTz3tYtTdQ9DDicrEmWxIOqlGs8I75hQLf2OXJzg==",
            "content_md5": "c3ef4cf3d0fb7b2d52d1b9ff70c82958",
            "content_sha1": "1319fcd79812598e3a5e862c83b0c055f0196ee1",
            "content_sha256": "2eb069d5cfc361125efa7f1bb9cc8d8cb676f59695b5ca8cd202744ed9a4f40e",
            "content_sha512": "0d37d654cade1caea3e02eef1aebc39f9715f21fcd39704af7ca950f3ef5d003fb55e713cf7b58b53750f430e272b1265b120eaa51acf08ef98502dfd8e5c9ce",
            "directory_permission": "0777",
            "file_permission": "0777",
            "filename": "madlibs/madlibs-27.txt",
            "id": "1319fcd79812598e3a5e862c83b0c055f0196ee1",
            "sensitive_content": null,
            "source": null
          },
          "sensitive_attributes": [],
          "dependencies": [
            "random_shuffle.random_adjectives",
            "random_shuffle.random_adverbs",
            "random_shuffle.random_nouns",
            "random_shuffle.random_numbers",
            "random_shuffle.random_verbs"
          ]
        },
        {
          "index_key": 28,
          "schema_version": 0,
          "attributes": {
            "content": "THE OBSERVATORY\n\nOut class when on a field trip to a THUNDERING observatory. It\nwas located on top of a ZEUS, and it looked like a giant\nCAT with a slit down its BANANA. We went inside and\nlooked through a MILK and were able to see WALNUTSs in\nthe sky that were millions of VIOLINs away. The men and\nwomen who DANCE in the observatory are called\nSANDWICHs, and they are always watching for comets, eclipses,\nand shooting PANTHERs. An eclipse occurs when a JIGSAW\ncomes between the earth and the SUN and everything\ngets GRUMPY. Next week, we place to KICKED the\nMuseum of Modern ARMY.\n",
            "content_base64": null,
            "content_base64sha256": "yadHLypgTuK7X7gorJmbYrR3xk33SkxnAjyCFu78kYA=",
            "content_base64sha512": "V8u7T/3Ag+l7l1PBijN8OmpqTswP5uhX8VVuOnkZrzCRkwotJzfsZNmsf1aOtAEeTuRs3DxT7A3he0FCQE4UtA==",
            "content_md5": "5ccf655d6dc7d50a33a20dde0e52bc99",
            "content_sha1": "d6b62a46432fc1241322a38961fd391e6bd74fce",
            "content_sha256": "c9a7472f2a604ee2bb5fb828ac999b62b477c64df74a4c67023c8216eefc9180",
            "content_sha512": "57cbbb4ffdc083e97b9753c18a337c3a6a6a4ecc0fe6e857f1556e3a7919af3091930a2d2737ec64d9ac7f568eb4011e4ee46cdc3c53ec0de17b4142404e14b4",
            "directory_permission": "0777",
            "file_permission": "0777",
            "filename": "madlibs/madlibs-28.txt",
            "id": "d6b62a46432fc1241322a38961fd391e6bd74fce",
            "sensitive_content": null,
            "source": null
          },
          "sensitive_attributes": [],
          "dependencies": [
            "random_shuffle.random_adjectives",
            "random_shuffle.random_adverbs",
            "random_shuffle.random_nouns",
            "random_shuffle.random_numbers",
            "random_shuffle.random_verbs"
          ]
        },
        {
          "index_key": 29,
          "schema_version": 0,
          "attributes": {
            "content": "HOW TO BE A PHOTOGRAPHER\n\nMany BITTER photographers make big money\nphotographing PANTHERs and beautiful SANDWICHs. They sell\nthe prints to GRUMPY magazines or to agencies who use\nthem in BANANA advertisements. To be a photographer, you\nhave to have a CAT camera. You also need an\nCHUBBY meter and filters and a special close-up\nMILK. Then you either hire professional SANDWICHs or go\nout and snap candid pictures of ordinary VIOLINs. But if you\nwant to have a career, you must study very WEARILY for at\nleast 101 years.\n",
            "content_base64": null,
            "content_base64sha256": "On/QI6dyrTZulXs7fqP+5LPBoT8IARl5ZZdzp3nwAKY=",
            "content_base64sha512": "OFcG8CVKmUcqMDKSzwXuP6muBy9WpINCZs98ue9AP3VgL+ZJAqUm4qsu/n1gM9NdlsH48SD9gRLz4VLCgrb5Cw==",
            "content_md5": "7c050bda4b8c46d7ca04771bbe3e63b4",
            "content_sha1": "0ea103e0353fff4499e3f1b924f36f83ce809863",
            "content_sha256": "3a7fd023a772ad366e957b3b7ea3fee4b3c1a13f08011979659773a779f000a6",
            "content_sha512": "385706f0254a99472a303292cf05ee3fa9ae072f56a4834266cf7cb9ef403f75602fe64902a526e2ab2efe7d6033d35d96c1f8f120fd8112f3e152c282b6f90b",
            "directory_permission": "0777",
            "file_permission": "0777",
            "filename": "madlibs/madlibs-29.txt",
            "id": "0ea103e0353fff4499e3f1b924f36f83ce809863",
            "sensitive_content": null,
            "source": null
          },
          "sensitive_attributes": [],
          "dependencies": [
            "random_shuffle.random_adjectives",
            "random_shuffle.random_adverbs",
            "random_shuffle.random_nouns",
            "random_shuffle.random_numbers",
            "random_shuffle.random_verbs"
          ]
        },
        {
          "index_key": 30,
          "schema_version": 0,
          "attributes": {
            "content": "ALICE'S UPSIDE-DOWN WORLD\n\nLewis Carroll's classic, \"Alice's Adventures in Wonderland\", as well\nas its ABUNDANT sequel, \"Through the Looking JIGSAW\",\nhave enchanted both the young and old ARMYs for the last\n42 years, Alice's STICKY adventures begin\nwhen she KICKEDs down a/an GRUMPY hole and lands\nin a strange and topsy-turvy SUN. There she discovers she\ncan become a tall MILK or a small CAT simply by\nnibbling on alternate sides of a magic JELLYFISH. In her travels\nthrough Wonderland, Alice RUNs such remarkable\ncharacters as the White VIOLIN, the THUNDERING Hatter,\nthe Cheshire WALNUTS, and even the Queen of PANTHERs.\nUnfortunately, Alice's adventures come to a/an CHUBBY\nend when Alice awakens from her PANTHER.",
            "content_base64": null,
            "content_base64sha256": "BznphIctjN6U6l9Aif6tcNqsloD5Wst/Pav/xDPCj68=",
            "content_base64sha512": "oA6k9AjoTJdKLpQ9oRSY9vfWiwRigHfz3tDDOKAX09UEvnCO3Mhwm6k/Jfm4IuPzSgQlftgSq3ImkdquQcJKdg==",
            "content_md5": "0cd2ace0ec90633a7d074dfaf8a2758f",
            "content_sha1": "491fa006b93137878983dc2bf32bc2577910d93a",
            "content_sha256": "0739e984872d8cde94ea5f4089fead70daac9680f95acb7f3dabffc433c28faf",
            "content_sha512": "a00ea4f408e84c974a2e943da11498f6f7d68b04628077f3ded0c338a017d3d504be708edcc8709ba93f25f9b822e3f34a04257ed812ab722691daae41c24a76",
            "directory_permission": "0777",
            "file_permission": "0777",
            "filename": "madlibs/madlibs-30.txt",
            "id": "491fa006b93137878983dc2bf32bc2577910d93a",
            "sensitive_content": null,
            "source": null
          },
          "sensitive_attributes": [],
          "dependencies": [
            "random_shuffle.random_adjectives",
            "random_shuffle.random_adverbs",
            "random_shuffle.random_nouns",
            "random_shuffle.random_numbers",
            "random_shuffle.random_verbs"
          ]
        },
        {
          "index_key": 31,
          "schema_version": 0,
          "attributes": {
            "content": "THE OBSERVATORY\n\nOut class when on a field trip to a STICKY observatory. It\nwas located on top of a ARMY, and it looked like a giant\nSANDWICH with a slit down its JELLYFISH. We went inside and\nlooked through a ZEUS and were able to see VIOLINs in\nthe sky that were millions of CATs away. The men and\nwomen who LOVE in the observatory are called\nWALNUTSs, and they are always watching for comets, eclipses,\nand shooting SUNs. An eclipse occurs when a BANANA\ncomes between the earth and the MILK and everything\ngets CHUBBY. Next week, we place to RUN the\nMuseum of Modern JIGSAW.\n",
            "content_base64": null,
            "content_base64sha256": "3TPenXKlMbMnh/eNMXGJY1JPzfutZqOPzJ7w2eiMBUI=",
            "content_base64sha512": "Mueq8LPqqSXQ2hk0ofVOKSCIDJbbtQqUPUufoPylD7XFgRBuuROLVIdjcoYe/VC3TVNNUa9ibzADTFu5fVJDsQ==",
            "content_md5": "34969d916f094dfe6a0746fbeeda962e",
            "content_sha1": "b36826609b52110a79d4247872ab4b78a1bd8417",
            "content_sha256": "dd33de9d72a531b32787f78d31718963524fcdfbad66a38fcc9ef0d9e88c0542",
            "content_sha512": "32e7aaf0b3eaa925d0da1934a1f54e2920880c96dbb50a943d4b9fa0fca50fb5c581106eb9138b54876372861efd50b74d534d51af626f30034c5bb97d5243b1",
            "directory_permission": "0777",
            "file_permission": "0777",
            "filename": "madlibs/madlibs-31.txt",
            "id": "b36826609b52110a79d4247872ab4b78a1bd8417",
            "sensitive_content": null,
            "source": null
          },
          "sensitive_attributes": [],
          "dependencies": [
            "random_shuffle.random_adjectives",
            "random_shuffle.random_adverbs",
            "random_shuffle.random_nouns",
            "random_shuffle.random_numbers",
            "random_shuffle.random_verbs"
          ]
        },
        {
          "index_key": 32,
          "schema_version": 0,
          "attributes": {
            "content": "HOW TO BE A PHOTOGRAPHER\n\nMany ABUNDANT photographers make big money\nphotographing SUNs and beautiful ZEUSs. They sell\nthe prints to STICKY magazines or to agencies who use\nthem in SANDWICH advertisements. To be a photographer, you\nhave to have a JIGSAW camera. You also need an\nGRUMPY meter and filters and a special close-up\nVIOLIN. Then you either hire professional ZEUSs or go\nout and snap candid pictures of ordinary ARMYs. But if you\nwant to have a career, you must study very TRUTHFULLY for at\nleast 73 years.\n",
            "content_base64": null,
            "content_base64sha256": "QIuN0cly3iH1OHQbko2DWpKgHFBOS8/BxK0YAAYL/p0=",
            "content_base64sha512": "YeH5g0YxqDJNVGX3+Wc9NTd4R/ZT4cMkbWhDUWOheF1lFzHJEQ0CiX6+Q5DK+NDQYII42kQzQ/t1t0yv+wI5mw==",
            "content_md5": "af9a35214e90dea35c20e97a5cb98a52",
            "content_sha1": "184aa3eb8e719c8204914ef90081b9b7133304cb",
            "content_sha256": "408b8dd1c972de21f538741b928d835a92a01c504e4bcfc1c4ad1800060bfe9d",
            "content_sha512": "61e1f9834631a8324d5465f7f9673d35377847f653e1c3246d68435163a1785d651731c9110d02897ebe4390caf8d0d0608238da443343fb75b74caffb02399b",
            "directory_permission": "0777",
            "file_permission": "0777",
            "filename": "madlibs/madlibs-32.txt",
            "id": "184aa3eb8e719c8204914ef90081b9b7133304cb",
            "sensitive_content": null,
            "source": null
          },
          "sensitive_attributes": [],
          "dependencies": [
            "random_shuffle.random_adjectives",
            "random_shuffle.random_adverbs",
            "random_shuffle.random_nouns",
            "random_shuffle.random_numbers",
            "random_shuffle.random_verbs"
          ]
        },
        {
          "index_key": 33,
          "schema_version": 0,
          "attributes": {
            "content": "ALICE'S UPSIDE-DOWN WORLD\n\nLewis Carroll's classic, \"Alice's Adventures in Wonderland\", as well\nas its GRUMPY sequel, \"Through the Looking BANANA\",\nhave enchanted both the young and old WALNUTSs for the last\n0 years, Alice's THUNDERING adventures begin\nwhen she RESPECTs down a/an STICKY hole and lands\nin a strange and topsy-turvy MILK. There she discovers she\ncan become a tall JELLYFISH or a small SUN simply by\nnibbling on alternate sides of a magic PANTHER. In her travels\nthrough Wonderland, Alice BAKEDs such remarkable\ncharacters as the White VIOLIN, the ABUNDANT Hatter,\nthe Cheshire JIGSAW, and even the Queen of SANDWICHs.\nUnfortunately, Alice's adventures come to a/an CHUBBY\nend when Alice awakens from her SANDWICH.",
            "content_base64": null,
            "content_base64sha256": "DodoD+0gLRXSv+SK0LmpGMO6cq15MaQ+Qrb2UISE1F0=",
            "content_base64sha512": "8i4y9M3NnGYS/tRnT7GRI10vy0EJWjDGjTCpUPzkE6LzhVfMCZ/EJakD1Jpc3QLYOUg03EVbu3gtKD4FotNasQ==",
            "content_md5": "52e6434486884c94e162ba69f68fbb52",
            "content_sha1": "7e3fb53e72a111beca8429351c9f401d97cf292a",
            "content_sha256": "0e87680fed202d15d2bfe48ad0b9a918c3ba72ad7931a43e42b6f6508484d45d",
            "content_sha512": "f22e32f4cdcd9c6612fed4674fb191235d2fcb41095a30c68d30a950fce413a2f38557cc099fc425a903d49a5cdd02d8394834dc455bbb782d283e05a2d35ab1",
            "directory_permission": "0777",
            "file_permission": "0777",
            "filename": "madlibs/madlibs-33.txt",
            "id": "7e3fb53e72a111beca8429351c9f401d97cf292a",
            "sensitive_content": null,
            "source": null
          },
          "sensitive_attributes": [],
          "dependencies": [
            "random_shuffle.random_adjectives",
            "random_shuffle.random_adverbs",
            "random_shuffle.random_nouns",
            "random_shuffle.random_numbers",
            "random_shuffle.random_verbs"
          ]
        },
        {
          "index_key": 34,
          "schema_version": 0,
          "attributes": {
            "content": "THE OBSERVATORY\n\nOut class when on a field trip to a BITTER observatory. It\nwas located on top of a ARMY, and it looked like a giant\nCAT with a slit down its SUN. We went inside and\nlooked through a BANANA and were able to see PANTHERs in\nthe sky that were millions of ZEUSs away. The men and\nwomen who KICKED in the observatory are called\nWALNUTSs, and they are always watching for comets, eclipses,\nand shooting MILKs. An eclipse occurs when a JIGSAW\ncomes between the earth and the VIOLIN and everything\ngets THUNDERING. Next week, we place to LOVE the\nMuseum of Modern SANDWICH.\n",
            "content_base64": null,
            "content_base64sha256": "mqU+mc80Moqgt/WPgLQtAwJB60y61NoFf9Ibqk4tkX4=",
            "content_base64sha512": "rtR1GSNpcnyFdMWKP1KxcUN3aCBKw0z7NORjJY5+IT7TAT8A00tkr1BwNjSJTpr/aYD6lRpchm3Fgd3t2zstyw==",
            "content_md5": "a1cd925621e1b53870051ce973b280c6",
            "content_sha1": "f3b5025fbe17a145593bfdef7b03e98c0602060d",
            "content_sha256": "9aa53e99cf34328aa0b7f58f80b42d030241eb4cbad4da057fd21baa4e2d917e",
            "content_sha512": "aed475192369727c8574c58a3f52b171437768204ac34cfb34e463258e7e213ed3013f00d34b64af50703634894e9aff6980fa951a5c866dc581ddeddb3b2dcb",
            "directory_permission": "0777",
            "file_permission": "0777",
            "filename": "madlibs/madlibs-34.txt",
            "id": "f3b5025fbe17a145593bfdef7b03e98c0602060d",
            "sensitive_content": null,
            "source": null
          },
          "sensitive_attributes": [],
          "dependencies": [
            "random_shuffle.random_adjectives",
            "random_shuffle.random_adverbs",
            "random_shuffle.random_nouns",
            "random_shuffle.random_numbers",
            "random_shuffle.random_verbs"
          ]
        },
        {
          "index_key": 35,
          "schema_version": 0,
          "attributes": {
            "content": "HOW TO BE A PHOTOGRAPHER\n\nMany GRUMPY photographers make big money\nphotographing ARMYs and beautiful JELLYFISHs. They sell\nthe prints to CHUBBY magazines or to agencies who use\nthem in PANTHER advertisements. To be a photographer, you\nhave to have a JIGSAW camera. You also need an\nSTICKY meter and filters and a special close-up\nMILK. Then you either hire professional JELLYFISHs or go\nout and snap candid pictures of ordinary ZEUSs. But if you\nwant to have a career, you must study very QUICKLY for at\nleast 0 years.\n",
            "content_base64": null,
            "content_base64sha256": "2/0nmo9rPe6Mfvu01W8lYZB+JWm7TisRGDrFd+l74rY=",
            "content_base64sha512": "RlJ/c0fWYrKL9+sEXLEd8/WCQ5GUiK8XQzxuQE6Uypg3BmOe0h43ygQiIJclLpg4ku52RWb2FXAYMNFDp1TozQ==",
            "content_md5": "00e6f8e7572eb5dac05edb2ac2416437",
            "content_sha1": "5a79535283150ad43d2bd6bc270889cd7d157892",
            "content_sha256": "dbfd279a8f6b3dee8c7efbb4d56f2561907e2569bb4e2b11183ac577e97be2b6",
            "content_sha512": "46527f7347d662b28bf7eb045cb11df3f58243919488af17433c6e404e94ca983706639ed21e37ca04222097252e983892ee764566f615701830d143a754e8cd",
            "directory_permission": "0777",
            "file_permission": "0777",
            "filename": "madlibs/madlibs-35.txt",
            "id": "5a79535283150ad43d2bd6bc270889cd7d157892",
            "sensitive_content": null,
            "source": null
          },
          "sensitive_attributes": [],
          "dependencies": [
            "random_shuffle.random_adjectives",
            "random_shuffle.random_adverbs",
            "random_shuffle.random_nouns",
            "random_shuffle.random_numbers",
            "random_shuffle.random_verbs"
          ]
        },
        {
          "index_key": 36,
          "schema_version": 0,
          "attributes": {
            "content": "ALICE'S UPSIDE-DOWN WORLD\n\nLewis Carroll's classic, \"Alice's Adventures in Wonderland\", as well\nas its STICKY sequel, \"Through the Looking PANTHER\",\nhave enchanted both the young and old ARMYs for the last\n27 years, Alice's CHUBBY adventures begin\nwhen she BAKEDs down a/an THUNDERING hole and lands\nin a strange and topsy-turvy SANDWICH. There she discovers she\ncan become a tall BANANA or a small ZEUS simply by\nnibbling on alternate sides of a magic VIOLIN. In her travels\nthrough Wonderland, Alice RESPECTs such remarkable\ncharacters as the White MILK, the BITTER Hatter,\nthe Cheshire SUN, and even the Queen of JELLYFISHs.\nUnfortunately, Alice's adventures come to a/an GRUMPY\nend when Alice awakens from her JELLYFISH.",
            "content_base64": null,
            "content_base64sha256": "02b+t1ggoiBkdvYILnwg5xjfXv0jvQCDJ8IMeNW682g=",
            "content_base64sha512": "1Mut+5HNwJmohSC35PPFYoGVYJIKi7GRuMFMRx+cixeTlSOe4u25dtBvmoR7ei9nqb3pI+yloFNy140SX1MhbA==",
            "content_md5": "4833c0f3e75a660b126a3167779923e9",
            "content_sha1": "69d8cebbcc29535a2b95558c4f57fc1f7e1f288f",
            "content_sha256": "d366feb75820a2206476f6082e7c20e718df5efd23bd008327c20c78d5baf368",
            "content_sha512": "d4cbadfb91cdc099a88520b7e4f3c562819560920a8bb191b8c14c471f9c8b179395239ee2edb976d06f9a847b7a2f67a9bde923eca5a05372d78d125f53216c",
            "directory_permission": "0777",
            "file_permission": "0777",
            "filename": "madlibs/madlibs-36.txt",
            "id": "69d8cebbcc29535a2b95558c4f57fc1f7e1f288f",
            "sensitive_content": null,
            "source": null
          },
          "sensitive_attributes": [],
          "dependencies": [
            "random_shuffle.random_adjectives",
            "random_shuffle.random_adverbs",
            "random_shuffle.random_nouns",
            "random_shuffle.random_numbers",
            "random_shuffle.random_verbs"
          ]
        },
        {
          "index_key": 37,
          "schema_version": 0,
          "attributes": {
            "content": "THE OBSERVATORY\n\nOut class when on a field trip to a BITTER observatory. It\nwas located on top of a JELLYFISH, and it looked like a giant\nVIOLIN with a slit down its ZEUS. We went inside and\nlooked through a ARMY and were able to see MILKs in\nthe sky that were millions of SANDWICHs away. The men and\nwomen who LOVE in the observatory are called\nWALNUTSs, and they are always watching for comets, eclipses,\nand shooting SUNs. An eclipse occurs when a PANTHER\ncomes between the earth and the BANANA and everything\ngets ABUNDANT. Next week, we place to KICKED the\nMuseum of Modern JIGSAW.\n",
            "content_base64": null,
            "content_base64sha256": "BuBnN7LWiIppXJLoPE3GY9MEMBGdzaAV8oRH7AqP6A0=",
            "content_base64sha512": "e1L1bW5x11VtUByeUDOF0ecoLSaZkYtk1wNSbj/313Gs7ozFxN5ZURZqGEo6DP4YeketTPBd+hgxEytAnh86gA==",
            "content_md5": "0e513f7a5d4dcc672c206b7312af4b4a",
            "content_sha1": "b3dabfd45aecedb31593c5654a980a7dee28d28d",
            "content_sha256": "06e06737b2d6888a695c92e83c4dc663d30430119dcda015f28447ec0a8fe80d",
            "content_sha512": "7b52f56d6e71d7556d501c9e503385d1e7282d2699918b64d703526e3ff7d771acee8cc5c4de5951166a184a3a0cfe187a47ad4cf05dfa1831132b409e1f3a80",
            "directory_permission": "0777",
            "file_permission": "0777",
            "filename": "madlibs/madlibs-37.txt",
            "id": "b3dabfd45aecedb31593c5654a980a7dee28d28d",
            "sensitive_content": null,
            "source": null
          },
          "sensitive_attributes": [],
          "dependencies": [
            "random_shuffle.random_adjectives",
            "random_shuffle.random_adverbs",
            "random_shuffle.random_nouns",
            "random_shuffle.random_numbers",
            "random_shuffle.random_verbs"
          ]
        },
        {
          "index_key": 38,
          "schema_version": 0,
          "attributes": {
            "content": "HOW TO BE A PHOTOGRAPHER\n\nMany CHUBBY photographers make big money\nphotographing PANTHERs and beautiful JELLYFISHs. They sell\nthe prints to GRUMPY magazines or to agencies who use\nthem in JIGSAW advertisements. To be a photographer, you\nhave to have a SANDWICH camera. You also need an\nBITTER meter and filters and a special close-up\nZEUS. Then you either hire professional JELLYFISHs or go\nout and snap candid pictures of ordinary ARMYs. But if you\nwant to have a career, you must study very DELICATELY for at\nleast -5 years.\n",
            "content_base64": null,
            "content_base64sha256": "bIxVt9TofFERNMOus5lTtTH+c6nxciV4CH1AqT1uYqk=",
            "content_base64sha512": "bsdbrANiA5lD2JK9JI9HkXjNC9hUQRgcFdf9wmUsOpyJz6i8Xdc9oZ3M2nhPW8sxgLcOfNh1T8CkXCt4Tr1LkQ==",
            "content_md5": "c06f17b2bfa2488c8250ce78c1625a0b",
            "content_sha1": "a823d725bef16ad8d6b63cdabb9d3909ee543761",
            "content_sha256": "6c8c55b7d4e87c511134c3aeb39953b531fe73a9f1722578087d40a93d6e62a9",
            "content_sha512": "6ec75bac0362039943d892bd248f479178cd0bd85441181c15d7fdc2652c3a9c89cfa8bc5dd73da19dccda784f5bcb3180b70e7cd8754fc0a45c2b784ebd4b91",
            "directory_permission": "0777",
            "file_permission": "0777",
            "filename": "madlibs/madlibs-38.txt",
            "id": "a823d725bef16ad8d6b63cdabb9d3909ee543761",
            "sensitive_content": null,
            "source": null
          },
          "sensitive_attributes": [],
          "dependencies": [
            "random_shuffle.random_adjectives",
            "random_shuffle.random_adverbs",
            "random_shuffle.random_nouns",
            "random_shuffle.random_numbers",
            "random_shuffle.random_verbs"
          ]
        },
        {
          "index_key": 39,
          "schema_version": 0,
          "attributes": {
            "content": "ALICE'S UPSIDE-DOWN WORLD\n\nLewis Carroll's classic, \"Alice's Adventures in Wonderland\", as well\nas its THUNDERING sequel, \"Through the Looking PANTHER\",\nhave enchanted both the young and old VIOLINs for the last\n-5 years, Alice's BITTER adventures begin\nwhen she RESPECTs down a/an ABUNDANT hole and lands\nin a strange and topsy-turvy SANDWICH. There she discovers she\ncan become a tall ARMY or a small CAT simply by\nnibbling on alternate sides of a magic WALNUTS. In her travels\nthrough Wonderland, Alice LOVEs such remarkable\ncharacters as the White MILK, the CHUBBY Hatter,\nthe Cheshire BANANA, and even the Queen of JIGSAWs.\nUnfortunately, Alice's adventures come to a/an GRUMPY\nend when Alice awakens from her JIGSAW.",
            "content_base64": null,
            "content_base64sha256": "dTyrTjqxvs2l+cJP71UKngLgOoRRD+DzZeKsZesV+Fk=",
            "content_base64sha512": "rgye2yulhHuYIuDziP4hXBv2rgAev3Vk4FiWvweKrW+hsIAj6DbX6bC74qA09KiCrFnECkzRICnRQDFzuno9ZQ==",
            "content_md5": "68e906d4c554d5ed6a1850c1ebc7d8ac",
            "content_sha1": "d6b034406f25e606fd99b75b7e04dac9b8d8c29f",
            "content_sha256": "753cab4e3ab1becda5f9c24fef550a9e02e03a84510fe0f365e2ac65eb15f859",
            "content_sha512": "ae0c9edb2ba5847b9822e0f388fe215c1bf6ae001ebf7564e05896bf078aad6fa1b08023e836d7e9b0bbe2a034f4a882ac59c40a4cd12029d1403173ba7a3d65",
            "directory_permission": "0777",
            "file_permission": "0777",
            "filename": "madlibs/madlibs-39.txt",
            "id": "d6b034406f25e606fd99b75b7e04dac9b8d8c29f",
            "sensitive_content": null,
            "source": null
          },
          "sensitive_attributes": [],
          "dependencies": [
            "random_shuffle.random_adjectives",
            "random_shuffle.random_adverbs",
            "random_shuffle.random_nouns",
            "random_shuffle.random_numbers",
            "random_shuffle.random_verbs"
          ]
        },
        {
          "index_key": 40,
          "schema_version": 0,
          "attributes": {
            "content": "THE OBSERVATORY\n\nOut class when on a field trip to a GRUMPY observatory. It\nwas located on top of a SANDWICH, and it looked like a giant\nVIOLIN with a slit down its CAT. We went inside and\nlooked through a ARMY and were able to see MILKs in\nthe sky that were millions of PANTHERs away. The men and\nwomen who RUN in the observatory are called\nBANANAs, and they are always watching for comets, eclipses,\nand shooting JIGSAWs. An eclipse occurs when a SUN\ncomes between the earth and the JELLYFISH and everything\ngets THUNDERING. Next week, we place to DANCE the\nMuseum of Modern WALNUTS.\n",
            "content_base64": null,
            "content_base64sha256": "O+XdUA3JCjZhuxdyX5r7UyHxGX5GTdjUMy90kwaYCJk=",
            "content_base64sha512": "05i+fCuZdP3nwRrJdaOSHcHe767wc8BR68dA0kKGOahu0AMEWTrqSNKdX5KnwtKnA2r7IiLZv4s7alWVP1sGRg==",
            "content_md5": "9db949b1756546c02ca8a0a39a74e0fd",
            "content_sha1": "a2719f0cf6722620ecd37e45b711cf9e5511091d",
            "content_sha256": "3be5dd500dc90a3661bb17725f9afb5321f1197e464dd8d4332f749306980899",
            "content_sha512": "d398be7c2b9974fde7c11ac975a3921dc1deefaef073c051ebc740d2428639a86ed00304593aea48d29d5f92a7c2d2a7036afb2222d9bf8b3b6a55953f5b0646",
            "directory_permission": "0777",
            "file_permission": "0777",
            "filename": "madlibs/madlibs-40.txt",
            "id": "a2719f0cf6722620ecd37e45b711cf9e5511091d",
            "sensitive_content": null,
            "source": null
          },
          "sensitive_attributes": [],
          "dependencies": [
            "random_shuffle.random_adjectives",
            "random_shuffle.random_adverbs",
            "random_shuffle.random_nouns",
            "random_shuffle.random_numbers",
            "random_shuffle.random_verbs"
          ]
        },
        {
          "index_key": 41,
          "schema_version": 0,
          "attributes": {
            "content": "HOW TO BE A PHOTOGRAPHER\n\nMany GRUMPY photographers make big money\nphotographing BANANAs and beautiful ZEUSs. They sell\nthe prints to THUNDERING magazines or to agencies who use\nthem in CAT advertisements. To be a photographer, you\nhave to have a SANDWICH camera. You also need an\nBITTER meter and filters and a special close-up\nWALNUTS. Then you either hire professional ZEUSs or go\nout and snap candid pictures of ordinary PANTHERs. But if you\nwant to have a career, you must study very TRUTHFULLY for at\nleast 27 years.\n",
            "content_base64": null,
            "content_base64sha256": "cVi7it3kZzPCjOS/eKCgBuvnbKrvIVk6Cc7/rFwm9t0=",
            "content_base64sha512": "3U2tPYO1XAJaaZ9qGgOJAzwut63GAOD9k7acuRXL9PpxUcOf7VpXJ4NBIEjjMYFUAdpYnEOd/H986pK7jVFQ/g==",
            "content_md5": "36fd206420a1aaf89019477868659092",
            "content_sha1": "61ec27246a9daabc421ea35b0706c3d6420f4068",
            "content_sha256": "7158bb8adde46733c28ce4bf78a0a006ebe76caaef21593a09ceffac5c26f6dd",
            "content_sha512": "dd4dad3d83b55c025a699f6a1a0389033c2eb7adc600e0fd93b69cb915cbf4fa7151c39fed5a572783412048e331815401da589c439dfc7f7cea92bb8d5150fe",
            "directory_permission": "0777",
            "file_permission": "0777",
            "filename": "madlibs/madlibs-41.txt",
            "id": "61ec27246a9daabc421ea35b0706c3d6420f4068",
            "sensitive_content": null,
            "source": null
          },
          "sensitive_attributes": [],
          "dependencies": [
            "random_shuffle.random_adjectives",
            "random_shuffle.random_adverbs",
            "random_shuffle.random_nouns",
            "random_shuffle.random_numbers",
            "random_shuffle.random_verbs"
          ]
        },
        {
          "index_key": 42,
          "schema_version": 0,
          "attributes": {
            "content": "ALICE'S UPSIDE-DOWN WORLD\n\nLewis Carroll's classic, \"Alice's Adventures in Wonderland\", as well\nas its CHUBBY sequel, \"Through the Looking WALNUTS\",\nhave enchanted both the young and old MILKs for the last\n101 years, Alice's BITTER adventures begin\nwhen she LOVEs down a/an ABUNDANT hole and lands\nin a strange and topsy-turvy ARMY. There she discovers she\ncan become a tall VIOLIN or a small PANTHER simply by\nnibbling on alternate sides of a magic JELLYFISH. In her travels\nthrough Wonderland, Alice RESPECTs such remarkable\ncharacters as the White SUN, the GRUMPY Hatter,\nthe Cheshire ZEUS, and even the Queen of CATs.\nUnfortunately, Alice's adventures come to a/an THUNDERING\nend when Alice awakens from her CAT.",
            "content_base64": null,
            "content_base64sha256": "tjzRbtqQN3AJTRY/q3L8E/Gn5FDoNqZ5T8yo1fzAEq8=",
            "content_base64sha512": "YuVsVLlC7o9KxT4Lo6HmiLEP/E7E/Dw+v6EPpKFdKXL6uidHfQZE3zJLZNbDnWKSse9jsVk9zIPXTpTkimE6uQ==",
            "content_md5": "93e6fa6503f65839e9e9541390c2e96e",
            "content_sha1": "3f0e6dd3dc07579407908c1f8429f56fbfbdade2",
            "content_sha256": "b63cd16eda903770094d163fab72fc13f1a7e450e836a6794fcca8d5fcc012af",
            "content_sha512": "62e56c54b942ee8f4ac53e0ba3a1e688b10ffc4ec4fc3c3ebfa10fa4a15d2972faba27477d0644df324b64d6c39d6292b1ef63b1593dcc83d74e94e48a613ab9",
            "directory_permission": "0777",
            "file_permission": "0777",
            "filename": "madlibs/madlibs-42.txt",
            "id": "3f0e6dd3dc07579407908c1f8429f56fbfbdade2",
            "sensitive_content": null,
            "source": null
          },
          "sensitive_attributes": [],
          "dependencies": [
            "random_shuffle.random_adjectives",
            "random_shuffle.random_adverbs",
            "random_shuffle.random_nouns",
            "random_shuffle.random_numbers",
            "random_shuffle.random_verbs"
          ]
        },
        {
          "index_key": 43,
          "schema_version": 0,
          "attributes": {
            "content": "THE OBSERVATORY\n\nOut class when on a field trip to a ABUNDANT observatory. It\nwas located on top of a BANANA, and it looked like a giant\nJIGSAW with a slit down its MILK. We went inside and\nlooked through a SUN and were able to see VIOLINs in\nthe sky that were millions of ZEUSs away. The men and\nwomen who KICKED in the observatory are called\nJELLYFISHs, and they are always watching for comets, eclipses,\nand shooting ARMYs. An eclipse occurs when a WALNUTS\ncomes between the earth and the SANDWICH and everything\ngets GRUMPY. Next week, we place to RUN the\nMuseum of Modern CAT.\n",
            "content_base64": null,
            "content_base64sha256": "LHaj/gh1dMhGBRUbSeYJ0y3Z9BhhKEViNuzXgb/xb7Q=",
            "content_base64sha512": "yXCwyPmYT1pXy7/nH9bqSDruIacc+F/PCJJ43guQj4QXz7WwVZH6nmt1WN8l9SNe6udMThLwaVN3H1OH/UjTgw==",
            "content_md5": "f85c919d07ddac3e63a7138a09f744bb",
            "content_sha1": "c46e31a21b81150a6ed9f5833e381c84c7182181",
            "content_sha256": "2c76a3fe087574c84605151b49e609d32dd9f4186128456236ecd781bff16fb4",
            "content_sha512": "c970b0c8f9984f5a57cbbfe71fd6ea483aee21a71cf85fcf089278de0b908f8417cfb5b05591fa9e6b7558df25f5235eeae74c4e12f06953771f5387fd48d383",
            "directory_permission": "0777",
            "file_permission": "0777",
            "filename": "madlibs/madlibs-43.txt",
            "id": "c46e31a21b81150a6ed9f5833e381c84c7182181",
            "sensitive_content": null,
            "source": null
          },
          "sensitive_attributes": [],
          "dependencies": [
            "random_shuffle.random_adjectives",
            "random_shuffle.random_adverbs",
            "random_shuffle.random_nouns",
            "random_shuffle.random_numbers",
            "random_shuffle.random_verbs"
          ]
        },
        {
          "index_key": 44,
          "schema_version": 0,
          "attributes": {
            "content": "HOW TO BE A PHOTOGRAPHER\n\nMany THUNDERING photographers make big money\nphotographing ARMYs and beautiful VIOLINs. They sell\nthe prints to CHUBBY magazines or to agencies who use\nthem in JIGSAW advertisements. To be a photographer, you\nhave to have a MILK camera. You also need an\nGRUMPY meter and filters and a special close-up\nSANDWICH. Then you either hire professional VIOLINs or go\nout and snap candid pictures of ordinary ZEUSs. But if you\nwant to have a career, you must study very DELICATELY for at\nleast 42 years.\n",
            "content_base64": null,
            "content_base64sha256": "G33IVS4RTm4pIuw/HCTpsvbgo5tYcKgndPwMmX3XZYg=",
            "content_base64sha512": "po3jmXFSqxwxLOa4ExjzJN4FpUlBUm9lKWMgRoWM46JsS9eom5dEweM2aOtu6Owf+G9LmEelZFmpoV5fIFp3yQ==",
            "content_md5": "017096508ac1a4a32a822b14be09c896",
            "content_sha1": "5272b9e84e230f8fec496bde489e6a0901445a76",
            "content_sha256": "1b7dc8552e114e6e2922ec3f1c24e9b2f6e0a39b5870a82774fc0c997dd76588",
            "content_sha512": "a68de3997152ab1c312ce6b81318f324de05a54941526f6529632046858ce3a26c4bd7a89b9744c1e33668eb6ee8ec1ff86f4b9847a56459a9a15e5f205a77c9",
            "directory_permission": "0777",
            "file_permission": "0777",
            "filename": "madlibs/madlibs-44.txt",
            "id": "5272b9e84e230f8fec496bde489e6a0901445a76",
            "sensitive_content": null,
            "source": null
          },
          "sensitive_attributes": [],
          "dependencies": [
            "random_shuffle.random_adjectives",
            "random_shuffle.random_adverbs",
            "random_shuffle.random_nouns",
            "random_shuffle.random_numbers",
            "random_shuffle.random_verbs"
          ]
        },
        {
          "index_key": 45,
          "schema_version": 0,
          "attributes": {
            "content": "ALICE'S UPSIDE-DOWN WORLD\n\nLewis Carroll's classic, \"Alice's Adventures in Wonderland\", as well\nas its CHUBBY sequel, \"Through the Looking WALNUTS\",\nhave enchanted both the young and old JIGSAWs for the last\n73 years, Alice's BITTER adventures begin\nwhen she RUNs down a/an THUNDERING hole and lands\nin a strange and topsy-turvy PANTHER. There she discovers she\ncan become a tall ZEUS or a small SANDWICH simply by\nnibbling on alternate sides of a magic SUN. In her travels\nthrough Wonderland, Alice RESPECTs such remarkable\ncharacters as the White VIOLIN, the ABUNDANT Hatter,\nthe Cheshire BANANA, and even the Queen of ARMYs.\nUnfortunately, Alice's adventures come to a/an STICKY\nend when Alice awakens from her ARMY.",
            "content_base64": null,
            "content_base64sha256": "NYbaymFtCgNWstcF1ZrtbUtgv9reHjYqoVLk3qf35K0=",
            "content_base64sha512": "4bpAUZzgh10cRKLLGFoM7Q8IFiApStgWc4WkUB7tBPHbdPt45l9dRfGpTnfOcAyfbj0jbccr9FMF40L5ElywBA==",
            "content_md5": "4a9e488f0848dd9c9649ecc22f904827",
            "content_sha1": "89f815e38a8bab82d09505ac6a6a63492af17c27",
            "content_sha256": "3586daca616d0a0356b2d705d59aed6d4b60bfdade1e362aa152e4dea7f7e4ad",
            "content_sha512": "e1ba40519ce0875d1c44a2cb185a0ced0f081620294ad8167385a4501eed04f1db74fb78e65f5d45f1a94e77ce700c9f6e3d236dc72bf45305e342f9125cb004",
            "directory_permission": "0777",
            "file_permission": "0777",
            "filename": "madlibs/madlibs-45.txt",
            "id": "89f815e38a8bab82d09505ac6a6a63492af17c27",
            "sensitive_content": null,
            "source": null
          },
          "sensitive_attributes": [],
          "dependencies": [
            "random_shuffle.random_adjectives",
            "random_shuffle.random_adverbs",
            "random_shuffle.random_nouns",
            "random_shuffle.random_numbers",
            "random_shuffle.random_verbs"
          ]
        },
        {
          "index_key": 46,
          "schema_version": 0,
          "attributes": {
            "content": "THE OBSERVATORY\n\nOut class when on a field trip to a BITTER observatory. It\nwas located on top of a ARMY, and it looked like a giant\nWALNUTS with a slit down its BANANA. We went inside and\nlooked through a JIGSAW and were able to see CATs in\nthe sky that were millions of SUNs away. The men and\nwomen who RESPECT in the observatory are called\nPANTHERs, and they are always watching for comets, eclipses,\nand shooting SANDWICHs. An eclipse occurs when a VIOLIN\ncomes between the earth and the MILK and everything\ngets STICKY. Next week, we place to LOVE the\nMuseum of Modern JELLYFISH.\n",
            "content_base64": null,
            "content_base64sha256": "vaBWoWhJAdAgRXYR7uBfqTm5V5dKYndpaqGlSVxI2Ss=",
            "content_base64sha512": "AvzgyfXwh5Bl4iBTot++y6UlwnxK4vBoUkaoer0u7T4FERVke5bLsVuWlgD4m57/+OnwOXhrjqdmB8B6qbTkkA==",
            "content_md5": "887c1154dd97c41efe1a476b3ad8ee48",
            "content_sha1": "759c359ea2c37d1f84111cd4323f47bd07e8f54e",
            "content_sha256": "bda056a1684901d020457611eee05fa939b957974a6277696aa1a5495c48d92b",
            "content_sha512": "02fce0c9f5f0879065e22053a2dfbecba525c27c4ae2f0685246a87abd2eed3e051115647b96cbb15b969600f89b9efff8e9f039786b8ea76607c07aa9b4e490",
            "directory_permission": "0777",
            "file_permission": "0777",
            "filename": "madlibs/madlibs-46.txt",
            "id": "759c359ea2c37d1f84111cd4323f47bd07e8f54e",
            "sensitive_content": null,
            "source": null
          },
          "sensitive_attributes": [],
          "dependencies": [
            "random_shuffle.random_adjectives",
            "random_shuffle.random_adverbs",
            "random_shuffle.random_nouns",
            "random_shuffle.random_numbers",
            "random_shuffle.random_verbs"
          ]
        },
        {
          "index_key": 47,
          "schema_version": 0,
          "attributes": {
            "content": "HOW TO BE A PHOTOGRAPHER\n\nMany ABUNDANT photographers make big money\nphotographing SUNs and beautiful WALNUTSs. They sell\nthe prints to GRUMPY magazines or to agencies who use\nthem in MILK advertisements. To be a photographer, you\nhave to have a SANDWICH camera. You also need an\nSTICKY meter and filters and a special close-up\nVIOLIN. Then you either hire professional WALNUTSs or go\nout and snap candid pictures of ordinary JIGSAWs. But if you\nwant to have a career, you must study very WEARILY for at\nleast 27 years.\n",
            "content_base64": null,
            "content_base64sha256": "osrkVYeWY2YazEl/HrZ9AVOedy09jjoDYfypHLGxjqk=",
            "content_base64sha512": "dGZfHf4OKoBPDr7GP7o1b0MCV8KVmb7W8LjrddrHuSg5Of6K340blms42IorKrm8TpKDu12guS2/zW9DQ2gt/A==",
            "content_md5": "7055278f73821e59f5e2dd9ee79739d4",
            "content_sha1": "d727df956f4801bda33327711288a67ba567deb9",
            "content_sha256": "a2cae455879663661acc497f1eb67d01539e772d3d8e3a0361fca91cb1b18ea9",
            "content_sha512": "74665f1dfe0e2a804f0ebec63fba356f430257c29599bed6f0b8eb75dac7b9283939fe8adf8d1b966b38d88a2b2ab9bc4e9283bb5da0b92dbfcd6f4343682dfc",
            "directory_permission": "0777",
            "file_permission": "0777",
            "filename": "madlibs/madlibs-47.txt",
            "id": "d727df956f4801bda33327711288a67ba567deb9",
            "sensitive_content": null,
            "source": null
          },
          "sensitive_attributes": [],
          "dependencies": [
            "random_shuffle.random_adjectives",
            "random_shuffle.random_adverbs",
            "random_shuffle.random_nouns",
            "random_shuffle.random_numbers",
            "random_shuffle.random_verbs"
          ]
        },
        {
          "index_key": 48,
          "schema_version": 0,
          "attributes": {
            "content": "ALICE'S UPSIDE-DOWN WORLD\n\nLewis Carroll's classic, \"Alice's Adventures in Wonderland\", as well\nas its BITTER sequel, \"Through the Looking JELLYFISH\",\nhave enchanted both the young and old PANTHERs for the last\n101 years, Alice's THUNDERING adventures begin\nwhen she KICKEDs down a/an STICKY hole and lands\nin a strange and topsy-turvy SANDWICH. There she discovers she\ncan become a tall WALNUTS or a small MILK simply by\nnibbling on alternate sides of a magic CAT. In her travels\nthrough Wonderland, Alice RUNs such remarkable\ncharacters as the White JIGSAW, the GRUMPY Hatter,\nthe Cheshire SUN, and even the Queen of ARMYs.\nUnfortunately, Alice's adventures come to a/an ABUNDANT\nend when Alice awakens from her ARMY.",
            "content_base64": null,
            "content_base64sha256": "KFWlOy8OwxAOw3JeYbqPWZZYOvpCMD9X7vFRtAcgTrE=",
            "content_base64sha512": "XGjrmH5DibjWJJ+KzjzQT9baAG+7jbbr+lfE5TdvGuhTNW8KFCxnCmrnRzMb8fzX03GMAkiuoQxVHazSeVWJTg==",
            "content_md5": "6a3651c55550c289a980613adad7196e",
            "content_sha1": "e4056f06f47d47926f0ebe7cd7123e2cdc11d0bd",
            "content_sha256": "2855a53b2f0ec3100ec3725e61ba8f5996583afa42303f57eef151b407204eb1",
            "content_sha512": "5c68eb987e4389b8d6249f8ace3cd04fd6da006fbb8db6ebfa57c4e5376f1ae853356f0a142c670a6ae747331bf1fcd7d3718c0248aea10c551dacd27955894e",
            "directory_permission": "0777",
            "file_permission": "0777",
            "filename": "madlibs/madlibs-48.txt",
            "id": "e4056f06f47d47926f0ebe7cd7123e2cdc11d0bd",
            "sensitive_content": null,
            "source": null
          },
          "sensitive_attributes": [],
          "dependencies": [
            "random_shuffle.random_adjectives",
            "random_shuffle.random_adverbs",
            "random_shuffle.random_nouns",
            "random_shuffle.random_numbers",
            "random_shuffle.random_verbs"
          ]
        },
        {
          "index_key": 49,
          "schema_version": 0,
          "attributes": {
            "content": "THE OBSERVATORY\n\nOut class when on a field trip to a ABUNDANT observatory. It\nwas located on top of a JIGSAW, and it looked like a giant\nMILK with a slit down its CAT. We went inside and\nlooked through a WALNUTS and were able to see SUNs in\nthe sky that were millions of ZEUSs away. The men and\nwomen who LOVE in the observatory are called\nSANDWICHs, and they are always watching for comets, eclipses,\nand shooting VIOLINs. An eclipse occurs when a BANANA\ncomes between the earth and the ARMY and everything\ngets CHUBBY. Next week, we place to RESPECT the\nMuseum of Modern PANTHER.\n",
            "content_base64": null,
            "content_base64sha256": "n4ZiOJMWjOlT5W8MOMEQEHRP6GFpar9JRJuT+l4d5WM=",
            "content_base64sha512": "141knALW/mfc+WMCRdvCNB7qkQi8tZ+7gvD0oVzJHWnTGR7cqhIUgx1eizFQVoRPOmbgHLj2AiDm+EE/ULPz/g==",
            "content_md5": "3091f4ec34e0695a89a315004dde2f8f",
            "content_sha1": "eaa9d16a5ccd7aae5bdbf6b13e0e0efef94540ee",
            "content_sha256": "9f86623893168ce953e56f0c38c11010744fe861696abf49449b93fa5e1de563",
            "content_sha512": "d78d649c02d6fe67dcf9630245dbc2341eea9108bcb59fbb82f0f4a15cc91d69d3191edcaa1214831d5e8b315056844f3a66e01cb8f60220e6f8413f50b3f3fe",
            "directory_permission": "0777",
            "file_permission": "0777",
            "filename": "madlibs/madlibs-49.txt",
            "id": "eaa9d16a5ccd7aae5bdbf6b13e0e0efef94540ee",
            "sensitive_content": null,
            "source": null
          },
          "sensitive_attributes": [],
          "dependencies": [
            "random_shuffle.random_adjectives",
            "random_shuffle.random_adverbs",
            "random_shuffle.random_nouns",
            "random_shuffle.random_numbers",
            "random_shuffle.random_verbs"
          ]
        },
        {
          "index_key": 50,
          "schema_version": 0,
          "attributes": {
            "content": "HOW TO BE A PHOTOGRAPHER\n\nMany CHUBBY photographers make big money\nphotographing VIOLINs and beautiful ZEUSs. They sell\nthe prints to THUNDERING magazines or to agencies who use\nthem in SANDWICH advertisements. To be a photographer, you\nhave to have a WALNUTS camera. You also need an\nSTICKY meter and filters and a special close-up\nJELLYFISH. Then you either hire professional ZEUSs or go\nout and snap candid pictures of ordinary SUNs. But if you\nwant to have a career, you must study very WEARILY for at\nleast 0 years.\n",
            "content_base64": null,
            "content_base64sha256": "Z/dnLTCufsRZOzVQV06OzXg39sShFWlWE4nwya7HTps=",
            "content_base64sha512": "ezxmBIEUbjybXjaoSvVa7A2zzOLW9jkxZ3yuEP1sLhwZO9y0Qk4xSdElPXJqmoYi7ijDw1urehiAQ17HBUIxkQ==",
            "content_md5": "38c86d533ba24509bd9c5e285bc7458d",
            "content_sha1": "2b308ada0f19dcdc3d6851cfe5922c5b5f6e27b9",
            "content_sha256": "67f7672d30ae7ec4593b3550574e8ecd7837f6c4a11569561389f0c9aec74e9b",
            "content_sha512": "7b3c660481146e3c9b5e36a84af55aec0db3cce2d6f63931677cae10fd6c2e1c193bdcb4424e3149d1253d726a9a8622ee28c3c35bab7a1880435ec705423191",
            "directory_permission": "0777",
            "file_permission": "0777",
            "filename": "madlibs/madlibs-50.txt",
            "id": "2b308ada0f19dcdc3d6851cfe5922c5b5f6e27b9",
            "sensitive_content": null,
            "source": null
          },
          "sensitive_attributes": [],
          "dependencies": [
            "random_shuffle.random_adjectives",
            "random_shuffle.random_adverbs",
            "random_shuffle.random_nouns",
            "random_shuffle.random_numbers",
            "random_shuffle.random_verbs"
          ]
        },
        {
          "index_key": 51,
          "schema_version": 0,
          "attributes": {
            "content": "ALICE'S UPSIDE-DOWN WORLD\n\nLewis Carroll's classic, \"Alice's Adventures in Wonderland\", as well\nas its ABUNDANT sequel, \"Through the Looking CAT\",\nhave enchanted both the young and old ARMYs for the last\n0 years, Alice's CHUBBY adventures begin\nwhen she DANCEs down a/an GRUMPY hole and lands\nin a strange and topsy-turvy SUN. There she discovers she\ncan become a tall SANDWICH or a small PANTHER simply by\nnibbling on alternate sides of a magic BANANA. In her travels\nthrough Wonderland, Alice RUNs such remarkable\ncharacters as the White MILK, the THUNDERING Hatter,\nthe Cheshire JELLYFISH, and even the Queen of WALNUTSs.\nUnfortunately, Alice's adventures come to a/an BITTER\nend when Alice awakens from her WALNUTS.",
            "content_base64": null,
            "content_base64sha256": "l01EgI+8eyGGXzbjUY1gGETt5An1jTKK/F98RD1w0iA=",
            "content_base64sha512": "J1mKIepDV1zJehCkNRbUl6ZE6+06oSAiEiM6grcqrCzNqDhldzbklAYVmGkyQ8pWTjni26x10uReese3jUi81A==",
            "content_md5": "25c509b901476cc63b82d182a3a2869c",
            "content_sha1": "37790c6cfa127b5281a538f7bb8355be58de6931",
            "content_sha256": "974d44808fbc7b21865f36e3518d601844ede409f58d328afc5f7c443d70d220",
            "content_sha512": "27598a21ea43575cc97a10a43516d497a644ebed3aa1202212233a82b72aac2ccda838657736e494061598693243ca564e39e2dbac75d2e45e7ac7b78d48bcd4",
            "directory_permission": "0777",
            "file_permission": "0777",
            "filename": "madlibs/madlibs-51.txt",
            "id": "37790c6cfa127b5281a538f7bb8355be58de6931",
            "sensitive_content": null,
            "source": null
          },
          "sensitive_attributes": [],
          "dependencies": [
            "random_shuffle.random_adjectives",
            "random_shuffle.random_adverbs",
            "random_shuffle.random_nouns",
            "random_shuffle.random_numbers",
            "random_shuffle.random_verbs"
          ]
        },
        {
          "index_key": 52,
          "schema_version": 0,
          "attributes": {
            "content": "THE OBSERVATORY\n\nOut class when on a field trip to a STICKY observatory. It\nwas located on top of a MILK, and it looked like a giant\nJIGSAW with a slit down its CAT. We went inside and\nlooked through a SUN and were able to see SANDWICHs in\nthe sky that were millions of JELLYFISHs away. The men and\nwomen who LOVE in the observatory are called\nZEUSs, and they are always watching for comets, eclipses,\nand shooting VIOLINs. An eclipse occurs when a BANANA\ncomes between the earth and the PANTHER and everything\ngets THUNDERING. Next week, we place to BAKED the\nMuseum of Modern ARMY.\n",
            "content_base64": null,
            "content_base64sha256": "auLk0yZ+TwynmXTLkD8IxCn6vTyDxIAkX+ZUNG1ICrE=",
            "content_base64sha512": "dUk+79PdckxpNOnwMXBQoEzqx2b9T364i0QC3xcWTtqrkgfN/dVaTsnfCt2//uwUsnoblHIt/rAXzBifi4ll8A==",
            "content_md5": "58b10249313ffc591f3cb79c7cac7ccc",
            "content_sha1": "67178bfc64f5b7b84144dcb3d9f58322db961394",
            "content_sha256": "6ae2e4d3267e4f0ca79974cb903f08c429fabd3c83c480245fe654346d480ab1",
            "content_sha512": "75493eefd3dd724c6934e9f0317050a04ceac766fd4f7eb88b4402df17164edaab9207cdfdd55a4ec9df0addbffeec14b27a1b94722dfeb017cc189f8b8965f0",
            "directory_permission": "0777",
            "file_permission": "0777",
            "filename": "madlibs/madlibs-52.txt",
            "id": "67178bfc64f5b7b84144dcb3d9f58322db961394",
            "sensitive_content": null,
            "source": null
          },
          "sensitive_attributes": [],
          "dependencies": [
            "random_shuffle.random_adjectives",
            "random_shuffle.random_adverbs",
            "random_shuffle.random_nouns",
            "random_shuffle.random_numbers",
            "random_shuffle.random_verbs"
          ]
        },
        {
          "index_key": 53,
          "schema_version": 0,
          "attributes": {
            "content": "HOW TO BE A PHOTOGRAPHER\n\nMany ABUNDANT photographers make big money\nphotographing ZEUSs and beautiful SANDWICHs. They sell\nthe prints to CHUBBY magazines or to agencies who use\nthem in CAT advertisements. To be a photographer, you\nhave to have a PANTHER camera. You also need an\nSTICKY meter and filters and a special close-up\nJIGSAW. Then you either hire professional SANDWICHs or go\nout and snap candid pictures of ordinary VIOLINs. But if you\nwant to have a career, you must study very BEAUTIFULLY for at\nleast 0 years.\n",
            "content_base64": null,
            "content_base64sha256": "J5png2f9/sL6ZFYcnP9fTLmUj4DEvfI1bYLIaSwItUg=",
            "content_base64sha512": "afJvW/aFLRHIAEU6OAeQPsPCPWwZxcT8DjAMBc6+IiVyg486VEwlqjBJ/EB5DH4UGqI/pUbIMMhRxHIB3TRD7Q==",
            "content_md5": "b8b1acf0e227b298eb2ceefe5c9aa73a",
            "content_sha1": "745846e5f3d7c1112c57359c8d673cefab8370a6",
            "content_sha256": "279a678367fdfec2fa64561c9cff5f4cb9948f80c4bdf2356d82c8692c08b548",
            "content_sha512": "69f26f5bf6852d11c800453a3807903ec3c23d6c19c5c4fc0e300c05cebe222572838f3a544c25aa3049fc40790c7e141aa23fa546c830c851c47201dd3443ed",
            "directory_permission": "0777",
            "file_permission": "0777",
            "filename": "madlibs/madlibs-53.txt",
            "id": "745846e5f3d7c1112c57359c8d673cefab8370a6",
            "sensitive_content": null,
            "source": null
          },
          "sensitive_attributes": [],
          "dependencies": [
            "random_shuffle.random_adjectives",
            "random_shuffle.random_adverbs",
            "random_shuffle.random_nouns",
            "random_shuffle.random_numbers",
            "random_shuffle.random_verbs"
          ]
        },
        {
          "index_key": 54,
          "schema_version": 0,
          "attributes": {
            "content": "ALICE'S UPSIDE-DOWN WORLD\n\nLewis Carroll's classic, \"Alice's Adventures in Wonderland\", as well\nas its CHUBBY sequel, \"Through the Looking JIGSAW\",\nhave enchanted both the young and old PANTHERs for the last\n101 years, Alice's THUNDERING adventures begin\nwhen she RUNs down a/an STICKY hole and lands\nin a strange and topsy-turvy VIOLIN. There she discovers she\ncan become a tall SUN or a small WALNUTS simply by\nnibbling on alternate sides of a magic SANDWICH. In her travels\nthrough Wonderland, Alice LOVEs such remarkable\ncharacters as the White BANANA, the BITTER Hatter,\nthe Cheshire JELLYFISH, and even the Queen of CATs.\nUnfortunately, Alice's adventures come to a/an GRUMPY\nend when Alice awakens from her CAT.",
            "content_base64": null,
            "content_base64sha256": "ZZMwQ8MxJCTETGCBNXxbYRQ9biFB7GvzhQQg75O++Ko=",
            "content_base64sha512": "gO8MSZeLE02WAYFfAjXtklq+WIQKkCOw5heBgo+SjUPaVmbKwpS6Bz3DabVZBBztL4fkT0dhVLpu695a31sBEg==",
            "content_md5": "c5373c329a2f814a61ad69352afa2aee",
            "content_sha1": "a96fe6b3eeca3b77b905fd9ae5ba723aa7a36317",
            "content_sha256": "65933043c3312424c44c6081357c5b61143d6e2141ec6bf3850420ef93bef8aa",
            "content_sha512": "80ef0c49978b134d9601815f0235ed925abe58840a9023b0e61781828f928d43da5666cac294ba073dc369b559041ced2f87e44f476154ba6eebde5adf5b0112",
            "directory_permission": "0777",
            "file_permission": "0777",
            "filename": "madlibs/madlibs-54.txt",
            "id": "a96fe6b3eeca3b77b905fd9ae5ba723aa7a36317",
            "sensitive_content": null,
            "source": null
          },
          "sensitive_attributes": [],
          "dependencies": [
            "random_shuffle.random_adjectives",
            "random_shuffle.random_adverbs",
            "random_shuffle.random_nouns",
            "random_shuffle.random_numbers",
            "random_shuffle.random_verbs"
          ]
        },
        {
          "index_key": 55,
          "schema_version": 0,
          "attributes": {
            "content": "THE OBSERVATORY\n\nOut class when on a field trip to a THUNDERING observatory. It\nwas located on top of a VIOLIN, and it looked like a giant\nSANDWICH with a slit down its SUN. We went inside and\nlooked through a ZEUS and were able to see PANTHERs in\nthe sky that were millions of ARMYs away. The men and\nwomen who RUN in the observatory are called\nMILKs, and they are always watching for comets, eclipses,\nand shooting BANANAs. An eclipse occurs when a JELLYFISH\ncomes between the earth and the JIGSAW and everything\ngets CHUBBY. Next week, we place to DANCE the\nMuseum of Modern WALNUTS.\n",
            "content_base64": null,
            "content_base64sha256": "5uokvhXf81B0cPojFuV8xlrRR19WI6LarI2lgvtxjKI=",
            "content_base64sha512": "P0Ml0vDQgURaBZuvhMzFGbX1+QW2M4xa4aovGfP995tS7rv/4uTs0nlFXykgkg7AriuxGKnmYKv/LsT3eefstQ==",
            "content_md5": "a024a3a118abfb5e60d33677063f0520",
            "content_sha1": "2526e680bd6f13e4b0c98fb580d66f07ce1f447f",
            "content_sha256": "e6ea24be15dff3507470fa2316e57cc65ad1475f5623a2daac8da582fb718ca2",
            "content_sha512": "3f4325d2f0d081445a059baf84ccc519b5f5f905b6338c5ae1aa2f19f3fdf79b52eebbffe2e4ecd279455f2920920ec0ae2bb118a9e660abff2ec4f779e7ecb5",
            "directory_permission": "0777",
            "file_permission": "0777",
            "filename": "madlibs/madlibs-55.txt",
            "id": "2526e680bd6f13e4b0c98fb580d66f07ce1f447f",
            "sensitive_content": null,
            "source": null
          },
          "sensitive_attributes": [],
          "dependencies": [
            "random_shuffle.random_adjectives",
            "random_shuffle.random_adverbs",
            "random_shuffle.random_nouns",
            "random_shuffle.random_numbers",
            "random_shuffle.random_verbs"
          ]
        },
        {
          "index_key": 56,
          "schema_version": 0,
          "attributes": {
            "content": "HOW TO BE A PHOTOGRAPHER\n\nMany THUNDERING photographers make big money\nphotographing SUNs and beautiful JIGSAWs. They sell\nthe prints to GRUMPY magazines or to agencies who use\nthem in MILK advertisements. To be a photographer, you\nhave to have a ARMY camera. You also need an\nSTICKY meter and filters and a special close-up\nBANANA. Then you either hire professional JIGSAWs or go\nout and snap candid pictures of ordinary WALNUTSs. But if you\nwant to have a career, you must study very BEAUTIFULLY for at\nleast 73 years.\n",
            "content_base64": null,
            "content_base64sha256": "M6mslAnfXGn9oHl+aFrTBvKzkm39gN5h69cKYO1X7lg=",
            "content_base64sha512": "5Z03lXJIs8gu4UsBH7tOiyI95m2whgPwY0iq0nUjvpSMEsme4W2zqzD4AIgPmLlxdtlcBVdE82U1qdRNSO5VzQ==",
            "content_md5": "af0c5b168e876a9245b8e6edf2395ba2",
            "content_sha1": "c085b3f2f80c1a2d7dc434474edfa1c11eb50937",
            "content_sha256": "33a9ac9409df5c69fda0797e685ad306f2b3926dfd80de61ebd70a60ed57ee58",
            "content_sha512": "e59d37957248b3c82ee14b011fbb4e8b223de66db08603f06348aad27523be948c12c99ee16db3ab30f800880f98b97176d95c055744f36535a9d44d48ee55cd",
            "directory_permission": "0777",
            "file_permission": "0777",
            "filename": "madlibs/madlibs-56.txt",
            "id": "c085b3f2f80c1a2d7dc434474edfa1c11eb50937",
            "sensitive_content": null,
            "source": null
          },
          "sensitive_attributes": [],
          "dependencies": [
            "random_shuffle.random_adjectives",
            "random_shuffle.random_adverbs",
            "random_shuffle.random_nouns",
            "random_shuffle.random_numbers",
            "random_shuffle.random_verbs"
          ]
        },
        {
          "index_key": 57,
          "schema_version": 0,
          "attributes": {
            "content": "ALICE'S UPSIDE-DOWN WORLD\n\nLewis Carroll's classic, \"Alice's Adventures in Wonderland\", as well\nas its STICKY sequel, \"Through the Looking VIOLIN\",\nhave enchanted both the young and old MILKs for the last\n73 years, Alice's ABUNDANT adventures begin\nwhen she KICKEDs down a/an THUNDERING hole and lands\nin a strange and topsy-turvy WALNUTS. There she discovers she\ncan become a tall SUN or a small ARMY simply by\nnibbling on alternate sides of a magic BANANA. In her travels\nthrough Wonderland, Alice DANCEs such remarkable\ncharacters as the White PANTHER, the BITTER Hatter,\nthe Cheshire SANDWICH, and even the Queen of ZEUSs.\nUnfortunately, Alice's adventures come to a/an CHUBBY\nend when Alice awakens from her ZEUS.",
            "content_base64": null,
            "content_base64sha256": "hW/Y/Ob2gXfxqXmHTuYkE9fwhD/5uPuvztoc9/M5Epw=",
            "content_base64sha512": "R1iqQn9rn2XalDcJ43e1tqHupNyQCxKz+gP9Cm7lovfxn/Da533uoz+MjEvwUve8WT39uIQSECGWp02gFBJfIw==",
            "content_md5": "1b18dc2165edede1bddc3728adcbf8e1",
            "content_sha1": "843e17a522e0c52fb12389fc90d12dc54b39884e",
            "content_sha256": "856fd8fce6f68177f1a979874ee62413d7f0843ff9b8fbafceda1cf7f339129c",
            "content_sha512": "4758aa427f6b9f65da943709e377b5b6a1eea4dc900b12b3fa03fd0a6ee5a2f7f19ff0dae77deea33f8c8c4bf052f7bc593dfdb88412102196a74da014125f23",
            "directory_permission": "0777",
            "file_permission": "0777",
            "filename": "madlibs/madlibs-57.txt",
            "id": "843e17a522e0c52fb12389fc90d12dc54b39884e",
            "sensitive_content": null,
            "source": null
          },
          "sensitive_attributes": [],
          "dependencies": [
            "random_shuffle.random_adjectives",
            "random_shuffle.random_adverbs",
            "random_shuffle.random_nouns",
            "random_shuffle.random_numbers",
            "random_shuffle.random_verbs"
          ]
        },
        {
          "index_key": 58,
          "schema_version": 0,
          "attributes": {
            "content": "THE OBSERVATORY\n\nOut class when on a field trip to a THUNDERING observatory. It\nwas located on top of a SUN, and it looked like a giant\nMILK with a slit down its CAT. We went inside and\nlooked through a JIGSAW and were able to see ARMYs in\nthe sky that were millions of VIOLINs away. The men and\nwomen who RESPECT in the observatory are called\nZEUSs, and they are always watching for comets, eclipses,\nand shooting SANDWICHs. An eclipse occurs when a BANANA\ncomes between the earth and the WALNUTS and everything\ngets BITTER. Next week, we place to KICKED the\nMuseum of Modern JELLYFISH.\n",
            "content_base64": null,
            "content_base64sha256": "NRp/O6pqfRS3S+sOL/HUcLWkZBjhnt1C4Wj/VGhDfV8=",
            "content_base64sha512": "cBmmg6BOz44C2tUM8rcTzB6ffMYw1pIJegLWQL/WxZ/c83ohZvVGKLGOlXDqhs43dwiyto3ozuWfQ+w24At+fw==",
            "content_md5": "890fca8874e1d99e52a16a9e9d68ef9b",
            "content_sha1": "544168bcbc034c0a84389ea861cc9c2106b1f65d",
            "content_sha256": "351a7f3baa6a7d14b74beb0e2ff1d470b5a46418e19edd42e168ff5468437d5f",
            "content_sha512": "7019a683a04ecf8e02dad50cf2b713cc1e9f7cc630d692097a02d640bfd6c59fdcf37a2166f54628b18e9570ea86ce377708b2b68de8cee59f43ec36e00b7e7f",
            "directory_permission": "0777",
            "file_permission": "0777",
            "filename": "madlibs/madlibs-58.txt",
            "id": "544168bcbc034c0a84389ea861cc9c2106b1f65d",
            "sensitive_content": null,
            "source": null
          },
          "sensitive_attributes": [],
          "dependencies": [
            "random_shuffle.random_adjectives",
            "random_shuffle.random_adverbs",
            "random_shuffle.random_nouns",
            "random_shuffle.random_numbers",
            "random_shuffle.random_verbs"
          ]
        },
        {
          "index_key": 59,
          "schema_version": 0,
          "attributes": {
            "content": "HOW TO BE A PHOTOGRAPHER\n\nMany STICKY photographers make big money\nphotographing MILKs and beautiful JIGSAWs. They sell\nthe prints to BITTER magazines or to agencies who use\nthem in JELLYFISH advertisements. To be a photographer, you\nhave to have a BANANA camera. You also need an\nTHUNDERING meter and filters and a special close-up\nSANDWICH. Then you either hire professional JIGSAWs or go\nout and snap candid pictures of ordinary ZEUSs. But if you\nwant to have a career, you must study very WEARILY for at\nleast -5 years.\n",
            "content_base64": null,
            "content_base64sha256": "jqa150nYZzJY2oCIHkwhMOl95YCYZjFAUbgrmZ0jj0I=",
            "content_base64sha512": "FtiPns5T9fvZp0dTjl4VJgvA3KuQVQZUeKwD1AMCzSBDBam/WjvUCpEZ3xjbu6JdKgJsy8zGxFexHNE11gMH9w==",
            "content_md5": "3de7e6effeab2e01c3a4dc6ef31f85d3",
            "content_sha1": "a86ac1bfb4a7e4fe9556b26606d64d0999e6300c",
            "content_sha256": "8ea6b5e749d8673258da80881e4c2130e97de5809866314051b82b999d238f42",
            "content_sha512": "16d88f9ece53f5fbd9a747538e5e15260bc0dcab9055065478ac03d40302cd204305a9bf5a3bd40a9119df18dbbba25d2a026ccbccc6c457b11cd135d60307f7",
            "directory_permission": "0777",
            "file_permission": "0777",
            "filename": "madlibs/madlibs-59.txt",
            "id": "a86ac1bfb4a7e4fe9556b26606d64d0999e6300c",
            "sensitive_content": null,
            "source": null
          },
          "sensitive_attributes": [],
          "dependencies": [
            "random_shuffle.random_adjectives",
            "random_shuffle.random_adverbs",
            "random_shuffle.random_nouns",
            "random_shuffle.random_numbers",
            "random_shuffle.random_verbs"
          ]
        },
        {
          "index_key": 60,
          "schema_version": 0,
          "attributes": {
            "content": "ALICE'S UPSIDE-DOWN WORLD\n\nLewis Carroll's classic, \"Alice's Adventures in Wonderland\", as well\nas its STICKY sequel, \"Through the Looking SANDWICH\",\nhave enchanted both the young and old JIGSAWs for the last\n101 years, Alice's BITTER adventures begin\nwhen she LOVEs down a/an CHUBBY hole and lands\nin a strange and topsy-turvy ZEUS. There she discovers she\ncan become a tall MILK or a small WALNUTS simply by\nnibbling on alternate sides of a magic VIOLIN. In her travels\nthrough Wonderland, Alice BAKEDs such remarkable\ncharacters as the White SUN, the THUNDERING Hatter,\nthe Cheshire CAT, and even the Queen of PANTHERs.\nUnfortunately, Alice's adventures come to a/an ABUNDANT\nend when Alice awakens from her PANTHER.",
            "content_base64": null,
            "content_base64sha256": "1keBFNFmouNAPcZNdPEkBCAmUDFwV31UCnyCl5yJNpA=",
            "content_base64sha512": "LGOSRLQSf+4W8hE2Kl1Ji6pfqNpGHeB7AaN2X5iFY0bhnfqPkdGRzZWienmnA8gG41Jc7VU12eyOhN2CWLidFQ==",
            "content_md5": "7cefe9a5dc39d6e1758250412ad495b4",
            "content_sha1": "2c1ca540c78a21d1393e9e88c3e5ae0565ebbc25",
            "content_sha256": "d6478114d166a2e3403dc64d74f124042026503170577d540a7c82979c893690",
            "content_sha512": "2c639244b4127fee16f211362a5d498baa5fa8da461de07b01a3765f98856346e19dfa8f91d191cd95a27a79a703c806e3525ced5535d9ec8e84dd8258b89d15",
            "directory_permission": "0777",
            "file_permission": "0777",
            "filename": "madlibs/madlibs-60.txt",
            "id": "2c1ca540c78a21d1393e9e88c3e5ae0565ebbc25",
            "sensitive_content": null,
            "source": null
          },
          "sensitive_attributes": [],
          "dependencies": [
            "random_shuffle.random_adjectives",
            "random_shuffle.random_adverbs",
            "random_shuffle.random_nouns",
            "random_shuffle.random_numbers",
            "random_shuffle.random_verbs"
          ]
        },
        {
          "index_key": 61,
          "schema_version": 0,
          "attributes": {
            "content": "THE OBSERVATORY\n\nOut class when on a field trip to a GRUMPY observatory. It\nwas located on top of a PANTHER, and it looked like a giant\nBANANA with a slit down its WALNUTS. We went inside and\nlooked through a CAT and were able to see ZEUSs in\nthe sky that were millions of JELLYFISHs away. The men and\nwomen who KICKED in the observatory are called\nSANDWICHs, and they are always watching for comets, eclipses,\nand shooting MILKs. An eclipse occurs when a JIGSAW\ncomes between the earth and the SUN and everything\ngets BITTER. Next week, we place to LOVE the\nMuseum of Modern VIOLIN.\n",
            "content_base64": null,
            "content_base64sha256": "yNgdL6B4cJwaXOXxlhKoQ5MYrnCJ7fvdZpLW65QORjg=",
            "content_base64sha512": "TDP008x0yR3YSPOMhM+MpyaRmYnghK9s7+EqYm0buuxhj4HNNDDJhhSRHPxjyJBDe/FvjTBammIELO8HEzlZQA==",
            "content_md5": "f747d3995f18f316a3c186c87be57b09",
            "content_sha1": "c4fb714b69a39fe41fbc38296b5ea186d09e0a08",
            "content_sha256": "c8d81d2fa078709c1a5ce5f19612a8439318ae7089edfbdd6692d6eb940e4638",
            "content_sha512": "4c33f4d3cc74c91dd848f38c84cf8ca726919989e084af6cefe12a626d1bbaec618f81cd3430c98614911cfc63c890437bf16f8d305a9a62042cef0713395940",
            "directory_permission": "0777",
            "file_permission": "0777",
            "filename": "madlibs/madlibs-61.txt",
            "id": "c4fb714b69a39fe41fbc38296b5ea186d09e0a08",
            "sensitive_content": null,
            "source": null
          },
          "sensitive_attributes": [],
          "dependencies": [
            "random_shuffle.random_adjectives",
            "random_shuffle.random_adverbs",
            "random_shuffle.random_nouns",
            "random_shuffle.random_numbers",
            "random_shuffle.random_verbs"
          ]
        },
        {
          "index_key": 62,
          "schema_version": 0,
          "attributes": {
            "content": "HOW TO BE A PHOTOGRAPHER\n\nMany BITTER photographers make big money\nphotographing ARMYs and beautiful WALNUTSs. They sell\nthe prints to STICKY magazines or to agencies who use\nthem in CAT advertisements. To be a photographer, you\nhave to have a BANANA camera. You also need an\nABUNDANT meter and filters and a special close-up\nPANTHER. Then you either hire professional WALNUTSs or go\nout and snap candid pictures of ordinary VIOLINs. But if you\nwant to have a career, you must study very WEARILY for at\nleast 42 years.\n",
            "content_base64": null,
            "content_base64sha256": "kX5S7RcghuoerxhyhY8PkYDz+bbHoBC6RATNlYjfWfk=",
            "content_base64sha512": "CTgwCodv4J+k3WFy3FSnxHfBj0EPAcv8bkurlKhKGe83CxoETf9QemMQCuCRPv3ZkS76I21QuScAmG0FZPpWcw==",
            "content_md5": "428cd392dc8a19ae1351f617eceae41f",
            "content_sha1": "890d2b3e67d1359e77a811f0d4c5dfd4caccc7ab",
            "content_sha256": "917e52ed172086ea1eaf1872858f0f9180f3f9b6c7a010ba4404cd9588df59f9",
            "content_sha512": "0938300a876fe09fa4dd6172dc54a7c477c18f410f01cbfc6e4bab94a84a19ef370b1a044dff507a63100ae0913efdd9912efa236d50b92700986d0564fa5673",
            "directory_permission": "0777",
            "file_permission": "0777",
            "filename": "madlibs/madlibs-62.txt",
            "id": "890d2b3e67d1359e77a811f0d4c5dfd4caccc7ab",
            "sensitive_content": null,
            "source": null
          },
          "sensitive_attributes": [],
          "dependencies": [
            "random_shuffle.random_adjectives",
            "random_shuffle.random_adverbs",
            "random_shuffle.random_nouns",
            "random_shuffle.random_numbers",
            "random_shuffle.random_verbs"
          ]
        },
        {
          "index_key": 63,
          "schema_version": 0,
          "attributes": {
            "content": "ALICE'S UPSIDE-DOWN WORLD\n\nLewis Carroll's classic, \"Alice's Adventures in Wonderland\", as well\nas its BITTER sequel, \"Through the Looking MILK\",\nhave enchanted both the young and old PANTHERs for the last\n42 years, Alice's GRUMPY adventures begin\nwhen she RESPECTs down a/an THUNDERING hole and lands\nin a strange and topsy-turvy JIGSAW. There she discovers she\ncan become a tall ARMY or a small CAT simply by\nnibbling on alternate sides of a magic SUN. In her travels\nthrough Wonderland, Alice KICKEDs such remarkable\ncharacters as the White WALNUTS, the CHUBBY Hatter,\nthe Cheshire BANANA, and even the Queen of JELLYFISHs.\nUnfortunately, Alice's adventures come to a/an ABUNDANT\nend when Alice awakens from her JELLYFISH.",
            "content_base64": null,
            "content_base64sha256": "PNzQZ8XsEklQHleJKezj4/IO9eY4jiqZ1IfwYI4gP3k=",
            "content_base64sha512": "qv5OBvJDC04zldw+a667b1e/glKmZ43LYZ/25pp9qDEtWAWY0ZkxO48jtxayMWYvCFgiCLdX3zjgtYQdheNI7g==",
            "content_md5": "2e5eaabef5eb75d9c11eb44db1fc81ac",
            "content_sha1": "2146ec3fd61d344c557ab71289c2fad2c8074061",
            "content_sha256": "3cdcd067c5ec1249501e578929ece3e3f20ef5e6388e2a99d487f0608e203f79",
            "content_sha512": "aafe4e06f2430b4e3395dc3e6baebb6f57bf8252a6678dcb619ff6e69a7da8312d580598d199313b8f23b716b231662f08582208b757df38e0b5841d85e348ee",
            "directory_permission": "0777",
            "file_permission": "0777",
            "filename": "madlibs/madlibs-63.txt",
            "id": "2146ec3fd61d344c557ab71289c2fad2c8074061",
            "sensitive_content": null,
            "source": null
          },
          "sensitive_attributes": [],
          "dependencies": [
            "random_shuffle.random_adjectives",
            "random_shuffle.random_adverbs",
            "random_shuffle.random_nouns",
            "random_shuffle.random_numbers",
            "random_shuffle.random_verbs"
          ]
        },
        {
          "index_key": 64,
          "schema_version": 0,
          "attributes": {
            "content": "THE OBSERVATORY\n\nOut class when on a field trip to a STICKY observatory. It\nwas located on top of a CAT, and it looked like a giant\nMILK with a slit down its ZEUS. We went inside and\nlooked through a ARMY and were able to see PANTHERs in\nthe sky that were millions of VIOLINs away. The men and\nwomen who RESPECT in the observatory are called\nBANANAs, and they are always watching for comets, eclipses,\nand shooting JIGSAWs. An eclipse occurs when a WALNUTS\ncomes between the earth and the SANDWICH and everything\ngets CHUBBY. Next week, we place to KICKED the\nMuseum of Modern JELLYFISH.\n",
            "content_base64": null,
            "content_base64sha256": "gGUW5xz8Ihz9S3tqRkBrsSMBMVdehbgX7l7ZZoD9x8A=",
            "content_base64sha512": "acwndbM2FoC3xt8BvXJv0IXViAjmnnMohYvAdNfMGHoXki4jFPQF/wGxMnqM+nZ5NHlWQJqr/6HUpQz+uY8FKQ==",
            "content_md5": "dfcc615a030c70c3792c5c1a4dba6e91",
            "content_sha1": "fa22d87f9d6e1a470cf390810b5f552ff7fbbf8a",
            "content_sha256": "806516e71cfc221cfd4b7b6a46406bb1230131575e85b817ee5ed96680fdc7c0",
            "content_sha512": "69cc2775b3361680b7c6df01bd726fd085d58808e69e7328858bc074d7cc187a17922e2314f405ff01b1327a8cfa7679347956409aabffa1d4a50cfeb98f0529",
            "directory_permission": "0777",
            "file_permission": "0777",
            "filename": "madlibs/madlibs-64.txt",
            "id": "fa22d87f9d6e1a470cf390810b5f552ff7fbbf8a",
            "sensitive_content": null,
            "source": null
          },
          "sensitive_attributes": [],
          "dependencies": [
            "random_shuffle.random_adjectives",
            "random_shuffle.random_adverbs",
            "random_shuffle.random_nouns",
            "random_shuffle.random_numbers",
            "random_shuffle.random_verbs"
          ]
        },
        {
          "index_key": 65,
          "schema_version": 0,
          "attributes": {
            "content": "HOW TO BE A PHOTOGRAPHER\n\nMany BITTER photographers make big money\nphotographing MILKs and beautiful VIOLINs. They sell\nthe prints to GRUMPY magazines or to agencies who use\nthem in CAT advertisements. To be a photographer, you\nhave to have a BANANA camera. You also need an\nTHUNDERING meter and filters and a special close-up\nSUN. Then you either hire professional VIOLINs or go\nout and snap candid pictures of ordinary WALNUTSs. But if you\nwant to have a career, you must study very BEAUTIFULLY for at\nleast 42 years.\n",
            "content_base64": null,
            "content_base64sha256": "Q1kU6Uv1JTFGZFg+SNNrHyXivte/XkahyIRpg9NWmas=",
            "content_base64sha512": "f1fZAzKzDiK/grOo5gUTeqmBUIf3PRagCkbgZjJi5DNLKVS1KWhe1/LCKEKvJmuh1Ahnv7PLdFntXujQ1dFcHw==",
            "content_md5": "aa6a9dadf52db60636aed7d9c07bb76a",
            "content_sha1": "b68ce995adff67f10fe95cf9685fa58662bafa36",
            "content_sha256": "435914e94bf525314664583e48d36b1f25e2bed7bf5e46a1c8846983d35699ab",
            "content_sha512": "7f57d90332b30e22bf82b3a8e605137aa9815087f73d16a00a46e0663262e4334b2954b529685ed7f2c22842af266ba1d40867bfb3cb7459ed5ee8d0d5d15c1f",
            "directory_permission": "0777",
            "file_permission": "0777",
            "filename": "madlibs/madlibs-65.txt",
            "id": "b68ce995adff67f10fe95cf9685fa58662bafa36",
            "sensitive_content": null,
            "source": null
          },
          "sensitive_attributes": [],
          "dependencies": [
            "random_shuffle.random_adjectives",
            "random_shuffle.random_adverbs",
            "random_shuffle.random_nouns",
            "random_shuffle.random_numbers",
            "random_shuffle.random_verbs"
          ]
        },
        {
          "index_key": 66,
          "schema_version": 0,
          "attributes": {
            "content": "ALICE'S UPSIDE-DOWN WORLD\n\nLewis Carroll's classic, \"Alice's Adventures in Wonderland\", as well\nas its BITTER sequel, \"Through the Looking ARMY\",\nhave enchanted both the young and old BANANAs for the last\n-5 years, Alice's STICKY adventures begin\nwhen she LOVEs down a/an CHUBBY hole and lands\nin a strange and topsy-turvy WALNUTS. There she discovers she\ncan become a tall JELLYFISH or a small SUN simply by\nnibbling on alternate sides of a magic ZEUS. In her travels\nthrough Wonderland, Alice RUNs such remarkable\ncharacters as the White PANTHER, the ABUNDANT Hatter,\nthe Cheshire VIOLIN, and even the Queen of SANDWICHs.\nUnfortunately, Alice's adventures come to a/an GRUMPY\nend when Alice awakens from her SANDWICH.",
            "content_base64": null,
            "content_base64sha256": "uGZZAXflXCJx2PidcXBu+BCQvSKZgDb2zFc73Wr18pk=",
            "content_base64sha512": "Fgg0t9P3wnYDMb/Ppxv2Gw8RdzLG+PxHQ9DuXvRXROYxMad/fHc/L9EeoWJlG8d/DUIiDZuqYo2kbG8nV3LdRQ==",
            "content_md5": "859189415b51563d56b81e33b556bb86",
            "content_sha1": "8745c61ecdf06217e28663d231ae1bc00a8ae111",
            "content_sha256": "b866590177e55c2271d8f89d71706ef81090bd22998036f6cc573bdd6af5f299",
            "content_sha512": "160834b7d3f7c2760331bfcfa71bf61b0f117732c6f8fc4743d0ee5ef45744e63131a77f7c773f2fd11ea162651bc77f0d42220d9baa628da46c6f275772dd45",
            "directory_permission": "0777",
            "file_permission": "0777",
            "filename": "madlibs/madlibs-66.txt",
            "id": "8745c61ecdf06217e28663d231ae1bc00a8ae111",
            "sensitive_content": null,
            "source": null
          },
          "sensitive_attributes": [],
          "dependencies": [
            "random_shuffle.random_adjectives",
            "random_shuffle.random_adverbs",
            "random_shuffle.random_nouns",
            "random_shuffle.random_numbers",
            "random_shuffle.random_verbs"
          ]
        },
        {
          "index_key": 67,
          "schema_version": 0,
          "attributes": {
            "content": "THE OBSERVATORY\n\nOut class when on a field trip to a BITTER observatory. It\nwas located on top of a ARMY, and it looked like a giant\nBANANA with a slit down its PANTHER. We went inside and\nlooked through a SANDWICH and were able to see WALNUTSs in\nthe sky that were millions of JIGSAWs away. The men and\nwomen who LOVE in the observatory are called\nMILKs, and they are always watching for comets, eclipses,\nand shooting ZEUSs. An eclipse occurs when a CAT\ncomes between the earth and the VIOLIN and everything\ngets STICKY. Next week, we place to DANCE the\nMuseum of Modern JELLYFISH.\n",
            "content_base64": null,
            "content_base64sha256": "3ZkF3pxVxSCf4/gwGPth7FkeIfdiS5iJYdASUrZ29VM=",
            "content_base64sha512": "F+zoXxoJgTTShxVFN5BXGtiYwPw+62r50wJCTmvNHnPSOj9+u2zYkrELuI2F1QzvCP4a0zswo+d5GmNC9xBceg==",
            "content_md5": "d29a7996d49b17019ea5e8342213f742",
            "content_sha1": "c1665adc802a073eb9851066f6247a61d0702f91",
            "content_sha256": "dd9905de9c55c5209fe3f83018fb61ec591e21f7624b988961d01252b676f553",
            "content_sha512": "17ece85f1a098134d28715453790571ad898c0fc3eeb6af9d302424e6bcd1e73d23a3f7ebb6cd892b10bb88d85d50cef08fe1ad33b30a3e7791a6342f7105c7a",
            "directory_permission": "0777",
            "file_permission": "0777",
            "filename": "madlibs/madlibs-67.txt",
            "id": "c1665adc802a073eb9851066f6247a61d0702f91",
            "sensitive_content": null,
            "source": null
          },
          "sensitive_attributes": [],
          "dependencies": [
            "random_shuffle.random_adjectives",
            "random_shuffle.random_adverbs",
            "random_shuffle.random_nouns",
            "random_shuffle.random_numbers",
            "random_shuffle.random_verbs"
          ]
        },
        {
          "index_key": 68,
          "schema_version": 0,
          "attributes": {
            "content": "HOW TO BE A PHOTOGRAPHER\n\nMany CHUBBY photographers make big money\nphotographing PANTHERs and beautiful SUNs. They sell\nthe prints to THUNDERING magazines or to agencies who use\nthem in WALNUTS advertisements. To be a photographer, you\nhave to have a SANDWICH camera. You also need an\nBITTER meter and filters and a special close-up\nZEUS. Then you either hire professional SUNs or go\nout and snap candid pictures of ordinary CATs. But if you\nwant to have a career, you must study very QUICKLY for at\nleast 42 years.\n",
            "content_base64": null,
            "content_base64sha256": "gSq3dOmez7tikHjr1rn/NYcuPdPpR15fPZZipK7BlWE=",
            "content_base64sha512": "UPjmIfumToE3bBYPVrrnQAF/hn9WNSIJ6SCqsFE1eq0bl4uwuy7wVug0ptvJU/LZieUsIqFIudN/y5gv4zZVuw==",
            "content_md5": "63728e19d404bd43f00f6a2e3906cb30",
            "content_sha1": "4ace20c1936db3d5f8247b5081c86cb138880596",
            "content_sha256": "812ab774e99ecfbb629078ebd6b9ff35872e3dd3e9475e5f3d9662a4aec19561",
            "content_sha512": "50f8e621fba64e81376c160f56bae740017f867f56352209e920aab051357aad1b978bb0bb2ef056e834a6dbc953f2d989e52c22a148b9d37fcb982fe33655bb",
            "directory_permission": "0777",
            "file_permission": "0777",
            "filename": "madlibs/madlibs-68.txt",
            "id": "4ace20c1936db3d5f8247b5081c86cb138880596",
            "sensitive_content": null,
            "source": null
          },
          "sensitive_attributes": [],
          "dependencies": [
            "random_shuffle.random_adjectives",
            "random_shuffle.random_adverbs",
            "random_shuffle.random_nouns",
            "random_shuffle.random_numbers",
            "random_shuffle.random_verbs"
          ]
        },
        {
          "index_key": 69,
          "schema_version": 0,
          "attributes": {
            "content": "ALICE'S UPSIDE-DOWN WORLD\n\nLewis Carroll's classic, \"Alice's Adventures in Wonderland\", as well\nas its THUNDERING sequel, \"Through the Looking SUN\",\nhave enchanted both the young and old JELLYFISHs for the last\n42 years, Alice's STICKY adventures begin\nwhen she KICKEDs down a/an BITTER hole and lands\nin a strange and topsy-turvy WALNUTS. There she discovers she\ncan become a tall SANDWICH or a small CAT simply by\nnibbling on alternate sides of a magic JIGSAW. In her travels\nthrough Wonderland, Alice RUNs such remarkable\ncharacters as the White MILK, the GRUMPY Hatter,\nthe Cheshire PANTHER, and even the Queen of BANANAs.\nUnfortunately, Alice's adventures come to a/an CHUBBY\nend when Alice awakens from her BANANA.",
            "content_base64": null,
            "content_base64sha256": "kBVXW9RzidktcPwxvubAphxFXgfmxqtqvkHy3S0CtMM=",
            "content_base64sha512": "qnPfgfkAbiQ6ERM3RNDSVzIzUmS0mk6j+lhrXGj4yxIfkj+RIlOaGj3WhncndLgFxAELTwBEJfthAoWSQoqJfg==",
            "content_md5": "8fd7093d104c3e99ef470daaadeb4404",
            "content_sha1": "7bb2b0fb92415aed4a974e97e2251ad497f1f021",
            "content_sha256": "9015575bd47389d92d70fc31bee6c0a61c455e07e6c6ab6abe41f2dd2d02b4c3",
            "content_sha512": "aa73df81f9006e243a11133744d0d25732335264b49a4ea3fa586b5c68f8cb121f923f9122539a1a3dd686772774b805c4010b4f004425fb61028592428a897e",
            "directory_permission": "0777",
            "file_permission": "0777",
            "filename": "madlibs/madlibs-69.txt",
            "id": "7bb2b0fb92415aed4a974e97e2251ad497f1f021",
            "sensitive_content": null,
            "source": null
          },
          "sensitive_attributes": [],
          "dependencies": [
            "random_shuffle.random_adjectives",
            "random_shuffle.random_adverbs",
            "random_shuffle.random_nouns",
            "random_shuffle.random_numbers",
            "random_shuffle.random_verbs"
          ]
        },
        {
          "index_key": 70,
          "schema_version": 0,
          "attributes": {
            "content": "THE OBSERVATORY\n\nOut class when on a field trip to a CHUBBY observatory. It\nwas located on top of a SUN, and it looked like a giant\nZEUS with a slit down its MILK. We went inside and\nlooked through a ARMY and were able to see WALNUTSs in\nthe sky that were millions of JIGSAWs away. The men and\nwomen who LOVE in the observatory are called\nJELLYFISHs, and they are always watching for comets, eclipses,\nand shooting CATs. An eclipse occurs when a VIOLIN\ncomes between the earth and the SANDWICH and everything\ngets ABUNDANT. Next week, we place to BAKED the\nMuseum of Modern PANTHER.\n",
            "content_base64": null,
            "content_base64sha256": "PQsZe5UmWj3WKaBhrUs6CcjEBMgQNP1IpjOHEzwpfNo=",
            "content_base64sha512": "W8BIG58gsYnx0kHZuSC4pJQdYzoi38i2bgfSVH1ZzcCVd3C7aWlA1JiZpsS8Ev5EDV2zV1r1GzQHbbqXkLB1Qg==",
            "content_md5": "6b1e86fdf8dec818f79f0f1a7960a38e",
            "content_sha1": "ff53588df781d2867739b3d92b08d5126dc06b74",
            "content_sha256": "3d0b197b95265a3dd629a061ad4b3a09c8c404c81034fd48a63387133c297cda",
            "content_sha512": "5bc0481b9f20b189f1d241d9b920b8a4941d633a22dfc8b66e07d2547d59cdc0957770bb696940d49899a6c4bc12fe440d5db3575af51b34076dba9790b07542",
            "directory_permission": "0777",
            "file_permission": "0777",
            "filename": "madlibs/madlibs-70.txt",
            "id": "ff53588df781d2867739b3d92b08d5126dc06b74",
            "sensitive_content": null,
            "source": null
          },
          "sensitive_attributes": [],
          "dependencies": [
            "random_shuffle.random_adjectives",
            "random_shuffle.random_adverbs",
            "random_shuffle.random_nouns",
            "random_shuffle.random_numbers",
            "random_shuffle.random_verbs"
          ]
        },
        {
          "index_key": 71,
          "schema_version": 0,
          "attributes": {
            "content": "HOW TO BE A PHOTOGRAPHER\n\nMany ABUNDANT photographers make big money\nphotographing SANDWICHs and beautiful PANTHERs. They sell\nthe prints to STICKY magazines or to agencies who use\nthem in VIOLIN advertisements. To be a photographer, you\nhave to have a JIGSAW camera. You also need an\nGRUMPY meter and filters and a special close-up\nWALNUTS. Then you either hire professional PANTHERs or go\nout and snap candid pictures of ordinary CATs. But if you\nwant to have a career, you must study very DELICATELY for at\nleast 73 years.\n",
            "content_base64": null,
            "content_base64sha256": "BH90FA1p9lUDWqRQQ9ISTDAyxTAy2KNjyHM2BWUDLIE=",
            "content_base64sha512": "2dto82OQdmMtSM1B7rQ0idBoSqlyPcAf4hp29+VNrXn1CqeSXMD6zb6voqCLNwXiD05HW+IvxtSakqGvecSMdg==",
            "content_md5": "3f6375e3dbf580341d51b2cc374b416f",
            "content_sha1": "4ea649c5dcb094eb5a8037ade58da17fb2455ecb",
            "content_sha256": "047f74140d69f655035aa45043d2124c3032c53032d8a363c873360565032c81",
            "content_sha512": "d9db68f3639076632d48cd41eeb43489d0684aa9723dc01fe21a76f7e54dad79f50aa7925cc0facdbeafa2a08b3705e20f4e475be22fc6d49a92a1af79c48c76",
            "directory_permission": "0777",
            "file_permission": "0777",
            "filename": "madlibs/madlibs-71.txt",
            "id": "4ea649c5dcb094eb5a8037ade58da17fb2455ecb",
            "sensitive_content": null,
            "source": null
          },
          "sensitive_attributes": [],
          "dependencies": [
            "random_shuffle.random_adjectives",
            "random_shuffle.random_adverbs",
            "random_shuffle.random_nouns",
            "random_shuffle.random_numbers",
            "random_shuffle.random_verbs"
          ]
        },
        {
          "index_key": 72,
          "schema_version": 0,
          "attributes": {
            "content": "ALICE'S UPSIDE-DOWN WORLD\n\nLewis Carroll's classic, \"Alice's Adventures in Wonderland\", as well\nas its THUNDERING sequel, \"Through the Looking JIGSAW\",\nhave enchanted both the young and old JELLYFISHs for the last\n42 years, Alice's BITTER adventures begin\nwhen she DANCEs down a/an ABUNDANT hole and lands\nin a strange and topsy-turvy CAT. There she discovers she\ncan become a tall BANANA or a small ZEUS simply by\nnibbling on alternate sides of a magic VIOLIN. In her travels\nthrough Wonderland, Alice RESPECTs such remarkable\ncharacters as the White MILK, the STICKY Hatter,\nthe Cheshire PANTHER, and even the Queen of ARMYs.\nUnfortunately, Alice's adventures come to a/an GRUMPY\nend when Alice awakens from her ARMY.",
            "content_base64": null,
            "content_base64sha256": "MY5ECUMdil5WUVXaWjNTmQ23D6fs6SLziFPFHQPDUAY=",
            "content_base64sha512": "CxOYjfZZmFaS79PQvC25Qb/vhC40LGN3njTYV7OofgMqF3nMVeSYIvPAI9anx+VVERPvS104I16G6vbWg06jyg==",
            "content_md5": "ef6c1b7aec290a00a2258c7d3b010bdb",
            "content_sha1": "0c5258f47b139a9741f98ec017d4b5192d3bdacc",
            "content_sha256": "318e4409431d8a5e565155da5a3353990db70fa7ece922f38853c51d03c35006",
            "content_sha512": "0b13988df659985692efd3d0bc2db941bfef842e342c63779e34d857b3a87e032a1779cc55e49822f3c023d6a7c7e5551113ef4b5d38235e86eaf6d6834ea3ca",
            "directory_permission": "0777",
            "file_permission": "0777",
            "filename": "madlibs/madlibs-72.txt",
            "id": "0c5258f47b139a9741f98ec017d4b5192d3bdacc",
            "sensitive_content": null,
            "source": null
          },
          "sensitive_attributes": [],
          "dependencies": [
            "random_shuffle.random_adjectives",
            "random_shuffle.random_adverbs",
            "random_shuffle.random_nouns",
            "random_shuffle.random_numbers",
            "random_shuffle.random_verbs"
          ]
        },
        {
          "index_key": 73,
          "schema_version": 0,
          "attributes": {
            "content": "THE OBSERVATORY\n\nOut class when on a field trip to a ABUNDANT observatory. It\nwas located on top of a CAT, and it looked like a giant\nPANTHER with a slit down its BANANA. We went inside and\nlooked through a JIGSAW and were able to see JELLYFISHs in\nthe sky that were millions of SANDWICHs away. The men and\nwomen who LOVE in the observatory are called\nSUNs, and they are always watching for comets, eclipses,\nand shooting WALNUTSs. An eclipse occurs when a VIOLIN\ncomes between the earth and the ARMY and everything\ngets GRUMPY. Next week, we place to BAKED the\nMuseum of Modern ZEUS.\n",
            "content_base64": null,
            "content_base64sha256": "ck9zvVf5QtntySnGgP4xKNmoeWL2kHnIUFBjEWKSYAw=",
            "content_base64sha512": "5j1Fr1o0hSwn07jmxBejPFL/Cl3r2hmx0V3mDoqyRfCGFzzWu0X2tGdIGMgUwMNWEthdZVKqQpTxw399DA3P3w==",
            "content_md5": "074ba73feb48498eedc0e76652b2b740",
            "content_sha1": "83b0fa3ce0f21d74379fe8d0af4cd715593d5864",
            "content_sha256": "724f73bd57f942d9edc929c680fe3128d9a87962f69079c8505063116292600c",
            "content_sha512": "e63d45af5a34852c27d3b8e6c417a33c52ff0a5debda19b1d15de60e8ab245f086173cd6bb45f6b4674818c814c0c35612d85d6552aa4294f1c37f7d0c0dcfdf",
            "directory_permission": "0777",
            "file_permission": "0777",
            "filename": "madlibs/madlibs-73.txt",
            "id": "83b0fa3ce0f21d74379fe8d0af4cd715593d5864",
            "sensitive_content": null,
            "source": null
          },
          "sensitive_attributes": [],
          "dependencies": [
            "random_shuffle.random_adjectives",
            "random_shuffle.random_adverbs",
            "random_shuffle.random_nouns",
            "random_shuffle.random_numbers",
            "random_shuffle.random_verbs"
          ]
        },
        {
          "index_key": 74,
          "schema_version": 0,
          "attributes": {
            "content": "HOW TO BE A PHOTOGRAPHER\n\nMany BITTER photographers make big money\nphotographing CATs and beautiful WALNUTSs. They sell\nthe prints to GRUMPY magazines or to agencies who use\nthem in VIOLIN advertisements. To be a photographer, you\nhave to have a JIGSAW camera. You also need an\nCHUBBY meter and filters and a special close-up\nARMY. Then you either hire professional WALNUTSs or go\nout and snap candid pictures of ordinary JELLYFISHs. But if you\nwant to have a career, you must study very DELICATELY for at\nleast 73 years.\n",
            "content_base64": null,
            "content_base64sha256": "kWaM/Mn4JWNhWiAiWBUBXe65DharkwMS3a+5FW0isag=",
            "content_base64sha512": "xWwbF2KJi4MUiitCVJO41f5z/z5/A6urDb6+WRdejFNfaDzTKFNpR+hsvPpCChRsZ0S4X0eEDz2/2KfC1zMpVQ==",
            "content_md5": "3e56a838b4758e497af9ac63b926dd73",
            "content_sha1": "a93621e9f7ac8a1aa0d674b5132c720094870fdd",
            "content_sha256": "91668cfcc9f82563615a20225815015deeb90e16ab930312ddafb9156d22b1a8",
            "content_sha512": "c56c1b1762898b83148a2b425493b8d5fe73ff3e7f03abab0dbebe59175e8c535f683cd328536947e86cbcfa420a146c6744b85f47840f3dbfd8a7c2d7332955",
            "directory_permission": "0777",
            "file_permission": "0777",
            "filename": "madlibs/madlibs-74.txt",
            "id": "a93621e9f7ac8a1aa0d674b5132c720094870fdd",
            "sensitive_content": null,
            "source": null
          },
          "sensitive_attributes": [],
          "dependencies": [
            "random_shuffle.random_adjectives",
            "random_shuffle.random_adverbs",
            "random_shuffle.random_nouns",
            "random_shuffle.random_numbers",
            "random_shuffle.random_verbs"
          ]
        },
        {
          "index_key": 75,
          "schema_version": 0,
          "attributes": {
            "content": "ALICE'S UPSIDE-DOWN WORLD\n\nLewis Carroll's classic, \"Alice's Adventures in Wonderland\", as well\nas its BITTER sequel, \"Through the Looking BANANA\",\nhave enchanted both the young and old PANTHERs for the last\n42 years, Alice's ABUNDANT adventures begin\nwhen she KICKEDs down a/an STICKY hole and lands\nin a strange and topsy-turvy SUN. There she discovers she\ncan become a tall ZEUS or a small VIOLIN simply by\nnibbling on alternate sides of a magic MILK. In her travels\nthrough Wonderland, Alice RUNs such remarkable\ncharacters as the White ARMY, the THUNDERING Hatter,\nthe Cheshire JELLYFISH, and even the Queen of CATs.\nUnfortunately, Alice's adventures come to a/an CHUBBY\nend when Alice awakens from her CAT.",
            "content_base64": null,
            "content_base64sha256": "cCgWBYIf7Z5IsZhi/4K5viXURI9nUvtMP5/0i7v+34Q=",
            "content_base64sha512": "19bpkEkyDcH5kOJOJdZ71tSYLDDm9VbyoXv1hjZStNO1Gu/eyESaXb59cpsuNe3VtM1DS2TZiwmJSh9vKokvng==",
            "content_md5": "65ed3172ebd52c11a8fcf746cf07f5cb",
            "content_sha1": "ff8db45d1992fc811f168c12502c3112d81c6424",
            "content_sha256": "70281605821fed9e48b19862ff82b9be25d4448f6752fb4c3f9ff48bbbfedf84",
            "content_sha512": "d7d6e99049320dc1f990e24e25d67bd6d4982c30e6f556f2a17bf5863652b4d3b51aefdec8449a5dbe7d729b2e35edd5b4cd434b64d98b09894a1f6f2a892f9e",
            "directory_permission": "0777",
            "file_permission": "0777",
            "filename": "madlibs/madlibs-75.txt",
            "id": "ff8db45d1992fc811f168c12502c3112d81c6424",
            "sensitive_content": null,
            "source": null
          },
          "sensitive_attributes": [],
          "dependencies": [
            "random_shuffle.random_adjectives",
            "random_shuffle.random_adverbs",
            "random_shuffle.random_nouns",
            "random_shuffle.random_numbers",
            "random_shuffle.random_verbs"
          ]
        },
        {
          "index_key": 76,
          "schema_version": 0,
          "attributes": {
            "content": "THE OBSERVATORY\n\nOut class when on a field trip to a GRUMPY observatory. It\nwas located on top of a PANTHER, and it looked like a giant\nMILK with a slit down its VIOLIN. We went inside and\nlooked through a JIGSAW and were able to see JELLYFISHs in\nthe sky that were millions of SUNs away. The men and\nwomen who BAKED in the observatory are called\nBANANAs, and they are always watching for comets, eclipses,\nand shooting CATs. An eclipse occurs when a ARMY\ncomes between the earth and the WALNUTS and everything\ngets ABUNDANT. Next week, we place to KICKED the\nMuseum of Modern ZEUS.\n",
            "content_base64": null,
            "content_base64sha256": "BWBaxUh/1KDQSGK3kiZRB4kkiLG8yhgcksHY4uSXbbk=",
            "content_base64sha512": "iRJjCCQ0B8soLi1dJ7/yd2KtzdXDjaxRS5LWYN4iO15f6AlCDgon8aCbte21ffSmgo+a/z7OE73f/AWHgQFTCA==",
            "content_md5": "e6190d98b88f0ecb6ff7cd64b05690a6",
            "content_sha1": "371848c10ac82ad0202272cf2dcd28d1f3a87b93",
            "content_sha256": "05605ac5487fd4a0d04862b792265107892488b1bcca181c92c1d8e2e4976db9",
            "content_sha512": "89126308243407cb282e2d5d27bff27762adcdd5c38dac514b92d660de223b5e5fe809420e0a27f1a09bb5edb57df4a6828f9aff3ece13bddffc058781015308",
            "directory_permission": "0777",
            "file_permission": "0777",
            "filename": "madlibs/madlibs-76.txt",
            "id": "371848c10ac82ad0202272cf2dcd28d1f3a87b93",
            "sensitive_content": null,
            "source": null
          },
          "sensitive_attributes": [],
          "dependencies": [
            "random_shuffle.random_adjectives",
            "random_shuffle.random_adverbs",
            "random_shuffle.random_nouns",
            "random_shuffle.random_numbers",
            "random_shuffle.random_verbs"
          ]
        },
        {
          "index_key": 77,
          "schema_version": 0,
          "attributes": {
            "content": "HOW TO BE A PHOTOGRAPHER\n\nMany GRUMPY photographers make big money\nphotographing CATs and beautiful JIGSAWs. They sell\nthe prints to STICKY magazines or to agencies who use\nthem in ARMY advertisements. To be a photographer, you\nhave to have a MILK camera. You also need an\nCHUBBY meter and filters and a special close-up\nJELLYFISH. Then you either hire professional JIGSAWs or go\nout and snap candid pictures of ordinary WALNUTSs. But if you\nwant to have a career, you must study very TRUTHFULLY for at\nleast 27 years.\n",
            "content_base64": null,
            "content_base64sha256": "uk4GICPsT5esKYB1NfM40Xe2s2mhDvi3uLw8gcGWD1o=",
            "content_base64sha512": "1XoGRukgHBlJ0D+YQDrOXiy8FZ06mY88PqXaGPhA9UWooepmbNoGwGTgTC9EY6NLt67EpNWz8dqPA+OeSqREng==",
            "content_md5": "4d459d0b27d77fe2e8f14b0fa578ea34",
            "content_sha1": "57cf6405cb6bb057b89122940de4bdc180c7191f",
            "content_sha256": "ba4e062023ec4f97ac29807535f338d177b6b369a10ef8b7b8bc3c81c1960f5a",
            "content_sha512": "d57a0646e9201c1949d03f98403ace5e2cbc159d3a998f3c3ea5da18f840f545a8a1ea666cda06c064e04c2f4463a34bb7aec4a4d5b3f1da8f03e39e4aa4449e",
            "directory_permission": "0777",
            "file_permission": "0777",
            "filename": "madlibs/madlibs-77.txt",
            "id": "57cf6405cb6bb057b89122940de4bdc180c7191f",
            "sensitive_content": null,
            "source": null
          },
          "sensitive_attributes": [],
          "dependencies": [
            "random_shuffle.random_adjectives",
            "random_shuffle.random_adverbs",
            "random_shuffle.random_nouns",
            "random_shuffle.random_numbers",
            "random_shuffle.random_verbs"
          ]
        },
        {
          "index_key": 78,
          "schema_version": 0,
          "attributes": {
            "content": "ALICE'S UPSIDE-DOWN WORLD\n\nLewis Carroll's classic, \"Alice's Adventures in Wonderland\", as well\nas its ABUNDANT sequel, \"Through the Looking CAT\",\nhave enchanted both the young and old VIOLINs for the last\n27 years, Alice's CHUBBY adventures begin\nwhen she BAKEDs down a/an STICKY hole and lands\nin a strange and topsy-turvy ZEUS. There she discovers she\ncan become a tall WALNUTS or a small ARMY simply by\nnibbling on alternate sides of a magic JIGSAW. In her travels\nthrough Wonderland, Alice RESPECTs such remarkable\ncharacters as the White PANTHER, the THUNDERING Hatter,\nthe Cheshire JELLYFISH, and even the Queen of MILKs.\nUnfortunately, Alice's adventures come to a/an BITTER\nend when Alice awakens from her MILK.",
            "content_base64": null,
            "content_base64sha256": "DQiOj6nAfPD11FDhT6ANJtN4IHmmn+ampsgtdySKEAs=",
            "content_base64sha512": "PyA5Y37SRQcsZaqcbvGylHELgioLUBE0m/7NAdXeyH7McMI1HWoW85fSxJsnz3sydh+cj5G4qbplDNlOwGyRlA==",
            "content_md5": "b2684a5880a1a7db30dc325e5001aece",
            "content_sha1": "c194840a6cc65198d941847d550d20395b19fe2b",
            "content_sha256": "0d088e8fa9c07cf0f5d450e14fa00d26d3782079a69fe6a6a6c82d77248a100b",
            "content_sha512": "3f2039637ed245072c65aa9c6ef1b294710b822a0b5011349bfecd01d5dec87ecc70c2351d6a16f397d2c49b27cf7b32761f9c8f91b8a9ba650cd94ec06c9194",
            "directory_permission": "0777",
            "file_permission": "0777",
            "filename": "madlibs/madlibs-78.txt",
            "id": "c194840a6cc65198d941847d550d20395b19fe2b",
            "sensitive_content": null,
            "source": null
          },
          "sensitive_attributes": [],
          "dependencies": [
            "random_shuffle.random_adjectives",
            "random_shuffle.random_adverbs",
            "random_shuffle.random_nouns",
            "random_shuffle.random_numbers",
            "random_shuffle.random_verbs"
          ]
        },
        {
          "index_key": 79,
          "schema_version": 0,
          "attributes": {
            "content": "THE OBSERVATORY\n\nOut class when on a field trip to a BITTER observatory. It\nwas located on top of a ZEUS, and it looked like a giant\nBANANA with a slit down its PANTHER. We went inside and\nlooked through a ARMY and were able to see MILKs in\nthe sky that were millions of JELLYFISHs away. The men and\nwomen who LOVE in the observatory are called\nWALNUTSs, and they are always watching for comets, eclipses,\nand shooting JIGSAWs. An eclipse occurs when a SANDWICH\ncomes between the earth and the SUN and everything\ngets ABUNDANT. Next week, we place to KICKED the\nMuseum of Modern VIOLIN.\n",
            "content_base64": null,
            "content_base64sha256": "MO5quwK5CtLqdPJJq7xtioTmPi1vuKGRNTXObr+YYXE=",
            "content_base64sha512": "RknUsW4VSStf34J1reb4r9Cr6REXmceTUVssOYZ6ncGfUpawVGPORIGn3Pm8Ymy8ogI+VvRqRO/IagCJ6EeXHg==",
            "content_md5": "a675cb96d533f5fca658477203ccb683",
            "content_sha1": "c0443af3672c0377ad41fde9997c8f1a75c641f3",
            "content_sha256": "30ee6abb02b90ad2ea74f249abbc6d8a84e63e2d6fb8a1913535ce6ebf986171",
            "content_sha512": "4649d4b16e15492b5fdf8275ade6f8afd0abe9111799c793515b2c39867a9dc19f5296b05463ce4481a7dcf9bc626cbca2023e56f46a44efc86a0089e847971e",
            "directory_permission": "0777",
            "file_permission": "0777",
            "filename": "madlibs/madlibs-79.txt",
            "id": "c0443af3672c0377ad41fde9997c8f1a75c641f3",
            "sensitive_content": null,
            "source": null
          },
          "sensitive_attributes": [],
          "dependencies": [
            "random_shuffle.random_adjectives",
            "random_shuffle.random_adverbs",
            "random_shuffle.random_nouns",
            "random_shuffle.random_numbers",
            "random_shuffle.random_verbs"
          ]
        },
        {
          "index_key": 80,
          "schema_version": 0,
          "attributes": {
            "content": "HOW TO BE A PHOTOGRAPHER\n\nMany BITTER photographers make big money\nphotographing WALNUTSs and beautiful JELLYFISHs. They sell\nthe prints to THUNDERING magazines or to agencies who use\nthem in CAT advertisements. To be a photographer, you\nhave to have a ZEUS camera. You also need an\nCHUBBY meter and filters and a special close-up\nSUN. Then you either hire professional JELLYFISHs or go\nout and snap candid pictures of ordinary PANTHERs. But if you\nwant to have a career, you must study very DELICATELY for at\nleast 0 years.\n",
            "content_base64": null,
            "content_base64sha256": "0frJSxx7lNYfpggR1ALy0wiz+hloZhlS1Ya5waI4XCo=",
            "content_base64sha512": "jb6Rk4sbbwPO7qdu2Mt/59RxQKS0H6ifHEuMKHB5PrXjgxr80wPAe5ZjNg/eXo/V0DZRrmU1d403JAU2oV+z8w==",
            "content_md5": "4d9ead443bb2b51ec13661207e8a1966",
            "content_sha1": "d310b6fcf185fdfcf00af6e417e0947e5dc72349",
            "content_sha256": "d1fac94b1c7b94d61fa60811d402f2d308b3fa1968661952d586b9c1a2385c2a",
            "content_sha512": "8dbe91938b1b6f03ceeea76ed8cb7fe7d47140a4b41fa89f1c4b8c2870793eb5e3831afcd303c07b9663360fde5e8fd5d03651ae6535778d37240536a15fb3f3",
            "directory_permission": "0777",
            "file_permission": "0777",
            "filename": "madlibs/madlibs-80.txt",
            "id": "d310b6fcf185fdfcf00af6e417e0947e5dc72349",
            "sensitive_content": null,
            "source": null
          },
          "sensitive_attributes": [],
          "dependencies": [
            "random_shuffle.random_adjectives",
            "random_shuffle.random_adverbs",
            "random_shuffle.random_nouns",
            "random_shuffle.random_numbers",
            "random_shuffle.random_verbs"
          ]
        },
        {
          "index_key": 81,
          "schema_version": 0,
          "attributes": {
            "content": "ALICE'S UPSIDE-DOWN WORLD\n\nLewis Carroll's classic, \"Alice's Adventures in Wonderland\", as well\nas its CHUBBY sequel, \"Through the Looking MILK\",\nhave enchanted both the young and old WALNUTSs for the last\n27 years, Alice's GRUMPY adventures begin\nwhen she RESPECTs down a/an BITTER hole and lands\nin a strange and topsy-turvy JIGSAW. There she discovers she\ncan become a tall BANANA or a small JELLYFISH simply by\nnibbling on alternate sides of a magic VIOLIN. In her travels\nthrough Wonderland, Alice BAKEDs such remarkable\ncharacters as the White SUN, the STICKY Hatter,\nthe Cheshire ARMY, and even the Queen of CATs.\nUnfortunately, Alice's adventures come to a/an ABUNDANT\nend when Alice awakens from her CAT.",
            "content_base64": null,
            "content_base64sha256": "HR7+itPgKaY5zLtssEnkNvTYsOCUx7KY/3uBLxX6W+I=",
            "content_base64sha512": "iaebjplQWBgeW1VJDLlNlEhFle5DuzO4ZS7BWHZ+Foa2xiNCYpHu5Prz/lOAsq00gR8FnQEwoKOZRLSDD6QuyQ==",
            "content_md5": "9441c98e39ea9c54ec65742f3c6c224a",
            "content_sha1": "2e8f42703065658daf531fc93fbb3a55bf736f9d",
            "content_sha256": "1d1efe8ad3e029a639ccbb6cb049e436f4d8b0e094c7b298ff7b812f15fa5be2",
            "content_sha512": "89a79b8e995058181e5b55490cb94d94484595ee43bb33b8652ec158767e1686b6c623426291eee4faf3fe5380b2ad34811f059d0130a0a39944b4830fa42ec9",
            "directory_permission": "0777",
            "file_permission": "0777",
            "filename": "madlibs/madlibs-81.txt",
            "id": "2e8f42703065658daf531fc93fbb3a55bf736f9d",
            "sensitive_content": null,
            "source": null
          },
          "sensitive_attributes": [],
          "dependencies": [
            "random_shuffle.random_adjectives",
            "random_shuffle.random_adverbs",
            "random_shuffle.random_nouns",
            "random_shuffle.random_numbers",
            "random_shuffle.random_verbs"
          ]
        },
        {
          "index_key": 82,
          "schema_version": 0,
          "attributes": {
            "content": "THE OBSERVATORY\n\nOut class when on a field trip to a THUNDERING observatory. It\nwas located on top of a JIGSAW, and it looked like a giant\nSANDWICH with a slit down its ZEUS. We went inside and\nlooked through a VIOLIN and were able to see ARMYs in\nthe sky that were millions of BANANAs away. The men and\nwomen who RUN in the observatory are called\nMILKs, and they are always watching for comets, eclipses,\nand shooting PANTHERs. An eclipse occurs when a CAT\ncomes between the earth and the WALNUTS and everything\ngets BITTER. Next week, we place to BAKED the\nMuseum of Modern SUN.\n",
            "content_base64": null,
            "content_base64sha256": "MHd4a5u6gHrn40EngDQwlwQKM/KsfuusQFJ0mGAGjeA=",
            "content_base64sha512": "hiFpI5PuB5//n+eUN11mr18aineWkJfLbCh6vUFvRKrc6DWfpTjSbfGWLe5R7rnRH/btsnIQ2bseKAhJ50bLPA==",
            "content_md5": "e6b59102109981d429ff6ac80f2b23c8",
            "content_sha1": "4365adad5ea0c62df87a51961243cdf62df4b69c",
            "content_sha256": "3077786b9bba807ae7e3412780343097040a33f2ac7eebac4052749860068de0",
            "content_sha512": "8621692393ee079fff9fe794375d66af5f1a8a77969097cb6c287abd416f44aadce8359fa538d26df1962dee51eeb9d11ff6edb27210d9bb1e280849e746cb3c",
            "directory_permission": "0777",
            "file_permission": "0777",
            "filename": "madlibs/madlibs-82.txt",
            "id": "4365adad5ea0c62df87a51961243cdf62df4b69c",
            "sensitive_content": null,
            "source": null
          },
          "sensitive_attributes": [],
          "dependencies": [
            "random_shuffle.random_adjectives",
            "random_shuffle.random_adverbs",
            "random_shuffle.random_nouns",
            "random_shuffle.random_numbers",
            "random_shuffle.random_verbs"
          ]
        },
        {
          "index_key": 83,
          "schema_version": 0,
          "attributes": {
            "content": "HOW TO BE A PHOTOGRAPHER\n\nMany ABUNDANT photographers make big money\nphotographing SUNs and beautiful VIOLINs. They sell\nthe prints to STICKY magazines or to agencies who use\nthem in JIGSAW advertisements. To be a photographer, you\nhave to have a ARMY camera. You also need an\nBITTER meter and filters and a special close-up\nSANDWICH. Then you either hire professional VIOLINs or go\nout and snap candid pictures of ordinary BANANAs. But if you\nwant to have a career, you must study very WEARILY for at\nleast 0 years.\n",
            "content_base64": null,
            "content_base64sha256": "yIF9a0nOnQ6GW+NSieuVH/RnUxSo+AE8Apjjthu63XI=",
            "content_base64sha512": "WBnrYHZD+V0B1Hlh4zMm6V0UPr2r3GjNm/y3d90vJylUywxMumZWbia8Fh7ecPoBmSMRHoJalOR0u8FgRCK3Qw==",
            "content_md5": "ea13245b4b1fdf4a1cde0ab94ea185f1",
            "content_sha1": "3399c6a2be593d3094e48e7015ce8ffba050d344",
            "content_sha256": "c8817d6b49ce9d0e865be35289eb951ff4675314a8f8013c0298e3b61bbadd72",
            "content_sha512": "5819eb607643f95d01d47961e33326e95d143ebdabdc68cd9bfcb777dd2f272954cb0c4cba66566e26bc161ede70fa019923111e825a94e474bbc1604422b743",
            "directory_permission": "0777",
            "file_permission": "0777",
            "filename": "madlibs/madlibs-83.txt",
            "id": "3399c6a2be593d3094e48e7015ce8ffba050d344",
            "sensitive_content": null,
            "source": null
          },
          "sensitive_attributes": [],
          "dependencies": [
            "random_shuffle.random_adjectives",
            "random_shuffle.random_adverbs",
            "random_shuffle.random_nouns",
            "random_shuffle.random_numbers",
            "random_shuffle.random_verbs"
          ]
        },
        {
          "index_key": 84,
          "schema_version": 0,
          "attributes": {
            "content": "ALICE'S UPSIDE-DOWN WORLD\n\nLewis Carroll's classic, \"Alice's Adventures in Wonderland\", as well\nas its STICKY sequel, \"Through the Looking JELLYFISH\",\nhave enchanted both the young and old WALNUTSs for the last\n27 years, Alice's THUNDERING adventures begin\nwhen she BAKEDs down a/an BITTER hole and lands\nin a strange and topsy-turvy ARMY. There she discovers she\ncan become a tall BANANA or a small ZEUS simply by\nnibbling on alternate sides of a magic SANDWICH. In her travels\nthrough Wonderland, Alice KICKEDs such remarkable\ncharacters as the White VIOLIN, the CHUBBY Hatter,\nthe Cheshire CAT, and even the Queen of JIGSAWs.\nUnfortunately, Alice's adventures come to a/an ABUNDANT\nend when Alice awakens from her JIGSAW.",
            "content_base64": null,
            "content_base64sha256": "CM2fudGxrXBkezom4elnTW3KLeCwCxnTTsM94X83CHg=",
            "content_base64sha512": "q9WyXgcWQCJp65CMqwFavWzZwkinLDsaZ4iE73mYayv1ubcxMzsVm1bo3JQqf5hAM+H+htY6wsDA+CxrUkIFJQ==",
            "content_md5": "51f45c8ed47088f03ec50b9bfe5a78d1",
            "content_sha1": "60baec9e2eab94d7266c22f8aafadbed16d612ac",
            "content_sha256": "08cd9fb9d1b1ad70647b3a26e1e9674d6dca2de0b00b19d34ec33de17f370878",
            "content_sha512": "abd5b25e0716402269eb908cab015abd6cd9c248a72c3b1a678884ef79986b2bf5b9b731333b159b56e8dc942a7f984033e1fe86d63ac2c0c0f82c6b52420525",
            "directory_permission": "0777",
            "file_permission": "0777",
            "filename": "madlibs/madlibs-84.txt",
            "id": "60baec9e2eab94d7266c22f8aafadbed16d612ac",
            "sensitive_content": null,
            "source": null
          },
          "sensitive_attributes": [],
          "dependencies": [
            "random_shuffle.random_adjectives",
            "random_shuffle.random_adverbs",
            "random_shuffle.random_nouns",
            "random_shuffle.random_numbers",
            "random_shuffle.random_verbs"
          ]
        },
        {
          "index_key": 85,
          "schema_version": 0,
          "attributes": {
            "content": "THE OBSERVATORY\n\nOut class when on a field trip to a THUNDERING observatory. It\nwas located on top of a PANTHER, and it looked like a giant\nSANDWICH with a slit down its VIOLIN. We went inside and\nlooked through a JELLYFISH and were able to see SUNs in\nthe sky that were millions of BANANAs away. The men and\nwomen who DANCE in the observatory are called\nCATs, and they are always watching for comets, eclipses,\nand shooting MILKs. An eclipse occurs when a ZEUS\ncomes between the earth and the WALNUTS and everything\ngets BITTER. Next week, we place to KICKED the\nMuseum of Modern ARMY.\n",
            "content_base64": null,
            "content_base64sha256": "dWqJEQ97oWQ2/W94NwrtNwb9Bg1TSwCy++vAi22gFX0=",
            "content_base64sha512": "VylUWLA15vJlMiHXKRJutms5QbQabP1LerWBQFAQI1TsOq/VNmzXUFTx4W5q5Mmw8cu2knXbsJqo4y2/Kh8/8g==",
            "content_md5": "23aaa1d2fe0fff1434c0bb2bba1d6dea",
            "content_sha1": "a43a1023cfdc0f621a50b5bcb76e6d597ec4988b",
            "content_sha256": "756a89110f7ba16436fd6f78370aed3706fd060d534b00b2fbebc08b6da0157d",
            "content_sha512": "57295458b035e6f2653221d729126eb66b3941b41a6cfd4b7ab5814050102354ec3aafd5366cd75054f1e16e6ae4c9b0f1cbb69275dbb09aa8e32dbf2a1f3ff2",
            "directory_permission": "0777",
            "file_permission": "0777",
            "filename": "madlibs/madlibs-85.txt",
            "id": "a43a1023cfdc0f621a50b5bcb76e6d597ec4988b",
            "sensitive_content": null,
            "source": null
          },
          "sensitive_attributes": [],
          "dependencies": [
            "random_shuffle.random_adjectives",
            "random_shuffle.random_adverbs",
            "random_shuffle.random_nouns",
            "random_shuffle.random_numbers",
            "random_shuffle.random_verbs"
          ]
        },
        {
          "index_key": 86,
          "schema_version": 0,
          "attributes": {
            "content": "HOW TO BE A PHOTOGRAPHER\n\nMany BITTER photographers make big money\nphotographing JELLYFISHs and beautiful SANDWICHs. They sell\nthe prints to CHUBBY magazines or to agencies who use\nthem in MILK advertisements. To be a photographer, you\nhave to have a ARMY camera. You also need an\nGRUMPY meter and filters and a special close-up\nVIOLIN. Then you either hire professional SANDWICHs or go\nout and snap candid pictures of ordinary ZEUSs. But if you\nwant to have a career, you must study very TRUTHFULLY for at\nleast 73 years.\n",
            "content_base64": null,
            "content_base64sha256": "mUXy8n77Tvh3MojvaHrBHq00N/2a1bqB1P4xlqoSRZ4=",
            "content_base64sha512": "iIOizECg7ARXFV1GFifoZy0qRevGRfEEUn04f2PU2ocTwAenLAXklCl1CKj0Vh/P9XQnWzFvismH3CwVPF8/Tg==",
            "content_md5": "73cc207f83f14494ee52596e2ba4ce3d",
            "content_sha1": "cd79fae57d72e9c5c86e95f768e9fd260023acaa",
            "content_sha256": "9945f2f27efb4ef8773288ef687ac11ead3437fd9ad5ba81d4fe3196aa12459e",
            "content_sha512": "8883a2cc40a0ec0457155d461627e8672d2a45ebc645f104527d387f63d4da8713c007a72c05e494297508a8f4561fcff574275b316f8ac987dc2c153c5f3f4e",
            "directory_permission": "0777",
            "file_permission": "0777",
            "filename": "madlibs/madlibs-86.txt",
            "id": "cd79fae57d72e9c5c86e95f768e9fd260023acaa",
            "sensitive_content": null,
            "source": null
          },
          "sensitive_attributes": [],
          "dependencies": [
            "random_shuffle.random_adjectives",
            "random_shuffle.random_adverbs",
            "random_shuffle.random_nouns",
            "random_shuffle.random_numbers",
            "random_shuffle.random_verbs"
          ]
        },
        {
          "index_key": 87,
          "schema_version": 0,
          "attributes": {
            "content": "ALICE'S UPSIDE-DOWN WORLD\n\nLewis Carroll's classic, \"Alice's Adventures in Wonderland\", as well\nas its GRUMPY sequel, \"Through the Looking PANTHER\",\nhave enchanted both the young and old JIGSAWs for the last\n27 years, Alice's STICKY adventures begin\nwhen she DANCEs down a/an CHUBBY hole and lands\nin a strange and topsy-turvy MILK. There she discovers she\ncan become a tall CAT or a small SANDWICH simply by\nnibbling on alternate sides of a magic ARMY. In her travels\nthrough Wonderland, Alice LOVEs such remarkable\ncharacters as the White SUN, the ABUNDANT Hatter,\nthe Cheshire VIOLIN, and even the Queen of JELLYFISHs.\nUnfortunately, Alice's adventures come to a/an THUNDERING\nend when Alice awakens from her JELLYFISH.",
            "content_base64": null,
            "content_base64sha256": "9bwW9u3iFIvvmnwdZQcD5cS6lklOjGUqeHrAq7LfdCI=",
            "content_base64sha512": "d0U8Iln+nVtK3pwEciBM3ZPKaaLsKF1weV/1P+XD8UNdBNxL0rsfl/C9kXbF89ftKKaYanXC5jBaD0YqFpaRmg==",
            "content_md5": "2797a1248b584abeeb020b696bd129f3",
            "content_sha1": "0ee38d84b0c34fb4d0885a17c8f0cc7519a29803",
            "content_sha256": "f5bc16f6ede2148bef9a7c1d650703e5c4ba96494e8c652a787ac0abb2df7422",
            "content_sha512": "77453c2259fe9d5b4ade9c0472204cdd93ca69a2ec285d70795ff53fe5c3f1435d04dc4bd2bb1f97f0bd9176c5f3d7ed28a6986a75c2e6305a0f462a1696919a",
            "directory_permission": "0777",
            "file_permission": "0777",
            "filename": "madlibs/madlibs-87.txt",
            "id": "0ee38d84b0c34fb4d0885a17c8f0cc7519a29803",
            "sensitive_content": null,
            "source": null
          },
          "sensitive_attributes": [],
          "dependencies": [
            "random_shuffle.random_adjectives",
            "random_shuffle.random_adverbs",
            "random_shuffle.random_nouns",
            "random_shuffle.random_numbers",
            "random_shuffle.random_verbs"
          ]
        },
        {
          "index_key": 88,
          "schema_version": 0,
          "attributes": {
            "content": "THE OBSERVATORY\n\nOut class when on a field trip to a BITTER observatory. It\nwas located on top of a JELLYFISH, and it looked like a giant\nBANANA with a slit down its CAT. We went inside and\nlooked through a JIGSAW and were able to see MILKs in\nthe sky that were millions of VIOLINs away. The men and\nwomen who RESPECT in the observatory are called\nSANDWICHs, and they are always watching for comets, eclipses,\nand shooting ARMYs. An eclipse occurs when a ZEUS\ncomes between the earth and the PANTHER and everything\ngets CHUBBY. Next week, we place to KICKED the\nMuseum of Modern WALNUTS.\n",
            "content_base64": null,
            "content_base64sha256": "pjxSlC4zCx1cAhgDBusLBsKffsoefF9BPIla2E44bBQ=",
            "content_base64sha512": "43v19ptYBrhhgsxwYvcOCpbH+Id3G9cRz+cD8nD678jCOIR31jqxFD7dbxHgyl/S3LCXWdeWuw7flI4VVoF9AQ==",
            "content_md5": "d625774d5b1ef7052cd6c350e145a616",
            "content_sha1": "c0a17afab060948fac449d3be0393d4556eba885",
            "content_sha256": "a63c52942e330b1d5c02180306eb0b06c29f7eca1e7c5f413c895ad84e386c14",
            "content_sha512": "e37bf5f69b5806b86182cc7062f70e0a96c7f887771bd711cfe703f270faefc8c2388477d63ab1143edd6f11e0ca5fd2dcb09759d796bb0edf948e1556817d01",
            "directory_permission": "0777",
            "file_permission": "0777",
            "filename": "madlibs/madlibs-88.txt",
            "id": "c0a17afab060948fac449d3be0393d4556eba885",
            "sensitive_content": null,
            "source": null
          },
          "sensitive_attributes": [],
          "dependencies": [
            "random_shuffle.random_adjectives",
            "random_shuffle.random_adverbs",
            "random_shuffle.random_nouns",
            "random_shuffle.random_numbers",
            "random_shuffle.random_verbs"
          ]
        },
        {
          "index_key": 89,
          "schema_version": 0,
          "attributes": {
            "content": "HOW TO BE A PHOTOGRAPHER\n\nMany THUNDERING photographers make big money\nphotographing WALNUTSs and beautiful SUNs. They sell\nthe prints to CHUBBY magazines or to agencies who use\nthem in JIGSAW advertisements. To be a photographer, you\nhave to have a BANANA camera. You also need an\nBITTER meter and filters and a special close-up\nCAT. Then you either hire professional SUNs or go\nout and snap candid pictures of ordinary VIOLINs. But if you\nwant to have a career, you must study very TRUTHFULLY for at\nleast 73 years.\n",
            "content_base64": null,
            "content_base64sha256": "OOG33YDzbvRxTW1shu8yG+9WgTBLfFSuL/Anodak6tI=",
            "content_base64sha512": "l36fTUVdotVH68RentlZsfbiGk85iCvg6TitGzkDbOckNjuuCWP085s71evRlF8ycv1ZhYj2tCPMi9Ci9Kz4LA==",
            "content_md5": "ffe9ab5bd3fec23be631bbf9a81a545b",
            "content_sha1": "f0c876d2d949ed6f5812c89fa3f4bc7ccb427927",
            "content_sha256": "38e1b7dd80f36ef4714d6d6c86ef321bef5681304b7c54ae2ff027a1d6a4ead2",
            "content_sha512": "977e9f4d455da2d547ebc45e9ed959b1f6e21a4f39882be0e938ad1b39036ce724363bae0963f4f39b3bd5ebd1945f3272fd598588f6b423cc8bd0a2f4acf82c",
            "directory_permission": "0777",
            "file_permission": "0777",
            "filename": "madlibs/madlibs-89.txt",
            "id": "f0c876d2d949ed6f5812c89fa3f4bc7ccb427927",
            "sensitive_content": null,
            "source": null
          },
          "sensitive_attributes": [],
          "dependencies": [
            "random_shuffle.random_adjectives",
            "random_shuffle.random_adverbs",
            "random_shuffle.random_nouns",
            "random_shuffle.random_numbers",
            "random_shuffle.random_verbs"
          ]
        },
        {
          "index_key": 90,
          "schema_version": 0,
          "attributes": {
            "content": "ALICE'S UPSIDE-DOWN WORLD\n\nLewis Carroll's classic, \"Alice's Adventures in Wonderland\", as well\nas its GRUMPY sequel, \"Through the Looking BANANA\",\nhave enchanted both the young and old MILKs for the last\n73 years, Alice's STICKY adventures begin\nwhen she RUNs down a/an CHUBBY hole and lands\nin a strange and topsy-turvy PANTHER. There she discovers she\ncan become a tall ZEUS or a small SANDWICH simply by\nnibbling on alternate sides of a magic CAT. In her travels\nthrough Wonderland, Alice RESPECTs such remarkable\ncharacters as the White JIGSAW, the THUNDERING Hatter,\nthe Cheshire WALNUTS, and even the Queen of JELLYFISHs.\nUnfortunately, Alice's adventures come to a/an BITTER\nend when Alice awakens from her JELLYFISH.",
            "content_base64": null,
            "content_base64sha256": "QMk0uHcsO5HPyjW8FakEo2jW1uH/x6FNYij7t8dnCVM=",
            "content_base64sha512": "UZOQF2lZP4p6TEkpGw6FijKMHpbbBaktxbeNlOQry87asUvGj4hnHwQKArmjJkToXDPlWrjJ9wQE53akkBFxqQ==",
            "content_md5": "f8169e0bd93661107532be4153c914a7",
            "content_sha1": "f6a6e1e5ccd1d4490c9919e70a977dba976c82e7",
            "content_sha256": "40c934b8772c3b91cfca35bc15a904a368d6d6e1ffc7a14d6228fbb7c7670953",
            "content_sha512": "5193901769593f8a7a4c49291b0e858a328c1e96db05a92dc5b78d94e42bcbcedab14bc68f88671f040a02b9a32644e85c33e55ab8c9f70404e776a4901171a9",
            "directory_permission": "0777",
            "file_permission": "0777",
            "filename": "madlibs/madlibs-90.txt",
            "id": "f6a6e1e5ccd1d4490c9919e70a977dba976c82e7",
            "sensitive_content": null,
            "source": null
          },
          "sensitive_attributes": [],
          "dependencies": [
            "random_shuffle.random_adjectives",
            "random_shuffle.random_adverbs",
            "random_shuffle.random_nouns",
            "random_shuffle.random_numbers",
            "random_shuffle.random_verbs"
          ]
        },
        {
          "index_key": 91,
          "schema_version": 0,
          "attributes": {
            "content": "THE OBSERVATORY\n\nOut class when on a field trip to a THUNDERING observatory. It\nwas located on top of a CAT, and it looked like a giant\nBANANA with a slit down its ARMY. We went inside and\nlooked through a SUN and were able to see JELLYFISHs in\nthe sky that were millions of ZEUSs away. The men and\nwomen who RUN in the observatory are called\nJIGSAWs, and they are always watching for comets, eclipses,\nand shooting PANTHERs. An eclipse occurs when a MILK\ncomes between the earth and the SANDWICH and everything\ngets BITTER. Next week, we place to BAKED the\nMuseum of Modern WALNUTS.\n",
            "content_base64": null,
            "content_base64sha256": "pmoFgCOVnjiiA+JQq4SjFEXdK8PpVdRJiI2rxjRfK74=",
            "content_base64sha512": "bT0tOF65hjFSTqxqSVdPPorbNbV7IIF5xXutkwmcEP2DFRpi5ZC4bCK6BV/HYJQft2Nuy8HypoWhKNZuhKK1KA==",
            "content_md5": "dd30c3eb7350ba0828e760fb58feb58f",
            "content_sha1": "6aa54511aba53331c02791ba791f83711ff3d50e",
            "content_sha256": "a66a058023959e38a203e250ab84a31445dd2bc3e955d449888dabc6345f2bbe",
            "content_sha512": "6d3d2d385eb98631524eac6a49574f3e8adb35b57b208179c57bad93099c10fd83151a62e590b86c22ba055fc760941fb7636ecbc1f2a685a128d66e84a2b528",
            "directory_permission": "0777",
            "file_permission": "0777",
            "filename": "madlibs/madlibs-91.txt",
            "id": "6aa54511aba53331c02791ba791f83711ff3d50e",
            "sensitive_content": null,
            "source": null
          },
          "sensitive_attributes": [],
          "dependencies": [
            "random_shuffle.random_adjectives",
            "random_shuffle.random_adverbs",
            "random_shuffle.random_nouns",
            "random_shuffle.random_numbers",
            "random_shuffle.random_verbs"
          ]
        },
        {
          "index_key": 92,
          "schema_version": 0,
          "attributes": {
            "content": "HOW TO BE A PHOTOGRAPHER\n\nMany ABUNDANT photographers make big money\nphotographing CATs and beautiful ARMYs. They sell\nthe prints to GRUMPY magazines or to agencies who use\nthem in SUN advertisements. To be a photographer, you\nhave to have a JELLYFISH camera. You also need an\nSTICKY meter and filters and a special close-up\nVIOLIN. Then you either hire professional ARMYs or go\nout and snap candid pictures of ordinary JIGSAWs. But if you\nwant to have a career, you must study very BEAUTIFULLY for at\nleast 27 years.\n",
            "content_base64": null,
            "content_base64sha256": "ca8QtLVt+nB/caxtUHB29VqSrW6XCNNx7EXj8rLf2pw=",
            "content_base64sha512": "t4muF2l/Op/XXjfrR0ciduNi0msbszPyqLmR6q9gO26sewJ2P2bdIBbfnRUic3GKMBG8rIHdpYqnz1K5aN20Ew==",
            "content_md5": "b319dc0e0f8935d689751aa0ce96f110",
            "content_sha1": "742138ebbeea3833beb0c3e4ea200c687c22c960",
            "content_sha256": "71af10b4b56dfa707f71ac6d507076f55a92ad6e9708d371ec45e3f2b2dfda9c",
            "content_sha512": "b789ae17697f3a9fd75e37eb47472276e362d26b1bb333f2a8b991eaaf603b6eac7b02763f66dd2016df9d152273718a3011bcac81dda58aa7cf52b968ddb413",
            "directory_permission": "0777",
            "file_permission": "0777",
            "filename": "madlibs/madlibs-92.txt",
            "id": "742138ebbeea3833beb0c3e4ea200c687c22c960",
            "sensitive_content": null,
            "source": null
          },
          "sensitive_attributes": [],
          "dependencies": [
            "random_shuffle.random_adjectives",
            "random_shuffle.random_adverbs",
            "random_shuffle.random_nouns",
            "random_shuffle.random_numbers",
            "random_shuffle.random_verbs"
          ]
        },
        {
          "index_key": 93,
          "schema_version": 0,
          "attributes": {
            "content": "ALICE'S UPSIDE-DOWN WORLD\n\nLewis Carroll's classic, \"Alice's Adventures in Wonderland\", as well\nas its CHUBBY sequel, \"Through the Looking CAT\",\nhave enchanted both the young and old SUNs for the last\n-5 years, Alice's BITTER adventures begin\nwhen she LOVEs down a/an STICKY hole and lands\nin a strange and topsy-turvy JIGSAW. There she discovers she\ncan become a tall MILK or a small ARMY simply by\nnibbling on alternate sides of a magic VIOLIN. In her travels\nthrough Wonderland, Alice BAKEDs such remarkable\ncharacters as the White BANANA, the GRUMPY Hatter,\nthe Cheshire ZEUS, and even the Queen of PANTHERs.\nUnfortunately, Alice's adventures come to a/an ABUNDANT\nend when Alice awakens from her PANTHER.",
            "content_base64": null,
            "content_base64sha256": "lfuaaCbz7RsivJre/TvvciteFTjougSG3vE6W+0MsiQ=",
            "content_base64sha512": "oUdiaEBk4up35HuFPonMR9PaT6N/hDCzcnLw56/PTIBHw1Er5OsV4l3mCTpAX7AHSo6ZFHVqmZcmzCyQFqY5UQ==",
            "content_md5": "145a5908d688998c1527c729db9bce9f",
            "content_sha1": "82d38be977d723ae081474539008a079cc5aecb0",
            "content_sha256": "95fb9a6826f3ed1b22bc9adefd3bef722b5e1538e8ba0486def13a5bed0cb224",
            "content_sha512": "a14762684064e2ea77e47b853e89cc47d3da4fa37f8430b37272f0e7afcf4c8047c3512be4eb15e25de6093a405fb0074a8e9914756a999726cc2c9016a63951",
            "directory_permission": "0777",
            "file_permission": "0777",
            "filename": "madlibs/madlibs-93.txt",
            "id": "82d38be977d723ae081474539008a079cc5aecb0",
            "sensitive_content": null,
            "source": null
          },
          "sensitive_attributes": [],
          "dependencies": [
            "random_shuffle.random_adjectives",
            "random_shuffle.random_adverbs",
            "random_shuffle.random_nouns",
            "random_shuffle.random_numbers",
            "random_shuffle.random_verbs"
          ]
        },
        {
          "index_key": 94,
          "schema_version": 0,
          "attributes": {
            "content": "THE OBSERVATORY\n\nOut class when on a field trip to a BITTER observatory. It\nwas located on top of a JIGSAW, and it looked like a giant\nWALNUTS with a slit down its MILK. We went inside and\nlooked through a PANTHER and were able to see ZEUSs in\nthe sky that were millions of ARMYs away. The men and\nwomen who RUN in the observatory are called\nBANANAs, and they are always watching for comets, eclipses,\nand shooting SANDWICHs. An eclipse occurs when a JELLYFISH\ncomes between the earth and the VIOLIN and everything\ngets THUNDERING. Next week, we place to BAKED the\nMuseum of Modern CAT.\n",
            "content_base64": null,
            "content_base64sha256": "NF9UFL2ULiJHag6shfv8AJFlcuGGVvjY5s1xRBYGAgg=",
            "content_base64sha512": "KAAeJ7stNRdzTbHGTyVEnRVfxmPQmMxlKHnI71K74x8278l7Pbohy4LZKwLmF7ZCntmQX8AXRQXWmrTIAOoUFg==",
            "content_md5": "2af4d5dbd60e61562c38fbfd00304151",
            "content_sha1": "6b6ddbe8471ef2ec43ff0b976a6c84923a086330",
            "content_sha256": "345f5414bd942e22476a0eac85fbfc00916572e18656f8d8e6cd714416060208",
            "content_sha512": "28001e27bb2d3517734db1c64f25449d155fc663d098cc652879c8ef52bbe31f36efc97b3dba21cb82d92b02e617b6429ed9905fc0174505d69ab4c800ea1416",
            "directory_permission": "0777",
            "file_permission": "0777",
            "filename": "madlibs/madlibs-94.txt",
            "id": "6b6ddbe8471ef2ec43ff0b976a6c84923a086330",
            "sensitive_content": null,
            "source": null
          },
          "sensitive_attributes": [],
          "dependencies": [
            "random_shuffle.random_adjectives",
            "random_shuffle.random_adverbs",
            "random_shuffle.random_nouns",
            "random_shuffle.random_numbers",
            "random_shuffle.random_verbs"
          ]
        },
        {
          "index_key": 95,
          "schema_version": 0,
          "attributes": {
            "content": "HOW TO BE A PHOTOGRAPHER\n\nMany STICKY photographers make big money\nphotographing SANDWICHs and beautiful SUNs. They sell\nthe prints to BITTER magazines or to agencies who use\nthem in ARMY advertisements. To be a photographer, you\nhave to have a BANANA camera. You also need an\nCHUBBY meter and filters and a special close-up\nCAT. Then you either hire professional SUNs or go\nout and snap candid pictures of ordinary WALNUTSs. But if you\nwant to have a career, you must study very WEARILY for at\nleast 101 years.\n",
            "content_base64": null,
            "content_base64sha256": "3o+aTw8iswfTJbMvqd7IlxsM7syUd1qWKygh/r5T8bg=",
            "content_base64sha512": "scSz/Bga+CJXPM+lK/mscX5Tg9gGjObOaIab9+g7pr6UOBEDBGA/SePLSgfg1bqbWNj2hV5Hb0/KVgF3alnLMA==",
            "content_md5": "892cd26874331071a1d04a6126bfef5f",
            "content_sha1": "cedf69ffea105fa99e6124acb31ba4aae250d808",
            "content_sha256": "de8f9a4f0f22b307d325b32fa9dec8971b0ceecc94775a962b2821febe53f1b8",
            "content_sha512": "b1c4b3fc181af822573ccfa52bf9ac717e5383d8068ce6ce68869bf7e83ba6be9438110304603f49e3cb4a07e0d5ba9b58d8f6855e476f4fca5601776a59cb30",
            "directory_permission": "0777",
            "file_permission": "0777",
            "filename": "madlibs/madlibs-95.txt",
            "id": "cedf69ffea105fa99e6124acb31ba4aae250d808",
            "sensitive_content": null,
            "source": null
          },
          "sensitive_attributes": [],
          "dependencies": [
            "random_shuffle.random_adjectives",
            "random_shuffle.random_adverbs",
            "random_shuffle.random_nouns",
            "random_shuffle.random_numbers",
            "random_shuffle.random_verbs"
          ]
        },
        {
          "index_key": 96,
          "schema_version": 0,
          "attributes": {
            "content": "ALICE'S UPSIDE-DOWN WORLD\n\nLewis Carroll's classic, \"Alice's Adventures in Wonderland\", as well\nas its CHUBBY sequel, \"Through the Looking WALNUTS\",\nhave enchanted both the young and old VIOLINs for the last\n73 years, Alice's THUNDERING adventures begin\nwhen she DANCEs down a/an BITTER hole and lands\nin a strange and topsy-turvy BANANA. There she discovers she\ncan become a tall SANDWICH or a small ARMY simply by\nnibbling on alternate sides of a magic JELLYFISH. In her travels\nthrough Wonderland, Alice RESPECTs such remarkable\ncharacters as the White JIGSAW, the GRUMPY Hatter,\nthe Cheshire ZEUS, and even the Queen of SUNs.\nUnfortunately, Alice's adventures come to a/an STICKY\nend when Alice awakens from her SUN.",
            "content_base64": null,
            "content_base64sha256": "Uy/1qS+kuocaLBYTk9LDh22IMRN9bgqG/NRcSxFSf48=",
            "content_base64sha512": "5FjxGVP+cvA7eiw0tLCQ0X/4S6P8xcRAq19ByYQ+j29xNJTeHcLV0oYUFpD57+RTsVYexGmzEpiz1EwWTWWmGA==",
            "content_md5": "ac37f10763814f8279adfaa75902637f",
            "content_sha1": "cd590e8fa288959a62333a76b01e4d9697f8c97c",
            "content_sha256": "532ff5a92fa4ba871a2c161393d2c3876d8831137d6e0a86fcd45c4b11527f8f",
            "content_sha512": "e458f11953fe72f03b7a2c34b4b090d17ff84ba3fcc5c440ab5f41c9843e8f6f713494de1dc2d5d286141690f9efe453b1561ec469b31298b3d44c164d65a618",
            "directory_permission": "0777",
            "file_permission": "0777",
            "filename": "madlibs/madlibs-96.txt",
            "id": "cd590e8fa288959a62333a76b01e4d9697f8c97c",
            "sensitive_content": null,
            "source": null
          },
          "sensitive_attributes": [],
          "dependencies": [
            "random_shuffle.random_adjectives",
            "random_shuffle.random_adverbs",
            "random_shuffle.random_nouns",
            "random_shuffle.random_numbers",
            "random_shuffle.random_verbs"
          ]
        },
        {
          "index_key": 97,
          "schema_version": 0,
          "attributes": {
            "content": "THE OBSERVATORY\n\nOut class when on a field trip to a BITTER observatory. It\nwas located on top of a PANTHER, and it looked like a giant\nVIOLIN with a slit down its SANDWICH. We went inside and\nlooked through a MILK and were able to see CATs in\nthe sky that were millions of JIGSAWs away. The men and\nwomen who DANCE in the observatory are called\nARMYs, and they are always watching for comets, eclipses,\nand shooting SUNs. An eclipse occurs when a ZEUS\ncomes between the earth and the WALNUTS and everything\ngets ABUNDANT. Next week, we place to LOVE the\nMuseum of Modern BANANA.\n",
            "content_base64": null,
            "content_base64sha256": "pKPNxhnIeLm3szozQp9/BvfPjdBJleCQd5nrQ2KxZYQ=",
            "content_base64sha512": "B/O1gfCzy1BgC5fTTh/t9AN+R662XRlVkKItv0msvjgdycoImcOfTPwNSTInzZllKPZsIGrDdyLXSXtfyHv1QA==",
            "content_md5": "459d522c3528ad4c7e790f4902ef9883",
            "content_sha1": "eb3782bb023fec88e45e79c310966e600ef6cc78",
            "content_sha256": "a4a3cdc619c878b9b7b33a33429f7f06f7cf8dd04995e0907799eb4362b16584",
            "content_sha512": "07f3b581f0b3cb50600b97d34e1fedf4037e47aeb65d195590a22dbf49acbe381dc9ca0899c39f4cfc0d493227cd996528f66c206ac37722d7497b5fc87bf540",
            "directory_permission": "0777",
            "file_permission": "0777",
            "filename": "madlibs/madlibs-97.txt",
            "id": "eb3782bb023fec88e45e79c310966e600ef6cc78",
            "sensitive_content": null,
            "source": null
          },
          "sensitive_attributes": [],
          "dependencies": [
            "random_shuffle.random_adjectives",
            "random_shuffle.random_adverbs",
            "random_shuffle.random_nouns",
            "random_shuffle.random_numbers",
            "random_shuffle.random_verbs"
          ]
        },
        {
          "index_key": 98,
          "schema_version": 0,
          "attributes": {
            "content": "HOW TO BE A PHOTOGRAPHER\n\nMany GRUMPY photographers make big money\nphotographing VIOLINs and beautiful JELLYFISHs. They sell\nthe prints to BITTER magazines or to agencies who use\nthem in ZEUS advertisements. To be a photographer, you\nhave to have a BANANA camera. You also need an\nSTICKY meter and filters and a special close-up\nPANTHER. Then you either hire professional JELLYFISHs or go\nout and snap candid pictures of ordinary ARMYs. But if you\nwant to have a career, you must study very BEAUTIFULLY for at\nleast 42 years.\n",
            "content_base64": null,
            "content_base64sha256": "FexhENM9N2OI/UVzv7ehJIvv6M8QJB09r9qeAjjD6xE=",
            "content_base64sha512": "RAdJgf4kOknSCJ7CpCH3oPWoL5B3GYPISSmmGWxfMajBp0W9vS47JS3efdFCKcdLLk03+MN/IDnXLC1y8Uw3LA==",
            "content_md5": "1af810e716c831fcc172bf5b101ca893",
            "content_sha1": "3367b0a3309e53ce37bbae989825b52aa09cff46",
            "content_sha256": "15ec6110d33d376388fd4573bfb7a1248befe8cf10241d3dafda9e0238c3eb11",
            "content_sha512": "44074981fe243a49d2089ec2a421f7a0f5a82f90771983c84929a6196c5f31a8c1a745bdbd2e3b252dde7dd14229c74b2e4d37f8c37f2039d72c2d72f14c372c",
            "directory_permission": "0777",
            "file_permission": "0777",
            "filename": "madlibs/madlibs-98.txt",
            "id": "3367b0a3309e53ce37bbae989825b52aa09cff46",
            "sensitive_content": null,
            "source": null
          },
          "sensitive_attributes": [],
          "dependencies": [
            "random_shuffle.random_adjectives",
            "random_shuffle.random_adverbs",
            "random_shuffle.random_nouns",
            "random_shuffle.random_numbers",
            "random_shuffle.random_verbs"
          ]
        },
        {
          "index_key": 99,
          "schema_version": 0,
          "attributes": {
            "content": "ALICE'S UPSIDE-DOWN WORLD\n\nLewis Carroll's classic, \"Alice's Adventures in Wonderland\", as well\nas its ABUNDANT sequel, \"Through the Looking VIOLIN\",\nhave enchanted both the young and old BANANAs for the last\n73 years, Alice's STICKY adventures begin\nwhen she DANCEs down a/an CHUBBY hole and lands\nin a strange and topsy-turvy CAT. There she discovers she\ncan become a tall PANTHER or a small MILK simply by\nnibbling on alternate sides of a magic WALNUTS. In her travels\nthrough Wonderland, Alice RUNs such remarkable\ncharacters as the White ARMY, the THUNDERING Hatter,\nthe Cheshire JELLYFISH, and even the Queen of SUNs.\nUnfortunately, Alice's adventures come to a/an GRUMPY\nend when Alice awakens from her SUN.",
            "content_base64": null,
            "content_base64sha256": "0UP9zuIliEiM4hT3k93o3TWUaD8WzgEJ93KcNWQMNI8=",
            "content_base64sha512": "ILYLxQFn6V6lKi6NkL/TTv6/7dTVkHClZ6vOQbY79fRF/Z5SwtRRqMNECsCE9+ahHCJ/bq7c/rJfuZcP+bS56Q==",
            "content_md5": "d29e26cb4a9dbab1989fd189f01f72c9",
            "content_sha1": "9fa5fd244b616766b4844d3f169545832905099f",
            "content_sha256": "d143fdcee22588488ce214f793dde8dd3594683f16ce0109f7729c35640c348f",
            "content_sha512": "20b60bc50167e95ea52a2e8d90bfd34efebfedd4d59070a567abce41b63bf5f445fd9e52c2d451a8c3440ac084f7e6a11c227f6eaedcfeb25fb9970ff9b4b9e9",
            "directory_permission": "0777",
            "file_permission": "0777",
            "filename": "madlibs/madlibs-99.txt",
            "id": "9fa5fd244b616766b4844d3f169545832905099f",
            "sensitive_content": null,
            "source": null
          },
          "sensitive_attributes": [],
          "dependencies": [
            "random_shuffle.random_adjectives",
            "random_shuffle.random_adverbs",
            "random_shuffle.random_nouns",
            "random_shuffle.random_numbers",
            "random_shuffle.random_verbs"
          ]
        }
      ]
    },
    {
      "mode": "managed",
      "type": "random_shuffle",
      "name": "random_adjectives",
      "provider": "provider[\"registry.terraform.io/hashicorp/random\"]",
      "instances": [
        {
          "index_key": 0,
          "schema_version": 0,
          "attributes": {
            "id": "-",
            "input": [
              "BITTER",
              "STICKY",
              "THUNDERING",
              "ABUNDANT",
              "CHUBBY",
              "GRUMPY"
            ],
            "keepers": null,
            "result": [
              "GRUMPY",
              "THUNDERING",
              "ABUNDANT",
              "BITTER",
              "CHUBBY",
              "STICKY"
            ],
            "result_count": null,
            "seed": null
          },
          "sensitive_attributes": []
        },
        {
          "index_key": 1,
          "schema_version": 0,
          "attributes": {
            "id": "-",
            "input": [
              "BITTER",
              "STICKY",
              "THUNDERING",
              "ABUNDANT",
              "CHUBBY",
              "GRUMPY"
            ],
            "keepers": null,
            "result": [
              "THUNDERING",
              "STICKY",
              "CHUBBY",
              "ABUNDANT",
              "BITTER",
              "GRUMPY"
            ],
            "result_count": null,
            "seed": null
          },
          "sensitive_attributes": []
        },
        {
          "index_key": 2,
          "schema_version": 0,
          "attributes": {
            "id": "-",
            "input": [
              "BITTER",
              "STICKY",
              "THUNDERING",
              "ABUNDANT",
              "CHUBBY",
              "GRUMPY"
            ],
            "keepers": null,
            "result": [
              "BITTER",
              "STICKY",
              "CHUBBY",
              "ABUNDANT",
              "THUNDERING",
              "GRUMPY"
            ],
            "result_count": null,
            "seed": null
          },
          "sensitive_attributes": []
        },
        {
          "index_key": 3,
          "schema_version": 0,
          "attributes": {
            "id": "-",
            "input": [
              "BITTER",
              "STICKY",
              "THUNDERING",
              "ABUNDANT",
              "CHUBBY",
              "GRUMPY"
            ],
            "keepers": null,
            "result": [
              "ABUNDANT",
              "BITTER",
              "STICKY",
              "THUNDERING",
              "CHUBBY",
              "GRUMPY"
            ],
            "result_count": null,
            "seed": null
          },
          "sensitive_attributes": []
        },
        {
          "index_key": 4,
          "schema_version": 0,
          "attributes": {
            "id": "-",
            "input": [
              "BITTER",
              "STICKY",
              "THUNDERING",
              "ABUNDANT",
              "CHUBBY",
              "GRUMPY"
            ],
            "keepers": null,
            "result": [
              "GRUMPY",
              "BITTER",
              "CHUBBY",
              "ABUNDANT",
              "STICKY",
              "THUNDERING"
            ],
            "result_count": null,
            "seed": null
          },
          "sensitive_attributes": []
        },
        {
          "index_key": 5,
          "schema_version": 0,
          "attributes": {
            "id": "-",
            "input": [
              "BITTER",
              "STICKY",
              "THUNDERING",
              "ABUNDANT",
              "CHUBBY",
              "GRUMPY"
            ],
            "keepers": null,
            "result": [
              "BITTER",
              "GRUMPY",
              "CHUBBY",
              "THUNDERING",
              "ABUNDANT",
              "STICKY"
            ],
            "result_count": null,
            "seed": null
          },
          "sensitive_attributes": []
        },
        {
          "index_key": 6,
          "schema_version": 0,
          "attributes": {
            "id": "-",
            "input": [
              "BITTER",
              "STICKY",
              "THUNDERING",
              "ABUNDANT",
              "CHUBBY",
              "GRUMPY"
            ],
            "keepers": null,
            "result": [
              "CHUBBY",
              "ABUNDANT",
              "THUNDERING",
              "GRUMPY",
              "STICKY",
              "BITTER"
            ],
            "result_count": null,
            "seed": null
          },
          "sensitive_attributes": []
        },
        {
          "index_key": 7,
          "schema_version": 0,
          "attributes": {
            "id": "-",
            "input": [
              "BITTER",
              "STICKY",
              "THUNDERING",
              "ABUNDANT",
              "CHUBBY",
              "GRUMPY"
            ],
            "keepers": null,
            "result": [
              "CHUBBY",
              "ABUNDANT",
              "STICKY",
              "THUNDERING",
              "BITTER",
              "GRUMPY"
            ],
            "result_count": null,
            "seed": null
          },
          "sensitive_attributes": []
        },
        {
          "index_key": 8,
          "schema_version": 0,
          "attributes": {
            "id": "-",
            "input": [
              "BITTER",
              "STICKY",
              "THUNDERING",
              "ABUNDANT",
              "CHUBBY",
              "GRUMPY"
            ],
            "keepers": null,
            "result": [
              "BITTER",
              "GRUMPY",
              "ABUNDANT",
              "THUNDERING",
              "CHUBBY",
              "STICKY"
            ],
            "result_count": null,
            "seed": null
          },
          "sensitive_attributes": []
        },
        {
          "index_key": 9,
          "schema_version": 0,
          "attributes": {
            "id": "-",
            "input": [
              "BITTER",
              "STICKY",
              "THUNDERING",
              "ABUNDANT",
              "CHUBBY",
              "GRUMPY"
            ],
            "keepers": null,
            "result": [
              "GRUMPY",
              "STICKY",
              "CHUBBY",
              "BITTER",
              "THUNDERING",
              "ABUNDANT"
            ],
            "result_count": null,
            "seed": null
          },
          "sensitive_attributes": []
        },
        {
          "index_key": 10,
          "schema_version": 0,
          "attributes": {
            "id": "-",
            "input": [
              "BITTER",
              "STICKY",
              "THUNDERING",
              "ABUNDANT",
              "CHUBBY",
              "GRUMPY"
            ],
            "keepers": null,
            "result": [
              "CHUBBY",
              "STICKY",
              "ABUNDANT",
              "THUNDERING",
              "BITTER",
              "GRUMPY"
            ],
            "result_count": null,
            "seed": null
          },
          "sensitive_attributes": []
        },
        {
          "index_key": 11,
          "schema_version": 0,
          "attributes": {
            "id": "-",
            "input": [
              "BITTER",
              "STICKY",
              "THUNDERING",
              "ABUNDANT",
              "CHUBBY",
              "GRUMPY"
            ],
            "keepers": null,
            "result": [
              "GRUMPY",
              "ABUNDANT",
              "THUNDERING",
              "CHUBBY",
              "STICKY",
              "BITTER"
            ],
            "result_count": null,
            "seed": null
          },
          "sensitive_attributes": []
        },
        {
          "index_key": 12,
          "schema_version": 0,
          "attributes": {
            "id": "-",
            "input": [
              "BITTER",
              "STICKY",
              "THUNDERING",
              "ABUNDANT",
              "CHUBBY",
              "GRUMPY"
            ],
            "keepers": null,
            "result": [
              "BITTER",
              "STICKY",
              "CHUBBY",
              "ABUNDANT",
              "THUNDERING",
              "GRUMPY"
            ],
            "result_count": null,
            "seed": null
          },
          "sensitive_attributes": []
        },
        {
          "index_key": 13,
          "schema_version": 0,
          "attributes": {
            "id": "-",
            "input": [
              "BITTER",
              "STICKY",
              "THUNDERING",
              "ABUNDANT",
              "CHUBBY",
              "GRUMPY"
            ],
            "keepers": null,
            "result": [
              "STICKY",
              "THUNDERING",
              "ABUNDANT",
              "CHUBBY",
              "GRUMPY",
              "BITTER"
            ],
            "result_count": null,
            "seed": null
          },
          "sensitive_attributes": []
        },
        {
          "index_key": 14,
          "schema_version": 0,
          "attributes": {
            "id": "-",
            "input": [
              "BITTER",
              "STICKY",
              "THUNDERING",
              "ABUNDANT",
              "CHUBBY",
              "GRUMPY"
            ],
            "keepers": null,
            "result": [
              "ABUNDANT",
              "THUNDERING",
              "STICKY",
              "CHUBBY",
              "GRUMPY",
              "BITTER"
            ],
            "result_count": null,
            "seed": null
          },
          "sensitive_attributes": []
        },
        {
          "index_key": 15,
          "schema_version": 0,
          "attributes": {
            "id": "-",
            "input": [
              "BITTER",
              "STICKY",
              "THUNDERING",
              "ABUNDANT",
              "CHUBBY",
              "GRUMPY"
            ],
            "keepers": null,
            "result": [
              "STICKY",
              "THUNDERING",
              "GRUMPY",
              "ABUNDANT",
              "CHUBBY",
              "BITTER"
            ],
            "result_count": null,
            "seed": null
          },
          "sensitive_attributes": []
        },
        {
          "index_key": 16,
          "schema_version": 0,
          "attributes": {
            "id": "-",
            "input": [
              "BITTER",
              "STICKY",
              "THUNDERING",
              "ABUNDANT",
              "CHUBBY",
              "GRUMPY"
            ],
            "keepers": null,
            "result": [
              "THUNDERING",
              "GRUMPY",
              "CHUBBY",
              "STICKY",
              "BITTER",
              "ABUNDANT"
            ],
            "result_count": null,
            "seed": null
          },
          "sensitive_attributes": []
        },
        {
          "index_key": 17,
          "schema_version": 0,
          "attributes": {
            "id": "-",
            "input": [
              "BITTER",
              "STICKY",
              "THUNDERING",
              "ABUNDANT",
              "CHUBBY",
              "GRUMPY"
            ],
            "keepers": null,
            "result": [
              "ABUNDANT",
              "BITTER",
              "THUNDERING",
              "STICKY",
              "CHUBBY",
              "GRUMPY"
            ],
            "result_count": null,
            "seed": null
          },
          "sensitive_attributes": []
        },
        {
          "index_key": 18,
          "schema_version": 0,
          "attributes": {
            "id": "-",
            "input": [
              "BITTER",
              "STICKY",
              "THUNDERING",
              "ABUNDANT",
              "CHUBBY",
              "GRUMPY"
            ],
            "keepers": null,
            "result": [
              "ABUNDANT",
              "STICKY",
              "GRUMPY",
              "CHUBBY",
              "BITTER",
              "THUNDERING"
            ],
            "result_count": null,
            "seed": null
          },
          "sensitive_attributes": []
        },
        {
          "index_key": 19,
          "schema_version": 0,
          "attributes": {
            "id": "-",
            "input": [
              "BITTER",
              "STICKY",
              "THUNDERING",
              "ABUNDANT",
              "CHUBBY",
              "GRUMPY"
            ],
            "keepers": null,
            "result": [
              "BITTER",
              "GRUMPY",
              "ABUNDANT",
              "CHUBBY",
              "THUNDERING",
              "STICKY"
            ],
            "result_count": null,
            "seed": null
          },
          "sensitive_attributes": []
        },
        {
          "index_key": 20,
          "schema_version": 0,
          "attributes": {
            "id": "-",
            "input": [
              "BITTER",
              "STICKY",
              "THUNDERING",
              "ABUNDANT",
              "CHUBBY",
              "GRUMPY"
            ],
            "keepers": null,
            "result": [
              "ABUNDANT",
              "GRUMPY",
              "CHUBBY",
              "STICKY",
              "THUNDERING",
              "BITTER"
            ],
            "result_count": null,
            "seed": null
          },
          "sensitive_attributes": []
        },
        {
          "index_key": 21,
          "schema_version": 0,
          "attributes": {
            "id": "-",
            "input": [
              "BITTER",
              "STICKY",
              "THUNDERING",
              "ABUNDANT",
              "CHUBBY",
              "GRUMPY"
            ],
            "keepers": null,
            "result": [
              "THUNDERING",
              "STICKY",
              "BITTER",
              "GRUMPY",
              "CHUBBY",
              "ABUNDANT"
            ],
            "result_count": null,
            "seed": null
          },
          "sensitive_attributes": []
        },
        {
          "index_key": 22,
          "schema_version": 0,
          "attributes": {
            "id": "-",
            "input": [
              "BITTER",
              "STICKY",
              "THUNDERING",
              "ABUNDANT",
              "CHUBBY",
              "GRUMPY"
            ],
            "keepers": null,
            "result": [
              "BITTER",
              "STICKY",
              "CHUBBY",
              "ABUNDANT",
              "GRUMPY",
              "THUNDERING"
            ],
            "result_count": null,
            "seed": null
          },
          "sensitive_attributes": []
        },
        {
          "index_key": 23,
          "schema_version": 0,
          "attributes": {
            "id": "-",
            "input": [
              "BITTER",
              "STICKY",
              "THUNDERING",
              "ABUNDANT",
              "CHUBBY",
              "GRUMPY"
            ],
            "keepers": null,
            "result": [
              "THUNDERING",
              "STICKY",
              "ABUNDANT",
              "CHUBBY",
              "GRUMPY",
              "BITTER"
            ],
            "result_count": null,
            "seed": null
          },
          "sensitive_attributes": []
        },
        {
          "index_key": 24,
          "schema_version": 0,
          "attributes": {
            "id": "-",
            "input": [
              "BITTER",
              "STICKY",
              "THUNDERING",
              "ABUNDANT",
              "CHUBBY",
              "GRUMPY"
            ],
            "keepers": null,
            "result": [
              "ABUNDANT",
              "BITTER",
              "CHUBBY",
              "STICKY",
              "THUNDERING",
              "GRUMPY"
            ],
            "result_count": null,
            "seed": null
          },
          "sensitive_attributes": []
        },
        {
          "index_key": 25,
          "schema_version": 0,
          "attributes": {
            "id": "-",
            "input": [
              "BITTER",
              "STICKY",
              "THUNDERING",
              "ABUNDANT",
              "CHUBBY",
              "GRUMPY"
            ],
            "keepers": null,
            "result": [
              "BITTER",
              "CHUBBY",
              "GRUMPY",
              "THUNDERING",
              "ABUNDANT",
              "STICKY"
            ],
            "result_count": null,
            "seed": null
          },
          "sensitive_attributes": []
        },
        {
          "index_key": 26,
          "schema_version": 0,
          "attributes": {
            "id": "-",
            "input": [
              "BITTER",
              "STICKY",
              "THUNDERING",
              "ABUNDANT",
              "CHUBBY",
              "GRUMPY"
            ],
            "keepers": null,
            "result": [
              "CHUBBY",
              "STICKY",
              "THUNDERING",
              "GRUMPY",
              "ABUNDANT",
              "BITTER"
            ],
            "result_count": null,
            "seed": null
          },
          "sensitive_attributes": []
        },
        {
          "index_key": 27,
          "schema_version": 0,
          "attributes": {
            "id": "-",
            "input": [
              "BITTER",
              "STICKY",
              "THUNDERING",
              "ABUNDANT",
              "CHUBBY",
              "GRUMPY"
            ],
            "keepers": null,
            "result": [
              "GRUMPY",
              "ABUNDANT",
              "BITTER",
              "THUNDERING",
              "CHUBBY",
              "STICKY"
            ],
            "result_count": null,
            "seed": null
          },
          "sensitive_attributes": []
        },
        {
          "index_key": 28,
          "schema_version": 0,
          "attributes": {
            "id": "-",
            "input": [
              "BITTER",
              "STICKY",
              "THUNDERING",
              "ABUNDANT",
              "CHUBBY",
              "GRUMPY"
            ],
            "keepers": null,
            "result": [
              "THUNDERING",
              "GRUMPY",
              "BITTER",
              "STICKY",
              "ABUNDANT",
              "CHUBBY"
            ],
            "result_count": null,
            "seed": null
          },
          "sensitive_attributes": []
        },
        {
          "index_key": 29,
          "schema_version": 0,
          "attributes": {
            "id": "-",
            "input": [
              "BITTER",
              "STICKY",
              "THUNDERING",
              "ABUNDANT",
              "CHUBBY",
              "GRUMPY"
            ],
            "keepers": null,
            "result": [
              "BITTER",
              "GRUMPY",
              "CHUBBY",
              "THUNDERING",
              "ABUNDANT",
              "STICKY"
            ],
            "result_count": null,
            "seed": null
          },
          "sensitive_attributes": []
        },
        {
          "index_key": 30,
          "schema_version": 0,
          "attributes": {
            "id": "-",
            "input": [
              "BITTER",
              "STICKY",
              "THUNDERING",
              "ABUNDANT",
              "CHUBBY",
              "GRUMPY"
            ],
            "keepers": null,
            "result": [
              "ABUNDANT",
              "STICKY",
              "GRUMPY",
              "THUNDERING",
              "CHUBBY",
              "BITTER"
            ],
            "result_count": null,
            "seed": null
          },
          "sensitive_attributes": []
        },
        {
          "index_key": 31,
          "schema_version": 0,
          "attributes": {
            "id": "-",
            "input": [
              "BITTER",
              "STICKY",
              "THUNDERING",
              "ABUNDANT",
              "CHUBBY",
              "GRUMPY"
            ],
            "keepers": null,
            "result": [
              "STICKY",
              "CHUBBY",
              "GRUMPY",
              "BITTER",
              "ABUNDANT",
              "THUNDERING"
            ],
            "result_count": null,
            "seed": null
          },
          "sensitive_attributes": []
        },
        {
          "index_key": 32,
          "schema_version": 0,
          "attributes": {
            "id": "-",
            "input": [
              "BITTER",
              "STICKY",
              "THUNDERING",
              "ABUNDANT",
              "CHUBBY",
              "GRUMPY"
            ],
            "keepers": null,
            "result": [
              "ABUNDANT",
              "STICKY",
              "GRUMPY",
              "BITTER",
              "THUNDERING",
              "CHUBBY"
            ],
            "result_count": null,
            "seed": null
          },
          "sensitive_attributes": []
        },
        {
          "index_key": 33,
          "schema_version": 0,
          "attributes": {
            "id": "-",
            "input": [
              "BITTER",
              "STICKY",
              "THUNDERING",
              "ABUNDANT",
              "CHUBBY",
              "GRUMPY"
            ],
            "keepers": null,
            "result": [
              "GRUMPY",
              "THUNDERING",
              "STICKY",
              "ABUNDANT",
              "CHUBBY",
              "BITTER"
            ],
            "result_count": null,
            "seed": null
          },
          "sensitive_attributes": []
        },
        {
          "index_key": 34,
          "schema_version": 0,
          "attributes": {
            "id": "-",
            "input": [
              "BITTER",
              "STICKY",
              "THUNDERING",
              "ABUNDANT",
              "CHUBBY",
              "GRUMPY"
            ],
            "keepers": null,
            "result": [
              "BITTER",
              "THUNDERING",
              "GRUMPY",
              "STICKY",
              "CHUBBY",
              "ABUNDANT"
            ],
            "result_count": null,
            "seed": null
          },
          "sensitive_attributes": []
        },
        {
          "index_key": 35,
          "schema_version": 0,
          "attributes": {
            "id": "-",
            "input": [
              "BITTER",
              "STICKY",
              "THUNDERING",
              "ABUNDANT",
              "CHUBBY",
              "GRUMPY"
            ],
            "keepers": null,
            "result": [
              "GRUMPY",
              "CHUBBY",
              "STICKY",
              "BITTER",
              "ABUNDANT",
              "THUNDERING"
            ],
            "result_count": null,
            "seed": null
          },
          "sensitive_attributes": []
        },
        {
          "index_key": 36,
          "schema_version": 0,
          "attributes": {
            "id": "-",
            "input": [
              "BITTER",
              "STICKY",
              "THUNDERING",
              "ABUNDANT",
              "CHUBBY",
              "GRUMPY"
            ],
            "keepers": null,
            "result": [
              "STICKY",
              "CHUBBY",
              "THUNDERING",
              "BITTER",
              "GRUMPY",
              "ABUNDANT"
            ],
            "result_count": null,
            "seed": null
          },
          "sensitive_attributes": []
        },
        {
          "index_key": 37,
          "schema_version": 0,
          "attributes": {
            "id": "-",
            "input": [
              "BITTER",
              "STICKY",
              "THUNDERING",
              "ABUNDANT",
              "CHUBBY",
              "GRUMPY"
            ],
            "keepers": null,
            "result": [
              "BITTER",
              "ABUNDANT",
              "STICKY",
              "GRUMPY",
              "THUNDERING",
              "CHUBBY"
            ],
            "result_count": null,
            "seed": null
          },
          "sensitive_attributes": []
        },
        {
          "index_key": 38,
          "schema_version": 0,
          "attributes": {
            "id": "-",
            "input": [
              "BITTER",
              "STICKY",
              "THUNDERING",
              "ABUNDANT",
              "CHUBBY",
              "GRUMPY"
            ],
            "keepers": null,
            "result": [
              "CHUBBY",
              "GRUMPY",
              "BITTER",
              "ABUNDANT",
              "THUNDERING",
              "STICKY"
            ],
            "result_count": null,
            "seed": null
          },
          "sensitive_attributes": []
        },
        {
          "index_key": 39,
          "schema_version": 0,
          "attributes": {
            "id": "-",
            "input": [
              "BITTER",
              "STICKY",
              "THUNDERING",
              "ABUNDANT",
              "CHUBBY",
              "GRUMPY"
            ],
            "keepers": null,
            "result": [
              "THUNDERING",
              "BITTER",
              "ABUNDANT",
              "CHUBBY",
              "GRUMPY",
              "STICKY"
            ],
            "result_count": null,
            "seed": null
          },
          "sensitive_attributes": []
        },
        {
          "index_key": 40,
          "schema_version": 0,
          "attributes": {
            "id": "-",
            "input": [
              "BITTER",
              "STICKY",
              "THUNDERING",
              "ABUNDANT",
              "CHUBBY",
              "GRUMPY"
            ],
            "keepers": null,
            "result": [
              "GRUMPY",
              "THUNDERING",
              "ABUNDANT",
              "CHUBBY",
              "STICKY",
              "BITTER"
            ],
            "result_count": null,
            "seed": null
          },
          "sensitive_attributes": []
        },
        {
          "index_key": 41,
          "schema_version": 0,
          "attributes": {
            "id": "-",
            "input": [
              "BITTER",
              "STICKY",
              "THUNDERING",
              "ABUNDANT",
              "CHUBBY",
              "GRUMPY"
            ],
            "keepers": null,
            "result": [
              "GRUMPY",
              "THUNDERING",
              "BITTER",
              "STICKY",
              "ABUNDANT",
              "CHUBBY"
            ],
            "result_count": null,
            "seed": null
          },
          "sensitive_attributes": []
        },
        {
          "index_key": 42,
          "schema_version": 0,
          "attributes": {
            "id": "-",
            "input": [
              "BITTER",
              "STICKY",
              "THUNDERING",
              "ABUNDANT",
              "CHUBBY",
              "GRUMPY"
            ],
            "keepers": null,
            "result": [
              "CHUBBY",
              "BITTER",
              "ABUNDANT",
              "GRUMPY",
              "THUNDERING",
              "STICKY"
            ],
            "result_count": null,
            "seed": null
          },
          "sensitive_attributes": []
        },
        {
          "index_key": 43,
          "schema_version": 0,
          "attributes": {
            "id": "-",
            "input": [
              "BITTER",
              "STICKY",
              "THUNDERING",
              "ABUNDANT",
              "CHUBBY",
              "GRUMPY"
            ],
            "keepers": null,
            "result": [
              "ABUNDANT",
              "GRUMPY",
              "CHUBBY",
              "STICKY",
              "THUNDERING",
              "BITTER"
            ],
            "result_count": null,
            "seed": null
          },
          "sensitive_attributes": []
        },
        {
          "index_key": 44,
          "schema_version": 0,
          "attributes": {
            "id": "-",
            "input": [
              "BITTER",
              "STICKY",
              "THUNDERING",
              "ABUNDANT",
              "CHUBBY",
              "GRUMPY"
            ],
            "keepers": null,
            "result": [
              "THUNDERING",
              "CHUBBY",
              "GRUMPY",
              "STICKY",
              "BITTER",
              "ABUNDANT"
            ],
            "result_count": null,
            "seed": null
          },
          "sensitive_attributes": []
        },
        {
          "index_key": 45,
          "schema_version": 0,
          "attributes": {
            "id": "-",
            "input": [
              "BITTER",
              "STICKY",
              "THUNDERING",
              "ABUNDANT",
              "CHUBBY",
              "GRUMPY"
            ],
            "keepers": null,
            "result": [
              "CHUBBY",
              "BITTER",
              "THUNDERING",
              "ABUNDANT",
              "STICKY",
              "GRUMPY"
            ],
            "result_count": null,
            "seed": null
          },
          "sensitive_attributes": []
        },
        {
          "index_key": 46,
          "schema_version": 0,
          "attributes": {
            "id": "-",
            "input": [
              "BITTER",
              "STICKY",
              "THUNDERING",
              "ABUNDANT",
              "CHUBBY",
              "GRUMPY"
            ],
            "keepers": null,
            "result": [
              "BITTER",
              "STICKY",
              "CHUBBY",
              "GRUMPY",
              "ABUNDANT",
              "THUNDERING"
            ],
            "result_count": null,
            "seed": null
          },
          "sensitive_attributes": []
        },
        {
          "index_key": 47,
          "schema_version": 0,
          "attributes": {
            "id": "-",
            "input": [
              "BITTER",
              "STICKY",
              "THUNDERING",
              "ABUNDANT",
              "CHUBBY",
              "GRUMPY"
            ],
            "keepers": null,
            "result": [
              "ABUNDANT",
              "GRUMPY",
              "STICKY",
              "CHUBBY",
              "THUNDERING",
              "BITTER"
            ],
            "result_count": null,
            "seed": null
          },
          "sensitive_attributes": []
        },
        {
          "index_key": 48,
          "schema_version": 0,
          "attributes": {
            "id": "-",
            "input": [
              "BITTER",
              "STICKY",
              "THUNDERING",
              "ABUNDANT",
              "CHUBBY",
              "GRUMPY"
            ],
            "keepers": null,
            "result": [
              "BITTER",
              "THUNDERING",
              "STICKY",
              "GRUMPY",
              "ABUNDANT",
              "CHUBBY"
            ],
            "result_count": null,
            "seed": null
          },
          "sensitive_attributes": []
        },
        {
          "index_key": 49,
          "schema_version": 0,
          "attributes": {
            "id": "-",
            "input": [
              "BITTER",
              "STICKY",
              "THUNDERING",
              "ABUNDANT",
              "CHUBBY",
              "GRUMPY"
            ],
            "keepers": null,
            "result": [
              "ABUNDANT",
              "CHUBBY",
              "THUNDERING",
              "BITTER",
              "GRUMPY",
              "STICKY"
            ],
            "result_count": null,
            "seed": null
          },
          "sensitive_attributes": []
        },
        {
          "index_key": 50,
          "schema_version": 0,
          "attributes": {
            "id": "-",
            "input": [
              "BITTER",
              "STICKY",
              "THUNDERING",
              "ABUNDANT",
              "CHUBBY",
              "GRUMPY"
            ],
            "keepers": null,
            "result": [
              "CHUBBY",
              "THUNDERING",
              "STICKY",
              "ABUNDANT",
              "GRUMPY",
              "BITTER"
            ],
            "result_count": null,
            "seed": null
          },
          "sensitive_attributes": []
        },
        {
          "index_key": 51,
          "schema_version": 0,
          "attributes": {
            "id": "-",
            "input": [
              "BITTER",
              "STICKY",
              "THUNDERING",
              "ABUNDANT",
              "CHUBBY",
              "GRUMPY"
            ],
            "keepers": null,
            "result": [
              "ABUNDANT",
              "CHUBBY",
              "GRUMPY",
              "THUNDERING",
              "BITTER",
              "STICKY"
            ],
            "result_count": null,
            "seed": null
          },
          "sensitive_attributes": []
        },
        {
          "index_key": 52,
          "schema_version": 0,
          "attributes": {
            "id": "-",
            "input": [
              "BITTER",
              "STICKY",
              "THUNDERING",
              "ABUNDANT",
              "CHUBBY",
              "GRUMPY"
            ],
            "keepers": null,
            "result": [
              "STICKY",
              "THUNDERING",
              "CHUBBY",
              "GRUMPY",
              "BITTER",
              "ABUNDANT"
            ],
            "result_count": null,
            "seed": null
          },
          "sensitive_attributes": []
        },
        {
          "index_key": 53,
          "schema_version": 0,
          "attributes": {
            "id": "-",
            "input": [
              "BITTER",
              "STICKY",
              "THUNDERING",
              "ABUNDANT",
              "CHUBBY",
              "GRUMPY"
            ],
            "keepers": null,
            "result": [
              "ABUNDANT",
              "CHUBBY",
              "STICKY",
              "THUNDERING",
              "GRUMPY",
              "BITTER"
            ],
            "result_count": null,
            "seed": null
          },
          "sensitive_attributes": []
        },
        {
          "index_key": 54,
          "schema_version": 0,
          "attributes": {
            "id": "-",
            "input": [
              "BITTER",
              "STICKY",
              "THUNDERING",
              "ABUNDANT",
              "CHUBBY",
              "GRUMPY"
            ],
            "keepers": null,
            "result": [
              "CHUBBY",
              "THUNDERING",
              "STICKY",
              "BITTER",
              "GRUMPY",
              "ABUNDANT"
            ],
            "result_count": null,
            "seed": null
          },
          "sensitive_attributes": []
        },
        {
          "index_key": 55,
          "schema_version": 0,
          "attributes": {
            "id": "-",
            "input": [
              "BITTER",
              "STICKY",
              "THUNDERING",
              "ABUNDANT",
              "CHUBBY",
              "GRUMPY"
            ],
            "keepers": null,
            "result": [
              "THUNDERING",
              "CHUBBY",
              "BITTER",
              "ABUNDANT",
              "GRUMPY",
              "STICKY"
            ],
            "result_count": null,
            "seed": null
          },
          "sensitive_attributes": []
        },
        {
          "index_key": 56,
          "schema_version": 0,
          "attributes": {
            "id": "-",
            "input": [
              "BITTER",
              "STICKY",
              "THUNDERING",
              "ABUNDANT",
              "CHUBBY",
              "GRUMPY"
            ],
            "keepers": null,
            "result": [
              "THUNDERING",
              "GRUMPY",
              "STICKY",
              "ABUNDANT",
              "BITTER",
              "CHUBBY"
            ],
            "result_count": null,
            "seed": null
          },
          "sensitive_attributes": []
        },
        {
          "index_key": 57,
          "schema_version": 0,
          "attributes": {
            "id": "-",
            "input": [
              "BITTER",
              "STICKY",
              "THUNDERING",
              "ABUNDANT",
              "CHUBBY",
              "GRUMPY"
            ],
            "keepers": null,
            "result": [
              "STICKY",
              "ABUNDANT",
              "THUNDERING",
              "BITTER",
              "CHUBBY",
              "GRUMPY"
            ],
            "result_count": null,
            "seed": null
          },
          "sensitive_attributes": []
        },
        {
          "index_key": 58,
          "schema_version": 0,
          "attributes": {
            "id": "-",
            "input": [
              "BITTER",
              "STICKY",
              "THUNDERING",
              "ABUNDANT",
              "CHUBBY",
              "GRUMPY"
            ],
            "keepers": null,
            "result": [
              "THUNDERING",
              "BITTER",
              "STICKY",
              "CHUBBY",
              "GRUMPY",
              "ABUNDANT"
            ],
            "result_count": null,
            "seed": null
          },
          "sensitive_attributes": []
        },
        {
          "index_key": 59,
          "schema_version": 0,
          "attributes": {
            "id": "-",
            "input": [
              "BITTER",
              "STICKY",
              "THUNDERING",
              "ABUNDANT",
              "CHUBBY",
              "GRUMPY"
            ],
            "keepers": null,
            "result": [
              "STICKY",
              "BITTER",
              "THUNDERING",
              "CHUBBY",
              "GRUMPY",
              "ABUNDANT"
            ],
            "result_count": null,
            "seed": null
          },
          "sensitive_attributes": []
        },
        {
          "index_key": 60,
          "schema_version": 0,
          "attributes": {
            "id": "-",
            "input": [
              "BITTER",
              "STICKY",
              "THUNDERING",
              "ABUNDANT",
              "CHUBBY",
              "GRUMPY"
            ],
            "keepers": null,
            "result": [
              "STICKY",
              "BITTER",
              "CHUBBY",
              "THUNDERING",
              "ABUNDANT",
              "GRUMPY"
            ],
            "result_count": null,
            "seed": null
          },
          "sensitive_attributes": []
        },
        {
          "index_key": 61,
          "schema_version": 0,
          "attributes": {
            "id": "-",
            "input": [
              "BITTER",
              "STICKY",
              "THUNDERING",
              "ABUNDANT",
              "CHUBBY",
              "GRUMPY"
            ],
            "keepers": null,
            "result": [
              "GRUMPY",
              "BITTER",
              "THUNDERING",
              "CHUBBY",
              "STICKY",
              "ABUNDANT"
            ],
            "result_count": null,
            "seed": null
          },
          "sensitive_attributes": []
        },
        {
          "index_key": 62,
          "schema_version": 0,
          "attributes": {
            "id": "-",
            "input": [
              "BITTER",
              "STICKY",
              "THUNDERING",
              "ABUNDANT",
              "CHUBBY",
              "GRUMPY"
            ],
            "keepers": null,
            "result": [
              "BITTER",
              "STICKY",
              "ABUNDANT",
              "THUNDERING",
              "CHUBBY",
              "GRUMPY"
            ],
            "result_count": null,
            "seed": null
          },
          "sensitive_attributes": []
        },
        {
          "index_key": 63,
          "schema_version": 0,
          "attributes": {
            "id": "-",
            "input": [
              "BITTER",
              "STICKY",
              "THUNDERING",
              "ABUNDANT",
              "CHUBBY",
              "GRUMPY"
            ],
            "keepers": null,
            "result": [
              "BITTER",
              "GRUMPY",
              "THUNDERING",
              "CHUBBY",
              "ABUNDANT",
              "STICKY"
            ],
            "result_count": null,
            "seed": null
          },
          "sensitive_attributes": []
        },
        {
          "index_key": 64,
          "schema_version": 0,
          "attributes": {
            "id": "-",
            "input": [
              "BITTER",
              "STICKY",
              "THUNDERING",
              "ABUNDANT",
              "CHUBBY",
              "GRUMPY"
            ],
            "keepers": null,
            "result": [
              "STICKY",
              "CHUBBY",
              "BITTER",
              "THUNDERING",
              "ABUNDANT",
              "GRUMPY"
            ],
            "result_count": null,
            "seed": null
          },
          "sensitive_attributes": []
        },
        {
          "index_key": 65,
          "schema_version": 0,
          "attributes": {
            "id": "-",
            "input": [
              "BITTER",
              "STICKY",
              "THUNDERING",
              "ABUNDANT",
              "CHUBBY",
              "GRUMPY"
            ],
            "keepers": null,
            "result": [
              "BITTER",
              "GRUMPY",
              "THUNDERING",
              "ABUNDANT",
              "STICKY",
              "CHUBBY"
            ],
            "result_count": null,
            "seed": null
          },
          "sensitive_attributes": []
        },
        {
          "index_key": 66,
          "schema_version": 0,
          "attributes": {
            "id": "-",
            "input": [
              "BITTER",
              "STICKY",
              "THUNDERING",
              "ABUNDANT",
              "CHUBBY",
              "GRUMPY"
            ],
            "keepers": null,
            "result": [
              "BITTER",
              "STICKY",
              "CHUBBY",
              "ABUNDANT",
              "GRUMPY",
              "THUNDERING"
            ],
            "result_count": null,
            "seed": null
          },
          "sensitive_attributes": []
        },
        {
          "index_key": 67,
          "schema_version": 0,
          "attributes": {
            "id": "-",
            "input": [
              "BITTER",
              "STICKY",
              "THUNDERING",
              "ABUNDANT",
              "CHUBBY",
              "GRUMPY"
            ],
            "keepers": null,
            "result": [
              "BITTER",
              "STICKY",
              "THUNDERING",
              "ABUNDANT",
              "GRUMPY",
              "CHUBBY"
            ],
            "result_count": null,
            "seed": null
          },
          "sensitive_attributes": []
        },
        {
          "index_key": 68,
          "schema_version": 0,
          "attributes": {
            "id": "-",
            "input": [
              "BITTER",
              "STICKY",
              "THUNDERING",
              "ABUNDANT",
              "CHUBBY",
              "GRUMPY"
            ],
            "keepers": null,
            "result": [
              "CHUBBY",
              "THUNDERING",
              "BITTER",
              "GRUMPY",
              "STICKY",
              "ABUNDANT"
            ],
            "result_count": null,
            "seed": null
          },
          "sensitive_attributes": []
        },
        {
          "index_key": 69,
          "schema_version": 0,
          "attributes": {
            "id": "-",
            "input": [
              "BITTER",
              "STICKY",
              "THUNDERING",
              "ABUNDANT",
              "CHUBBY",
              "GRUMPY"
            ],
            "keepers": null,
            "result": [
              "THUNDERING",
              "STICKY",
              "BITTER",
              "GRUMPY",
              "CHUBBY",
              "ABUNDANT"
            ],
            "result_count": null,
            "seed": null
          },
          "sensitive_attributes": []
        },
        {
          "index_key": 70,
          "schema_version": 0,
          "attributes": {
            "id": "-",
            "input": [
              "BITTER",
              "STICKY",
              "THUNDERING",
              "ABUNDANT",
              "CHUBBY",
              "GRUMPY"
            ],
            "keepers": null,
            "result": [
              "CHUBBY",
              "ABUNDANT",
              "STICKY",
              "GRUMPY",
              "BITTER",
              "THUNDERING"
            ],
            "result_count": null,
            "seed": null
          },
          "sensitive_attributes": []
        },
        {
          "index_key": 71,
          "schema_version": 0,
          "attributes": {
            "id": "-",
            "input": [
              "BITTER",
              "STICKY",
              "THUNDERING",
              "ABUNDANT",
              "CHUBBY",
              "GRUMPY"
            ],
            "keepers": null,
            "result": [
              "ABUNDANT",
              "STICKY",
              "GRUMPY",
              "THUNDERING",
              "CHUBBY",
              "BITTER"
            ],
            "result_count": null,
            "seed": null
          },
          "sensitive_attributes": []
        },
        {
          "index_key": 72,
          "schema_version": 0,
          "attributes": {
            "id": "-",
            "input": [
              "BITTER",
              "STICKY",
              "THUNDERING",
              "ABUNDANT",
              "CHUBBY",
              "GRUMPY"
            ],
            "keepers": null,
            "result": [
              "THUNDERING",
              "BITTER",
              "ABUNDANT",
              "STICKY",
              "GRUMPY",
              "CHUBBY"
            ],
            "result_count": null,
            "seed": null
          },
          "sensitive_attributes": []
        },
        {
          "index_key": 73,
          "schema_version": 0,
          "attributes": {
            "id": "-",
            "input": [
              "BITTER",
              "STICKY",
              "THUNDERING",
              "ABUNDANT",
              "CHUBBY",
              "GRUMPY"
            ],
            "keepers": null,
            "result": [
              "ABUNDANT",
              "GRUMPY",
              "CHUBBY",
              "STICKY",
              "THUNDERING",
              "BITTER"
            ],
            "result_count": null,
            "seed": null
          },
          "sensitive_attributes": []
        },
        {
          "index_key": 74,
          "schema_version": 0,
          "attributes": {
            "id": "-",
            "input": [
              "BITTER",
              "STICKY",
              "THUNDERING",
              "ABUNDANT",
              "CHUBBY",
              "GRUMPY"
            ],
            "keepers": null,
            "result": [
              "BITTER",
              "GRUMPY",
              "CHUBBY",
              "STICKY",
              "THUNDERING",
              "ABUNDANT"
            ],
            "result_count": null,
            "seed": null
          },
          "sensitive_attributes": []
        },
        {
          "index_key": 75,
          "schema_version": 0,
          "attributes": {
            "id": "-",
            "input": [
              "BITTER",
              "STICKY",
              "THUNDERING",
              "ABUNDANT",
              "CHUBBY",
              "GRUMPY"
            ],
            "keepers": null,
            "result": [
              "BITTER",
              "ABUNDANT",
              "STICKY",
              "THUNDERING",
              "CHUBBY",
              "GRUMPY"
            ],
            "result_count": null,
            "seed": null
          },
          "sensitive_attributes": []
        },
        {
          "index_key": 76,
          "schema_version": 0,
          "attributes": {
            "id": "-",
            "input": [
              "BITTER",
              "STICKY",
              "THUNDERING",
              "ABUNDANT",
              "CHUBBY",
              "GRUMPY"
            ],
            "keepers": null,
            "result": [
              "GRUMPY",
              "ABUNDANT",
              "THUNDERING",
              "BITTER",
              "STICKY",
              "CHUBBY"
            ],
            "result_count": null,
            "seed": null
          },
          "sensitive_attributes": []
        },
        {
          "index_key": 77,
          "schema_version": 0,
          "attributes": {
            "id": "-",
            "input": [
              "BITTER",
              "STICKY",
              "THUNDERING",
              "ABUNDANT",
              "CHUBBY",
              "GRUMPY"
            ],
            "keepers": null,
            "result": [
              "GRUMPY",
              "STICKY",
              "CHUBBY",
              "BITTER",
              "ABUNDANT",
              "THUNDERING"
            ],
            "result_count": null,
            "seed": null
          },
          "sensitive_attributes": []
        },
        {
          "index_key": 78,
          "schema_version": 0,
          "attributes": {
            "id": "-",
            "input": [
              "BITTER",
              "STICKY",
              "THUNDERING",
              "ABUNDANT",
              "CHUBBY",
              "GRUMPY"
            ],
            "keepers": null,
            "result": [
              "ABUNDANT",
              "CHUBBY",
              "STICKY",
              "THUNDERING",
              "BITTER",
              "GRUMPY"
            ],
            "result_count": null,
            "seed": null
          },
          "sensitive_attributes": []
        },
        {
          "index_key": 79,
          "schema_version": 0,
          "attributes": {
            "id": "-",
            "input": [
              "BITTER",
              "STICKY",
              "THUNDERING",
              "ABUNDANT",
              "CHUBBY",
              "GRUMPY"
            ],
            "keepers": null,
            "result": [
              "BITTER",
              "ABUNDANT",
              "CHUBBY",
              "THUNDERING",
              "GRUMPY",
              "STICKY"
            ],
            "result_count": null,
            "seed": null
          },
          "sensitive_attributes": []
        },
        {
          "index_key": 80,
          "schema_version": 0,
          "attributes": {
            "id": "-",
            "input": [
              "BITTER",
              "STICKY",
              "THUNDERING",
              "ABUNDANT",
              "CHUBBY",
              "GRUMPY"
            ],
            "keepers": null,
            "result": [
              "BITTER",
              "THUNDERING",
              "CHUBBY",
              "STICKY",
              "GRUMPY",
              "ABUNDANT"
            ],
            "result_count": null,
            "seed": null
          },
          "sensitive_attributes": []
        },
        {
          "index_key": 81,
          "schema_version": 0,
          "attributes": {
            "id": "-",
            "input": [
              "BITTER",
              "STICKY",
              "THUNDERING",
              "ABUNDANT",
              "CHUBBY",
              "GRUMPY"
            ],
            "keepers": null,
            "result": [
              "CHUBBY",
              "GRUMPY",
              "BITTER",
              "STICKY",
              "ABUNDANT",
              "THUNDERING"
            ],
            "result_count": null,
            "seed": null
          },
          "sensitive_attributes": []
        },
        {
          "index_key": 82,
          "schema_version": 0,
          "attributes": {
            "id": "-",
            "input": [
              "BITTER",
              "STICKY",
              "THUNDERING",
              "ABUNDANT",
              "CHUBBY",
              "GRUMPY"
            ],
            "keepers": null,
            "result": [
              "THUNDERING",
              "BITTER",
              "GRUMPY",
              "CHUBBY",
              "STICKY",
              "ABUNDANT"
            ],
            "result_count": null,
            "seed": null
          },
          "sensitive_attributes": []
        },
        {
          "index_key": 83,
          "schema_version": 0,
          "attributes": {
            "id": "-",
            "input": [
              "BITTER",
              "STICKY",
              "THUNDERING",
              "ABUNDANT",
              "CHUBBY",
              "GRUMPY"
            ],
            "keepers": null,
            "result": [
              "ABUNDANT",
              "STICKY",
              "BITTER",
              "GRUMPY",
              "THUNDERING",
              "CHUBBY"
            ],
            "result_count": null,
            "seed": null
          },
          "sensitive_attributes": []
        },
        {
          "index_key": 84,
          "schema_version": 0,
          "attributes": {
            "id": "-",
            "input": [
              "BITTER",
              "STICKY",
              "THUNDERING",
              "ABUNDANT",
              "CHUBBY",
              "GRUMPY"
            ],
            "keepers": null,
            "result": [
              "STICKY",
              "THUNDERING",
              "BITTER",
              "CHUBBY",
              "ABUNDANT",
              "GRUMPY"
            ],
            "result_count": null,
            "seed": null
          },
          "sensitive_attributes": []
        },
        {
          "index_key": 85,
          "schema_version": 0,
          "attributes": {
            "id": "-",
            "input": [
              "BITTER",
              "STICKY",
              "THUNDERING",
              "ABUNDANT",
              "CHUBBY",
              "GRUMPY"
            ],
            "keepers": null,
            "result": [
              "THUNDERING",
              "BITTER",
              "ABUNDANT",
              "GRUMPY",
              "CHUBBY",
              "STICKY"
            ],
            "result_count": null,
            "seed": null
          },
          "sensitive_attributes": []
        },
        {
          "index_key": 86,
          "schema_version": 0,
          "attributes": {
            "id": "-",
            "input": [
              "BITTER",
              "STICKY",
              "THUNDERING",
              "ABUNDANT",
              "CHUBBY",
              "GRUMPY"
            ],
            "keepers": null,
            "result": [
              "BITTER",
              "CHUBBY",
              "GRUMPY",
              "THUNDERING",
              "ABUNDANT",
              "STICKY"
            ],
            "result_count": null,
            "seed": null
          },
          "sensitive_attributes": []
        },
        {
          "index_key": 87,
          "schema_version": 0,
          "attributes": {
            "id": "-",
            "input": [
              "BITTER",
              "STICKY",
              "THUNDERING",
              "ABUNDANT",
              "CHUBBY",
              "GRUMPY"
            ],
            "keepers": null,
            "result": [
              "GRUMPY",
              "STICKY",
              "CHUBBY",
              "ABUNDANT",
              "THUNDERING",
              "BITTER"
            ],
            "result_count": null,
            "seed": null
          },
          "sensitive_attributes": []
        },
        {
          "index_key": 88,
          "schema_version": 0,
          "attributes": {
            "id": "-",
            "input": [
              "BITTER",
              "STICKY",
              "THUNDERING",
              "ABUNDANT",
              "CHUBBY",
              "GRUMPY"
            ],
            "keepers": null,
            "result": [
              "BITTER",
              "CHUBBY",
              "ABUNDANT",
              "GRUMPY",
              "STICKY",
              "THUNDERING"
            ],
            "result_count": null,
            "seed": null
          },
          "sensitive_attributes": []
        },
        {
          "index_key": 89,
          "schema_version": 0,
          "attributes": {
            "id": "-",
            "input": [
              "BITTER",
              "STICKY",
              "THUNDERING",
              "ABUNDANT",
              "CHUBBY",
              "GRUMPY"
            ],
            "keepers": null,
            "result": [
              "THUNDERING",
              "CHUBBY",
              "BITTER",
              "ABUNDANT",
              "GRUMPY",
              "STICKY"
            ],
            "result_count": null,
            "seed": null
          },
          "sensitive_attributes": []
        },
        {
          "index_key": 90,
          "schema_version": 0,
          "attributes": {
            "id": "-",
            "input": [
              "BITTER",
              "STICKY",
              "THUNDERING",
              "ABUNDANT",
              "CHUBBY",
              "GRUMPY"
            ],
            "keepers": null,
            "result": [
              "GRUMPY",
              "STICKY",
              "CHUBBY",
              "THUNDERING",
              "BITTER",
              "ABUNDANT"
            ],
            "result_count": null,
            "seed": null
          },
          "sensitive_attributes": []
        },
        {
          "index_key": 91,
          "schema_version": 0,
          "attributes": {
            "id": "-",
            "input": [
              "BITTER",
              "STICKY",
              "THUNDERING",
              "ABUNDANT",
              "CHUBBY",
              "GRUMPY"
            ],
            "keepers": null,
            "result": [
              "THUNDERING",
              "BITTER",
              "ABUNDANT",
              "GRUMPY",
              "STICKY",
              "CHUBBY"
            ],
            "result_count": null,
            "seed": null
          },
          "sensitive_attributes": []
        },
        {
          "index_key": 92,
          "schema_version": 0,
          "attributes": {
            "id": "-",
            "input": [
              "BITTER",
              "STICKY",
              "THUNDERING",
              "ABUNDANT",
              "CHUBBY",
              "GRUMPY"
            ],
            "keepers": null,
            "result": [
              "ABUNDANT",
              "GRUMPY",
              "STICKY",
              "CHUBBY",
              "THUNDERING",
              "BITTER"
            ],
            "result_count": null,
            "seed": null
          },
          "sensitive_attributes": []
        },
        {
          "index_key": 93,
          "schema_version": 0,
          "attributes": {
            "id": "-",
            "input": [
              "BITTER",
              "STICKY",
              "THUNDERING",
              "ABUNDANT",
              "CHUBBY",
              "GRUMPY"
            ],
            "keepers": null,
            "result": [
              "CHUBBY",
              "BITTER",
              "STICKY",
              "GRUMPY",
              "ABUNDANT",
              "THUNDERING"
            ],
            "result_count": null,
            "seed": null
          },
          "sensitive_attributes": []
        },
        {
          "index_key": 94,
          "schema_version": 0,
          "attributes": {
            "id": "-",
            "input": [
              "BITTER",
              "STICKY",
              "THUNDERING",
              "ABUNDANT",
              "CHUBBY",
              "GRUMPY"
            ],
            "keepers": null,
            "result": [
              "BITTER",
              "THUNDERING",
              "CHUBBY",
              "ABUNDANT",
              "STICKY",
              "GRUMPY"
            ],
            "result_count": null,
            "seed": null
          },
          "sensitive_attributes": []
        },
        {
          "index_key": 95,
          "schema_version": 0,
          "attributes": {
            "id": "-",
            "input": [
              "BITTER",
              "STICKY",
              "THUNDERING",
              "ABUNDANT",
              "CHUBBY",
              "GRUMPY"
            ],
            "keepers": null,
            "result": [
              "STICKY",
              "BITTER",
              "CHUBBY",
              "ABUNDANT",
              "GRUMPY",
              "THUNDERING"
            ],
            "result_count": null,
            "seed": null
          },
          "sensitive_attributes": []
        },
        {
          "index_key": 96,
          "schema_version": 0,
          "attributes": {
            "id": "-",
            "input": [
              "BITTER",
              "STICKY",
              "THUNDERING",
              "ABUNDANT",
              "CHUBBY",
              "GRUMPY"
            ],
            "keepers": null,
            "result": [
              "CHUBBY",
              "THUNDERING",
              "BITTER",
              "GRUMPY",
              "STICKY",
              "ABUNDANT"
            ],
            "result_count": null,
            "seed": null
          },
          "sensitive_attributes": []
        },
        {
          "index_key": 97,
          "schema_version": 0,
          "attributes": {
            "id": "-",
            "input": [
              "BITTER",
              "STICKY",
              "THUNDERING",
              "ABUNDANT",
              "CHUBBY",
              "GRUMPY"
            ],
            "keepers": null,
            "result": [
              "BITTER",
              "ABUNDANT",
              "GRUMPY",
              "CHUBBY",
              "THUNDERING",
              "STICKY"
            ],
            "result_count": null,
            "seed": null
          },
          "sensitive_attributes": []
        },
        {
          "index_key": 98,
          "schema_version": 0,
          "attributes": {
            "id": "-",
            "input": [
              "BITTER",
              "STICKY",
              "THUNDERING",
              "ABUNDANT",
              "CHUBBY",
              "GRUMPY"
            ],
            "keepers": null,
            "result": [
              "GRUMPY",
              "BITTER",
              "STICKY",
              "THUNDERING",
              "ABUNDANT",
              "CHUBBY"
            ],
            "result_count": null,
            "seed": null
          },
          "sensitive_attributes": []
        },
        {
          "index_key": 99,
          "schema_version": 0,
          "attributes": {
            "id": "-",
            "input": [
              "BITTER",
              "STICKY",
              "THUNDERING",
              "ABUNDANT",
              "CHUBBY",
              "GRUMPY"
            ],
            "keepers": null,
            "result": [
              "ABUNDANT",
              "STICKY",
              "CHUBBY",
              "THUNDERING",
              "GRUMPY",
              "BITTER"
            ],
            "result_count": null,
            "seed": null
          },
          "sensitive_attributes": []
        }
      ]
    },
    {
      "mode": "managed",
      "type": "random_shuffle",
      "name": "random_adverbs",
      "provider": "provider[\"registry.terraform.io/hashicorp/random\"]",
      "instances": [
        {
          "index_key": 0,
          "schema_version": 0,
          "attributes": {
            "id": "-",
            "input": [
              "DELICATELY",
              "BEAUTIFULLY",
              "QUICKLY",
              "TRUTHFULLY",
              "WEARILY"
            ],
            "keepers": null,
            "result": [
              "WEARILY",
              "TRUTHFULLY",
              "BEAUTIFULLY",
              "DELICATELY",
              "QUICKLY"
            ],
            "result_count": null,
            "seed": null
          },
          "sensitive_attributes": []
        },
        {
          "index_key": 1,
          "schema_version": 0,
          "attributes": {
            "id": "-",
            "input": [
              "DELICATELY",
              "BEAUTIFULLY",
              "QUICKLY",
              "TRUTHFULLY",
              "WEARILY"
            ],
            "keepers": null,
            "result": [
              "DELICATELY",
              "WEARILY",
              "BEAUTIFULLY",
              "TRUTHFULLY",
              "QUICKLY"
            ],
            "result_count": null,
            "seed": null
          },
          "sensitive_attributes": []
        },
        {
          "index_key": 2,
          "schema_version": 0,
          "attributes": {
            "id": "-",
            "input": [
              "DELICATELY",
              "BEAUTIFULLY",
              "QUICKLY",
              "TRUTHFULLY",
              "WEARILY"
            ],
            "keepers": null,
            "result": [
              "WEARILY",
              "QUICKLY",
              "BEAUTIFULLY",
              "DELICATELY",
              "TRUTHFULLY"
            ],
            "result_count": null,
            "seed": null
          },
          "sensitive_attributes": []
        },
        {
          "index_key": 3,
          "schema_version": 0,
          "attributes": {
            "id": "-",
            "input": [
              "DELICATELY",
              "BEAUTIFULLY",
              "QUICKLY",
              "TRUTHFULLY",
              "WEARILY"
            ],
            "keepers": null,
            "result": [
              "WEARILY",
              "BEAUTIFULLY",
              "DELICATELY",
              "QUICKLY",
              "TRUTHFULLY"
            ],
            "result_count": null,
            "seed": null
          },
          "sensitive_attributes": []
        },
        {
          "index_key": 4,
          "schema_version": 0,
          "attributes": {
            "id": "-",
            "input": [
              "DELICATELY",
              "BEAUTIFULLY",
              "QUICKLY",
              "TRUTHFULLY",
              "WEARILY"
            ],
            "keepers": null,
            "result": [
              "TRUTHFULLY",
              "QUICKLY",
              "WEARILY",
              "BEAUTIFULLY",
              "DELICATELY"
            ],
            "result_count": null,
            "seed": null
          },
          "sensitive_attributes": []
        },
        {
          "index_key": 5,
          "schema_version": 0,
          "attributes": {
            "id": "-",
            "input": [
              "DELICATELY",
              "BEAUTIFULLY",
              "QUICKLY",
              "TRUTHFULLY",
              "WEARILY"
            ],
            "keepers": null,
            "result": [
              "BEAUTIFULLY",
              "TRUTHFULLY",
              "DELICATELY",
              "WEARILY",
              "QUICKLY"
            ],
            "result_count": null,
            "seed": null
          },
          "sensitive_attributes": []
        },
        {
          "index_key": 6,
          "schema_version": 0,
          "attributes": {
            "id": "-",
            "input": [
              "DELICATELY",
              "BEAUTIFULLY",
              "QUICKLY",
              "TRUTHFULLY",
              "WEARILY"
            ],
            "keepers": null,
            "result": [
              "TRUTHFULLY",
              "BEAUTIFULLY",
              "QUICKLY",
              "DELICATELY",
              "WEARILY"
            ],
            "result_count": null,
            "seed": null
          },
          "sensitive_attributes": []
        },
        {
          "index_key": 7,
          "schema_version": 0,
          "attributes": {
            "id": "-",
            "input": [
              "DELICATELY",
              "BEAUTIFULLY",
              "QUICKLY",
              "TRUTHFULLY",
              "WEARILY"
            ],
            "keepers": null,
            "result": [
              "TRUTHFULLY",
              "DELICATELY",
              "BEAUTIFULLY",
              "QUICKLY",
              "WEARILY"
            ],
            "result_count": null,
            "seed": null
          },
          "sensitive_attributes": []
        },
        {
          "index_key": 8,
          "schema_version": 0,
          "attributes": {
            "id": "-",
            "input": [
              "DELICATELY",
              "BEAUTIFULLY",
              "QUICKLY",
              "TRUTHFULLY",
              "WEARILY"
            ],
            "keepers": null,
            "result": [
              "BEAUTIFULLY",
              "WEARILY",
              "QUICKLY",
              "TRUTHFULLY",
              "DELICATELY"
            ],
            "result_count": null,
            "seed": null
          },
          "sensitive_attributes": []
        },
        {
          "index_key": 9,
          "schema_version": 0,
          "attributes": {
            "id": "-",
            "input": [
              "DELICATELY",
              "BEAUTIFULLY",
              "QUICKLY",
              "TRUTHFULLY",
              "WEARILY"
            ],
            "keepers": null,
            "result": [
              "DELICATELY",
              "TRUTHFULLY",
              "WEARILY",
              "BEAUTIFULLY",
              "QUICKLY"
            ],
            "result_count": null,
            "seed": null
          },
          "sensitive_attributes": []
        },
        {
          "index_key": 10,
          "schema_version": 0,
          "attributes": {
            "id": "-",
            "input": [
              "DELICATELY",
              "BEAUTIFULLY",
              "QUICKLY",
              "TRUTHFULLY",
              "WEARILY"
            ],
            "keepers": null,
            "result": [
              "TRUTHFULLY",
              "BEAUTIFULLY",
              "QUICKLY",
              "WEARILY",
              "DELICATELY"
            ],
            "result_count": null,
            "seed": null
          },
          "sensitive_attributes": []
        },
        {
          "index_key": 11,
          "schema_version": 0,
          "attributes": {
            "id": "-",
            "input": [
              "DELICATELY",
              "BEAUTIFULLY",
              "QUICKLY",
              "TRUTHFULLY",
              "WEARILY"
            ],
            "keepers": null,
            "result": [
              "WEARILY",
              "TRUTHFULLY",
              "QUICKLY",
              "DELICATELY",
              "BEAUTIFULLY"
            ],
            "result_count": null,
            "seed": null
          },
          "sensitive_attributes": []
        },
        {
          "index_key": 12,
          "schema_version": 0,
          "attributes": {
            "id": "-",
            "input": [
              "DELICATELY",
              "BEAUTIFULLY",
              "QUICKLY",
              "TRUTHFULLY",
              "WEARILY"
            ],
            "keepers": null,
            "result": [
              "DELICATELY",
              "WEARILY",
              "QUICKLY",
              "TRUTHFULLY",
              "BEAUTIFULLY"
            ],
            "result_count": null,
            "seed": null
          },
          "sensitive_attributes": []
        },
        {
          "index_key": 13,
          "schema_version": 0,
          "attributes": {
            "id": "-",
            "input": [
              "DELICATELY",
              "BEAUTIFULLY",
              "QUICKLY",
              "TRUTHFULLY",
              "WEARILY"
            ],
            "keepers": null,
            "result": [
              "BEAUTIFULLY",
              "WEARILY",
              "QUICKLY",
              "TRUTHFULLY",
              "DELICATELY"
            ],
            "result_count": null,
            "seed": null
          },
          "sensitive_attributes": []
        },
        {
          "index_key": 14,
          "schema_version": 0,
          "attributes": {
            "id": "-",
            "input": [
              "DELICATELY",
              "BEAUTIFULLY",
              "QUICKLY",
              "TRUTHFULLY",
              "WEARILY"
            ],
            "keepers": null,
            "result": [
              "DELICATELY",
              "WEARILY",
              "TRUTHFULLY",
              "BEAUTIFULLY",
              "QUICKLY"
            ],
            "result_count": null,
            "seed": null
          },
          "sensitive_attributes": []
        },
        {
          "index_key": 15,
          "schema_version": 0,
          "attributes": {
            "id": "-",
            "input": [
              "DELICATELY",
              "BEAUTIFULLY",
              "QUICKLY",
              "TRUTHFULLY",
              "WEARILY"
            ],
            "keepers": null,
            "result": [
              "DELICATELY",
              "QUICKLY",
              "TRUTHFULLY",
              "BEAUTIFULLY",
              "WEARILY"
            ],
            "result_count": null,
            "seed": null
          },
          "sensitive_attributes": []
        },
        {
          "index_key": 16,
          "schema_version": 0,
          "attributes": {
            "id": "-",
            "input": [
              "DELICATELY",
              "BEAUTIFULLY",
              "QUICKLY",
              "TRUTHFULLY",
              "WEARILY"
            ],
            "keepers": null,
            "result": [
              "QUICKLY",
              "BEAUTIFULLY",
              "WEARILY",
              "DELICATELY",
              "TRUTHFULLY"
            ],
            "result_count": null,
            "seed": null
          },
          "sensitive_attributes": []
        },
        {
          "index_key": 17,
          "schema_version": 0,
          "attributes": {
            "id": "-",
            "input": [
              "DELICATELY",
              "BEAUTIFULLY",
              "QUICKLY",
              "TRUTHFULLY",
              "WEARILY"
            ],
            "keepers": null,
            "result": [
              "BEAUTIFULLY",
              "WEARILY",
              "QUICKLY",
              "DELICATELY",
              "TRUTHFULLY"
            ],
            "result_count": null,
            "seed": null
          },
          "sensitive_attributes": []
        },
        {
          "index_key": 18,
          "schema_version": 0,
          "attributes": {
            "id": "-",
            "input": [
              "DELICATELY",
              "BEAUTIFULLY",
              "QUICKLY",
              "TRUTHFULLY",
              "WEARILY"
            ],
            "keepers": null,
            "result": [
              "BEAUTIFULLY",
              "WEARILY",
              "QUICKLY",
              "DELICATELY",
              "TRUTHFULLY"
            ],
            "result_count": null,
            "seed": null
          },
          "sensitive_attributes": []
        },
        {
          "index_key": 19,
          "schema_version": 0,
          "attributes": {
            "id": "-",
            "input": [
              "DELICATELY",
              "BEAUTIFULLY",
              "QUICKLY",
              "TRUTHFULLY",
              "WEARILY"
            ],
            "keepers": null,
            "result": [
              "DELICATELY",
              "QUICKLY",
              "WEARILY",
              "TRUTHFULLY",
              "BEAUTIFULLY"
            ],
            "result_count": null,
            "seed": null
          },
          "sensitive_attributes": []
        },
        {
          "index_key": 20,
          "schema_version": 0,
          "attributes": {
            "id": "-",
            "input": [
              "DELICATELY",
              "BEAUTIFULLY",
              "QUICKLY",
              "TRUTHFULLY",
              "WEARILY"
            ],
            "keepers": null,
            "result": [
              "TRUTHFULLY",
              "QUICKLY",
              "WEARILY",
              "BEAUTIFULLY",
              "DELICATELY"
            ],
            "result_count": null,
            "seed": null
          },
          "sensitive_attributes": []
        },
        {
          "index_key": 21,
          "schema_version": 0,
          "attributes": {
            "id": "-",
            "input": [
              "DELICATELY",
              "BEAUTIFULLY",
              "QUICKLY",
              "TRUTHFULLY",
              "WEARILY"
            ],
            "keepers": null,
            "result": [
              "BEAUTIFULLY",
              "QUICKLY",
              "TRUTHFULLY",
              "WEARILY",
              "DELICATELY"
            ],
            "result_count": null,
            "seed": null
          },
          "sensitive_attributes": []
        },
        {
          "index_key": 22,
          "schema_version": 0,
          "attributes": {
            "id": "-",
            "input": [
              "DELICATELY",
              "BEAUTIFULLY",
              "QUICKLY",
              "TRUTHFULLY",
              "WEARILY"
            ],
            "keepers": null,
            "result": [
              "TRUTHFULLY",
              "BEAUTIFULLY",
              "WEARILY",
              "QUICKLY",
              "DELICATELY"
            ],
            "result_count": null,
            "seed": null
          },
          "sensitive_attributes": []
        },
        {
          "index_key": 23,
          "schema_version": 0,
          "attributes": {
            "id": "-",
            "input": [
              "DELICATELY",
              "BEAUTIFULLY",
              "QUICKLY",
              "TRUTHFULLY",
              "WEARILY"
            ],
            "keepers": null,
            "result": [
              "BEAUTIFULLY",
              "QUICKLY",
              "TRUTHFULLY",
              "DELICATELY",
              "WEARILY"
            ],
            "result_count": null,
            "seed": null
          },
          "sensitive_attributes": []
        },
        {
          "index_key": 24,
          "schema_version": 0,
          "attributes": {
            "id": "-",
            "input": [
              "DELICATELY",
              "BEAUTIFULLY",
              "QUICKLY",
              "TRUTHFULLY",
              "WEARILY"
            ],
            "keepers": null,
            "result": [
              "DELICATELY",
              "QUICKLY",
              "TRUTHFULLY",
              "BEAUTIFULLY",
              "WEARILY"
            ],
            "result_count": null,
            "seed": null
          },
          "sensitive_attributes": []
        },
        {
          "index_key": 25,
          "schema_version": 0,
          "attributes": {
            "id": "-",
            "input": [
              "DELICATELY",
              "BEAUTIFULLY",
              "QUICKLY",
              "TRUTHFULLY",
              "WEARILY"
            ],
            "keepers": null,
            "result": [
              "BEAUTIFULLY",
              "WEARILY",
              "TRUTHFULLY",
              "QUICKLY",
              "DELICATELY"
            ],
            "result_count": null,
            "seed": null
          },
          "sensitive_attributes": []
        },
        {
          "index_key": 26,
          "schema_version": 0,
          "attributes": {
            "id": "-",
            "input": [
              "DELICATELY",
              "BEAUTIFULLY",
              "QUICKLY",
              "TRUTHFULLY",
              "WEARILY"
            ],
            "keepers": null,
            "result": [
              "QUICKLY",
              "TRUTHFULLY",
              "DELICATELY",
              "BEAUTIFULLY",
              "WEARILY"
            ],
            "result_count": null,
            "seed": null
          },
          "sensitive_attributes": []
        },
        {
          "index_key": 27,
          "schema_version": 0,
          "attributes": {
            "id": "-",
            "input": [
              "DELICATELY",
              "BEAUTIFULLY",
              "QUICKLY",
              "TRUTHFULLY",
              "WEARILY"
            ],
            "keepers": null,
            "result": [
              "BEAUTIFULLY",
              "WEARILY",
              "DELICATELY",
              "TRUTHFULLY",
              "QUICKLY"
            ],
            "result_count": null,
            "seed": null
          },
          "sensitive_attributes": []
        },
        {
          "index_key": 28,
          "schema_version": 0,
          "attributes": {
            "id": "-",
            "input": [
              "DELICATELY",
              "BEAUTIFULLY",
              "QUICKLY",
              "TRUTHFULLY",
              "WEARILY"
            ],
            "keepers": null,
            "result": [
              "QUICKLY",
              "TRUTHFULLY",
              "WEARILY",
              "BEAUTIFULLY",
              "DELICATELY"
            ],
            "result_count": null,
            "seed": null
          },
          "sensitive_attributes": []
        },
        {
          "index_key": 29,
          "schema_version": 0,
          "attributes": {
            "id": "-",
            "input": [
              "DELICATELY",
              "BEAUTIFULLY",
              "QUICKLY",
              "TRUTHFULLY",
              "WEARILY"
            ],
            "keepers": null,
            "result": [
              "WEARILY",
              "TRUTHFULLY",
              "QUICKLY",
              "DELICATELY",
              "BEAUTIFULLY"
            ],
            "result_count": null,
            "seed": null
          },
          "sensitive_attributes": []
        },
        {
          "index_key": 30,
          "schema_version": 0,
          "attributes": {
            "id": "-",
            "input": [
              "DELICATELY",
              "BEAUTIFULLY",
              "QUICKLY",
              "TRUTHFULLY",
              "WEARILY"
            ],
            "keepers": null,
            "result": [
              "TRUTHFULLY",
              "WEARILY",
              "DELICATELY",
              "BEAUTIFULLY",
              "QUICKLY"
            ],
            "result_count": null,
            "seed": null
          },
          "sensitive_attributes": []
        },
        {
          "index_key": 31,
          "schema_version": 0,
          "attributes": {
            "id": "-",
            "input": [
              "DELICATELY",
              "BEAUTIFULLY",
              "QUICKLY",
              "TRUTHFULLY",
              "WEARILY"
            ],
            "keepers": null,
            "result": [
              "QUICKLY",
              "BEAUTIFULLY",
              "DELICATELY",
              "TRUTHFULLY",
              "WEARILY"
            ],
            "result_count": null,
            "seed": null
          },
          "sensitive_attributes": []
        },
        {
          "index_key": 32,
          "schema_version": 0,
          "attributes": {
            "id": "-",
            "input": [
              "DELICATELY",
              "BEAUTIFULLY",
              "QUICKLY",
              "TRUTHFULLY",
              "WEARILY"
            ],
            "keepers": null,
            "result": [
              "TRUTHFULLY",
              "DELICATELY",
              "BEAUTIFULLY",
              "WEARILY",
              "QUICKLY"
            ],
            "result_count": null,
            "seed": null
          },
          "sensitive_attributes": []
        },
        {
          "index_key": 33,
          "schema_version": 0,
          "attributes": {
            "id": "-",
            "input": [
              "DELICATELY",
              "BEAUTIFULLY",
              "QUICKLY",
              "TRUTHFULLY",
              "WEARILY"
            ],
            "keepers": null,
            "result": [
              "BEAUTIFULLY",
              "QUICKLY",
              "TRUTHFULLY",
              "DELICATELY",
              "WEARILY"
            ],
            "result_count": null,
            "seed": null
          },
          "sensitive_attributes": []
        },
        {
          "index_key": 34,
          "schema_version": 0,
          "attributes": {
            "id": "-",
            "input": [
              "DELICATELY",
              "BEAUTIFULLY",
              "QUICKLY",
              "TRUTHFULLY",
              "WEARILY"
            ],
            "keepers": null,
            "result": [
              "DELICATELY",
              "QUICKLY",
              "TRUTHFULLY",
              "WEARILY",
              "BEAUTIFULLY"
            ],
            "result_count": null,
            "seed": null
          },
          "sensitive_attributes": []
        },
        {
          "index_key": 35,
          "schema_version": 0,
          "attributes": {
            "id": "-",
            "input": [
              "DELICATELY",
              "BEAUTIFULLY",
              "QUICKLY",
              "TRUTHFULLY",
              "WEARILY"
            ],
            "keepers": null,
            "result": [
              "QUICKLY",
              "WEARILY",
              "DELICATELY",
              "BEAUTIFULLY",
              "TRUTHFULLY"
            ],
            "result_count": null,
            "seed": null
          },
          "sensitive_attributes": []
        },
        {
          "index_key": 36,
          "schema_version": 0,
          "attributes": {
            "id": "-",
            "input": [
              "DELICATELY",
              "BEAUTIFULLY",
              "QUICKLY",
              "TRUTHFULLY",
              "WEARILY"
            ],
            "keepers": null,
            "result": [
              "QUICKLY",
              "TRUTHFULLY",
              "DELICATELY",
              "BEAUTIFULLY",
              "WEARILY"
            ],
            "result_count": null,
            "seed": null
          },
          "sensitive_attributes": []
        },
        {
          "index_key": 37,
          "schema_version": 0,
          "attributes": {
            "id": "-",
            "input": [
              "DELICATELY",
              "BEAUTIFULLY",
              "QUICKLY",
              "TRUTHFULLY",
              "WEARILY"
            ],
            "keepers": null,
            "result": [
              "TRUTHFULLY",
              "WEARILY",
              "DELICATELY",
              "QUICKLY",
              "BEAUTIFULLY"
            ],
            "result_count": null,
            "seed": null
          },
          "sensitive_attributes": []
        },
        {
          "index_key": 38,
          "schema_version": 0,
          "attributes": {
            "id": "-",
            "input": [
              "DELICATELY",
              "BEAUTIFULLY",
              "QUICKLY",
              "TRUTHFULLY",
              "WEARILY"
            ],
            "keepers": null,
            "result": [
              "DELICATELY",
              "QUICKLY",
              "BEAUTIFULLY",
              "TRUTHFULLY",
              "WEARILY"
            ],
            "result_count": null,
            "seed": null
          },
          "sensitive_attributes": []
        },
        {
          "index_key": 39,
          "schema_version": 0,
          "attributes": {
            "id": "-",
            "input": [
              "DELICATELY",
              "BEAUTIFULLY",
              "QUICKLY",
              "TRUTHFULLY",
              "WEARILY"
            ],
            "keepers": null,
            "result": [
              "QUICKLY",
              "TRUTHFULLY",
              "WEARILY",
              "DELICATELY",
              "BEAUTIFULLY"
            ],
            "result_count": null,
            "seed": null
          },
          "sensitive_attributes": []
        },
        {
          "index_key": 40,
          "schema_version": 0,
          "attributes": {
            "id": "-",
            "input": [
              "DELICATELY",
              "BEAUTIFULLY",
              "QUICKLY",
              "TRUTHFULLY",
              "WEARILY"
            ],
            "keepers": null,
            "result": [
              "TRUTHFULLY",
              "QUICKLY",
              "DELICATELY",
              "BEAUTIFULLY",
              "WEARILY"
            ],
            "result_count": null,
            "seed": null
          },
          "sensitive_attributes": []
        },
        {
          "index_key": 41,
          "schema_version": 0,
          "attributes": {
            "id": "-",
            "input": [
              "DELICATELY",
              "BEAUTIFULLY",
              "QUICKLY",
              "TRUTHFULLY",
              "WEARILY"
            ],
            "keepers": null,
            "result": [
              "TRUTHFULLY",
              "WEARILY",
              "BEAUTIFULLY",
              "QUICKLY",
              "DELICATELY"
            ],
            "result_count": null,
            "seed": null
          },
          "sensitive_attributes": []
        },
        {
          "index_key": 42,
          "schema_version": 0,
          "attributes": {
            "id": "-",
            "input": [
              "DELICATELY",
              "BEAUTIFULLY",
              "QUICKLY",
              "TRUTHFULLY",
              "WEARILY"
            ],
            "keepers": null,
            "result": [
              "TRUTHFULLY",
              "WEARILY",
              "BEAUTIFULLY",
              "DELICATELY",
              "QUICKLY"
            ],
            "result_count": null,
            "seed": null
          },
          "sensitive_attributes": []
        },
        {
          "index_key": 43,
          "schema_version": 0,
          "attributes": {
            "id": "-",
            "input": [
              "DELICATELY",
              "BEAUTIFULLY",
              "QUICKLY",
              "TRUTHFULLY",
              "WEARILY"
            ],
            "keepers": null,
            "result": [
              "DELICATELY",
              "QUICKLY",
              "BEAUTIFULLY",
              "TRUTHFULLY",
              "WEARILY"
            ],
            "result_count": null,
            "seed": null
          },
          "sensitive_attributes": []
        },
        {
          "index_key": 44,
          "schema_version": 0,
          "attributes": {
            "id": "-",
            "input": [
              "DELICATELY",
              "BEAUTIFULLY",
              "QUICKLY",
              "TRUTHFULLY",
              "WEARILY"
            ],
            "keepers": null,
            "result": [
              "DELICATELY",
              "BEAUTIFULLY",
              "WEARILY",
              "TRUTHFULLY",
              "QUICKLY"
            ],
            "result_count": null,
            "seed": null
          },
          "sensitive_attributes": []
        },
        {
          "index_key": 45,
          "schema_version": 0,
          "attributes": {
            "id": "-",
            "input": [
              "DELICATELY",
              "BEAUTIFULLY",
              "QUICKLY",
              "TRUTHFULLY",
              "WEARILY"
            ],
            "keepers": null,
            "result": [
              "DELICATELY",
              "QUICKLY",
              "TRUTHFULLY",
              "WEARILY",
              "BEAUTIFULLY"
            ],
            "result_count": null,
            "seed": null
          },
          "sensitive_attributes": []
        },
        {
          "index_key": 46,
          "schema_version": 0,
          "attributes": {
            "id": "-",
            "input": [
              "DELICATELY",
              "BEAUTIFULLY",
              "QUICKLY",
              "TRUTHFULLY",
              "WEARILY"
            ],
            "keepers": null,
            "result": [
              "DELICATELY",
              "TRUTHFULLY",
              "BEAUTIFULLY",
              "WEARILY",
              "QUICKLY"
            ],
            "result_count": null,
            "seed": null
          },
          "sensitive_attributes": []
        },
        {
          "index_key": 47,
          "schema_version": 0,
          "attributes": {
            "id": "-",
            "input": [
              "DELICATELY",
              "BEAUTIFULLY",
              "QUICKLY",
              "TRUTHFULLY",
              "WEARILY"
            ],
            "keepers": null,
            "result": [
              "WEARILY",
              "QUICKLY",
              "DELICATELY",
              "BEAUTIFULLY",
              "TRUTHFULLY"
            ],
            "result_count": null,
            "seed": null
          },
          "sensitive_attributes": []
        },
        {
          "index_key": 48,
          "schema_version": 0,
          "attributes": {
            "id": "-",
            "input": [
              "DELICATELY",
              "BEAUTIFULLY",
              "QUICKLY",
              "TRUTHFULLY",
              "WEARILY"
            ],
            "keepers": null,
            "result": [
              "DELICATELY",
              "QUICKLY",
              "TRUTHFULLY",
              "BEAUTIFULLY",
              "WEARILY"
            ],
            "result_count": null,
            "seed": null
          },
          "sensitive_attributes": []
        },
        {
          "index_key": 49,
          "schema_version": 0,
          "attributes": {
            "id": "-",
            "input": [
              "DELICATELY",
              "BEAUTIFULLY",
              "QUICKLY",
              "TRUTHFULLY",
              "WEARILY"
            ],
            "keepers": null,
            "result": [
              "QUICKLY",
              "BEAUTIFULLY",
              "TRUTHFULLY",
              "WEARILY",
              "DELICATELY"
            ],
            "result_count": null,
            "seed": null
          },
          "sensitive_attributes": []
        },
        {
          "index_key": 50,
          "schema_version": 0,
          "attributes": {
            "id": "-",
            "input": [
              "DELICATELY",
              "BEAUTIFULLY",
              "QUICKLY",
              "TRUTHFULLY",
              "WEARILY"
            ],
            "keepers": null,
            "result": [
              "WEARILY",
              "TRUTHFULLY",
              "QUICKLY",
              "DELICATELY",
              "BEAUTIFULLY"
            ],
            "result_count": null,
            "seed": null
          },
          "sensitive_attributes": []
        },
        {
          "index_key": 51,
          "schema_version": 0,
          "attributes": {
            "id": "-",
            "input": [
              "DELICATELY",
              "BEAUTIFULLY",
              "QUICKLY",
              "TRUTHFULLY",
              "WEARILY"
            ],
            "keepers": null,
            "result": [
              "TRUTHFULLY",
              "WEARILY",
              "QUICKLY",
              "BEAUTIFULLY",
              "DELICATELY"
            ],
            "result_count": null,
            "seed": null
          },
          "sensitive_attributes": []
        },
        {
          "index_key": 52,
          "schema_version": 0,
          "attributes": {
            "id": "-",
            "input": [
              "DELICATELY",
              "BEAUTIFULLY",
              "QUICKLY",
              "TRUTHFULLY",
              "WEARILY"
            ],
            "keepers": null,
            "result": [
              "WEARILY",
              "TRUTHFULLY",
              "DELICATELY",
              "BEAUTIFULLY",
              "QUICKLY"
            ],
            "result_count": null,
            "seed": null
          },
          "sensitive_attributes": []
        },
        {
          "index_key": 53,
          "schema_version": 0,
          "attributes": {
            "id": "-",
            "input": [
              "DELICATELY",
              "BEAUTIFULLY",
              "QUICKLY",
              "TRUTHFULLY",
              "WEARILY"
            ],
            "keepers": null,
            "result": [
              "BEAUTIFULLY",
              "DELICATELY",
              "QUICKLY",
              "WEARILY",
              "TRUTHFULLY"
            ],
            "result_count": null,
            "seed": null
          },
          "sensitive_attributes": []
        },
        {
          "index_key": 54,
          "schema_version": 0,
          "attributes": {
            "id": "-",
            "input": [
              "DELICATELY",
              "BEAUTIFULLY",
              "QUICKLY",
              "TRUTHFULLY",
              "WEARILY"
            ],
            "keepers": null,
            "result": [
              "BEAUTIFULLY",
              "QUICKLY",
              "DELICATELY",
              "WEARILY",
              "TRUTHFULLY"
            ],
            "result_count": null,
            "seed": null
          },
          "sensitive_attributes": []
        },
        {
          "index_key": 55,
          "schema_version": 0,
          "attributes": {
            "id": "-",
            "input": [
              "DELICATELY",
              "BEAUTIFULLY",
              "QUICKLY",
              "TRUTHFULLY",
              "WEARILY"
            ],
            "keepers": null,
            "result": [
              "DELICATELY",
              "BEAUTIFULLY",
              "TRUTHFULLY",
              "WEARILY",
              "QUICKLY"
            ],
            "result_count": null,
            "seed": null
          },
          "sensitive_attributes": []
        },
        {
          "index_key": 56,
          "schema_version": 0,
          "attributes": {
            "id": "-",
            "input": [
              "DELICATELY",
              "BEAUTIFULLY",
              "QUICKLY",
              "TRUTHFULLY",
              "WEARILY"
            ],
            "keepers": null,
            "result": [
              "BEAUTIFULLY",
              "WEARILY",
              "TRUTHFULLY",
              "DELICATELY",
              "QUICKLY"
            ],
            "result_count": null,
            "seed": null
          },
          "sensitive_attributes": []
        },
        {
          "index_key": 57,
          "schema_version": 0,
          "attributes": {
            "id": "-",
            "input": [
              "DELICATELY",
              "BEAUTIFULLY",
              "QUICKLY",
              "TRUTHFULLY",
              "WEARILY"
            ],
            "keepers": null,
            "result": [
              "DELICATELY",
              "QUICKLY",
              "BEAUTIFULLY",
              "TRUTHFULLY",
              "WEARILY"
            ],
            "result_count": null,
            "seed": null
          },
          "sensitive_attributes": []
        },
        {
          "index_key": 58,
          "schema_version": 0,
          "attributes": {
            "id": "-",
            "input": [
              "DELICATELY",
              "BEAUTIFULLY",
              "QUICKLY",
              "TRUTHFULLY",
              "WEARILY"
            ],
            "keepers": null,
            "result": [
              "WEARILY",
              "TRUTHFULLY",
              "DELICATELY",
              "BEAUTIFULLY",
              "QUICKLY"
            ],
            "result_count": null,
            "seed": null
          },
          "sensitive_attributes": []
        },
        {
          "index_key": 59,
          "schema_version": 0,
          "attributes": {
            "id": "-",
            "input": [
              "DELICATELY",
              "BEAUTIFULLY",
              "QUICKLY",
              "TRUTHFULLY",
              "WEARILY"
            ],
            "keepers": null,
            "result": [
              "WEARILY",
              "TRUTHFULLY",
              "DELICATELY",
              "BEAUTIFULLY",
              "QUICKLY"
            ],
            "result_count": null,
            "seed": null
          },
          "sensitive_attributes": []
        },
        {
          "index_key": 60,
          "schema_version": 0,
          "attributes": {
            "id": "-",
            "input": [
              "DELICATELY",
              "BEAUTIFULLY",
              "QUICKLY",
              "TRUTHFULLY",
              "WEARILY"
            ],
            "keepers": null,
            "result": [
              "BEAUTIFULLY",
              "WEARILY",
              "TRUTHFULLY",
              "DELICATELY",
              "QUICKLY"
            ],
            "result_count": null,
            "seed": null
          },
          "sensitive_attributes": []
        },
        {
          "index_key": 61,
          "schema_version": 0,
          "attributes": {
            "id": "-",
            "input": [
              "DELICATELY",
              "BEAUTIFULLY",
              "QUICKLY",
              "TRUTHFULLY",
              "WEARILY"
            ],
            "keepers": null,
            "result": [
              "BEAUTIFULLY",
              "WEARILY",
              "DELICATELY",
              "QUICKLY",
              "TRUTHFULLY"
            ],
            "result_count": null,
            "seed": null
          },
          "sensitive_attributes": []
        },
        {
          "index_key": 62,
          "schema_version": 0,
          "attributes": {
            "id": "-",
            "input": [
              "DELICATELY",
              "BEAUTIFULLY",
              "QUICKLY",
              "TRUTHFULLY",
              "WEARILY"
            ],
            "keepers": null,
            "result": [
              "WEARILY",
              "BEAUTIFULLY",
              "QUICKLY",
              "TRUTHFULLY",
              "DELICATELY"
            ],
            "result_count": null,
            "seed": null
          },
          "sensitive_attributes": []
        },
        {
          "index_key": 63,
          "schema_version": 0,
          "attributes": {
            "id": "-",
            "input": [
              "DELICATELY",
              "BEAUTIFULLY",
              "QUICKLY",
              "TRUTHFULLY",
              "WEARILY"
            ],
            "keepers": null,
            "result": [
              "TRUTHFULLY",
              "QUICKLY",
              "WEARILY",
              "DELICATELY",
              "BEAUTIFULLY"
            ],
            "result_count": null,
            "seed": null
          },
          "sensitive_attributes": []
        },
        {
          "index_key": 64,
          "schema_version": 0,
          "attributes": {
            "id": "-",
            "input": [
              "DELICATELY",
              "BEAUTIFULLY",
              "QUICKLY",
              "TRUTHFULLY",
              "WEARILY"
            ],
            "keepers": null,
            "result": [
              "BEAUTIFULLY",
              "QUICKLY",
              "WEARILY",
              "TRUTHFULLY",
              "DELICATELY"
            ],
            "result_count": null,
            "seed": null
          },
          "sensitive_attributes": []
        },
        {
          "index_key": 65,
          "schema_version": 0,
          "attributes": {
            "id": "-",
            "input": [
              "DELICATELY",
              "BEAUTIFULLY",
              "QUICKLY",
              "TRUTHFULLY",
              "WEARILY"
            ],
            "keepers": null,
            "result": [
              "BEAUTIFULLY",
              "WEARILY",
              "DELICATELY",
              "QUICKLY",
              "TRUTHFULLY"
            ],
            "result_count": null,
            "seed": null
          },
          "sensitive_attributes": []
        },
        {
          "index_key": 66,
          "schema_version": 0,
          "attributes": {
            "id": "-",
            "input": [
              "DELICATELY",
              "BEAUTIFULLY",
              "QUICKLY",
              "TRUTHFULLY",
              "WEARILY"
            ],
            "keepers": null,
            "result": [
              "DELICATELY",
              "TRUTHFULLY",
              "BEAUTIFULLY",
              "WEARILY",
              "QUICKLY"
            ],
            "result_count": null,
            "seed": null
          },
          "sensitive_attributes": []
        },
        {
          "index_key": 67,
          "schema_version": 0,
          "attributes": {
            "id": "-",
            "input": [
              "DELICATELY",
              "BEAUTIFULLY",
              "QUICKLY",
              "TRUTHFULLY",
              "WEARILY"
            ],
            "keepers": null,
            "result": [
              "TRUTHFULLY",
              "QUICKLY",
              "DELICATELY",
              "WEARILY",
              "BEAUTIFULLY"
            ],
            "result_count": null,
            "seed": null
          },
          "sensitive_attributes": []
        },
        {
          "index_key": 68,
          "schema_version": 0,
          "attributes": {
            "id": "-",
            "input": [
              "DELICATELY",
              "BEAUTIFULLY",
              "QUICKLY",
              "TRUTHFULLY",
              "WEARILY"
            ],
            "keepers": null,
            "result": [
              "QUICKLY",
              "DELICATELY",
              "TRUTHFULLY",
              "WEARILY",
              "BEAUTIFULLY"
            ],
            "result_count": null,
            "seed": null
          },
          "sensitive_attributes": []
        },
        {
          "index_key": 69,
          "schema_version": 0,
          "attributes": {
            "id": "-",
            "input": [
              "DELICATELY",
              "BEAUTIFULLY",
              "QUICKLY",
              "TRUTHFULLY",
              "WEARILY"
            ],
            "keepers": null,
            "result": [
              "DELICATELY",
              "QUICKLY",
              "TRUTHFULLY",
              "BEAUTIFULLY",
              "WEARILY"
            ],
            "result_count": null,
            "seed": null
          },
          "sensitive_attributes": []
        },
        {
          "index_key": 70,
          "schema_version": 0,
          "attributes": {
            "id": "-",
            "input": [
              "DELICATELY",
              "BEAUTIFULLY",
              "QUICKLY",
              "TRUTHFULLY",
              "WEARILY"
            ],
            "keepers": null,
            "result": [
              "BEAUTIFULLY",
              "TRUTHFULLY",
              "QUICKLY",
              "DELICATELY",
              "WEARILY"
            ],
            "result_count": null,
            "seed": null
          },
          "sensitive_attributes": []
        },
        {
          "index_key": 71,
          "schema_version": 0,
          "attributes": {
            "id": "-",
            "input": [
              "DELICATELY",
              "BEAUTIFULLY",
              "QUICKLY",
              "TRUTHFULLY",
              "WEARILY"
            ],
            "keepers": null,
            "result": [
              "DELICATELY",
              "TRUTHFULLY",
              "QUICKLY",
              "BEAUTIFULLY",
              "WEARILY"
            ],
            "result_count": null,
            "seed": null
          },
          "sensitive_attributes": []
        },
        {
          "index_key": 72,
          "schema_version": 0,
          "attributes": {
            "id": "-",
            "input": [
              "DELICATELY",
              "BEAUTIFULLY",
              "QUICKLY",
              "TRUTHFULLY",
              "WEARILY"
            ],
            "keepers": null,
            "result": [
              "DELICATELY",
              "TRUTHFULLY",
              "QUICKLY",
              "BEAUTIFULLY",
              "WEARILY"
            ],
            "result_count": null,
            "seed": null
          },
          "sensitive_attributes": []
        },
        {
          "index_key": 73,
          "schema_version": 0,
          "attributes": {
            "id": "-",
            "input": [
              "DELICATELY",
              "BEAUTIFULLY",
              "QUICKLY",
              "TRUTHFULLY",
              "WEARILY"
            ],
            "keepers": null,
            "result": [
              "TRUTHFULLY",
              "BEAUTIFULLY",
              "QUICKLY",
              "DELICATELY",
              "WEARILY"
            ],
            "result_count": null,
            "seed": null
          },
          "sensitive_attributes": []
        },
        {
          "index_key": 74,
          "schema_version": 0,
          "attributes": {
            "id": "-",
            "input": [
              "DELICATELY",
              "BEAUTIFULLY",
              "QUICKLY",
              "TRUTHFULLY",
              "WEARILY"
            ],
            "keepers": null,
            "result": [
              "DELICATELY",
              "BEAUTIFULLY",
              "QUICKLY",
              "WEARILY",
              "TRUTHFULLY"
            ],
            "result_count": null,
            "seed": null
          },
          "sensitive_attributes": []
        },
        {
          "index_key": 75,
          "schema_version": 0,
          "attributes": {
            "id": "-",
            "input": [
              "DELICATELY",
              "BEAUTIFULLY",
              "QUICKLY",
              "TRUTHFULLY",
              "WEARILY"
            ],
            "keepers": null,
            "result": [
              "WEARILY",
              "TRUTHFULLY",
              "BEAUTIFULLY",
              "QUICKLY",
              "DELICATELY"
            ],
            "result_count": null,
            "seed": null
          },
          "sensitive_attributes": []
        },
        {
          "index_key": 76,
          "schema_version": 0,
          "attributes": {
            "id": "-",
            "input": [
              "DELICATELY",
              "BEAUTIFULLY",
              "QUICKLY",
              "TRUTHFULLY",
              "WEARILY"
            ],
            "keepers": null,
            "result": [
              "DELICATELY",
              "TRUTHFULLY",
              "WEARILY",
              "BEAUTIFULLY",
              "QUICKLY"
            ],
            "result_count": null,
            "seed": null
          },
          "sensitive_attributes": []
        },
        {
          "index_key": 77,
          "schema_version": 0,
          "attributes": {
            "id": "-",
            "input": [
              "DELICATELY",
              "BEAUTIFULLY",
              "QUICKLY",
              "TRUTHFULLY",
              "WEARILY"
            ],
            "keepers": null,
            "result": [
              "TRUTHFULLY",
              "WEARILY",
              "QUICKLY",
              "BEAUTIFULLY",
              "DELICATELY"
            ],
            "result_count": null,
            "seed": null
          },
          "sensitive_attributes": []
        },
        {
          "index_key": 78,
          "schema_version": 0,
          "attributes": {
            "id": "-",
            "input": [
              "DELICATELY",
              "BEAUTIFULLY",
              "QUICKLY",
              "TRUTHFULLY",
              "WEARILY"
            ],
            "keepers": null,
            "result": [
              "DELICATELY",
              "WEARILY",
              "QUICKLY",
              "TRUTHFULLY",
              "BEAUTIFULLY"
            ],
            "result_count": null,
            "seed": null
          },
          "sensitive_attributes": []
        },
        {
          "index_key": 79,
          "schema_version": 0,
          "attributes": {
            "id": "-",
            "input": [
              "DELICATELY",
              "BEAUTIFULLY",
              "QUICKLY",
              "TRUTHFULLY",
              "WEARILY"
            ],
            "keepers": null,
            "result": [
              "WEARILY",
              "QUICKLY",
              "DELICATELY",
              "TRUTHFULLY",
              "BEAUTIFULLY"
            ],
            "result_count": null,
            "seed": null
          },
          "sensitive_attributes": []
        },
        {
          "index_key": 80,
          "schema_version": 0,
          "attributes": {
            "id": "-",
            "input": [
              "DELICATELY",
              "BEAUTIFULLY",
              "QUICKLY",
              "TRUTHFULLY",
              "WEARILY"
            ],
            "keepers": null,
            "result": [
              "DELICATELY",
              "WEARILY",
              "QUICKLY",
              "TRUTHFULLY",
              "BEAUTIFULLY"
            ],
            "result_count": null,
            "seed": null
          },
          "sensitive_attributes": []
        },
        {
          "index_key": 81,
          "schema_version": 0,
          "attributes": {
            "id": "-",
            "input": [
              "DELICATELY",
              "BEAUTIFULLY",
              "QUICKLY",
              "TRUTHFULLY",
              "WEARILY"
            ],
            "keepers": null,
            "result": [
              "TRUTHFULLY",
              "WEARILY",
              "BEAUTIFULLY",
              "QUICKLY",
              "DELICATELY"
            ],
            "result_count": null,
            "seed": null
          },
          "sensitive_attributes": []
        },
        {
          "index_key": 82,
          "schema_version": 0,
          "attributes": {
            "id": "-",
            "input": [
              "DELICATELY",
              "BEAUTIFULLY",
              "QUICKLY",
              "TRUTHFULLY",
              "WEARILY"
            ],
            "keepers": null,
            "result": [
              "DELICATELY",
              "TRUTHFULLY",
              "WEARILY",
              "BEAUTIFULLY",
              "QUICKLY"
            ],
            "result_count": null,
            "seed": null
          },
          "sensitive_attributes": []
        },
        {
          "index_key": 83,
          "schema_version": 0,
          "attributes": {
            "id": "-",
            "input": [
              "DELICATELY",
              "BEAUTIFULLY",
              "QUICKLY",
              "TRUTHFULLY",
              "WEARILY"
            ],
            "keepers": null,
            "result": [
              "WEARILY",
              "QUICKLY",
              "BEAUTIFULLY",
              "TRUTHFULLY",
              "DELICATELY"
            ],
            "result_count": null,
            "seed": null
          },
          "sensitive_attributes": []
        },
        {
          "index_key": 84,
          "schema_version": 0,
          "attributes": {
            "id": "-",
            "input": [
              "DELICATELY",
              "BEAUTIFULLY",
              "QUICKLY",
              "TRUTHFULLY",
              "WEARILY"
            ],
            "keepers": null,
            "result": [
              "QUICKLY",
              "DELICATELY",
              "BEAUTIFULLY",
              "WEARILY",
              "TRUTHFULLY"
            ],
            "result_count": null,
            "seed": null
          },
          "sensitive_attributes": []
        },
        {
          "index_key": 85,
          "schema_version": 0,
          "attributes": {
            "id": "-",
            "input": [
              "DELICATELY",
              "BEAUTIFULLY",
              "QUICKLY",
              "TRUTHFULLY",
              "WEARILY"
            ],
            "keepers": null,
            "result": [
              "DELICATELY",
              "TRUTHFULLY",
              "BEAUTIFULLY",
              "QUICKLY",
              "WEARILY"
            ],
            "result_count": null,
            "seed": null
          },
          "sensitive_attributes": []
        },
        {
          "index_key": 86,
          "schema_version": 0,
          "attributes": {
            "id": "-",
            "input": [
              "DELICATELY",
              "BEAUTIFULLY",
              "QUICKLY",
              "TRUTHFULLY",
              "WEARILY"
            ],
            "keepers": null,
            "result": [
              "TRUTHFULLY",
              "WEARILY",
              "BEAUTIFULLY",
              "DELICATELY",
              "QUICKLY"
            ],
            "result_count": null,
            "seed": null
          },
          "sensitive_attributes": []
        },
        {
          "index_key": 87,
          "schema_version": 0,
          "attributes": {
            "id": "-",
            "input": [
              "DELICATELY",
              "BEAUTIFULLY",
              "QUICKLY",
              "TRUTHFULLY",
              "WEARILY"
            ],
            "keepers": null,
            "result": [
              "BEAUTIFULLY",
              "DELICATELY",
              "WEARILY",
              "QUICKLY",
              "TRUTHFULLY"
            ],
            "result_count": null,
            "seed": null
          },
          "sensitive_attributes": []
        },
        {
          "index_key": 88,
          "schema_version": 0,
          "attributes": {
            "id": "-",
            "input": [
              "DELICATELY",
              "BEAUTIFULLY",
              "QUICKLY",
              "TRUTHFULLY",
              "WEARILY"
            ],
            "keepers": null,
            "result": [
              "WEARILY",
              "DELICATELY",
              "QUICKLY",
              "TRUTHFULLY",
              "BEAUTIFULLY"
            ],
            "result_count": null,
            "seed": null
          },
          "sensitive_attributes": []
        },
        {
          "index_key": 89,
          "schema_version": 0,
          "attributes": {
            "id": "-",
            "input": [
              "DELICATELY",
              "BEAUTIFULLY",
              "QUICKLY",
              "TRUTHFULLY",
              "WEARILY"
            ],
            "keepers": null,
            "result": [
              "TRUTHFULLY",
              "BEAUTIFULLY",
              "DELICATELY",
              "QUICKLY",
              "WEARILY"
            ],
            "result_count": null,
            "seed": null
          },
          "sensitive_attributes": []
        },
        {
          "index_key": 90,
          "schema_version": 0,
          "attributes": {
            "id": "-",
            "input": [
              "DELICATELY",
              "BEAUTIFULLY",
              "QUICKLY",
              "TRUTHFULLY",
              "WEARILY"
            ],
            "keepers": null,
            "result": [
              "BEAUTIFULLY",
              "QUICKLY",
              "DELICATELY",
              "TRUTHFULLY",
              "WEARILY"
            ],
            "result_count": null,
            "seed": null
          },
          "sensitive_attributes": []
        },
        {
          "index_key": 91,
          "schema_version": 0,
          "attributes": {
            "id": "-",
            "input": [
              "DELICATELY",
              "BEAUTIFULLY",
              "QUICKLY",
              "TRUTHFULLY",
              "WEARILY"
            ],
            "keepers": null,
            "result": [
              "BEAUTIFULLY",
              "WEARILY",
              "TRUTHFULLY",
              "DELICATELY",
              "QUICKLY"
            ],
            "result_count": null,
            "seed": null
          },
          "sensitive_attributes": []
        },
        {
          "index_key": 92,
          "schema_version": 0,
          "attributes": {
            "id": "-",
            "input": [
              "DELICATELY",
              "BEAUTIFULLY",
              "QUICKLY",
              "TRUTHFULLY",
              "WEARILY"
            ],
            "keepers": null,
            "result": [
              "BEAUTIFULLY",
              "QUICKLY",
              "TRUTHFULLY",
              "WEARILY",
              "DELICATELY"
            ],
            "result_count": null,
            "seed": null
          },
          "sensitive_attributes": []
        },
        {
          "index_key": 93,
          "schema_version": 0,
          "attributes": {
            "id": "-",
            "input": [
              "DELICATELY",
              "BEAUTIFULLY",
              "QUICKLY",
              "TRUTHFULLY",
              "WEARILY"
            ],
            "keepers": null,
            "result": [
              "DELICATELY",
              "WEARILY",
              "TRUTHFULLY",
              "BEAUTIFULLY",
              "QUICKLY"
            ],
            "result_count": null,
            "seed": null
          },
          "sensitive_attributes": []
        },
        {
          "index_key": 94,
          "schema_version": 0,
          "attributes": {
            "id": "-",
            "input": [
              "DELICATELY",
              "BEAUTIFULLY",
              "QUICKLY",
              "TRUTHFULLY",
              "WEARILY"
            ],
            "keepers": null,
            "result": [
              "QUICKLY",
              "TRUTHFULLY",
              "WEARILY",
              "BEAUTIFULLY",
              "DELICATELY"
            ],
            "result_count": null,
            "seed": null
          },
          "sensitive_attributes": []
        },
        {
          "index_key": 95,
          "schema_version": 0,
          "attributes": {
            "id": "-",
            "input": [
              "DELICATELY",
              "BEAUTIFULLY",
              "QUICKLY",
              "TRUTHFULLY",
              "WEARILY"
            ],
            "keepers": null,
            "result": [
              "WEARILY",
              "BEAUTIFULLY",
              "QUICKLY",
              "TRUTHFULLY",
              "DELICATELY"
            ],
            "result_count": null,
            "seed": null
          },
          "sensitive_attributes": []
        },
        {
          "index_key": 96,
          "schema_version": 0,
          "attributes": {
            "id": "-",
            "input": [
              "DELICATELY",
              "BEAUTIFULLY",
              "QUICKLY",
              "TRUTHFULLY",
              "WEARILY"
            ],
            "keepers": null,
            "result": [
              "WEARILY",
              "BEAUTIFULLY",
              "QUICKLY",
              "TRUTHFULLY",
              "DELICATELY"
            ],
            "result_count": null,
            "seed": null
          },
          "sensitive_attributes": []
        },
        {
          "index_key": 97,
          "schema_version": 0,
          "attributes": {
            "id": "-",
            "input": [
              "DELICATELY",
              "BEAUTIFULLY",
              "QUICKLY",
              "TRUTHFULLY",
              "WEARILY"
            ],
            "keepers": null,
            "result": [
              "TRUTHFULLY",
              "WEARILY",
              "BEAUTIFULLY",
              "DELICATELY",
              "QUICKLY"
            ],
            "result_count": null,
            "seed": null
          },
          "sensitive_attributes": []
        },
        {
          "index_key": 98,
          "schema_version": 0,
          "attributes": {
            "id": "-",
            "input": [
              "DELICATELY",
              "BEAUTIFULLY",
              "QUICKLY",
              "TRUTHFULLY",
              "WEARILY"
            ],
            "keepers": null,
            "result": [
              "BEAUTIFULLY",
              "DELICATELY",
              "QUICKLY",
              "TRUTHFULLY",
              "WEARILY"
            ],
            "result_count": null,
            "seed": null
          },
          "sensitive_attributes": []
        },
        {
          "index_key": 99,
          "schema_version": 0,
          "attributes": {
            "id": "-",
            "input": [
              "DELICATELY",
              "BEAUTIFULLY",
              "QUICKLY",
              "TRUTHFULLY",
              "WEARILY"
            ],
            "keepers": null,
            "result": [
              "QUICKLY",
              "WEARILY",
              "TRUTHFULLY",
              "DELICATELY",
              "BEAUTIFULLY"
            ],
            "result_count": null,
            "seed": null
          },
          "sensitive_attributes": []
        }
      ]
    },
    {
      "mode": "managed",
      "type": "random_shuffle",
      "name": "random_nouns",
      "provider": "provider[\"registry.terraform.io/hashicorp/random\"]",
      "instances": [
        {
          "index_key": 0,
          "schema_version": 0,
          "attributes": {
            "id": "-",
            "input": [
              "ARMY",
              "PANTHER",
              "WALNUTS",
              "SANDWICH",
              "ZEUS",
              "BANANA",
              "CAT",
              "JELLYFISH",
              "JIGSAW",
              "VIOLIN",
              "MILK",
              "SUN"
            ],
            "keepers": null,
            "result": [
              "CAT",
              "JIGSAW",
              "MILK",
              "ZEUS",
              "SUN",
              "SANDWICH",
              "PANTHER",
              "ARMY",
              "BANANA",
              "VIOLIN",
              "WALNUTS",
              "JELLYFISH"
            ],
            "result_count": null,
            "seed": null
          },
          "sensitive_attributes": []
        },
        {
          "index_key": 1,
          "schema_version": 0,
          "attributes": {
            "id": "-",
            "input": [
              "ARMY",
              "PANTHER",
              "WALNUTS",
              "SANDWICH",
              "ZEUS",
              "BANANA",
              "CAT",
              "JELLYFISH",
              "JIGSAW",
              "VIOLIN",
              "MILK",
              "SUN"
            ],
            "keepers": null,
            "result": [
              "SANDWICH",
              "SUN",
              "ZEUS",
              "BANANA",
              "CAT",
              "WALNUTS",
              "MILK",
              "JIGSAW",
              "JELLYFISH",
              "ARMY",
              "VIOLIN",
              "PANTHER"
            ],
            "result_count": null,
            "seed": null
          },
          "sensitive_attributes": []
        },
        {
          "index_key": 2,
          "schema_version": 0,
          "attributes": {
            "id": "-",
            "input": [
              "ARMY",
              "PANTHER",
              "WALNUTS",
              "SANDWICH",
              "ZEUS",
              "BANANA",
              "CAT",
              "JELLYFISH",
              "JIGSAW",
              "VIOLIN",
              "MILK",
              "SUN"
            ],
            "keepers": null,
            "result": [
              "WALNUTS",
              "SUN",
              "ZEUS",
              "VIOLIN",
              "ARMY",
              "SANDWICH",
              "BANANA",
              "JELLYFISH",
              "PANTHER",
              "JIGSAW",
              "MILK",
              "CAT"
            ],
            "result_count": null,
            "seed": null
          },
          "sensitive_attributes": []
        },
        {
          "index_key": 3,
          "schema_version": 0,
          "attributes": {
            "id": "-",
            "input": [
              "ARMY",
              "PANTHER",
              "WALNUTS",
              "SANDWICH",
              "ZEUS",
              "BANANA",
              "CAT",
              "JELLYFISH",
              "JIGSAW",
              "VIOLIN",
              "MILK",
              "SUN"
            ],
            "keepers": null,
            "result": [
              "BANANA",
              "SANDWICH",
              "JELLYFISH",
              "VIOLIN",
              "WALNUTS",
              "ZEUS",
              "JIGSAW",
              "MILK",
              "CAT",
              "ARMY",
              "PANTHER",
              "SUN"
            ],
            "result_count": null,
            "seed": null
          },
          "sensitive_attributes": []
        },
        {
          "index_key": 4,
          "schema_version": 0,
          "attributes": {
            "id": "-",
            "input": [
              "ARMY",
              "PANTHER",
              "WALNUTS",
              "SANDWICH",
              "ZEUS",
              "BANANA",
              "CAT",
              "JELLYFISH",
              "JIGSAW",
              "VIOLIN",
              "MILK",
              "SUN"
            ],
            "keepers": null,
            "result": [
              "MILK",
              "VIOLIN",
              "PANTHER",
              "SUN",
              "CAT",
              "ARMY",
              "WALNUTS",
              "JELLYFISH",
              "ZEUS",
              "BANANA",
              "SANDWICH",
              "JIGSAW"
            ],
            "result_count": null,
            "seed": null
          },
          "sensitive_attributes": []
        },
        {
          "index_key": 5,
          "schema_version": 0,
          "attributes": {
            "id": "-",
            "input": [
              "ARMY",
              "PANTHER",
              "WALNUTS",
              "SANDWICH",
              "ZEUS",
              "BANANA",
              "CAT",
              "JELLYFISH",
              "JIGSAW",
              "VIOLIN",
              "MILK",
              "SUN"
            ],
            "keepers": null,
            "result": [
              "PANTHER",
              "WALNUTS",
              "ZEUS",
              "VIOLIN",
              "CAT",
              "SUN",
              "SANDWICH",
              "BANANA",
              "ARMY",
              "JELLYFISH",
              "JIGSAW",
              "MILK"
            ],
            "result_count": null,
            "seed": null
          },
          "sensitive_attributes": []
        },
        {
          "index_key": 6,
          "schema_version": 0,
          "attributes": {
            "id": "-",
            "input": [
              "ARMY",
              "PANTHER",
              "WALNUTS",
              "SANDWICH",
              "ZEUS",
              "BANANA",
              "CAT",
              "JELLYFISH",
              "JIGSAW",
              "VIOLIN",
              "MILK",
              "SUN"
            ],
            "keepers": null,
            "result": [
              "ARMY",
              "MILK",
              "SANDWICH",
              "PANTHER",
              "SUN",
              "ZEUS",
              "JELLYFISH",
              "VIOLIN",
              "WALNUTS",
              "BANANA",
              "CAT",
              "JIGSAW"
            ],
            "result_count": null,
            "seed": null
          },
          "sensitive_attributes": []
        },
        {
          "index_key": 7,
          "schema_version": 0,
          "attributes": {
            "id": "-",
            "input": [
              "ARMY",
              "PANTHER",
              "WALNUTS",
              "SANDWICH",
              "ZEUS",
              "BANANA",
              "CAT",
              "JELLYFISH",
              "JIGSAW",
              "VIOLIN",
              "MILK",
              "SUN"
            ],
            "keepers": null,
            "result": [
              "JELLYFISH",
              "WALNUTS",
              "MILK",
              "SANDWICH",
              "VIOLIN",
              "PANTHER",
              "ARMY",
              "JIGSAW",
              "CAT",
              "BANANA",
              "ZEUS",
              "SUN"
            ],
            "result_count": null,
            "seed": null
          },
          "sensitive_attributes": []
        },
        {
          "index_key": 8,
          "schema_version": 0,
          "attributes": {
            "id": "-",
            "input": [
              "ARMY",
              "PANTHER",
              "WALNUTS",
              "SANDWICH",
              "ZEUS",
              "BANANA",
              "CAT",
              "JELLYFISH",
              "JIGSAW",
              "VIOLIN",
              "MILK",
              "SUN"
            ],
            "keepers": null,
            "result": [
              "PANTHER",
              "VIOLIN",
              "MILK",
              "JIGSAW",
              "SUN",
              "WALNUTS",
              "ZEUS",
              "CAT",
              "ARMY",
              "BANANA",
              "SANDWICH",
              "JELLYFISH"
            ],
            "result_count": null,
            "seed": null
          },
          "sensitive_attributes": []
        },
        {
          "index_key": 9,
          "schema_version": 0,
          "attributes": {
            "id": "-",
            "input": [
              "ARMY",
              "PANTHER",
              "WALNUTS",
              "SANDWICH",
              "ZEUS",
              "BANANA",
              "CAT",
              "JELLYFISH",
              "JIGSAW",
              "VIOLIN",
              "MILK",
              "SUN"
            ],
            "keepers": null,
            "result": [
              "JELLYFISH",
              "WALNUTS",
              "ZEUS",
              "MILK",
              "JIGSAW",
              "SUN",
              "ARMY",
              "PANTHER",
              "VIOLIN",
              "CAT",
              "SANDWICH",
              "BANANA"
            ],
            "result_count": null,
            "seed": null
          },
          "sensitive_attributes": []
        },
        {
          "index_key": 10,
          "schema_version": 0,
          "attributes": {
            "id": "-",
            "input": [
              "ARMY",
              "PANTHER",
              "WALNUTS",
              "SANDWICH",
              "ZEUS",
              "BANANA",
              "CAT",
              "JELLYFISH",
              "JIGSAW",
              "VIOLIN",
              "MILK",
              "SUN"
            ],
            "keepers": null,
            "result": [
              "PANTHER",
              "MILK",
              "BANANA",
              "JIGSAW",
              "WALNUTS",
              "ZEUS",
              "VIOLIN",
              "JELLYFISH",
              "SANDWICH",
              "SUN",
              "ARMY",
              "CAT"
            ],
            "result_count": null,
            "seed": null
          },
          "sensitive_attributes": []
        },
        {
          "index_key": 11,
          "schema_version": 0,
          "attributes": {
            "id": "-",
            "input": [
              "ARMY",
              "PANTHER",
              "WALNUTS",
              "SANDWICH",
              "ZEUS",
              "BANANA",
              "CAT",
              "JELLYFISH",
              "JIGSAW",
              "VIOLIN",
              "MILK",
              "SUN"
            ],
            "keepers": null,
            "result": [
              "CAT",
              "PANTHER",
              "VIOLIN",
              "ARMY",
              "SUN",
              "BANANA",
              "WALNUTS",
              "JIGSAW",
              "ZEUS",
              "MILK",
              "SANDWICH",
              "JELLYFISH"
            ],
            "result_count": null,
            "seed": null
          },
          "sensitive_attributes": []
        },
        {
          "index_key": 12,
          "schema_version": 0,
          "attributes": {
            "id": "-",
            "input": [
              "ARMY",
              "PANTHER",
              "WALNUTS",
              "SANDWICH",
              "ZEUS",
              "BANANA",
              "CAT",
              "JELLYFISH",
              "JIGSAW",
              "VIOLIN",
              "MILK",
              "SUN"
            ],
            "keepers": null,
            "result": [
              "PANTHER",
              "VIOLIN",
              "ZEUS",
              "CAT",
              "WALNUTS",
              "SUN",
              "BANANA",
              "JELLYFISH",
              "MILK",
              "JIGSAW",
              "SANDWICH",
              "ARMY"
            ],
            "result_count": null,
            "seed": null
          },
          "sensitive_attributes": []
        },
        {
          "index_key": 13,
          "schema_version": 0,
          "attributes": {
            "id": "-",
            "input": [
              "ARMY",
              "PANTHER",
              "WALNUTS",
              "SANDWICH",
              "ZEUS",
              "BANANA",
              "CAT",
              "JELLYFISH",
              "JIGSAW",
              "VIOLIN",
              "MILK",
              "SUN"
            ],
            "keepers": null,
            "result": [
              "VIOLIN",
              "ARMY",
              "ZEUS",
              "WALNUTS",
              "BANANA",
              "JIGSAW",
              "MILK",
              "CAT",
              "SUN",
              "JELLYFISH",
              "SANDWICH",
              "PANTHER"
            ],
            "result_count": null,
            "seed": null
          },
          "sensitive_attributes": []
        },
        {
          "index_key": 14,
          "schema_version": 0,
          "attributes": {
            "id": "-",
            "input": [
              "ARMY",
              "PANTHER",
              "WALNUTS",
              "SANDWICH",
              "ZEUS",
              "BANANA",
              "CAT",
              "JELLYFISH",
              "JIGSAW",
              "VIOLIN",
              "MILK",
              "SUN"
            ],
            "keepers": null,
            "result": [
              "SANDWICH",
              "WALNUTS",
              "JIGSAW",
              "ZEUS",
              "ARMY",
              "MILK",
              "JELLYFISH",
              "SUN",
              "CAT",
              "VIOLIN",
              "BANANA",
              "PANTHER"
            ],
            "result_count": null,
            "seed": null
          },
          "sensitive_attributes": []
        },
        {
          "index_key": 15,
          "schema_version": 0,
          "attributes": {
            "id": "-",
            "input": [
              "ARMY",
              "PANTHER",
              "WALNUTS",
              "SANDWICH",
              "ZEUS",
              "BANANA",
              "CAT",
              "JELLYFISH",
              "JIGSAW",
              "VIOLIN",
              "MILK",
              "SUN"
            ],
            "keepers": null,
            "result": [
              "BANANA",
              "MILK",
              "SUN",
              "PANTHER",
              "CAT",
              "ARMY",
              "ZEUS",
              "WALNUTS",
              "VIOLIN",
              "JIGSAW",
              "SANDWICH",
              "JELLYFISH"
            ],
            "result_count": null,
            "seed": null
          },
          "sensitive_attributes": []
        },
        {
          "index_key": 16,
          "schema_version": 0,
          "attributes": {
            "id": "-",
            "input": [
              "ARMY",
              "PANTHER",
              "WALNUTS",
              "SANDWICH",
              "ZEUS",
              "BANANA",
              "CAT",
              "JELLYFISH",
              "JIGSAW",
              "VIOLIN",
              "MILK",
              "SUN"
            ],
            "keepers": null,
            "result": [
              "MILK",
              "JELLYFISH",
              "SANDWICH",
              "JIGSAW",
              "WALNUTS",
              "VIOLIN",
              "SUN",
              "BANANA",
              "CAT",
              "ARMY",
              "ZEUS",
              "PANTHER"
            ],
            "result_count": null,
            "seed": null
          },
          "sensitive_attributes": []
        },
        {
          "index_key": 17,
          "schema_version": 0,
          "attributes": {
            "id": "-",
            "input": [
              "ARMY",
              "PANTHER",
              "WALNUTS",
              "SANDWICH",
              "ZEUS",
              "BANANA",
              "CAT",
              "JELLYFISH",
              "JIGSAW",
              "VIOLIN",
              "MILK",
              "SUN"
            ],
            "keepers": null,
            "result": [
              "SANDWICH",
              "CAT",
              "JIGSAW",
              "WALNUTS",
              "VIOLIN",
              "ZEUS",
              "MILK",
              "PANTHER",
              "JELLYFISH",
              "ARMY",
              "SUN",
              "BANANA"
            ],
            "result_count": null,
            "seed": null
          },
          "sensitive_attributes": []
        },
        {
          "index_key": 18,
          "schema_version": 0,
          "attributes": {
            "id": "-",
            "input": [
              "ARMY",
              "PANTHER",
              "WALNUTS",
              "SANDWICH",
              "ZEUS",
              "BANANA",
              "CAT",
              "JELLYFISH",
              "JIGSAW",
              "VIOLIN",
              "MILK",
              "SUN"
            ],
            "keepers": null,
            "result": [
              "PANTHER",
              "JIGSAW",
              "VIOLIN",
              "JELLYFISH",
              "BANANA",
              "WALNUTS",
              "SANDWICH",
              "CAT",
              "ARMY",
              "SUN",
              "ZEUS",
              "MILK"
            ],
            "result_count": null,
            "seed": null
          },
          "sensitive_attributes": []
        },
        {
          "index_key": 19,
          "schema_version": 0,
          "attributes": {
            "id": "-",
            "input": [
              "ARMY",
              "PANTHER",
              "WALNUTS",
              "SANDWICH",
              "ZEUS",
              "BANANA",
              "CAT",
              "JELLYFISH",
              "JIGSAW",
              "VIOLIN",
              "MILK",
              "SUN"
            ],
            "keepers": null,
            "result": [
              "WALNUTS",
              "PANTHER",
              "CAT",
              "JELLYFISH",
              "VIOLIN",
              "ARMY",
              "ZEUS",
              "JIGSAW",
              "BANANA",
              "MILK",
              "SUN",
              "SANDWICH"
            ],
            "result_count": null,
            "seed": null
          },
          "sensitive_attributes": []
        },
        {
          "index_key": 20,
          "schema_version": 0,
          "attributes": {
            "id": "-",
            "input": [
              "ARMY",
              "PANTHER",
              "WALNUTS",
              "SANDWICH",
              "ZEUS",
              "BANANA",
              "CAT",
              "JELLYFISH",
              "JIGSAW",
              "VIOLIN",
              "MILK",
              "SUN"
            ],
            "keepers": null,
            "result": [
              "SANDWICH",
              "PANTHER",
              "ZEUS",
              "VIOLIN",
              "CAT",
              "BANANA",
              "SUN",
              "MILK",
              "JELLYFISH",
              "WALNUTS",
              "ARMY",
              "JIGSAW"
            ],
            "result_count": null,
            "seed": null
          },
          "sensitive_attributes": []
        },
        {
          "index_key": 21,
          "schema_version": 0,
          "attributes": {
            "id": "-",
            "input": [
              "ARMY",
              "PANTHER",
              "WALNUTS",
              "SANDWICH",
              "ZEUS",
              "BANANA",
              "CAT",
              "JELLYFISH",
              "JIGSAW",
              "VIOLIN",
              "MILK",
              "SUN"
            ],
            "keepers": null,
            "result": [
              "SUN",
              "MILK",
              "ZEUS",
              "JELLYFISH",
              "CAT",
              "JIGSAW",
              "ARMY",
              "BANANA",
              "SANDWICH",
              "PANTHER",
              "WALNUTS",
              "VIOLIN"
            ],
            "result_count": null,
            "seed": null
          },
          "sensitive_attributes": []
        },
        {
          "index_key": 22,
          "schema_version": 0,
          "attributes": {
            "id": "-",
            "input": [
              "ARMY",
              "PANTHER",
              "WALNUTS",
              "SANDWICH",
              "ZEUS",
              "BANANA",
              "CAT",
              "JELLYFISH",
              "JIGSAW",
              "VIOLIN",
              "MILK",
              "SUN"
            ],
            "keepers": null,
            "result": [
              "ARMY",
              "MILK",
              "WALNUTS",
              "ZEUS",
              "PANTHER",
              "JIGSAW",
              "VIOLIN",
              "CAT",
              "BANANA",
              "SANDWICH",
              "SUN",
              "JELLYFISH"
            ],
            "result_count": null,
            "seed": null
          },
          "sensitive_attributes": []
        },
        {
          "index_key": 23,
          "schema_version": 0,
          "attributes": {
            "id": "-",
            "input": [
              "ARMY",
              "PANTHER",
              "WALNUTS",
              "SANDWICH",
              "ZEUS",
              "BANANA",
              "CAT",
              "JELLYFISH",
              "JIGSAW",
              "VIOLIN",
              "MILK",
              "SUN"
            ],
            "keepers": null,
            "result": [
              "SUN",
              "WALNUTS",
              "CAT",
              "ZEUS",
              "VIOLIN",
              "SANDWICH",
              "ARMY",
              "JIGSAW",
              "BANANA",
              "PANTHER",
              "JELLYFISH",
              "MILK"
            ],
            "result_count": null,
            "seed": null
          },
          "sensitive_attributes": []
        },
        {
          "index_key": 24,
          "schema_version": 0,
          "attributes": {
            "id": "-",
            "input": [
              "ARMY",
              "PANTHER",
              "WALNUTS",
              "SANDWICH",
              "ZEUS",
              "BANANA",
              "CAT",
              "JELLYFISH",
              "JIGSAW",
              "VIOLIN",
              "MILK",
              "SUN"
            ],
            "keepers": null,
            "result": [
              "ZEUS",
              "JIGSAW",
              "SUN",
              "MILK",
              "BANANA",
              "PANTHER",
              "VIOLIN",
              "ARMY",
              "WALNUTS",
              "CAT",
              "JELLYFISH",
              "SANDWICH"
            ],
            "result_count": null,
            "seed": null
          },
          "sensitive_attributes": []
        },
        {
          "index_key": 25,
          "schema_version": 0,
          "attributes": {
            "id": "-",
            "input": [
              "ARMY",
              "PANTHER",
              "WALNUTS",
              "SANDWICH",
              "ZEUS",
              "BANANA",
              "CAT",
              "JELLYFISH",
              "JIGSAW",
              "VIOLIN",
              "MILK",
              "SUN"
            ],
            "keepers": null,
            "result": [
              "MILK",
              "CAT",
              "BANANA",
              "ARMY",
              "WALNUTS",
              "VIOLIN",
              "JIGSAW",
              "JELLYFISH",
              "PANTHER",
              "ZEUS",
              "SANDWICH",
              "SUN"
            ],
            "result_count": null,
            "seed": null
          },
          "sensitive_attributes": []
        },
        {
          "index_key": 26,
          "schema_version": 0,
          "attributes": {
            "id": "-",
            "input": [
              "ARMY",
              "PANTHER",
              "WALNUTS",
              "SANDWICH",
              "ZEUS",
              "BANANA",
              "CAT",
              "JELLYFISH",
              "JIGSAW",
              "VIOLIN",
              "MILK",
              "SUN"
            ],
            "keepers": null,
            "result": [
              "WALNUTS",
              "PANTHER",
              "SANDWICH",
              "JIGSAW",
              "ARMY",
              "JELLYFISH",
              "CAT",
              "SUN",
              "MILK",
              "ZEUS",
              "VIOLIN",
              "BANANA"
            ],
            "result_count": null,
            "seed": null
          },
          "sensitive_attributes": []
        },
        {
          "index_key": 27,
          "schema_version": 0,
          "attributes": {
            "id": "-",
            "input": [
              "ARMY",
              "PANTHER",
              "WALNUTS",
              "SANDWICH",
              "ZEUS",
              "BANANA",
              "CAT",
              "JELLYFISH",
              "JIGSAW",
              "VIOLIN",
              "MILK",
              "SUN"
            ],
            "keepers": null,
            "result": [
              "JIGSAW",
              "JELLYFISH",
              "CAT",
              "ZEUS",
              "MILK",
              "SANDWICH",
              "PANTHER",
              "VIOLIN",
              "ARMY",
              "BANANA",
              "WALNUTS",
              "SUN"
            ],
            "result_count": null,
            "seed": null
          },
          "sensitive_attributes": []
        },
        {
          "index_key": 28,
          "schema_version": 0,
          "attributes": {
            "id": "-",
            "input": [
              "ARMY",
              "PANTHER",
              "WALNUTS",
              "SANDWICH",
              "ZEUS",
              "BANANA",
              "CAT",
              "JELLYFISH",
              "JIGSAW",
              "VIOLIN",
              "MILK",
              "SUN"
            ],
            "keepers": null,
            "result": [
              "ZEUS",
              "CAT",
              "BANANA",
              "MILK",
              "WALNUTS",
              "VIOLIN",
              "SANDWICH",
              "PANTHER",
              "JIGSAW",
              "SUN",
              "ARMY",
              "JELLYFISH"
            ],
            "result_count": null,
            "seed": null
          },
          "sensitive_attributes": []
        },
        {
          "index_key": 29,
          "schema_version": 0,
          "attributes": {
            "id": "-",
            "input": [
              "ARMY",
              "PANTHER",
              "WALNUTS",
              "SANDWICH",
              "ZEUS",
              "BANANA",
              "CAT",
              "JELLYFISH",
              "JIGSAW",
              "VIOLIN",
              "MILK",
              "SUN"
            ],
            "keepers": null,
            "result": [
              "PANTHER",
              "SANDWICH",
              "BANANA",
              "CAT",
              "MILK",
              "VIOLIN",
              "ARMY",
              "JELLYFISH",
              "WALNUTS",
              "ZEUS",
              "SUN",
              "JIGSAW"
            ],
            "result_count": null,
            "seed": null
          },
          "sensitive_attributes": []
        },
        {
          "index_key": 30,
          "schema_version": 0,
          "attributes": {
            "id": "-",
            "input": [
              "ARMY",
              "PANTHER",
              "WALNUTS",
              "SANDWICH",
              "ZEUS",
              "BANANA",
              "CAT",
              "JELLYFISH",
              "JIGSAW",
              "VIOLIN",
              "MILK",
              "SUN"
            ],
            "keepers": null,
            "result": [
              "JIGSAW",
              "ARMY",
              "SUN",
              "MILK",
              "CAT",
              "JELLYFISH",
              "VIOLIN",
              "WALNUTS",
              "PANTHER",
              "SANDWICH",
              "BANANA",
              "ZEUS"
            ],
            "result_count": null,
            "seed": null
          },
          "sensitive_attributes": []
        },
        {
          "index_key": 31,
          "schema_version": 0,
          "attributes": {
            "id": "-",
            "input": [
              "ARMY",
              "PANTHER",
              "WALNUTS",
              "SANDWICH",
              "ZEUS",
              "BANANA",
              "CAT",
              "JELLYFISH",
              "JIGSAW",
              "VIOLIN",
              "MILK",
              "SUN"
            ],
            "keepers": null,
            "result": [
              "ARMY",
              "SANDWICH",
              "JELLYFISH",
              "ZEUS",
              "VIOLIN",
              "CAT",
              "WALNUTS",
              "SUN",
              "BANANA",
              "MILK",
              "JIGSAW",
              "PANTHER"
            ],
            "result_count": null,
            "seed": null
          },
          "sensitive_attributes": []
        },
        {
          "index_key": 32,
          "schema_version": 0,
          "attributes": {
            "id": "-",
            "input": [
              "ARMY",
              "PANTHER",
              "WALNUTS",
              "SANDWICH",
              "ZEUS",
              "BANANA",
              "CAT",
              "JELLYFISH",
              "JIGSAW",
              "VIOLIN",
              "MILK",
              "SUN"
            ],
            "keepers": null,
            "result": [
              "SUN",
              "ZEUS",
              "SANDWICH",
              "JIGSAW",
              "VIOLIN",
              "ARMY",
              "BANANA",
              "MILK",
              "WALNUTS",
              "JELLYFISH",
              "CAT",
              "PANTHER"
            ],
            "result_count": null,
            "seed": null
          },
          "sensitive_attributes": []
        },
        {
          "index_key": 33,
          "schema_version": 0,
          "attributes": {
            "id": "-",
            "input": [
              "ARMY",
              "PANTHER",
              "WALNUTS",
              "SANDWICH",
              "ZEUS",
              "BANANA",
              "CAT",
              "JELLYFISH",
              "JIGSAW",
              "VIOLIN",
              "MILK",
              "SUN"
            ],
            "keepers": null,
            "result": [
              "BANANA",
              "WALNUTS",
              "MILK",
              "JELLYFISH",
              "SUN",
              "PANTHER",
              "VIOLIN",
              "JIGSAW",
              "SANDWICH",
              "CAT",
              "ARMY",
              "ZEUS"
            ],
            "result_count": null,
            "seed": null
          },
          "sensitive_attributes": []
        },
        {
          "index_key": 34,
          "schema_version": 0,
          "attributes": {
            "id": "-",
            "input": [
              "ARMY",
              "PANTHER",
              "WALNUTS",
              "SANDWICH",
              "ZEUS",
              "BANANA",
              "CAT",
              "JELLYFISH",
              "JIGSAW",
              "VIOLIN",
              "MILK",
              "SUN"
            ],
            "keepers": null,
            "result": [
              "ARMY",
              "CAT",
              "SUN",
              "BANANA",
              "PANTHER",
              "ZEUS",
              "WALNUTS",
              "MILK",
              "JIGSAW",
              "VIOLIN",
              "SANDWICH",
              "JELLYFISH"
            ],
            "result_count": null,
            "seed": null
          },
          "sensitive_attributes": []
        },
        {
          "index_key": 35,
          "schema_version": 0,
          "attributes": {
            "id": "-",
            "input": [
              "ARMY",
              "PANTHER",
              "WALNUTS",
              "SANDWICH",
              "ZEUS",
              "BANANA",
              "CAT",
              "JELLYFISH",
              "JIGSAW",
              "VIOLIN",
              "MILK",
              "SUN"
            ],
            "keepers": null,
            "result": [
              "ARMY",
              "JELLYFISH",
              "PANTHER",
              "JIGSAW",
              "MILK",
              "ZEUS",
              "BANANA",
              "VIOLIN",
              "SUN",
              "WALNUTS",
              "SANDWICH",
              "CAT"
            ],
            "result_count": null,
            "seed": null
          },
          "sensitive_attributes": []
        },
        {
          "index_key": 36,
          "schema_version": 0,
          "attributes": {
            "id": "-",
            "input": [
              "ARMY",
              "PANTHER",
              "WALNUTS",
              "SANDWICH",
              "ZEUS",
              "BANANA",
              "CAT",
              "JELLYFISH",
              "JIGSAW",
              "VIOLIN",
              "MILK",
              "SUN"
            ],
            "keepers": null,
            "result": [
              "PANTHER",
              "ARMY",
              "SANDWICH",
              "BANANA",
              "ZEUS",
              "VIOLIN",
              "MILK",
              "SUN",
              "JELLYFISH",
              "CAT",
              "WALNUTS",
              "JIGSAW"
            ],
            "result_count": null,
            "seed": null
          },
          "sensitive_attributes": []
        },
        {
          "index_key": 37,
          "schema_version": 0,
          "attributes": {
            "id": "-",
            "input": [
              "ARMY",
              "PANTHER",
              "WALNUTS",
              "SANDWICH",
              "ZEUS",
              "BANANA",
              "CAT",
              "JELLYFISH",
              "JIGSAW",
              "VIOLIN",
              "MILK",
              "SUN"
            ],
            "keepers": null,
            "result": [
              "JELLYFISH",
              "VIOLIN",
              "ZEUS",
              "ARMY",
              "MILK",
              "SANDWICH",
              "WALNUTS",
              "SUN",
              "PANTHER",
              "BANANA",
              "JIGSAW",
              "CAT"
            ],
            "result_count": null,
            "seed": null
          },
          "sensitive_attributes": []
        },
        {
          "index_key": 38,
          "schema_version": 0,
          "attributes": {
            "id": "-",
            "input": [
              "ARMY",
              "PANTHER",
              "WALNUTS",
              "SANDWICH",
              "ZEUS",
              "BANANA",
              "CAT",
              "JELLYFISH",
              "JIGSAW",
              "VIOLIN",
              "MILK",
              "SUN"
            ],
            "keepers": null,
            "result": [
              "PANTHER",
              "JELLYFISH",
              "JIGSAW",
              "SANDWICH",
              "ZEUS",
              "ARMY",
              "VIOLIN",
              "CAT",
              "SUN",
              "BANANA",
              "MILK",
              "WALNUTS"
            ],
            "result_count": null,
            "seed": null
          },
          "sensitive_attributes": []
        },
        {
          "index_key": 39,
          "schema_version": 0,
          "attributes": {
            "id": "-",
            "input": [
              "ARMY",
              "PANTHER",
              "WALNUTS",
              "SANDWICH",
              "ZEUS",
              "BANANA",
              "CAT",
              "JELLYFISH",
              "JIGSAW",
              "VIOLIN",
              "MILK",
              "SUN"
            ],
            "keepers": null,
            "result": [
              "PANTHER",
              "VIOLIN",
              "SANDWICH",
              "ARMY",
              "CAT",
              "WALNUTS",
              "MILK",
              "BANANA",
              "JIGSAW",
              "SUN",
              "ZEUS",
              "JELLYFISH"
            ],
            "result_count": null,
            "seed": null
          },
          "sensitive_attributes": []
        },
        {
          "index_key": 40,
          "schema_version": 0,
          "attributes": {
            "id": "-",
            "input": [
              "ARMY",
              "PANTHER",
              "WALNUTS",
              "SANDWICH",
              "ZEUS",
              "BANANA",
              "CAT",
              "JELLYFISH",
              "JIGSAW",
              "VIOLIN",
              "MILK",
              "SUN"
            ],
            "keepers": null,
            "result": [
              "SANDWICH",
              "VIOLIN",
              "CAT",
              "ARMY",
              "MILK",
              "PANTHER",
              "BANANA",
              "JIGSAW",
              "SUN",
              "JELLYFISH",
              "WALNUTS",
              "ZEUS"
            ],
            "result_count": null,
            "seed": null
          },
          "sensitive_attributes": []
        },
        {
          "index_key": 41,
          "schema_version": 0,
          "attributes": {
            "id": "-",
            "input": [
              "ARMY",
              "PANTHER",
              "WALNUTS",
              "SANDWICH",
              "ZEUS",
              "BANANA",
              "CAT",
              "JELLYFISH",
              "JIGSAW",
              "VIOLIN",
              "MILK",
              "SUN"
            ],
            "keepers": null,
            "result": [
              "BANANA",
              "ZEUS",
              "CAT",
              "SANDWICH",
              "WALNUTS",
              "PANTHER",
              "SUN",
              "MILK",
              "ARMY",
              "VIOLIN",
              "JELLYFISH",
              "JIGSAW"
            ],
            "result_count": null,
            "seed": null
          },
          "sensitive_attributes": []
        },
        {
          "index_key": 42,
          "schema_version": 0,
          "attributes": {
            "id": "-",
            "input": [
              "ARMY",
              "PANTHER",
              "WALNUTS",
              "SANDWICH",
              "ZEUS",
              "BANANA",
              "CAT",
              "JELLYFISH",
              "JIGSAW",
              "VIOLIN",
              "MILK",
              "SUN"
            ],
            "keepers": null,
            "result": [
              "WALNUTS",
              "MILK",
              "ARMY",
              "VIOLIN",
              "PANTHER",
              "JELLYFISH",
              "SUN",
              "ZEUS",
              "CAT",
              "SANDWICH",
              "JIGSAW",
              "BANANA"
            ],
            "result_count": null,
            "seed": null
          },
          "sensitive_attributes": []
        },
        {
          "index_key": 43,
          "schema_version": 0,
          "attributes": {
            "id": "-",
            "input": [
              "ARMY",
              "PANTHER",
              "WALNUTS",
              "SANDWICH",
              "ZEUS",
              "BANANA",
              "CAT",
              "JELLYFISH",
              "JIGSAW",
              "VIOLIN",
              "MILK",
              "SUN"
            ],
            "keepers": null,
            "result": [
              "BANANA",
              "JIGSAW",
              "MILK",
              "SUN",
              "VIOLIN",
              "ZEUS",
              "JELLYFISH",
              "ARMY",
              "WALNUTS",
              "SANDWICH",
              "CAT",
              "PANTHER"
            ],
            "result_count": null,
            "seed": null
          },
          "sensitive_attributes": []
        },
        {
          "index_key": 44,
          "schema_version": 0,
          "attributes": {
            "id": "-",
            "input": [
              "ARMY",
              "PANTHER",
              "WALNUTS",
              "SANDWICH",
              "ZEUS",
              "BANANA",
              "CAT",
              "JELLYFISH",
              "JIGSAW",
              "VIOLIN",
              "MILK",
              "SUN"
            ],
            "keepers": null,
            "result": [
              "ARMY",
              "VIOLIN",
              "JIGSAW",
              "MILK",
              "SANDWICH",
              "ZEUS",
              "PANTHER",
              "BANANA",
              "CAT",
              "JELLYFISH",
              "WALNUTS",
              "SUN"
            ],
            "result_count": null,
            "seed": null
          },
          "sensitive_attributes": []
        },
        {
          "index_key": 45,
          "schema_version": 0,
          "attributes": {
            "id": "-",
            "input": [
              "ARMY",
              "PANTHER",
              "WALNUTS",
              "SANDWICH",
              "ZEUS",
              "BANANA",
              "CAT",
              "JELLYFISH",
              "JIGSAW",
              "VIOLIN",
              "MILK",
              "SUN"
            ],
            "keepers": null,
            "result": [
              "WALNUTS",
              "JIGSAW",
              "PANTHER",
              "ZEUS",
              "SANDWICH",
              "SUN",
              "VIOLIN",
              "BANANA",
              "ARMY",
              "CAT",
              "JELLYFISH",
              "MILK"
            ],
            "result_count": null,
            "seed": null
          },
          "sensitive_attributes": []
        },
        {
          "index_key": 46,
          "schema_version": 0,
          "attributes": {
            "id": "-",
            "input": [
              "ARMY",
              "PANTHER",
              "WALNUTS",
              "SANDWICH",
              "ZEUS",
              "BANANA",
              "CAT",
              "JELLYFISH",
              "JIGSAW",
              "VIOLIN",
              "MILK",
              "SUN"
            ],
            "keepers": null,
            "result": [
              "ARMY",
              "WALNUTS",
              "BANANA",
              "JIGSAW",
              "CAT",
              "SUN",
              "PANTHER",
              "SANDWICH",
              "VIOLIN",
              "MILK",
              "JELLYFISH",
              "ZEUS"
            ],
            "result_count": null,
            "seed": null
          },
          "sensitive_attributes": []
        },
        {
          "index_key": 47,
          "schema_version": 0,
          "attributes": {
            "id": "-",
            "input": [
              "ARMY",
              "PANTHER",
              "WALNUTS",
              "SANDWICH",
              "ZEUS",
              "BANANA",
              "CAT",
              "JELLYFISH",
              "JIGSAW",
              "VIOLIN",
              "MILK",
              "SUN"
            ],
            "keepers": null,
            "result": [
              "SUN",
              "WALNUTS",
              "MILK",
              "SANDWICH",
              "VIOLIN",
              "JIGSAW",
              "CAT",
              "ARMY",
              "BANANA",
              "JELLYFISH",
              "ZEUS",
              "PANTHER"
            ],
            "result_count": null,
            "seed": null
          },
          "sensitive_attributes": []
        },
        {
          "index_key": 48,
          "schema_version": 0,
          "attributes": {
            "id": "-",
            "input": [
              "ARMY",
              "PANTHER",
              "WALNUTS",
              "SANDWICH",
              "ZEUS",
              "BANANA",
              "CAT",
              "JELLYFISH",
              "JIGSAW",
              "VIOLIN",
              "MILK",
              "SUN"
            ],
            "keepers": null,
            "result": [
              "JELLYFISH",
              "PANTHER",
              "SANDWICH",
              "WALNUTS",
              "MILK",
              "CAT",
              "JIGSAW",
              "SUN",
              "ARMY",
              "VIOLIN",
              "BANANA",
              "ZEUS"
            ],
            "result_count": null,
            "seed": null
          },
          "sensitive_attributes": []
        },
        {
          "index_key": 49,
          "schema_version": 0,
          "attributes": {
            "id": "-",
            "input": [
              "ARMY",
              "PANTHER",
              "WALNUTS",
              "SANDWICH",
              "ZEUS",
              "BANANA",
              "CAT",
              "JELLYFISH",
              "JIGSAW",
              "VIOLIN",
              "MILK",
              "SUN"
            ],
            "keepers": null,
            "result": [
              "JIGSAW",
              "MILK",
              "CAT",
              "WALNUTS",
              "SUN",
              "ZEUS",
              "SANDWICH",
              "VIOLIN",
              "BANANA",
              "ARMY",
              "PANTHER",
              "JELLYFISH"
            ],
            "result_count": null,
            "seed": null
          },
          "sensitive_attributes": []
        },
        {
          "index_key": 50,
          "schema_version": 0,
          "attributes": {
            "id": "-",
            "input": [
              "ARMY",
              "PANTHER",
              "WALNUTS",
              "SANDWICH",
              "ZEUS",
              "BANANA",
              "CAT",
              "JELLYFISH",
              "JIGSAW",
              "VIOLIN",
              "MILK",
              "SUN"
            ],
            "keepers": null,
            "result": [
              "VIOLIN",
              "ZEUS",
              "SANDWICH",
              "WALNUTS",
              "JELLYFISH",
              "SUN",
              "BANANA",
              "ARMY",
              "JIGSAW",
              "PANTHER",
              "CAT",
              "MILK"
            ],
            "result_count": null,
            "seed": null
          },
          "sensitive_attributes": []
        },
        {
          "index_key": 51,
          "schema_version": 0,
          "attributes": {
            "id": "-",
            "input": [
              "ARMY",
              "PANTHER",
              "WALNUTS",
              "SANDWICH",
              "ZEUS",
              "BANANA",
              "CAT",
              "JELLYFISH",
              "JIGSAW",
              "VIOLIN",
              "MILK",
              "SUN"
            ],
            "keepers": null,
            "result": [
              "CAT",
              "ARMY",
              "SUN",
              "SANDWICH",
              "PANTHER",
              "BANANA",
              "MILK",
              "JELLYFISH",
              "WALNUTS",
              "VIOLIN",
              "JIGSAW",
              "ZEUS"
            ],
            "result_count": null,
            "seed": null
          },
          "sensitive_attributes": []
        },
        {
          "index_key": 52,
          "schema_version": 0,
          "attributes": {
            "id": "-",
            "input": [
              "ARMY",
              "PANTHER",
              "WALNUTS",
              "SANDWICH",
              "ZEUS",
              "BANANA",
              "CAT",
              "JELLYFISH",
              "JIGSAW",
              "VIOLIN",
              "MILK",
              "SUN"
            ],
            "keepers": null,
            "result": [
              "MILK",
              "JIGSAW",
              "CAT",
              "SUN",
              "SANDWICH",
              "JELLYFISH",
              "ZEUS",
              "VIOLIN",
              "BANANA",
              "PANTHER",
              "ARMY",
              "WALNUTS"
            ],
            "result_count": null,
            "seed": null
          },
          "sensitive_attributes": []
        },
        {
          "index_key": 53,
          "schema_version": 0,
          "attributes": {
            "id": "-",
            "input": [
              "ARMY",
              "PANTHER",
              "WALNUTS",
              "SANDWICH",
              "ZEUS",
              "BANANA",
              "CAT",
              "JELLYFISH",
              "JIGSAW",
              "VIOLIN",
              "MILK",
              "SUN"
            ],
            "keepers": null,
            "result": [
              "ZEUS",
              "SANDWICH",
              "CAT",
              "PANTHER",
              "JIGSAW",
              "VIOLIN",
              "BANANA",
              "SUN",
              "WALNUTS",
              "MILK",
              "JELLYFISH",
              "ARMY"
            ],
            "result_count": null,
            "seed": null
          },
          "sensitive_attributes": []
        },
        {
          "index_key": 54,
          "schema_version": 0,
          "attributes": {
            "id": "-",
            "input": [
              "ARMY",
              "PANTHER",
              "WALNUTS",
              "SANDWICH",
              "ZEUS",
              "BANANA",
              "CAT",
              "JELLYFISH",
              "JIGSAW",
              "VIOLIN",
              "MILK",
              "SUN"
            ],
            "keepers": null,
            "result": [
              "JIGSAW",
              "PANTHER",
              "VIOLIN",
              "SUN",
              "WALNUTS",
              "SANDWICH",
              "BANANA",
              "JELLYFISH",
              "CAT",
              "ZEUS",
              "ARMY",
              "MILK"
            ],
            "result_count": null,
            "seed": null
          },
          "sensitive_attributes": []
        },
        {
          "index_key": 55,
          "schema_version": 0,
          "attributes": {
            "id": "-",
            "input": [
              "ARMY",
              "PANTHER",
              "WALNUTS",
              "SANDWICH",
              "ZEUS",
              "BANANA",
              "CAT",
              "JELLYFISH",
              "JIGSAW",
              "VIOLIN",
              "MILK",
              "SUN"
            ],
            "keepers": null,
            "result": [
              "VIOLIN",
              "SANDWICH",
              "SUN",
              "ZEUS",
              "PANTHER",
              "ARMY",
              "MILK",
              "BANANA",
              "JELLYFISH",
              "JIGSAW",
              "WALNUTS",
              "CAT"
            ],
            "result_count": null,
            "seed": null
          },
          "sensitive_attributes": []
        },
        {
          "index_key": 56,
          "schema_version": 0,
          "attributes": {
            "id": "-",
            "input": [
              "ARMY",
              "PANTHER",
              "WALNUTS",
              "SANDWICH",
              "ZEUS",
              "BANANA",
              "CAT",
              "JELLYFISH",
              "JIGSAW",
              "VIOLIN",
              "MILK",
              "SUN"
            ],
            "keepers": null,
            "result": [
              "SUN",
              "JIGSAW",
              "MILK",
              "ARMY",
              "BANANA",
              "WALNUTS",
              "SANDWICH",
              "JELLYFISH",
              "CAT",
              "ZEUS",
              "PANTHER",
              "VIOLIN"
            ],
            "result_count": null,
            "seed": null
          },
          "sensitive_attributes": []
        },
        {
          "index_key": 57,
          "schema_version": 0,
          "attributes": {
            "id": "-",
            "input": [
              "ARMY",
              "PANTHER",
              "WALNUTS",
              "SANDWICH",
              "ZEUS",
              "BANANA",
              "CAT",
              "JELLYFISH",
              "JIGSAW",
              "VIOLIN",
              "MILK",
              "SUN"
            ],
            "keepers": null,
            "result": [
              "VIOLIN",
              "MILK",
              "WALNUTS",
              "SUN",
              "ARMY",
              "BANANA",
              "PANTHER",
              "SANDWICH",
              "ZEUS",
              "JELLYFISH",
              "CAT",
              "JIGSAW"
            ],
            "result_count": null,
            "seed": null
          },
          "sensitive_attributes": []
        },
        {
          "index_key": 58,
          "schema_version": 0,
          "attributes": {
            "id": "-",
            "input": [
              "ARMY",
              "PANTHER",
              "WALNUTS",
              "SANDWICH",
              "ZEUS",
              "BANANA",
              "CAT",
              "JELLYFISH",
              "JIGSAW",
              "VIOLIN",
              "MILK",
              "SUN"
            ],
            "keepers": null,
            "result": [
              "SUN",
              "MILK",
              "CAT",
              "JIGSAW",
              "ARMY",
              "VIOLIN",
              "ZEUS",
              "SANDWICH",
              "BANANA",
              "WALNUTS",
              "JELLYFISH",
              "PANTHER"
            ],
            "result_count": null,
            "seed": null
          },
          "sensitive_attributes": []
        },
        {
          "index_key": 59,
          "schema_version": 0,
          "attributes": {
            "id": "-",
            "input": [
              "ARMY",
              "PANTHER",
              "WALNUTS",
              "SANDWICH",
              "ZEUS",
              "BANANA",
              "CAT",
              "JELLYFISH",
              "JIGSAW",
              "VIOLIN",
              "MILK",
              "SUN"
            ],
            "keepers": null,
            "result": [
              "MILK",
              "JIGSAW",
              "JELLYFISH",
              "BANANA",
              "SANDWICH",
              "ZEUS",
              "ARMY",
              "VIOLIN",
              "CAT",
              "WALNUTS",
              "PANTHER",
              "SUN"
            ],
            "result_count": null,
            "seed": null
          },
          "sensitive_attributes": []
        },
        {
          "index_key": 60,
          "schema_version": 0,
          "attributes": {
            "id": "-",
            "input": [
              "ARMY",
              "PANTHER",
              "WALNUTS",
              "SANDWICH",
              "ZEUS",
              "BANANA",
              "CAT",
              "JELLYFISH",
              "JIGSAW",
              "VIOLIN",
              "MILK",
              "SUN"
            ],
            "keepers": null,
            "result": [
              "SANDWICH",
              "JIGSAW",
              "ZEUS",
              "MILK",
              "WALNUTS",
              "VIOLIN",
              "SUN",
              "CAT",
              "PANTHER",
              "ARMY",
              "JELLYFISH",
              "BANANA"
            ],
            "result_count": null,
            "seed": null
          },
          "sensitive_attributes": []
        },
        {
          "index_key": 61,
          "schema_version": 0,
          "attributes": {
            "id": "-",
            "input": [
              "ARMY",
              "PANTHER",
              "WALNUTS",
              "SANDWICH",
              "ZEUS",
              "BANANA",
              "CAT",
              "JELLYFISH",
              "JIGSAW",
              "VIOLIN",
              "MILK",
              "SUN"
            ],
            "keepers": null,
            "result": [
              "PANTHER",
              "BANANA",
              "WALNUTS",
              "CAT",
              "ZEUS",
              "JELLYFISH",
              "SANDWICH",
              "MILK",
              "JIGSAW",
              "SUN",
              "VIOLIN",
              "ARMY"
            ],
            "result_count": null,
            "seed": null
          },
          "sensitive_attributes": []
        },
        {
          "index_key": 62,
          "schema_version": 0,
          "attributes": {
            "id": "-",
            "input": [
              "ARMY",
              "PANTHER",
              "WALNUTS",
              "SANDWICH",
              "ZEUS",
              "BANANA",
              "CAT",
              "JELLYFISH",
              "JIGSAW",
              "VIOLIN",
              "MILK",
              "SUN"
            ],
            "keepers": null,
            "result": [
              "ARMY",
              "WALNUTS",
              "CAT",
              "BANANA",
              "PANTHER",
              "VIOLIN",
              "MILK",
              "JELLYFISH",
              "JIGSAW",
              "SANDWICH",
              "SUN",
              "ZEUS"
            ],
            "result_count": null,
            "seed": null
          },
          "sensitive_attributes": []
        },
        {
          "index_key": 63,
          "schema_version": 0,
          "attributes": {
            "id": "-",
            "input": [
              "ARMY",
              "PANTHER",
              "WALNUTS",
              "SANDWICH",
              "ZEUS",
              "BANANA",
              "CAT",
              "JELLYFISH",
              "JIGSAW",
              "VIOLIN",
              "MILK",
              "SUN"
            ],
            "keepers": null,
            "result": [
              "MILK",
              "PANTHER",
              "JIGSAW",
              "ARMY",
              "CAT",
              "SUN",
              "WALNUTS",
              "BANANA",
              "JELLYFISH",
              "VIOLIN",
              "SANDWICH",
              "ZEUS"
            ],
            "result_count": null,
            "seed": null
          },
          "sensitive_attributes": []
        },
        {
          "index_key": 64,
          "schema_version": 0,
          "attributes": {
            "id": "-",
            "input": [
              "ARMY",
              "PANTHER",
              "WALNUTS",
              "SANDWICH",
              "ZEUS",
              "BANANA",
              "CAT",
              "JELLYFISH",
              "JIGSAW",
              "VIOLIN",
              "MILK",
              "SUN"
            ],
            "keepers": null,
            "result": [
              "CAT",
              "MILK",
              "ZEUS",
              "ARMY",
              "PANTHER",
              "VIOLIN",
              "BANANA",
              "JIGSAW",
              "WALNUTS",
              "SANDWICH",
              "JELLYFISH",
              "SUN"
            ],
            "result_count": null,
            "seed": null
          },
          "sensitive_attributes": []
        },
        {
          "index_key": 65,
          "schema_version": 0,
          "attributes": {
            "id": "-",
            "input": [
              "ARMY",
              "PANTHER",
              "WALNUTS",
              "SANDWICH",
              "ZEUS",
              "BANANA",
              "CAT",
              "JELLYFISH",
              "JIGSAW",
              "VIOLIN",
              "MILK",
              "SUN"
            ],
            "keepers": null,
            "result": [
              "MILK",
              "VIOLIN",
              "CAT",
              "BANANA",
              "SUN",
              "WALNUTS",
              "PANTHER",
              "JIGSAW",
              "JELLYFISH",
              "ARMY",
              "ZEUS",
              "SANDWICH"
            ],
            "result_count": null,
            "seed": null
          },
          "sensitive_attributes": []
        },
        {
          "index_key": 66,
          "schema_version": 0,
          "attributes": {
            "id": "-",
            "input": [
              "ARMY",
              "PANTHER",
              "WALNUTS",
              "SANDWICH",
              "ZEUS",
              "BANANA",
              "CAT",
              "JELLYFISH",
              "JIGSAW",
              "VIOLIN",
              "MILK",
              "SUN"
            ],
            "keepers": null,
            "result": [
              "ARMY",
              "BANANA",
              "WALNUTS",
              "JELLYFISH",
              "SUN",
              "ZEUS",
              "PANTHER",
              "VIOLIN",
              "SANDWICH",
              "MILK",
              "JIGSAW",
              "CAT"
            ],
            "result_count": null,
            "seed": null
          },
          "sensitive_attributes": []
        },
        {
          "index_key": 67,
          "schema_version": 0,
          "attributes": {
            "id": "-",
            "input": [
              "ARMY",
              "PANTHER",
              "WALNUTS",
              "SANDWICH",
              "ZEUS",
              "BANANA",
              "CAT",
              "JELLYFISH",
              "JIGSAW",
              "VIOLIN",
              "MILK",
              "SUN"
            ],
            "keepers": null,
            "result": [
              "ARMY",
              "BANANA",
              "PANTHER",
              "SANDWICH",
              "WALNUTS",
              "JIGSAW",
              "MILK",
              "ZEUS",
              "CAT",
              "VIOLIN",
              "JELLYFISH",
              "SUN"
            ],
            "result_count": null,
            "seed": null
          },
          "sensitive_attributes": []
        },
        {
          "index_key": 68,
          "schema_version": 0,
          "attributes": {
            "id": "-",
            "input": [
              "ARMY",
              "PANTHER",
              "WALNUTS",
              "SANDWICH",
              "ZEUS",
              "BANANA",
              "CAT",
              "JELLYFISH",
              "JIGSAW",
              "VIOLIN",
              "MILK",
              "SUN"
            ],
            "keepers": null,
            "result": [
              "PANTHER",
              "SUN",
              "WALNUTS",
              "SANDWICH",
              "ZEUS",
              "CAT",
              "JIGSAW",
              "MILK",
              "BANANA",
              "VIOLIN",
              "JELLYFISH",
              "ARMY"
            ],
            "result_count": null,
            "seed": null
          },
          "sensitive_attributes": []
        },
        {
          "index_key": 69,
          "schema_version": 0,
          "attributes": {
            "id": "-",
            "input": [
              "ARMY",
              "PANTHER",
              "WALNUTS",
              "SANDWICH",
              "ZEUS",
              "BANANA",
              "CAT",
              "JELLYFISH",
              "JIGSAW",
              "VIOLIN",
              "MILK",
              "SUN"
            ],
            "keepers": null,
            "result": [
              "SUN",
              "JELLYFISH",
              "WALNUTS",
              "SANDWICH",
              "CAT",
              "JIGSAW",
              "MILK",
              "PANTHER",
              "BANANA",
              "VIOLIN",
              "ZEUS",
              "ARMY"
            ],
            "result_count": null,
            "seed": null
          },
          "sensitive_attributes": []
        },
        {
          "index_key": 70,
          "schema_version": 0,
          "attributes": {
            "id": "-",
            "input": [
              "ARMY",
              "PANTHER",
              "WALNUTS",
              "SANDWICH",
              "ZEUS",
              "BANANA",
              "CAT",
              "JELLYFISH",
              "JIGSAW",
              "VIOLIN",
              "MILK",
              "SUN"
            ],
            "keepers": null,
            "result": [
              "SUN",
              "ZEUS",
              "MILK",
              "ARMY",
              "WALNUTS",
              "JIGSAW",
              "JELLYFISH",
              "CAT",
              "VIOLIN",
              "SANDWICH",
              "PANTHER",
              "BANANA"
            ],
            "result_count": null,
            "seed": null
          },
          "sensitive_attributes": []
        },
        {
          "index_key": 71,
          "schema_version": 0,
          "attributes": {
            "id": "-",
            "input": [
              "ARMY",
              "PANTHER",
              "WALNUTS",
              "SANDWICH",
              "ZEUS",
              "BANANA",
              "CAT",
              "JELLYFISH",
              "JIGSAW",
              "VIOLIN",
              "MILK",
              "SUN"
            ],
            "keepers": null,
            "result": [
              "SANDWICH",
              "PANTHER",
              "VIOLIN",
              "JIGSAW",
              "WALNUTS",
              "CAT",
              "ZEUS",
              "ARMY",
              "SUN",
              "BANANA",
              "JELLYFISH",
              "MILK"
            ],
            "result_count": null,
            "seed": null
          },
          "sensitive_attributes": []
        },
        {
          "index_key": 72,
          "schema_version": 0,
          "attributes": {
            "id": "-",
            "input": [
              "ARMY",
              "PANTHER",
              "WALNUTS",
              "SANDWICH",
              "ZEUS",
              "BANANA",
              "CAT",
              "JELLYFISH",
              "JIGSAW",
              "VIOLIN",
              "MILK",
              "SUN"
            ],
            "keepers": null,
            "result": [
              "JIGSAW",
              "JELLYFISH",
              "CAT",
              "BANANA",
              "ZEUS",
              "VIOLIN",
              "MILK",
              "PANTHER",
              "ARMY",
              "SANDWICH",
              "WALNUTS",
              "SUN"
            ],
            "result_count": null,
            "seed": null
          },
          "sensitive_attributes": []
        },
        {
          "index_key": 73,
          "schema_version": 0,
          "attributes": {
            "id": "-",
            "input": [
              "ARMY",
              "PANTHER",
              "WALNUTS",
              "SANDWICH",
              "ZEUS",
              "BANANA",
              "CAT",
              "JELLYFISH",
              "JIGSAW",
              "VIOLIN",
              "MILK",
              "SUN"
            ],
            "keepers": null,
            "result": [
              "CAT",
              "PANTHER",
              "BANANA",
              "JIGSAW",
              "JELLYFISH",
              "SANDWICH",
              "SUN",
              "WALNUTS",
              "VIOLIN",
              "ARMY",
              "ZEUS",
              "MILK"
            ],
            "result_count": null,
            "seed": null
          },
          "sensitive_attributes": []
        },
        {
          "index_key": 74,
          "schema_version": 0,
          "attributes": {
            "id": "-",
            "input": [
              "ARMY",
              "PANTHER",
              "WALNUTS",
              "SANDWICH",
              "ZEUS",
              "BANANA",
              "CAT",
              "JELLYFISH",
              "JIGSAW",
              "VIOLIN",
              "MILK",
              "SUN"
            ],
            "keepers": null,
            "result": [
              "CAT",
              "WALNUTS",
              "VIOLIN",
              "JIGSAW",
              "ARMY",
              "JELLYFISH",
              "SUN",
              "ZEUS",
              "PANTHER",
              "BANANA",
              "SANDWICH",
              "MILK"
            ],
            "result_count": null,
            "seed": null
          },
          "sensitive_attributes": []
        },
        {
          "index_key": 75,
          "schema_version": 0,
          "attributes": {
            "id": "-",
            "input": [
              "ARMY",
              "PANTHER",
              "WALNUTS",
              "SANDWICH",
              "ZEUS",
              "BANANA",
              "CAT",
              "JELLYFISH",
              "JIGSAW",
              "VIOLIN",
              "MILK",
              "SUN"
            ],
            "keepers": null,
            "result": [
              "BANANA",
              "PANTHER",
              "SUN",
              "ZEUS",
              "VIOLIN",
              "MILK",
              "ARMY",
              "JELLYFISH",
              "CAT",
              "JIGSAW",
              "WALNUTS",
              "SANDWICH"
            ],
            "result_count": null,
            "seed": null
          },
          "sensitive_attributes": []
        },
        {
          "index_key": 76,
          "schema_version": 0,
          "attributes": {
            "id": "-",
            "input": [
              "ARMY",
              "PANTHER",
              "WALNUTS",
              "SANDWICH",
              "ZEUS",
              "BANANA",
              "CAT",
              "JELLYFISH",
              "JIGSAW",
              "VIOLIN",
              "MILK",
              "SUN"
            ],
            "keepers": null,
            "result": [
              "PANTHER",
              "MILK",
              "VIOLIN",
              "JIGSAW",
              "JELLYFISH",
              "SUN",
              "BANANA",
              "CAT",
              "ARMY",
              "WALNUTS",
              "ZEUS",
              "SANDWICH"
            ],
            "result_count": null,
            "seed": null
          },
          "sensitive_attributes": []
        },
        {
          "index_key": 77,
          "schema_version": 0,
          "attributes": {
            "id": "-",
            "input": [
              "ARMY",
              "PANTHER",
              "WALNUTS",
              "SANDWICH",
              "ZEUS",
              "BANANA",
              "CAT",
              "JELLYFISH",
              "JIGSAW",
              "VIOLIN",
              "MILK",
              "SUN"
            ],
            "keepers": null,
            "result": [
              "CAT",
              "JIGSAW",
              "ARMY",
              "MILK",
              "JELLYFISH",
              "WALNUTS",
              "PANTHER",
              "SANDWICH",
              "VIOLIN",
              "ZEUS",
              "SUN",
              "BANANA"
            ],
            "result_count": null,
            "seed": null
          },
          "sensitive_attributes": []
        },
        {
          "index_key": 78,
          "schema_version": 0,
          "attributes": {
            "id": "-",
            "input": [
              "ARMY",
              "PANTHER",
              "WALNUTS",
              "SANDWICH",
              "ZEUS",
              "BANANA",
              "CAT",
              "JELLYFISH",
              "JIGSAW",
              "VIOLIN",
              "MILK",
              "SUN"
            ],
            "keepers": null,
            "result": [
              "CAT",
              "VIOLIN",
              "ZEUS",
              "WALNUTS",
              "ARMY",
              "JIGSAW",
              "PANTHER",
              "JELLYFISH",
              "MILK",
              "SUN",
              "SANDWICH",
              "BANANA"
            ],
            "result_count": null,
            "seed": null
          },
          "sensitive_attributes": []
        },
        {
          "index_key": 79,
          "schema_version": 0,
          "attributes": {
            "id": "-",
            "input": [
              "ARMY",
              "PANTHER",
              "WALNUTS",
              "SANDWICH",
              "ZEUS",
              "BANANA",
              "CAT",
              "JELLYFISH",
              "JIGSAW",
              "VIOLIN",
              "MILK",
              "SUN"
            ],
            "keepers": null,
            "result": [
              "ZEUS",
              "BANANA",
              "PANTHER",
              "ARMY",
              "MILK",
              "JELLYFISH",
              "WALNUTS",
              "JIGSAW",
              "SANDWICH",
              "SUN",
              "VIOLIN",
              "CAT"
            ],
            "result_count": null,
            "seed": null
          },
          "sensitive_attributes": []
        },
        {
          "index_key": 80,
          "schema_version": 0,
          "attributes": {
            "id": "-",
            "input": [
              "ARMY",
              "PANTHER",
              "WALNUTS",
              "SANDWICH",
              "ZEUS",
              "BANANA",
              "CAT",
              "JELLYFISH",
              "JIGSAW",
              "VIOLIN",
              "MILK",
              "SUN"
            ],
            "keepers": null,
            "result": [
              "WALNUTS",
              "JELLYFISH",
              "CAT",
              "ZEUS",
              "SUN",
              "PANTHER",
              "VIOLIN",
              "ARMY",
              "JIGSAW",
              "MILK",
              "BANANA",
              "SANDWICH"
            ],
            "result_count": null,
            "seed": null
          },
          "sensitive_attributes": []
        },
        {
          "index_key": 81,
          "schema_version": 0,
          "attributes": {
            "id": "-",
            "input": [
              "ARMY",
              "PANTHER",
              "WALNUTS",
              "SANDWICH",
              "ZEUS",
              "BANANA",
              "CAT",
              "JELLYFISH",
              "JIGSAW",
              "VIOLIN",
              "MILK",
              "SUN"
            ],
            "keepers": null,
            "result": [
              "MILK",
              "WALNUTS",
              "JIGSAW",
              "BANANA",
              "JELLYFISH",
              "VIOLIN",
              "SUN",
              "ARMY",
              "CAT",
              "ZEUS",
              "PANTHER",
              "SANDWICH"
            ],
            "result_count": null,
            "seed": null
          },
          "sensitive_attributes": []
        },
        {
          "index_key": 82,
          "schema_version": 0,
          "attributes": {
            "id": "-",
            "input": [
              "ARMY",
              "PANTHER",
              "WALNUTS",
              "SANDWICH",
              "ZEUS",
              "BANANA",
              "CAT",
              "JELLYFISH",
              "JIGSAW",
              "VIOLIN",
              "MILK",
              "SUN"
            ],
            "keepers": null,
            "result": [
              "JIGSAW",
              "SANDWICH",
              "ZEUS",
              "VIOLIN",
              "ARMY",
              "BANANA",
              "MILK",
              "PANTHER",
              "CAT",
              "WALNUTS",
              "SUN",
              "JELLYFISH"
            ],
            "result_count": null,
            "seed": null
          },
          "sensitive_attributes": []
        },
        {
          "index_key": 83,
          "schema_version": 0,
          "attributes": {
            "id": "-",
            "input": [
              "ARMY",
              "PANTHER",
              "WALNUTS",
              "SANDWICH",
              "ZEUS",
              "BANANA",
              "CAT",
              "JELLYFISH",
              "JIGSAW",
              "VIOLIN",
              "MILK",
              "SUN"
            ],
            "keepers": null,
            "result": [
              "SUN",
              "VIOLIN",
              "JIGSAW",
              "ARMY",
              "SANDWICH",
              "BANANA",
              "CAT",
              "PANTHER",
              "WALNUTS",
              "ZEUS",
              "JELLYFISH",
              "MILK"
            ],
            "result_count": null,
            "seed": null
          },
          "sensitive_attributes": []
        },
        {
          "index_key": 84,
          "schema_version": 0,
          "attributes": {
            "id": "-",
            "input": [
              "ARMY",
              "PANTHER",
              "WALNUTS",
              "SANDWICH",
              "ZEUS",
              "BANANA",
              "CAT",
              "JELLYFISH",
              "JIGSAW",
              "VIOLIN",
              "MILK",
              "SUN"
            ],
            "keepers": null,
            "result": [
              "JELLYFISH",
              "WALNUTS",
              "ARMY",
              "BANANA",
              "ZEUS",
              "SANDWICH",
              "VIOLIN",
              "CAT",
              "JIGSAW",
              "PANTHER",
              "MILK",
              "SUN"
            ],
            "result_count": null,
            "seed": null
          },
          "sensitive_attributes": []
        },
        {
          "index_key": 85,
          "schema_version": 0,
          "attributes": {
            "id": "-",
            "input": [
              "ARMY",
              "PANTHER",
              "WALNUTS",
              "SANDWICH",
              "ZEUS",
              "BANANA",
              "CAT",
              "JELLYFISH",
              "JIGSAW",
              "VIOLIN",
              "MILK",
              "SUN"
            ],
            "keepers": null,
            "result": [
              "PANTHER",
              "SANDWICH",
              "VIOLIN",
              "JELLYFISH",
              "SUN",
              "BANANA",
              "CAT",
              "MILK",
              "ZEUS",
              "WALNUTS",
              "ARMY",
              "JIGSAW"
            ],
            "result_count": null,
            "seed": null
          },
          "sensitive_attributes": []
        },
        {
          "index_key": 86,
          "schema_version": 0,
          "attributes": {
            "id": "-",
            "input": [
              "ARMY",
              "PANTHER",
              "WALNUTS",
              "SANDWICH",
              "ZEUS",
              "BANANA",
              "CAT",
              "JELLYFISH",
              "JIGSAW",
              "VIOLIN",
              "MILK",
              "SUN"
            ],
            "keepers": null,
            "result": [
              "JELLYFISH",
              "SANDWICH",
              "MILK",
              "ARMY",
              "VIOLIN",
              "ZEUS",
              "PANTHER",
              "JIGSAW",
              "SUN",
              "BANANA",
              "CAT",
              "WALNUTS"
            ],
            "result_count": null,
            "seed": null
          },
          "sensitive_attributes": []
        },
        {
          "index_key": 87,
          "schema_version": 0,
          "attributes": {
            "id": "-",
            "input": [
              "ARMY",
              "PANTHER",
              "WALNUTS",
              "SANDWICH",
              "ZEUS",
              "BANANA",
              "CAT",
              "JELLYFISH",
              "JIGSAW",
              "VIOLIN",
              "MILK",
              "SUN"
            ],
            "keepers": null,
            "result": [
              "PANTHER",
              "JIGSAW",
              "MILK",
              "CAT",
              "SANDWICH",
              "ARMY",
              "SUN",
              "VIOLIN",
              "JELLYFISH",
              "ZEUS",
              "WALNUTS",
              "BANANA"
            ],
            "result_count": null,
            "seed": null
          },
          "sensitive_attributes": []
        },
        {
          "index_key": 88,
          "schema_version": 0,
          "attributes": {
            "id": "-",
            "input": [
              "ARMY",
              "PANTHER",
              "WALNUTS",
              "SANDWICH",
              "ZEUS",
              "BANANA",
              "CAT",
              "JELLYFISH",
              "JIGSAW",
              "VIOLIN",
              "MILK",
              "SUN"
            ],
            "keepers": null,
            "result": [
              "JELLYFISH",
              "BANANA",
              "CAT",
              "JIGSAW",
              "MILK",
              "VIOLIN",
              "SANDWICH",
              "ARMY",
              "ZEUS",
              "PANTHER",
              "WALNUTS",
              "SUN"
            ],
            "result_count": null,
            "seed": null
          },
          "sensitive_attributes": []
        },
        {
          "index_key": 89,
          "schema_version": 0,
          "attributes": {
            "id": "-",
            "input": [
              "ARMY",
              "PANTHER",
              "WALNUTS",
              "SANDWICH",
              "ZEUS",
              "BANANA",
              "CAT",
              "JELLYFISH",
              "JIGSAW",
              "VIOLIN",
              "MILK",
              "SUN"
            ],
            "keepers": null,
            "result": [
              "WALNUTS",
              "SUN",
              "JIGSAW",
              "BANANA",
              "CAT",
              "VIOLIN",
              "JELLYFISH",
              "MILK",
              "ARMY",
              "SANDWICH",
              "PANTHER",
              "ZEUS"
            ],
            "result_count": null,
            "seed": null
          },
          "sensitive_attributes": []
        },
        {
          "index_key": 90,
          "schema_version": 0,
          "attributes": {
            "id": "-",
            "input": [
              "ARMY",
              "PANTHER",
              "WALNUTS",
              "SANDWICH",
              "ZEUS",
              "BANANA",
              "CAT",
              "JELLYFISH",
              "JIGSAW",
              "VIOLIN",
              "MILK",
              "SUN"
            ],
            "keepers": null,
            "result": [
              "BANANA",
              "MILK",
              "PANTHER",
              "ZEUS",
              "SANDWICH",
              "CAT",
              "JIGSAW",
              "WALNUTS",
              "JELLYFISH",
              "ARMY",
              "VIOLIN",
              "SUN"
            ],
            "result_count": null,
            "seed": null
          },
          "sensitive_attributes": []
        },
        {
          "index_key": 91,
          "schema_version": 0,
          "attributes": {
            "id": "-",
            "input": [
              "ARMY",
              "PANTHER",
              "WALNUTS",
              "SANDWICH",
              "ZEUS",
              "BANANA",
              "CAT",
              "JELLYFISH",
              "JIGSAW",
              "VIOLIN",
              "MILK",
              "SUN"
            ],
            "keepers": null,
            "result": [
              "CAT",
              "BANANA",
              "ARMY",
              "SUN",
              "JELLYFISH",
              "ZEUS",
              "JIGSAW",
              "PANTHER",
              "MILK",
              "SANDWICH",
              "WALNUTS",
              "VIOLIN"
            ],
            "result_count": null,
            "seed": null
          },
          "sensitive_attributes": []
        },
        {
          "index_key": 92,
          "schema_version": 0,
          "attributes": {
            "id": "-",
            "input": [
              "ARMY",
              "PANTHER",
              "WALNUTS",
              "SANDWICH",
              "ZEUS",
              "BANANA",
              "CAT",
              "JELLYFISH",
              "JIGSAW",
              "VIOLIN",
              "MILK",
              "SUN"
            ],
            "keepers": null,
            "result": [
              "CAT",
              "ARMY",
              "SUN",
              "JELLYFISH",
              "VIOLIN",
              "JIGSAW",
              "BANANA",
              "MILK",
              "PANTHER",
              "ZEUS",
              "WALNUTS",
              "SANDWICH"
            ],
            "result_count": null,
            "seed": null
          },
          "sensitive_attributes": []
        },
        {
          "index_key": 93,
          "schema_version": 0,
          "attributes": {
            "id": "-",
            "input": [
              "ARMY",
              "PANTHER",
              "WALNUTS",
              "SANDWICH",
              "ZEUS",
              "BANANA",
              "CAT",
              "JELLYFISH",
              "JIGSAW",
              "VIOLIN",
              "MILK",
              "SUN"
            ],
            "keepers": null,
            "result": [
              "CAT",
              "SUN",
              "JIGSAW",
              "MILK",
              "ARMY",
              "VIOLIN",
              "BANANA",
              "ZEUS",
              "PANTHER",
              "WALNUTS",
              "JELLYFISH",
              "SANDWICH"
            ],
            "result_count": null,
            "seed": null
          },
          "sensitive_attributes": []
        },
        {
          "index_key": 94,
          "schema_version": 0,
          "attributes": {
            "id": "-",
            "input": [
              "ARMY",
              "PANTHER",
              "WALNUTS",
              "SANDWICH",
              "ZEUS",
              "BANANA",
              "CAT",
              "JELLYFISH",
              "JIGSAW",
              "VIOLIN",
              "MILK",
              "SUN"
            ],
            "keepers": null,
            "result": [
              "JIGSAW",
              "WALNUTS",
              "MILK",
              "PANTHER",
              "ZEUS",
              "ARMY",
              "BANANA",
              "SANDWICH",
              "JELLYFISH",
              "VIOLIN",
              "CAT",
              "SUN"
            ],
            "result_count": null,
            "seed": null
          },
          "sensitive_attributes": []
        },
        {
          "index_key": 95,
          "schema_version": 0,
          "attributes": {
            "id": "-",
            "input": [
              "ARMY",
              "PANTHER",
              "WALNUTS",
              "SANDWICH",
              "ZEUS",
              "BANANA",
              "CAT",
              "JELLYFISH",
              "JIGSAW",
              "VIOLIN",
              "MILK",
              "SUN"
            ],
            "keepers": null,
            "result": [
              "SANDWICH",
              "SUN",
              "ARMY",
              "BANANA",
              "CAT",
              "WALNUTS",
              "MILK",
              "ZEUS",
              "JELLYFISH",
              "VIOLIN",
              "JIGSAW",
              "PANTHER"
            ],
            "result_count": null,
            "seed": null
          },
          "sensitive_attributes": []
        },
        {
          "index_key": 96,
          "schema_version": 0,
          "attributes": {
            "id": "-",
            "input": [
              "ARMY",
              "PANTHER",
              "WALNUTS",
              "SANDWICH",
              "ZEUS",
              "BANANA",
              "CAT",
              "JELLYFISH",
              "JIGSAW",
              "VIOLIN",
              "MILK",
              "SUN"
            ],
            "keepers": null,
            "result": [
              "WALNUTS",
              "VIOLIN",
              "BANANA",
              "SANDWICH",
              "ARMY",
              "JELLYFISH",
              "JIGSAW",
              "ZEUS",
              "SUN",
              "MILK",
              "CAT",
              "PANTHER"
            ],
            "result_count": null,
            "seed": null
          },
          "sensitive_attributes": []
        },
        {
          "index_key": 97,
          "schema_version": 0,
          "attributes": {
            "id": "-",
            "input": [
              "ARMY",
              "PANTHER",
              "WALNUTS",
              "SANDWICH",
              "ZEUS",
              "BANANA",
              "CAT",
              "JELLYFISH",
              "JIGSAW",
              "VIOLIN",
              "MILK",
              "SUN"
            ],
            "keepers": null,
            "result": [
              "PANTHER",
              "VIOLIN",
              "SANDWICH",
              "MILK",
              "CAT",
              "JIGSAW",
              "ARMY",
              "SUN",
              "ZEUS",
              "WALNUTS",
              "BANANA",
              "JELLYFISH"
            ],
            "result_count": null,
            "seed": null
          },
          "sensitive_attributes": []
        },
        {
          "index_key": 98,
          "schema_version": 0,
          "attributes": {
            "id": "-",
            "input": [
              "ARMY",
              "PANTHER",
              "WALNUTS",
              "SANDWICH",
              "ZEUS",
              "BANANA",
              "CAT",
              "JELLYFISH",
              "JIGSAW",
              "VIOLIN",
              "MILK",
              "SUN"
            ],
            "keepers": null,
            "result": [
              "VIOLIN",
              "JELLYFISH",
              "ZEUS",
              "BANANA",
              "PANTHER",
              "ARMY",
              "CAT",
              "WALNUTS",
              "MILK",
              "SANDWICH",
              "SUN",
              "JIGSAW"
            ],
            "result_count": null,
            "seed": null
          },
          "sensitive_attributes": []
        },
        {
          "index_key": 99,
          "schema_version": 0,
          "attributes": {
            "id": "-",
            "input": [
              "ARMY",
              "PANTHER",
              "WALNUTS",
              "SANDWICH",
              "ZEUS",
              "BANANA",
              "CAT",
              "JELLYFISH",
              "JIGSAW",
              "VIOLIN",
              "MILK",
              "SUN"
            ],
            "keepers": null,
            "result": [
              "VIOLIN",
              "BANANA",
              "CAT",
              "PANTHER",
              "MILK",
              "WALNUTS",
              "ARMY",
              "JELLYFISH",
              "SUN",
              "JIGSAW",
              "SANDWICH",
              "ZEUS"
            ],
            "result_count": null,
            "seed": null
          },
          "sensitive_attributes": []
        }
      ]
    },
    {
      "mode": "managed",
      "type": "random_shuffle",
      "name": "random_numbers",
      "provider": "provider[\"registry.terraform.io/hashicorp/random\"]",
      "instances": [
        {
          "index_key": 0,
          "schema_version": 0,
          "attributes": {
            "id": "-",
            "input": [
              "42",
              "27",
              "101",
              "73",
              "-5",
              "0"
            ],
            "keepers": null,
            "result": [
              "101",
              "-5",
              "0",
              "42",
              "27",
              "73"
            ],
            "result_count": null,
            "seed": null
          },
          "sensitive_attributes": []
        },
        {
          "index_key": 1,
          "schema_version": 0,
          "attributes": {
            "id": "-",
            "input": [
              "42",
              "27",
              "101",
              "73",
              "-5",
              "0"
            ],
            "keepers": null,
            "result": [
              "42",
              "27",
              "0",
              "73",
              "101",
              "-5"
            ],
            "result_count": null,
            "seed": null
          },
          "sensitive_attributes": []
        },
        {
          "index_key": 2,
          "schema_version": 0,
          "attributes": {
            "id": "-",
            "input": [
              "42",
              "27",
              "101",
              "73",
              "-5",
              "0"
            ],
            "keepers": null,
            "result": [
              "73",
              "0",
              "-5",
              "101",
              "27",
              "42"
            ],
            "result_count": null,
            "seed": null
          },
          "sensitive_attributes": []
        },
        {
          "index_key": 3,
          "schema_version": 0,
          "attributes": {
            "id": "-",
            "input": [
              "42",
              "27",
              "101",
              "73",
              "-5",
              "0"
            ],
            "keepers": null,
            "result": [
              "42",
              "27",
              "-5",
              "73",
              "0",
              "101"
            ],
            "result_count": null,
            "seed": null
          },
          "sensitive_attributes": []
        },
        {
          "index_key": 4,
          "schema_version": 0,
          "attributes": {
            "id": "-",
            "input": [
              "42",
              "27",
              "101",
              "73",
              "-5",
              "0"
            ],
            "keepers": null,
            "result": [
              "101",
              "0",
              "42",
              "27",
              "73",
              "-5"
            ],
            "result_count": null,
            "seed": null
          },
          "sensitive_attributes": []
        },
        {
          "index_key": 5,
          "schema_version": 0,
          "attributes": {
            "id": "-",
            "input": [
              "42",
              "27",
              "101",
              "73",
              "-5",
              "0"
            ],
            "keepers": null,
            "result": [
              "73",
              "0",
              "42",
              "27",
              "101",
              "-5"
            ],
            "result_count": null,
            "seed": null
          },
          "sensitive_attributes": []
        },
        {
          "index_key": 6,
          "schema_version": 0,
          "attributes": {
            "id": "-",
            "input": [
              "42",
              "27",
              "101",
              "73",
              "-5",
              "0"
            ],
            "keepers": null,
            "result": [
              "42",
              "73",
              "101",
              "0",
              "-5",
              "27"
            ],
            "result_count": null,
            "seed": null
          },
          "sensitive_attributes": []
        },
        {
          "index_key": 7,
          "schema_version": 0,
          "attributes": {
            "id": "-",
            "input": [
              "42",
              "27",
              "101",
              "73",
              "-5",
              "0"
            ],
            "keepers": null,
            "result": [
              "0",
              "101",
              "73",
              "42",
              "27",
              "-5"
            ],
            "result_count": null,
            "seed": null
          },
          "sensitive_attributes": []
        },
        {
          "index_key": 8,
          "schema_version": 0,
          "attributes": {
            "id": "-",
            "input": [
              "42",
              "27",
              "101",
              "73",
              "-5",
              "0"
            ],
            "keepers": null,
            "result": [
              "73",
              "-5",
              "0",
              "101",
              "27",
              "42"
            ],
            "result_count": null,
            "seed": null
          },
          "sensitive_attributes": []
        },
        {
          "index_key": 9,
          "schema_version": 0,
          "attributes": {
            "id": "-",
            "input": [
              "42",
              "27",
              "101",
              "73",
              "-5",
              "0"
            ],
            "keepers": null,
            "result": [
              "27",
              "-5",
              "73",
              "0",
              "101",
              "42"
            ],
            "result_count": null,
            "seed": null
          },
          "sensitive_attributes": []
        },
        {
          "index_key": 10,
          "schema_version": 0,
          "attributes": {
            "id": "-",
            "input": [
              "42",
              "27",
              "101",
              "73",
              "-5",
              "0"
            ],
            "keepers": null,
            "result": [
              "-5",
              "101",
              "0",
              "27",
              "42",
              "73"
            ],
            "result_count": null,
            "seed": null
          },
          "sensitive_attributes": []
        },
        {
          "index_key": 11,
          "schema_version": 0,
          "attributes": {
            "id": "-",
            "input": [
              "42",
              "27",
              "101",
              "73",
              "-5",
              "0"
            ],
            "keepers": null,
            "result": [
              "101",
              "27",
              "0",
              "-5",
              "42",
              "73"
            ],
            "result_count": null,
            "seed": null
          },
          "sensitive_attributes": []
        },
        {
          "index_key": 12,
          "schema_version": 0,
          "attributes": {
            "id": "-",
            "input": [
              "42",
              "27",
              "101",
              "73",
              "-5",
              "0"
            ],
            "keepers": null,
            "result": [
              "27",
              "-5",
              "42",
              "101",
              "0",
              "73"
            ],
            "result_count": null,
            "seed": null
          },
          "sensitive_attributes": []
        },
        {
          "index_key": 13,
          "schema_version": 0,
          "attributes": {
            "id": "-",
            "input": [
              "42",
              "27",
              "101",
              "73",
              "-5",
              "0"
            ],
            "keepers": null,
            "result": [
              "0",
              "42",
              "73",
              "-5",
              "27",
              "101"
            ],
            "result_count": null,
            "seed": null
          },
          "sensitive_attributes": []
        },
        {
          "index_key": 14,
          "schema_version": 0,
          "attributes": {
            "id": "-",
            "input": [
              "42",
              "27",
              "101",
              "73",
              "-5",
              "0"
            ],
            "keepers": null,
            "result": [
              "0",
              "73",
              "-5",
              "101",
              "27",
              "42"
            ],
            "result_count": null,
            "seed": null
          },
          "sensitive_attributes": []
        },
        {
          "index_key": 15,
          "schema_version": 0,
          "attributes": {
            "id": "-",
            "input": [
              "42",
              "27",
              "101",
              "73",
              "-5",
              "0"
            ],
            "keepers": null,
            "result": [
              "27",
              "-5",
              "42",
              "73",
              "0",
              "101"
            ],
            "result_count": null,
            "seed": null
          },
          "sensitive_attributes": []
        },
        {
          "index_key": 16,
          "schema_version": 0,
          "attributes": {
            "id": "-",
            "input": [
              "42",
              "27",
              "101",
              "73",
              "-5",
              "0"
            ],
            "keepers": null,
            "result": [
              "42",
              "73",
              "-5",
              "101",
              "27",
              "0"
            ],
            "result_count": null,
            "seed": null
          },
          "sensitive_attributes": []
        },
        {
          "index_key": 17,
          "schema_version": 0,
          "attributes": {
            "id": "-",
            "input": [
              "42",
              "27",
              "101",
              "73",
              "-5",
              "0"
            ],
            "keepers": null,
            "result": [
              "-5",
              "73",
              "27",
              "101",
              "42",
              "0"
            ],
            "result_count": null,
            "seed": null
          },
          "sensitive_attributes": []
        },
        {
          "index_key": 18,
          "schema_version": 0,
          "attributes": {
            "id": "-",
            "input": [
              "42",
              "27",
              "101",
              "73",
              "-5",
              "0"
            ],
            "keepers": null,
            "result": [
              "-5",
              "73",
              "27",
              "42",
              "101",
              "0"
            ],
            "result_count": null,
            "seed": null
          },
          "sensitive_attributes": []
        },
        {
          "index_key": 19,
          "schema_version": 0,
          "attributes": {
            "id": "-",
            "input": [
              "42",
              "27",
              "101",
              "73",
              "-5",
              "0"
            ],
            "keepers": null,
            "result": [
              "101",
              "0",
              "73",
              "-5",
              "27",
              "42"
            ],
            "result_count": null,
            "seed": null
          },
          "sensitive_attributes": []
        },
        {
          "index_key": 20,
          "schema_version": 0,
          "attributes": {
            "id": "-",
            "input": [
              "42",
              "27",
              "101",
              "73",
              "-5",
              "0"
            ],
            "keepers": null,
            "result": [
              "0",
              "101",
              "42",
              "27",
              "-5",
              "73"
            ],
            "result_count": null,
            "seed": null
          },
          "sensitive_attributes": []
        },
        {
          "index_key": 21,
          "schema_version": 0,
          "attributes": {
            "id": "-",
            "input": [
              "42",
              "27",
              "101",
              "73",
              "-5",
              "0"
            ],
            "keepers": null,
            "result": [
              "73",
              "101",
              "-5",
              "0",
              "42",
              "27"
            ],
            "result_count": null,
            "seed": null
          },
          "sensitive_attributes": []
        },
        {
          "index_key": 22,
          "schema_version": 0,
          "attributes": {
            "id": "-",
            "input": [
              "42",
              "27",
              "101",
              "73",
              "-5",
              "0"
            ],
            "keepers": null,
            "result": [
              "42",
              "73",
              "0",
              "27",
              "101",
              "-5"
            ],
            "result_count": null,
            "seed": null
          },
          "sensitive_attributes": []
        },
        {
          "index_key": 23,
          "schema_version": 0,
          "attributes": {
            "id": "-",
            "input": [
              "42",
              "27",
              "101",
              "73",
              "-5",
              "0"
            ],
            "keepers": null,
            "result": [
              "-5",
              "27",
              "73",
              "0",
              "42",
              "101"
            ],
            "result_count": null,
            "seed": null
          },
          "sensitive_attributes": []
        },
        {
          "index_key": 24,
          "schema_version": 0,
          "attributes": {
            "id": "-",
            "input": [
              "42",
              "27",
              "101",
              "73",
              "-5",
              "0"
            ],
            "keepers": null,
            "result": [
              "42",
              "-5",
              "27",
              "73",
              "101",
              "0"
            ],
            "result_count": null,
            "seed": null
          },
          "sensitive_attributes": []
        },
        {
          "index_key": 25,
          "schema_version": 0,
          "attributes": {
            "id": "-",
            "input": [
              "42",
              "27",
              "101",
              "73",
              "-5",
              "0"
            ],
            "keepers": null,
            "result": [
              "0",
              "101",
              "-5",
              "73",
              "27",
              "42"
            ],
            "result_count": null,
            "seed": null
          },
          "sensitive_attributes": []
        },
        {
          "index_key": 26,
          "schema_version": 0,
          "attributes": {
            "id": "-",
            "input": [
              "42",
              "27",
              "101",
              "73",
              "-5",
              "0"
            ],
            "keepers": null,
            "result": [
              "73",
              "-5",
              "42",
              "0",
              "101",
              "27"
            ],
            "result_count": null,
            "seed": null
          },
          "sensitive_attributes": []
        },
        {
          "index_key": 27,
          "schema_version": 0,
          "attributes": {
            "id": "-",
            "input": [
              "42",
              "27",
              "101",
              "73",
              "-5",
              "0"
            ],
            "keepers": null,
            "result": [
              "42",
              "27",
              "0",
              "-5",
              "73",
              "101"
            ],
            "result_count": null,
            "seed": null
          },
          "sensitive_attributes": []
        },
        {
          "index_key": 28,
          "schema_version": 0,
          "attributes": {
            "id": "-",
            "input": [
              "42",
              "27",
              "101",
              "73",
              "-5",
              "0"
            ],
            "keepers": null,
            "result": [
              "27",
              "-5",
              "42",
              "101",
              "0",
              "73"
            ],
            "result_count": null,
            "seed": null
          },
          "sensitive_attributes": []
        },
        {
          "index_key": 29,
          "schema_version": 0,
          "attributes": {
            "id": "-",
            "input": [
              "42",
              "27",
              "101",
              "73",
              "-5",
              "0"
            ],
            "keepers": null,
            "result": [
              "101",
              "42",
              "0",
              "-5",
              "73",
              "27"
            ],
            "result_count": null,
            "seed": null
          },
          "sensitive_attributes": []
        },
        {
          "index_key": 30,
          "schema_version": 0,
          "attributes": {
            "id": "-",
            "input": [
              "42",
              "27",
              "101",
              "73",
              "-5",
              "0"
            ],
            "keepers": null,
            "result": [
              "42",
              "-5",
              "27",
              "0",
              "101",
              "73"
            ],
            "result_count": null,
            "seed": null
          },
          "sensitive_attributes": []
        },
        {
          "index_key": 31,
          "schema_version": 0,
          "attributes": {
            "id": "-",
            "input": [
              "42",
              "27",
              "101",
              "73",
              "-5",
              "0"
            ],
            "keepers": null,
            "result": [
              "27",
              "73",
              "101",
              "-5",
              "42",
              "0"
            ],
            "result_count": null,
            "seed": null
          },
          "sensitive_attributes": []
        },
        {
          "index_key": 32,
          "schema_version": 0,
          "attributes": {
            "id": "-",
            "input": [
              "42",
              "27",
              "101",
              "73",
              "-5",
              "0"
            ],
            "keepers": null,
            "result": [
              "73",
              "27",
              "-5",
              "0",
              "42",
              "101"
            ],
            "result_count": null,
            "seed": null
          },
          "sensitive_attributes": []
        },
        {
          "index_key": 33,
          "schema_version": 0,
          "attributes": {
            "id": "-",
            "input": [
              "42",
              "27",
              "101",
              "73",
              "-5",
              "0"
            ],
            "keepers": null,
            "result": [
              "0",
              "-5",
              "101",
              "42",
              "73",
              "27"
            ],
            "result_count": null,
            "seed": null
          },
          "sensitive_attributes": []
        },
        {
          "index_key": 34,
          "schema_version": 0,
          "attributes": {
            "id": "-",
            "input": [
              "42",
              "27",
              "101",
              "73",
              "-5",
              "0"
            ],
            "keepers": null,
            "result": [
              "27",
              "101",
              "42",
              "73",
              "-5",
              "0"
            ],
            "result_count": null,
            "seed": null
          },
          "sensitive_attributes": []
        },
        {
          "index_key": 35,
          "schema_version": 0,
          "attributes": {
            "id": "-",
            "input": [
              "42",
              "27",
              "101",
              "73",
              "-5",
              "0"
            ],
            "keepers": null,
            "result": [
              "0",
              "42",
              "27",
              "101",
              "73",
              "-5"
            ],
            "result_count": null,
            "seed": null
          },
          "sensitive_attributes": []
        },
        {
          "index_key": 36,
          "schema_version": 0,
          "attributes": {
            "id": "-",
            "input": [
              "42",
              "27",
              "101",
              "73",
              "-5",
              "0"
            ],
            "keepers": null,
            "result": [
              "27",
              "101",
              "-5",
              "0",
              "42",
              "73"
            ],
            "result_count": null,
            "seed": null
          },
          "sensitive_attributes": []
        },
        {
          "index_key": 37,
          "schema_version": 0,
          "attributes": {
            "id": "-",
            "input": [
              "42",
              "27",
              "101",
              "73",
              "-5",
              "0"
            ],
            "keepers": null,
            "result": [
              "27",
              "-5",
              "73",
              "0",
              "101",
              "42"
            ],
            "result_count": null,
            "seed": null
          },
          "sensitive_attributes": []
        },
        {
          "index_key": 38,
          "schema_version": 0,
          "attributes": {
            "id": "-",
            "input": [
              "42",
              "27",
              "101",
              "73",
              "-5",
              "0"
            ],
            "keepers": null,
            "result": [
              "-5",
              "101",
              "0",
              "73",
              "27",
              "42"
            ],
            "result_count": null,
            "seed": null
          },
          "sensitive_attributes": []
        },
        {
          "index_key": 39,
          "schema_version": 0,
          "attributes": {
            "id": "-",
            "input": [
              "42",
              "27",
              "101",
              "73",
              "-5",
              "0"
            ],
            "keepers": null,
            "result": [
              "-5",
              "0",
              "27",
              "101",
              "73",
              "42"
            ],
            "result_count": null,
            "seed": null
          },
          "sensitive_attributes": []
        },
        {
          "index_key": 40,
          "schema_version": 0,
          "attributes": {
            "id": "-",
            "input": [
              "42",
              "27",
              "101",
              "73",
              "-5",
              "0"
            ],
            "keepers": null,
            "result": [
              "0",
              "101",
              "-5",
              "27",
              "42",
              "73"
            ],
            "result_count": null,
            "seed": null
          },
          "sensitive_attributes": []
        },
        {
          "index_key": 41,
          "schema_version": 0,
          "attributes": {
            "id": "-",
            "input": [
              "42",
              "27",
              "101",
              "73",
              "-5",
              "0"
            ],
            "keepers": null,
            "result": [
              "27",
              "-5",
              "73",
              "42",
              "0",
              "101"
            ],
            "result_count": null,
            "seed": null
          },
          "sensitive_attributes": []
        },
        {
          "index_key": 42,
          "schema_version": 0,
          "attributes": {
            "id": "-",
            "input": [
              "42",
              "27",
              "101",
              "73",
              "-5",
              "0"
            ],
            "keepers": null,
            "result": [
              "101",
              "73",
              "0",
              "-5",
              "42",
              "27"
            ],
            "result_count": null,
            "seed": null
          },
          "sensitive_attributes": []
        },
        {
          "index_key": 43,
          "schema_version": 0,
          "attributes": {
            "id": "-",
            "input": [
              "42",
              "27",
              "101",
              "73",
              "-5",
              "0"
            ],
            "keepers": null,
            "result": [
              "101",
              "42",
              "0",
              "27",
              "73",
              "-5"
            ],
            "result_count": null,
            "seed": null
          },
          "sensitive_attributes": []
        },
        {
          "index_key": 44,
          "schema_version": 0,
          "attributes": {
            "id": "-",
            "input": [
              "42",
              "27",
              "101",
              "73",
              "-5",
              "0"
            ],
            "keepers": null,
            "result": [
              "42",
              "-5",
              "27",
              "101",
              "0",
              "73"
            ],
            "result_count": null,
            "seed": null
          },
          "sensitive_attributes": []
        },
        {
          "index_key": 45,
          "schema_version": 0,
          "attributes": {
            "id": "-",
            "input": [
              "42",
              "27",
              "101",
              "73",
              "-5",
              "0"
            ],
            "keepers": null,
            "result": [
              "73",
              "-5",
              "27",
              "0",
              "101",
              "42"
            ],
            "result_count": null,
            "seed": null
          },
          "sensitive_attributes": []
        },
        {
          "index_key": 46,
          "schema_version": 0,
          "attributes": {
            "id": "-",
            "input": [
              "42",
              "27",
              "101",
              "73",
              "-5",
              "0"
            ],
            "keepers": null,
            "result": [
              "101",
              "42",
              "73",
              "0",
              "-5",
              "27"
            ],
            "result_count": null,
            "seed": null
          },
          "sensitive_attributes": []
        },
        {
          "index_key": 47,
          "schema_version": 0,
          "attributes": {
            "id": "-",
            "input": [
              "42",
              "27",
              "101",
              "73",
              "-5",
              "0"
            ],
            "keepers": null,
            "result": [
              "27",
              "42",
              "73",
              "-5",
              "101",
              "0"
            ],
            "result_count": null,
            "seed": null
          },
          "sensitive_attributes": []
        },
        {
          "index_key": 48,
          "schema_version": 0,
          "attributes": {
            "id": "-",
            "input": [
              "42",
              "27",
              "101",
              "73",
              "-5",
              "0"
            ],
            "keepers": null,
            "result": [
              "101",
              "73",
              "0",
              "42",
              "27",
              "-5"
            ],
            "result_count": null,
            "seed": null
          },
          "sensitive_attributes": []
        },
        {
          "index_key": 49,
          "schema_version": 0,
          "attributes": {
            "id": "-",
            "input": [
              "42",
              "27",
              "101",
              "73",
              "-5",
              "0"
            ],
            "keepers": null,
            "result": [
              "73",
              "42",
              "0",
              "101",
              "27",
              "-5"
            ],
            "result_count": null,
            "seed": null
          },
          "sensitive_attributes": []
        },
        {
          "index_key": 50,
          "schema_version": 0,
          "attributes": {
            "id": "-",
            "input": [
              "42",
              "27",
              "101",
              "73",
              "-5",
              "0"
            ],
            "keepers": null,
            "result": [
              "0",
              "-5",
              "27",
              "101",
              "42",
              "73"
            ],
            "result_count": null,
            "seed": null
          },
          "sensitive_attributes": []
        },
        {
          "index_key": 51,
          "schema_version": 0,
          "attributes": {
            "id": "-",
            "input": [
              "42",
              "27",
              "101",
              "73",
              "-5",
              "0"
            ],
            "keepers": null,
            "result": [
              "0",
              "42",
              "27",
              "-5",
              "73",
              "101"
            ],
            "result_count": null,
            "seed": null
          },
          "sensitive_attributes": []
        },
        {
          "index_key": 52,
          "schema_version": 0,
          "attributes": {
            "id": "-",
            "input": [
              "42",
              "27",
              "101",
              "73",
              "-5",
              "0"
            ],
            "keepers": null,
            "result": [
              "101",
              "27",
              "0",
              "42",
              "-5",
              "73"
            ],
            "result_count": null,
            "seed": null
          },
          "sensitive_attributes": []
        },
        {
          "index_key": 53,
          "schema_version": 0,
          "attributes": {
            "id": "-",
            "input": [
              "42",
              "27",
              "101",
              "73",
              "-5",
              "0"
            ],
            "keepers": null,
            "result": [
              "0",
              "42",
              "27",
              "73",
              "-5",
              "101"
            ],
            "result_count": null,
            "seed": null
          },
          "sensitive_attributes": []
        },
        {
          "index_key": 54,
          "schema_version": 0,
          "attributes": {
            "id": "-",
            "input": [
              "42",
              "27",
              "101",
              "73",
              "-5",
              "0"
            ],
            "keepers": null,
            "result": [
              "101",
              "27",
              "73",
              "42",
              "-5",
              "0"
            ],
            "result_count": null,
            "seed": null
          },
          "sensitive_attributes": []
        },
        {
          "index_key": 55,
          "schema_version": 0,
          "attributes": {
            "id": "-",
            "input": [
              "42",
              "27",
              "101",
              "73",
              "-5",
              "0"
            ],
            "keepers": null,
            "result": [
              "-5",
              "101",
              "27",
              "42",
              "73",
              "0"
            ],
            "result_count": null,
            "seed": null
          },
          "sensitive_attributes": []
        },
        {
          "index_key": 56,
          "schema_version": 0,
          "attributes": {
            "id": "-",
            "input": [
              "42",
              "27",
              "101",
              "73",
              "-5",
              "0"
            ],
            "keepers": null,
            "result": [
              "73",
              "-5",
              "101",
              "27",
              "42",
              "0"
            ],
            "result_count": null,
            "seed": null
          },
          "sensitive_attributes": []
        },
        {
          "index_key": 57,
          "schema_version": 0,
          "attributes": {
            "id": "-",
            "input": [
              "42",
              "27",
              "101",
              "73",
              "-5",
              "0"
            ],
            "keepers": null,
            "result": [
              "73",
              "27",
              "101",
              "0",
              "-5",
              "42"
            ],
            "result_count": null,
            "seed": null
          },
          "sensitive_attributes": []
        },
        {
          "index_key": 58,
          "schema_version": 0,
          "attributes": {
            "id": "-",
            "input": [
              "42",
              "27",
              "101",
              "73",
              "-5",
              "0"
            ],
            "keepers": null,
            "result": [
              "0",
              "27",
              "42",
              "-5",
              "101",
              "73"
            ],
            "result_count": null,
            "seed": null
          },
          "sensitive_attributes": []
        },
        {
          "index_key": 59,
          "schema_version": 0,
          "attributes": {
            "id": "-",
            "input": [
              "42",
              "27",
              "101",
              "73",
              "-5",
              "0"
            ],
            "keepers": null,
            "result": [
              "-5",
              "27",
              "42",
              "101",
              "0",
              "73"
            ],
            "result_count": null,
            "seed": null
          },
          "sensitive_attributes": []
        },
        {
          "index_key": 60,
          "schema_version": 0,
          "attributes": {
            "id": "-",
            "input": [
              "42",
              "27",
              "101",
              "73",
              "-5",
              "0"
            ],
            "keepers": null,
            "result": [
              "101",
              "-5",
              "0",
              "42",
              "27",
              "73"
            ],
            "result_count": null,
            "seed": null
          },
          "sensitive_attributes": []
        },
        {
          "index_key": 61,
          "schema_version": 0,
          "attributes": {
            "id": "-",
            "input": [
              "42",
              "27",
              "101",
              "73",
              "-5",
              "0"
            ],
            "keepers": null,
            "result": [
              "27",
              "101",
              "0",
              "42",
              "-5",
              "73"
            ],
            "result_count": null,
            "seed": null
          },
          "sensitive_attributes": []
        },
        {
          "index_key": 62,
          "schema_version": 0,
          "attributes": {
            "id": "-",
            "input": [
              "42",
              "27",
              "101",
              "73",
              "-5",
              "0"
            ],
            "keepers": null,
            "result": [
              "42",
              "27",
              "0",
              "101",
              "73",
              "-5"
            ],
            "result_count": null,
            "seed": null
          },
          "sensitive_attributes": []
        },
        {
          "index_key": 63,
          "schema_version": 0,
          "attributes": {
            "id": "-",
            "input": [
              "42",
              "27",
              "101",
              "73",
              "-5",
              "0"
            ],
            "keepers": null,
            "result": [
              "42",
              "101",
              "27",
              "-5",
              "73",
              "0"
            ],
            "result_count": null,
            "seed": null
          },
          "sensitive_attributes": []
        },
        {
          "index_key": 64,
          "schema_version": 0,
          "attributes": {
            "id": "-",
            "input": [
              "42",
              "27",
              "101",
              "73",
              "-5",
              "0"
            ],
            "keepers": null,
            "result": [
              "101",
              "0",
              "42",
              "73",
              "-5",
              "27"
            ],
            "result_count": null,
            "seed": null
          },
          "sensitive_attributes": []
        },
        {
          "index_key": 65,
          "schema_version": 0,
          "attributes": {
            "id": "-",
            "input": [
              "42",
              "27",
              "101",
              "73",
              "-5",
              "0"
            ],
            "keepers": null,
            "result": [
              "42",
              "0",
              "101",
              "-5",
              "73",
              "27"
            ],
            "result_count": null,
            "seed": null
          },
          "sensitive_attributes": []
        },
        {
          "index_key": 66,
          "schema_version": 0,
          "attributes": {
            "id": "-",
            "input": [
              "42",
              "27",
              "101",
              "73",
              "-5",
              "0"
            ],
            "keepers": null,
            "result": [
              "-5",
              "0",
              "101",
              "42",
              "27",
              "73"
            ],
            "result_count": null,
            "seed": null
          },
          "sensitive_attributes": []
        },
        {
          "index_key": 67,
          "schema_version": 0,
          "attributes": {
            "id": "-",
            "input": [
              "42",
              "27",
              "101",
              "73",
              "-5",
              "0"
            ],
            "keepers": null,
            "result": [
              "101",
              "-5",
              "73",
              "42",
              "27",
              "0"
            ],
            "result_count": null,
            "seed": null
          },
          "sensitive_attributes": []
        },
        {
          "index_key": 68,
          "schema_version": 0,
          "attributes": {
            "id": "-",
            "input": [
              "42",
              "27",
              "101",
              "73",
              "-5",
              "0"
            ],
            "keepers": null,
            "result": [
              "42",
              "0",
              "-5",
              "101",
              "73",
              "27"
            ],
            "result_count": null,
            "seed": null
          },
          "sensitive_attributes": []
        },
        {
          "index_key": 69,
          "schema_version": 0,
          "attributes": {
            "id": "-",
            "input": [
              "42",
              "27",
              "101",
              "73",
              "-5",
              "0"
            ],
            "keepers": null,
            "result": [
              "42",
              "101",
              "-5",
              "27",
              "0",
              "73"
            ],
            "result_count": null,
            "seed": null
          },
          "sensitive_attributes": []
        },
        {
          "index_key": 70,
          "schema_version": 0,
          "attributes": {
            "id": "-",
            "input": [
              "42",
              "27",
              "101",
              "73",
              "-5",
              "0"
            ],
            "keepers": null,
            "result": [
              "27",
              "-5",
              "101",
              "42",
              "0",
              "73"
            ],
            "result_count": null,
            "seed": null
          },
          "sensitive_attributes": []
        },
        {
          "index_key": 71,
          "schema_version": 0,
          "attributes": {
            "id": "-",
            "input": [
              "42",
              "27",
              "101",
              "73",
              "-5",
              "0"
            ],
            "keepers": null,
            "result": [
              "73",
              "-5",
              "0",
              "101",
              "42",
              "27"
            ],
            "result_count": null,
            "seed": null
          },
          "sensitive_attributes": []
        },
        {
          "index_key": 72,
          "schema_version": 0,
          "attributes": {
            "id": "-",
            "input": [
              "42",
              "27",
              "101",
              "73",
              "-5",
              "0"
            ],
            "keepers": null,
            "result": [
              "42",
              "73",
              "-5",
              "27",
              "0",
              "101"
            ],
            "result_count": null,
            "seed": null
          },
          "sensitive_attributes": []
        },
        {
          "index_key": 73,
          "schema_version": 0,
          "attributes": {
            "id": "-",
            "input": [
              "42",
              "27",
              "101",
              "73",
              "-5",
              "0"
            ],
            "keepers": null,
            "result": [
              "-5",
              "73",
              "42",
              "27",
              "101",
              "0"
            ],
            "result_count": null,
            "seed": null
          },
          "sensitive_attributes": []
        },
        {
          "index_key": 74,
          "schema_version": 0,
          "attributes": {
            "id": "-",
            "input": [
              "42",
              "27",
              "101",
              "73",
              "-5",
              "0"
            ],
            "keepers": null,
            "result": [
              "73",
              "0",
              "42",
              "101",
              "-5",
              "27"
            ],
            "result_count": null,
            "seed": null
          },
          "sensitive_attributes": []
        },
        {
          "index_key": 75,
          "schema_version": 0,
          "attributes": {
            "id": "-",
            "input": [
              "42",
              "27",
              "101",
              "73",
              "-5",
              "0"
            ],
            "keepers": null,
            "result": [
              "42",
              "-5",
              "73",
              "0",
              "27",
              "101"
            ],
            "result_count": null,
            "seed": null
          },
          "sensitive_attributes": []
        },
        {
          "index_key": 76,
          "schema_version": 0,
          "attributes": {
            "id": "-",
            "input": [
              "42",
              "27",
              "101",
              "73",
              "-5",
              "0"
            ],
            "keepers": null,
            "result": [
              "27",
              "-5",
              "73",
              "101",
              "42",
              "0"
            ],
            "result_count": null,
            "seed": null
          },
          "sensitive_attributes": []
        },
        {
          "index_key": 77,
          "schema_version": 0,
          "attributes": {
            "id": "-",
            "input": [
              "42",
              "27",
              "101",
              "73",
              "-5",
              "0"
            ],
            "keepers": null,
            "result": [
              "27",
              "42",
              "0",
              "73",
              "-5",
              "101"
            ],
            "result_count": null,
            "seed": null
          },
          "sensitive_attributes": []
        },
        {
          "index_key": 78,
          "schema_version": 0,
          "attributes": {
            "id": "-",
            "input": [
              "42",
              "27",
              "101",
              "73",
              "-5",
              "0"
            ],
            "keepers": null,
            "result": [
              "27",
              "0",
              "101",
              "73",
              "-5",
              "42"
            ],
            "result_count": null,
            "seed": null
          },
          "sensitive_attributes": []
        },
        {
          "index_key": 79,
          "schema_version": 0,
          "attributes": {
            "id": "-",
            "input": [
              "42",
              "27",
              "101",
              "73",
              "-5",
              "0"
            ],
            "keepers": null,
            "result": [
              "42",
              "0",
              "73",
              "27",
              "-5",
              "101"
            ],
            "result_count": null,
            "seed": null
          },
          "sensitive_attributes": []
        },
        {
          "index_key": 80,
          "schema_version": 0,
          "attributes": {
            "id": "-",
            "input": [
              "42",
              "27",
              "101",
              "73",
              "-5",
              "0"
            ],
            "keepers": null,
            "result": [
              "0",
              "-5",
              "42",
              "73",
              "101",
              "27"
            ],
            "result_count": null,
            "seed": null
          },
          "sensitive_attributes": []
        },
        {
          "index_key": 81,
          "schema_version": 0,
          "attributes": {
            "id": "-",
            "input": [
              "42",
              "27",
              "101",
              "73",
              "-5",
              "0"
            ],
            "keepers": null,
            "result": [
              "27",
              "101",
              "0",
              "73",
              "42",
              "-5"
            ],
            "result_count": null,
            "seed": null
          },
          "sensitive_attributes": []
        },
        {
          "index_key": 82,
          "schema_version": 0,
          "attributes": {
            "id": "-",
            "input": [
              "42",
              "27",
              "101",
              "73",
              "-5",
              "0"
            ],
            "keepers": null,
            "result": [
              "0",
              "-5",
              "42",
              "27",
              "73",
              "101"
            ],
            "result_count": null,
            "seed": null
          },
          "sensitive_attributes": []
        },
        {
          "index_key": 83,
          "schema_version": 0,
          "attributes": {
            "id": "-",
            "input": [
              "42",
              "27",
              "101",
              "73",
              "-5",
              "0"
            ],
            "keepers": null,
            "result": [
              "0",
              "27",
              "-5",
              "42",
              "101",
              "73"
            ],
            "result_count": null,
            "seed": null
          },
          "sensitive_attributes": []
        },
        {
          "index_key": 84,
          "schema_version": 0,
          "attributes": {
            "id": "-",
            "input": [
              "42",
              "27",
              "101",
              "73",
              "-5",
              "0"
            ],
            "keepers": null,
            "result": [
              "27",
              "73",
              "0",
              "101",
              "42",
              "-5"
            ],
            "result_count": null,
            "seed": null
          },
          "sensitive_attributes": []
        },
        {
          "index_key": 85,
          "schema_version": 0,
          "attributes": {
            "id": "-",
            "input": [
              "42",
              "27",
              "101",
              "73",
              "-5",
              "0"
            ],
            "keepers": null,
            "result": [
              "42",
              "101",
              "27",
              "0",
              "73",
              "-5"
            ],
            "result_count": null,
            "seed": null
          },
          "sensitive_attributes": []
        },
        {
          "index_key": 86,
          "schema_version": 0,
          "attributes": {
            "id": "-",
            "input": [
              "42",
              "27",
              "101",
              "73",
              "-5",
              "0"
            ],
            "keepers": null,
            "result": [
              "73",
              "-5",
              "42",
              "101",
              "0",
              "27"
            ],
            "result_count": null,
            "seed": null
          },
          "sensitive_attributes": []
        },
        {
          "index_key": 87,
          "schema_version": 0,
          "attributes": {
            "id": "-",
            "input": [
              "42",
              "27",
              "101",
              "73",
              "-5",
              "0"
            ],
            "keepers": null,
            "result": [
              "27",
              "0",
              "42",
              "-5",
              "101",
              "73"
            ],
            "result_count": null,
            "seed": null
          },
          "sensitive_attributes": []
        },
        {
          "index_key": 88,
          "schema_version": 0,
          "attributes": {
            "id": "-",
            "input": [
              "42",
              "27",
              "101",
              "73",
              "-5",
              "0"
            ],
            "keepers": null,
            "result": [
              "0",
              "42",
              "-5",
              "73",
              "101",
              "27"
            ],
            "result_count": null,
            "seed": null
          },
          "sensitive_attributes": []
        },
        {
          "index_key": 89,
          "schema_version": 0,
          "attributes": {
            "id": "-",
            "input": [
              "42",
              "27",
              "101",
              "73",
              "-5",
              "0"
            ],
            "keepers": null,
            "result": [
              "73",
              "-5",
              "27",
              "0",
              "42",
              "101"
            ],
            "result_count": null,
            "seed": null
          },
          "sensitive_attributes": []
        },
        {
          "index_key": 90,
          "schema_version": 0,
          "attributes": {
            "id": "-",
            "input": [
              "42",
              "27",
              "101",
              "73",
              "-5",
              "0"
            ],
            "keepers": null,
            "result": [
              "73",
              "27",
              "42",
              "-5",
              "101",
              "0"
            ],
            "result_count": null,
            "seed": null
          },
          "sensitive_attributes": []
        },
        {
          "index_key": 91,
          "schema_version": 0,
          "attributes": {
            "id": "-",
            "input": [
              "42",
              "27",
              "101",
              "73",
              "-5",
              "0"
            ],
            "keepers": null,
            "result": [
              "27",
              "0",
              "-5",
              "73",
              "101",
              "42"
            ],
            "result_count": null,
            "seed": null
          },
          "sensitive_attributes": []
        },
        {
          "index_key": 92,
          "schema_version": 0,
          "attributes": {
            "id": "-",
            "input": [
              "42",
              "27",
              "101",
              "73",
              "-5",
              "0"
            ],
            "keepers": null,
            "result": [
              "27",
              "-5",
              "0",
              "73",
              "42",
              "101"
            ],
            "result_count": null,
            "seed": null
          },
          "sensitive_attributes": []
        },
        {
          "index_key": 93,
          "schema_version": 0,
          "attributes": {
            "id": "-",
            "input": [
              "42",
              "27",
              "101",
              "73",
              "-5",
              "0"
            ],
            "keepers": null,
            "result": [
              "-5",
              "27",
              "73",
              "101",
              "42",
              "0"
            ],
            "result_count": null,
            "seed": null
          },
          "sensitive_attributes": []
        },
        {
          "index_key": 94,
          "schema_version": 0,
          "attributes": {
            "id": "-",
            "input": [
              "42",
              "27",
              "101",
              "73",
              "-5",
              "0"
            ],
            "keepers": null,
            "result": [
              "101",
              "27",
              "0",
              "42",
              "-5",
              "73"
            ],
            "result_count": null,
            "seed": null
          },
          "sensitive_attributes": []
        },
        {
          "index_key": 95,
          "schema_version": 0,
          "attributes": {
            "id": "-",
            "input": [
              "42",
              "27",
              "101",
              "73",
              "-5",
              "0"
            ],
            "keepers": null,
            "result": [
              "101",
              "73",
              "42",
              "-5",
              "27",
              "0"
            ],
            "result_count": null,
            "seed": null
          },
          "sensitive_attributes": []
        },
        {
          "index_key": 96,
          "schema_version": 0,
          "attributes": {
            "id": "-",
            "input": [
              "42",
              "27",
              "101",
              "73",
              "-5",
              "0"
            ],
            "keepers": null,
            "result": [
              "73",
              "101",
              "0",
              "42",
              "-5",
              "27"
            ],
            "result_count": null,
            "seed": null
          },
          "sensitive_attributes": []
        },
        {
          "index_key": 97,
          "schema_version": 0,
          "attributes": {
            "id": "-",
            "input": [
              "42",
              "27",
              "101",
              "73",
              "-5",
              "0"
            ],
            "keepers": null,
            "result": [
              "-5",
              "101",
              "42",
              "0",
              "27",
              "73"
            ],
            "result_count": null,
            "seed": null
          },
          "sensitive_attributes": []
        },
        {
          "index_key": 98,
          "schema_version": 0,
          "attributes": {
            "id": "-",
            "input": [
              "42",
              "27",
              "101",
              "73",
              "-5",
              "0"
            ],
            "keepers": null,
            "result": [
              "42",
              "27",
              "101",
              "-5",
              "0",
              "73"
            ],
            "result_count": null,
            "seed": null
          },
          "sensitive_attributes": []
        },
        {
          "index_key": 99,
          "schema_version": 0,
          "attributes": {
            "id": "-",
            "input": [
              "42",
              "27",
              "101",
              "73",
              "-5",
              "0"
            ],
            "keepers": null,
            "result": [
              "73",
              "27",
              "-5",
              "101",
              "42",
              "0"
            ],
            "result_count": null,
            "seed": null
          },
          "sensitive_attributes": []
        }
      ]
    },
    {
      "mode": "managed",
      "type": "random_shuffle",
      "name": "random_verbs",
      "provider": "provider[\"registry.terraform.io/hashicorp/random\"]",
      "instances": [
        {
          "index_key": 0,
          "schema_version": 0,
          "attributes": {
            "id": "-",
            "input": [
              "RUN",
              "DANCE",
              "LOVE",
              "RESPECT",
              "KICKED",
              "BAKED"
            ],
            "keepers": null,
            "result": [
              "KICKED",
              "BAKED",
              "RUN",
              "RESPECT",
              "DANCE",
              "LOVE"
            ],
            "result_count": null,
            "seed": null
          },
          "sensitive_attributes": []
        },
        {
          "index_key": 1,
          "schema_version": 0,
          "attributes": {
            "id": "-",
            "input": [
              "RUN",
              "DANCE",
              "LOVE",
              "RESPECT",
              "KICKED",
              "BAKED"
            ],
            "keepers": null,
            "result": [
              "RUN",
              "LOVE",
              "DANCE",
              "KICKED",
              "RESPECT",
              "BAKED"
            ],
            "result_count": null,
            "seed": null
          },
          "sensitive_attributes": []
        },
        {
          "index_key": 2,
          "schema_version": 0,
          "attributes": {
            "id": "-",
            "input": [
              "RUN",
              "DANCE",
              "LOVE",
              "RESPECT",
              "KICKED",
              "BAKED"
            ],
            "keepers": null,
            "result": [
              "DANCE",
              "BAKED",
              "LOVE",
              "KICKED",
              "RUN",
              "RESPECT"
            ],
            "result_count": null,
            "seed": null
          },
          "sensitive_attributes": []
        },
        {
          "index_key": 3,
          "schema_version": 0,
          "attributes": {
            "id": "-",
            "input": [
              "RUN",
              "DANCE",
              "LOVE",
              "RESPECT",
              "KICKED",
              "BAKED"
            ],
            "keepers": null,
            "result": [
              "BAKED",
              "DANCE",
              "LOVE",
              "RUN",
              "KICKED",
              "RESPECT"
            ],
            "result_count": null,
            "seed": null
          },
          "sensitive_attributes": []
        },
        {
          "index_key": 4,
          "schema_version": 0,
          "attributes": {
            "id": "-",
            "input": [
              "RUN",
              "DANCE",
              "LOVE",
              "RESPECT",
              "KICKED",
              "BAKED"
            ],
            "keepers": null,
            "result": [
              "RESPECT",
              "RUN",
              "KICKED",
              "DANCE",
              "BAKED",
              "LOVE"
            ],
            "result_count": null,
            "seed": null
          },
          "sensitive_attributes": []
        },
        {
          "index_key": 5,
          "schema_version": 0,
          "attributes": {
            "id": "-",
            "input": [
              "RUN",
              "DANCE",
              "LOVE",
              "RESPECT",
              "KICKED",
              "BAKED"
            ],
            "keepers": null,
            "result": [
              "DANCE",
              "BAKED",
              "RESPECT",
              "KICKED",
              "LOVE",
              "RUN"
            ],
            "result_count": null,
            "seed": null
          },
          "sensitive_attributes": []
        },
        {
          "index_key": 6,
          "schema_version": 0,
          "attributes": {
            "id": "-",
            "input": [
              "RUN",
              "DANCE",
              "LOVE",
              "RESPECT",
              "KICKED",
              "BAKED"
            ],
            "keepers": null,
            "result": [
              "LOVE",
              "RUN",
              "RESPECT",
              "DANCE",
              "KICKED",
              "BAKED"
            ],
            "result_count": null,
            "seed": null
          },
          "sensitive_attributes": []
        },
        {
          "index_key": 7,
          "schema_version": 0,
          "attributes": {
            "id": "-",
            "input": [
              "RUN",
              "DANCE",
              "LOVE",
              "RESPECT",
              "KICKED",
              "BAKED"
            ],
            "keepers": null,
            "result": [
              "RESPECT",
              "DANCE",
              "KICKED",
              "LOVE",
              "RUN",
              "BAKED"
            ],
            "result_count": null,
            "seed": null
          },
          "sensitive_attributes": []
        },
        {
          "index_key": 8,
          "schema_version": 0,
          "attributes": {
            "id": "-",
            "input": [
              "RUN",
              "DANCE",
              "LOVE",
              "RESPECT",
              "KICKED",
              "BAKED"
            ],
            "keepers": null,
            "result": [
              "BAKED",
              "LOVE",
              "RUN",
              "DANCE",
              "RESPECT",
              "KICKED"
            ],
            "result_count": null,
            "seed": null
          },
          "sensitive_attributes": []
        },
        {
          "index_key": 9,
          "schema_version": 0,
          "attributes": {
            "id": "-",
            "input": [
              "RUN",
              "DANCE",
              "LOVE",
              "RESPECT",
              "KICKED",
              "BAKED"
            ],
            "keepers": null,
            "result": [
              "DANCE",
              "RESPECT",
              "BAKED",
              "LOVE",
              "RUN",
              "KICKED"
            ],
            "result_count": null,
            "seed": null
          },
          "sensitive_attributes": []
        },
        {
          "index_key": 10,
          "schema_version": 0,
          "attributes": {
            "id": "-",
            "input": [
              "RUN",
              "DANCE",
              "LOVE",
              "RESPECT",
              "KICKED",
              "BAKED"
            ],
            "keepers": null,
            "result": [
              "DANCE",
              "BAKED",
              "RUN",
              "RESPECT",
              "KICKED",
              "LOVE"
            ],
            "result_count": null,
            "seed": null
          },
          "sensitive_attributes": []
        },
        {
          "index_key": 11,
          "schema_version": 0,
          "attributes": {
            "id": "-",
            "input": [
              "RUN",
              "DANCE",
              "LOVE",
              "RESPECT",
              "KICKED",
              "BAKED"
            ],
            "keepers": null,
            "result": [
              "BAKED",
              "RESPECT",
              "DANCE",
              "KICKED",
              "LOVE",
              "RUN"
            ],
            "result_count": null,
            "seed": null
          },
          "sensitive_attributes": []
        },
        {
          "index_key": 12,
          "schema_version": 0,
          "attributes": {
            "id": "-",
            "input": [
              "RUN",
              "DANCE",
              "LOVE",
              "RESPECT",
              "KICKED",
              "BAKED"
            ],
            "keepers": null,
            "result": [
              "KICKED",
              "LOVE",
              "DANCE",
              "BAKED",
              "RUN",
              "RESPECT"
            ],
            "result_count": null,
            "seed": null
          },
          "sensitive_attributes": []
        },
        {
          "index_key": 13,
          "schema_version": 0,
          "attributes": {
            "id": "-",
            "input": [
              "RUN",
              "DANCE",
              "LOVE",
              "RESPECT",
              "KICKED",
              "BAKED"
            ],
            "keepers": null,
            "result": [
              "RESPECT",
              "KICKED",
              "DANCE",
              "LOVE",
              "BAKED",
              "RUN"
            ],
            "result_count": null,
            "seed": null
          },
          "sensitive_attributes": []
        },
        {
          "index_key": 14,
          "schema_version": 0,
          "attributes": {
            "id": "-",
            "input": [
              "RUN",
              "DANCE",
              "LOVE",
              "RESPECT",
              "KICKED",
              "BAKED"
            ],
            "keepers": null,
            "result": [
              "BAKED",
              "KICKED",
              "RESPECT",
              "DANCE",
              "RUN",
              "LOVE"
            ],
            "result_count": null,
            "seed": null
          },
          "sensitive_attributes": []
        },
        {
          "index_key": 15,
          "schema_version": 0,
          "attributes": {
            "id": "-",
            "input": [
              "RUN",
              "DANCE",
              "LOVE",
              "RESPECT",
              "KICKED",
              "BAKED"
            ],
            "keepers": null,
            "result": [
              "RESPECT",
              "BAKED",
              "DANCE",
              "KICKED",
              "RUN",
              "LOVE"
            ],
            "result_count": null,
            "seed": null
          },
          "sensitive_attributes": []
        },
        {
          "index_key": 16,
          "schema_version": 0,
          "attributes": {
            "id": "-",
            "input": [
              "RUN",
              "DANCE",
              "LOVE",
              "RESPECT",
              "KICKED",
              "BAKED"
            ],
            "keepers": null,
            "result": [
              "LOVE",
              "DANCE",
              "KICKED",
              "RUN",
              "RESPECT",
              "BAKED"
            ],
            "result_count": null,
            "seed": null
          },
          "sensitive_attributes": []
        },
        {
          "index_key": 17,
          "schema_version": 0,
          "attributes": {
            "id": "-",
            "input": [
              "RUN",
              "DANCE",
              "LOVE",
              "RESPECT",
              "KICKED",
              "BAKED"
            ],
            "keepers": null,
            "result": [
              "RUN",
              "BAKED",
              "DANCE",
              "LOVE",
              "RESPECT",
              "KICKED"
            ],
            "result_count": null,
            "seed": null
          },
          "sensitive_attributes": []
        },
        {
          "index_key": 18,
          "schema_version": 0,
          "attributes": {
            "id": "-",
            "input": [
              "RUN",
              "DANCE",
              "LOVE",
              "RESPECT",
              "KICKED",
              "BAKED"
            ],
            "keepers": null,
            "result": [
              "RESPECT",
              "KICKED",
              "DANCE",
              "RUN",
              "BAKED",
              "LOVE"
            ],
            "result_count": null,
            "seed": null
          },
          "sensitive_attributes": []
        },
        {
          "index_key": 19,
          "schema_version": 0,
          "attributes": {
            "id": "-",
            "input": [
              "RUN",
              "DANCE",
              "LOVE",
              "RESPECT",
              "KICKED",
              "BAKED"
            ],
            "keepers": null,
            "result": [
              "KICKED",
              "DANCE",
              "RESPECT",
              "BAKED",
              "RUN",
              "LOVE"
            ],
            "result_count": null,
            "seed": null
          },
          "sensitive_attributes": []
        },
        {
          "index_key": 20,
          "schema_version": 0,
          "attributes": {
            "id": "-",
            "input": [
              "RUN",
              "DANCE",
              "LOVE",
              "RESPECT",
              "KICKED",
              "BAKED"
            ],
            "keepers": null,
            "result": [
              "BAKED",
              "RESPECT",
              "DANCE",
              "KICKED",
              "RUN",
              "LOVE"
            ],
            "result_count": null,
            "seed": null
          },
          "sensitive_attributes": []
        },
        {
          "index_key": 21,
          "schema_version": 0,
          "attributes": {
            "id": "-",
            "input": [
              "RUN",
              "DANCE",
              "LOVE",
              "RESPECT",
              "KICKED",
              "BAKED"
            ],
            "keepers": null,
            "result": [
              "LOVE",
              "RUN",
              "RESPECT",
              "BAKED",
              "KICKED",
              "DANCE"
            ],
            "result_count": null,
            "seed": null
          },
          "sensitive_attributes": []
        },
        {
          "index_key": 22,
          "schema_version": 0,
          "attributes": {
            "id": "-",
            "input": [
              "RUN",
              "DANCE",
              "LOVE",
              "RESPECT",
              "KICKED",
              "BAKED"
            ],
            "keepers": null,
            "result": [
              "LOVE",
              "KICKED",
              "DANCE",
              "BAKED",
              "RESPECT",
              "RUN"
            ],
            "result_count": null,
            "seed": null
          },
          "sensitive_attributes": []
        },
        {
          "index_key": 23,
          "schema_version": 0,
          "attributes": {
            "id": "-",
            "input": [
              "RUN",
              "DANCE",
              "LOVE",
              "RESPECT",
              "KICKED",
              "BAKED"
            ],
            "keepers": null,
            "result": [
              "RUN",
              "RESPECT",
              "DANCE",
              "BAKED",
              "KICKED",
              "LOVE"
            ],
            "result_count": null,
            "seed": null
          },
          "sensitive_attributes": []
        },
        {
          "index_key": 24,
          "schema_version": 0,
          "attributes": {
            "id": "-",
            "input": [
              "RUN",
              "DANCE",
              "LOVE",
              "RESPECT",
              "KICKED",
              "BAKED"
            ],
            "keepers": null,
            "result": [
              "LOVE",
              "DANCE",
              "RESPECT",
              "BAKED",
              "RUN",
              "KICKED"
            ],
            "result_count": null,
            "seed": null
          },
          "sensitive_attributes": []
        },
        {
          "index_key": 25,
          "schema_version": 0,
          "attributes": {
            "id": "-",
            "input": [
              "RUN",
              "DANCE",
              "LOVE",
              "RESPECT",
              "KICKED",
              "BAKED"
            ],
            "keepers": null,
            "result": [
              "RESPECT",
              "DANCE",
              "LOVE",
              "BAKED",
              "RUN",
              "KICKED"
            ],
            "result_count": null,
            "seed": null
          },
          "sensitive_attributes": []
        },
        {
          "index_key": 26,
          "schema_version": 0,
          "attributes": {
            "id": "-",
            "input": [
              "RUN",
              "DANCE",
              "LOVE",
              "RESPECT",
              "KICKED",
              "BAKED"
            ],
            "keepers": null,
            "result": [
              "KICKED",
              "BAKED",
              "DANCE",
              "LOVE",
              "RESPECT",
              "RUN"
            ],
            "result_count": null,
            "seed": null
          },
          "sensitive_attributes": []
        },
        {
          "index_key": 27,
          "schema_version": 0,
          "attributes": {
            "id": "-",
            "input": [
              "RUN",
              "DANCE",
              "LOVE",
              "RESPECT",
              "KICKED",
              "BAKED"
            ],
            "keepers": null,
            "result": [
              "RUN",
              "LOVE",
              "BAKED",
              "DANCE",
              "KICKED",
              "RESPECT"
            ],
            "result_count": null,
            "seed": null
          },
          "sensitive_attributes": []
        },
        {
          "index_key": 28,
          "schema_version": 0,
          "attributes": {
            "id": "-",
            "input": [
              "RUN",
              "DANCE",
              "LOVE",
              "RESPECT",
              "KICKED",
              "BAKED"
            ],
            "keepers": null,
            "result": [
              "DANCE",
              "KICKED",
              "BAKED",
              "RUN",
              "LOVE",
              "RESPECT"
            ],
            "result_count": null,
            "seed": null
          },
          "sensitive_attributes": []
        },
        {
          "index_key": 29,
          "schema_version": 0,
          "attributes": {
            "id": "-",
            "input": [
              "RUN",
              "DANCE",
              "LOVE",
              "RESPECT",
              "KICKED",
              "BAKED"
            ],
            "keepers": null,
            "result": [
              "RESPECT",
              "DANCE",
              "BAKED",
              "RUN",
              "LOVE",
              "KICKED"
            ],
            "result_count": null,
            "seed": null
          },
          "sensitive_attributes": []
        },
        {
          "index_key": 30,
          "schema_version": 0,
          "attributes": {
            "id": "-",
            "input": [
              "RUN",
              "DANCE",
              "LOVE",
              "RESPECT",
              "KICKED",
              "BAKED"
            ],
            "keepers": null,
            "result": [
              "KICKED",
              "RUN",
              "RESPECT",
              "DANCE",
              "LOVE",
              "BAKED"
            ],
            "result_count": null,
            "seed": null
          },
          "sensitive_attributes": []
        },
        {
          "index_key": 31,
          "schema_version": 0,
          "attributes": {
            "id": "-",
            "input": [
              "RUN",
              "DANCE",
              "LOVE",
              "RESPECT",
              "KICKED",
              "BAKED"
            ],
            "keepers": null,
            "result": [
              "LOVE",
              "RUN",
              "RESPECT",
              "DANCE",
              "KICKED",
              "BAKED"
            ],
            "result_count": null,
            "seed": null
          },
          "sensitive_attributes": []
        },
        {
          "index_key": 32,
          "schema_version": 0,
          "attributes": {
            "id": "-",
            "input": [
              "RUN",
              "DANCE",
              "LOVE",
              "RESPECT",
              "KICKED",
              "BAKED"
            ],
            "keepers": null,
            "result": [
              "KICKED",
              "DANCE",
              "RESPECT",
              "LOVE",
              "BAKED",
              "RUN"
            ],
            "result_count": null,
            "seed": null
          },
          "sensitive_attributes": []
        },
        {
          "index_key": 33,
          "schema_version": 0,
          "attributes": {
            "id": "-",
            "input": [
              "RUN",
              "DANCE",
              "LOVE",
              "RESPECT",
              "KICKED",
              "BAKED"
            ],
            "keepers": null,
            "result": [
              "RESPECT",
              "BAKED",
              "LOVE",
              "DANCE",
              "KICKED",
              "RUN"
            ],
            "result_count": null,
            "seed": null
          },
          "sensitive_attributes": []
        },
        {
          "index_key": 34,
          "schema_version": 0,
          "attributes": {
            "id": "-",
            "input": [
              "RUN",
              "DANCE",
              "LOVE",
              "RESPECT",
              "KICKED",
              "BAKED"
            ],
            "keepers": null,
            "result": [
              "KICKED",
              "LOVE",
              "RUN",
              "BAKED",
              "RESPECT",
              "DANCE"
            ],
            "result_count": null,
            "seed": null
          },
          "sensitive_attributes": []
        },
        {
          "index_key": 35,
          "schema_version": 0,
          "attributes": {
            "id": "-",
            "input": [
              "RUN",
              "DANCE",
              "LOVE",
              "RESPECT",
              "KICKED",
              "BAKED"
            ],
            "keepers": null,
            "result": [
              "BAKED",
              "KICKED",
              "LOVE",
              "DANCE",
              "RESPECT",
              "RUN"
            ],
            "result_count": null,
            "seed": null
          },
          "sensitive_attributes": []
        },
        {
          "index_key": 36,
          "schema_version": 0,
          "attributes": {
            "id": "-",
            "input": [
              "RUN",
              "DANCE",
              "LOVE",
              "RESPECT",
              "KICKED",
              "BAKED"
            ],
            "keepers": null,
            "result": [
              "BAKED",
              "RESPECT",
              "DANCE",
              "RUN",
              "KICKED",
              "LOVE"
            ],
            "result_count": null,
            "seed": null
          },
          "sensitive_attributes": []
        },
        {
          "index_key": 37,
          "schema_version": 0,
          "attributes": {
            "id": "-",
            "input": [
              "RUN",
              "DANCE",
              "LOVE",
              "RESPECT",
              "KICKED",
              "BAKED"
            ],
            "keepers": null,
            "result": [
              "LOVE",
              "KICKED",
              "DANCE",
              "BAKED",
              "RESPECT",
              "RUN"
            ],
            "result_count": null,
            "seed": null
          },
          "sensitive_attributes": []
        },
        {
          "index_key": 38,
          "schema_version": 0,
          "attributes": {
            "id": "-",
            "input": [
              "RUN",
              "DANCE",
              "LOVE",
              "RESPECT",
              "KICKED",
              "BAKED"
            ],
            "keepers": null,
            "result": [
              "KICKED",
              "RUN",
              "DANCE",
              "RESPECT",
              "BAKED",
              "LOVE"
            ],
            "result_count": null,
            "seed": null
          },
          "sensitive_attributes": []
        },
        {
          "index_key": 39,
          "schema_version": 0,
          "attributes": {
            "id": "-",
            "input": [
              "RUN",
              "DANCE",
              "LOVE",
              "RESPECT",
              "KICKED",
              "BAKED"
            ],
            "keepers": null,
            "result": [
              "RESPECT",
              "LOVE",
              "BAKED",
              "RUN",
              "DANCE",
              "KICKED"
            ],
            "result_count": null,
            "seed": null
          },
          "sensitive_attributes": []
        },
        {
          "index_key": 40,
          "schema_version": 0,
          "attributes": {
            "id": "-",
            "input": [
              "RUN",
              "DANCE",
              "LOVE",
              "RESPECT",
              "KICKED",
              "BAKED"
            ],
            "keepers": null,
            "result": [
              "RUN",
              "DANCE",
              "RESPECT",
              "LOVE",
              "BAKED",
              "KICKED"
            ],
            "result_count": null,
            "seed": null
          },
          "sensitive_attributes": []
        },
        {
          "index_key": 41,
          "schema_version": 0,
          "attributes": {
            "id": "-",
            "input": [
              "RUN",
              "DANCE",
              "LOVE",
              "RESPECT",
              "KICKED",
              "BAKED"
            ],
            "keepers": null,
            "result": [
              "RESPECT",
              "KICKED",
              "BAKED",
              "DANCE",
              "LOVE",
              "RUN"
            ],
            "result_count": null,
            "seed": null
          },
          "sensitive_attributes": []
        },
        {
          "index_key": 42,
          "schema_version": 0,
          "attributes": {
            "id": "-",
            "input": [
              "RUN",
              "DANCE",
              "LOVE",
              "RESPECT",
              "KICKED",
              "BAKED"
            ],
            "keepers": null,
            "result": [
              "LOVE",
              "RESPECT",
              "DANCE",
              "BAKED",
              "KICKED",
              "RUN"
            ],
            "result_count": null,
            "seed": null
          },
          "sensitive_attributes": []
        },
        {
          "index_key": 43,
          "schema_version": 0,
          "attributes": {
            "id": "-",
            "input": [
              "RUN",
              "DANCE",
              "LOVE",
              "RESPECT",
              "KICKED",
              "BAKED"
            ],
            "keepers": null,
            "result": [
              "KICKED",
              "RUN",
              "BAKED",
              "LOVE",
              "RESPECT",
              "DANCE"
            ],
            "result_count": null,
            "seed": null
          },
          "sensitive_attributes": []
        },
        {
          "index_key": 44,
          "schema_version": 0,
          "attributes": {
            "id": "-",
            "input": [
              "RUN",
              "DANCE",
              "LOVE",
              "RESPECT",
              "KICKED",
              "BAKED"
            ],
            "keepers": null,
            "result": [
              "LOVE",
              "DANCE",
              "RUN",
              "RESPECT",
              "KICKED",
              "BAKED"
            ],
            "result_count": null,
            "seed": null
          },
          "sensitive_attributes": []
        },
        {
          "index_key": 45,
          "schema_version": 0,
          "attributes": {
            "id": "-",
            "input": [
              "RUN",
              "DANCE",
              "LOVE",
              "RESPECT",
              "KICKED",
              "BAKED"
            ],
            "keepers": null,
            "result": [
              "RUN",
              "RESPECT",
              "DANCE",
              "BAKED",
              "LOVE",
              "KICKED"
            ],
            "result_count": null,
            "seed": null
          },
          "sensitive_attributes": []
        },
        {
          "index_key": 46,
          "schema_version": 0,
          "attributes": {
            "id": "-",
            "input": [
              "RUN",
              "DANCE",
              "LOVE",
              "RESPECT",
              "KICKED",
              "BAKED"
            ],
            "keepers": null,
            "result": [
              "RESPECT",
              "LOVE",
              "DANCE",
              "KICKED",
              "BAKED",
              "RUN"
            ],
            "result_count": null,
            "seed": null
          },
          "sensitive_attributes": []
        },
        {
          "index_key": 47,
          "schema_version": 0,
          "attributes": {
            "id": "-",
            "input": [
              "RUN",
              "DANCE",
              "LOVE",
              "RESPECT",
              "KICKED",
              "BAKED"
            ],
            "keepers": null,
            "result": [
              "KICKED",
              "BAKED",
              "RESPECT",
              "RUN",
              "LOVE",
              "DANCE"
            ],
            "result_count": null,
            "seed": null
          },
          "sensitive_attributes": []
        },
        {
          "index_key": 48,
          "schema_version": 0,
          "attributes": {
            "id": "-",
            "input": [
              "RUN",
              "DANCE",
              "LOVE",
              "RESPECT",
              "KICKED",
              "BAKED"
            ],
            "keepers": null,
            "result": [
              "KICKED",
              "RUN",
              "LOVE",
              "BAKED",
              "RESPECT",
              "DANCE"
            ],
            "result_count": null,
            "seed": null
          },
          "sensitive_attributes": []
        },
        {
          "index_key": 49,
          "schema_version": 0,
          "attributes": {
            "id": "-",
            "input": [
              "RUN",
              "DANCE",
              "LOVE",
              "RESPECT",
              "KICKED",
              "BAKED"
            ],
            "keepers": null,
            "result": [
              "LOVE",
              "RESPECT",
              "RUN",
              "BAKED",
              "DANCE",
              "KICKED"
            ],
            "result_count": null,
            "seed": null
          },
          "sensitive_attributes": []
        },
        {
          "index_key": 50,
          "schema_version": 0,
          "attributes": {
            "id": "-",
            "input": [
              "RUN",
              "DANCE",
              "LOVE",
              "RESPECT",
              "KICKED",
              "BAKED"
            ],
            "keepers": null,
            "result": [
              "RESPECT",
              "DANCE",
              "KICKED",
              "LOVE",
              "BAKED",
              "RUN"
            ],
            "result_count": null,
            "seed": null
          },
          "sensitive_attributes": []
        },
        {
          "index_key": 51,
          "schema_version": 0,
          "attributes": {
            "id": "-",
            "input": [
              "RUN",
              "DANCE",
              "LOVE",
              "RESPECT",
              "KICKED",
              "BAKED"
            ],
            "keepers": null,
            "result": [
              "DANCE",
              "RUN",
              "RESPECT",
              "BAKED",
              "KICKED",
              "LOVE"
            ],
            "result_count": null,
            "seed": null
          },
          "sensitive_attributes": []
        },
        {
          "index_key": 52,
          "schema_version": 0,
          "attributes": {
            "id": "-",
            "input": [
              "RUN",
              "DANCE",
              "LOVE",
              "RESPECT",
              "KICKED",
              "BAKED"
            ],
            "keepers": null,
            "result": [
              "LOVE",
              "BAKED",
              "RUN",
              "DANCE",
              "RESPECT",
              "KICKED"
            ],
            "result_count": null,
            "seed": null
          },
          "sensitive_attributes": []
        },
        {
          "index_key": 53,
          "schema_version": 0,
          "attributes": {
            "id": "-",
            "input": [
              "RUN",
              "DANCE",
              "LOVE",
              "RESPECT",
              "KICKED",
              "BAKED"
            ],
            "keepers": null,
            "result": [
              "RESPECT",
              "DANCE",
              "KICKED",
              "RUN",
              "LOVE",
              "BAKED"
            ],
            "result_count": null,
            "seed": null
          },
          "sensitive_attributes": []
        },
        {
          "index_key": 54,
          "schema_version": 0,
          "attributes": {
            "id": "-",
            "input": [
              "RUN",
              "DANCE",
              "LOVE",
              "RESPECT",
              "KICKED",
              "BAKED"
            ],
            "keepers": null,
            "result": [
              "RUN",
              "LOVE",
              "DANCE",
              "KICKED",
              "BAKED",
              "RESPECT"
            ],
            "result_count": null,
            "seed": null
          },
          "sensitive_attributes": []
        },
        {
          "index_key": 55,
          "schema_version": 0,
          "attributes": {
            "id": "-",
            "input": [
              "RUN",
              "DANCE",
              "LOVE",
              "RESPECT",
              "KICKED",
              "BAKED"
            ],
            "keepers": null,
            "result": [
              "RUN",
              "DANCE",
              "KICKED",
              "LOVE",
              "RESPECT",
              "BAKED"
            ],
            "result_count": null,
            "seed": null
          },
          "sensitive_attributes": []
        },
        {
          "index_key": 56,
          "schema_version": 0,
          "attributes": {
            "id": "-",
            "input": [
              "RUN",
              "DANCE",
              "LOVE",
              "RESPECT",
              "KICKED",
              "BAKED"
            ],
            "keepers": null,
            "result": [
              "LOVE",
              "RESPECT",
              "DANCE",
              "RUN",
              "KICKED",
              "BAKED"
            ],
            "result_count": null,
            "seed": null
          },
          "sensitive_attributes": []
        },
        {
          "index_key": 57,
          "schema_version": 0,
          "attributes": {
            "id": "-",
            "input": [
              "RUN",
              "DANCE",
              "LOVE",
              "RESPECT",
              "KICKED",
              "BAKED"
            ],
            "keepers": null,
            "result": [
              "KICKED",
              "DANCE",
              "LOVE",
              "BAKED",
              "RESPECT",
              "RUN"
            ],
            "result_count": null,
            "seed": null
          },
          "sensitive_attributes": []
        },
        {
          "index_key": 58,
          "schema_version": 0,
          "attributes": {
            "id": "-",
            "input": [
              "RUN",
              "DANCE",
              "LOVE",
              "RESPECT",
              "KICKED",
              "BAKED"
            ],
            "keepers": null,
            "result": [
              "RESPECT",
              "KICKED",
              "BAKED",
              "RUN",
              "DANCE",
              "LOVE"
            ],
            "result_count": null,
            "seed": null
          },
          "sensitive_attributes": []
        },
        {
          "index_key": 59,
          "schema_version": 0,
          "attributes": {
            "id": "-",
            "input": [
              "RUN",
              "DANCE",
              "LOVE",
              "RESPECT",
              "KICKED",
              "BAKED"
            ],
            "keepers": null,
            "result": [
              "RUN",
              "LOVE",
              "KICKED",
              "BAKED",
              "RESPECT",
              "DANCE"
            ],
            "result_count": null,
            "seed": null
          },
          "sensitive_attributes": []
        },
        {
          "index_key": 60,
          "schema_version": 0,
          "attributes": {
            "id": "-",
            "input": [
              "RUN",
              "DANCE",
              "LOVE",
              "RESPECT",
              "KICKED",
              "BAKED"
            ],
            "keepers": null,
            "result": [
              "LOVE",
              "BAKED",
              "DANCE",
              "RUN",
              "KICKED",
              "RESPECT"
            ],
            "result_count": null,
            "seed": null
          },
          "sensitive_attributes": []
        },
        {
          "index_key": 61,
          "schema_version": 0,
          "attributes": {
            "id": "-",
            "input": [
              "RUN",
              "DANCE",
              "LOVE",
              "RESPECT",
              "KICKED",
              "BAKED"
            ],
            "keepers": null,
            "result": [
              "KICKED",
              "LOVE",
              "BAKED",
              "DANCE",
              "RUN",
              "RESPECT"
            ],
            "result_count": null,
            "seed": null
          },
          "sensitive_attributes": []
        },
        {
          "index_key": 62,
          "schema_version": 0,
          "attributes": {
            "id": "-",
            "input": [
              "RUN",
              "DANCE",
              "LOVE",
              "RESPECT",
              "KICKED",
              "BAKED"
            ],
            "keepers": null,
            "result": [
              "BAKED",
              "LOVE",
              "KICKED",
              "RUN",
              "RESPECT",
              "DANCE"
            ],
            "result_count": null,
            "seed": null
          },
          "sensitive_attributes": []
        },
        {
          "index_key": 63,
          "schema_version": 0,
          "attributes": {
            "id": "-",
            "input": [
              "RUN",
              "DANCE",
              "LOVE",
              "RESPECT",
              "KICKED",
              "BAKED"
            ],
            "keepers": null,
            "result": [
              "RESPECT",
              "KICKED",
              "BAKED",
              "DANCE",
              "RUN",
              "LOVE"
            ],
            "result_count": null,
            "seed": null
          },
          "sensitive_attributes": []
        },
        {
          "index_key": 64,
          "schema_version": 0,
          "attributes": {
            "id": "-",
            "input": [
              "RUN",
              "DANCE",
              "LOVE",
              "RESPECT",
              "KICKED",
              "BAKED"
            ],
            "keepers": null,
            "result": [
              "RESPECT",
              "KICKED",
              "LOVE",
              "BAKED",
              "DANCE",
              "RUN"
            ],
            "result_count": null,
            "seed": null
          },
          "sensitive_attributes": []
        },
        {
          "index_key": 65,
          "schema_version": 0,
          "attributes": {
            "id": "-",
            "input": [
              "RUN",
              "DANCE",
              "LOVE",
              "RESPECT",
              "KICKED",
              "BAKED"
            ],
            "keepers": null,
            "result": [
              "DANCE",
              "RUN",
              "RESPECT",
              "LOVE",
              "BAKED",
              "KICKED"
            ],
            "result_count": null,
            "seed": null
          },
          "sensitive_attributes": []
        },
        {
          "index_key": 66,
          "schema_version": 0,
          "attributes": {
            "id": "-",
            "input": [
              "RUN",
              "DANCE",
              "LOVE",
              "RESPECT",
              "KICKED",
              "BAKED"
            ],
            "keepers": null,
            "result": [
              "LOVE",
              "RUN",
              "DANCE",
              "BAKED",
              "RESPECT",
              "KICKED"
            ],
            "result_count": null,
            "seed": null
          },
          "sensitive_attributes": []
        },
        {
          "index_key": 67,
          "schema_version": 0,
          "attributes": {
            "id": "-",
            "input": [
              "RUN",
              "DANCE",
              "LOVE",
              "RESPECT",
              "KICKED",
              "BAKED"
            ],
            "keepers": null,
            "result": [
              "LOVE",
              "DANCE",
              "KICKED",
              "BAKED",
              "RUN",
              "RESPECT"
            ],
            "result_count": null,
            "seed": null
          },
          "sensitive_attributes": []
        },
        {
          "index_key": 68,
          "schema_version": 0,
          "attributes": {
            "id": "-",
            "input": [
              "RUN",
              "DANCE",
              "LOVE",
              "RESPECT",
              "KICKED",
              "BAKED"
            ],
            "keepers": null,
            "result": [
              "DANCE",
              "RESPECT",
              "BAKED",
              "LOVE",
              "RUN",
              "KICKED"
            ],
            "result_count": null,
            "seed": null
          },
          "sensitive_attributes": []
        },
        {
          "index_key": 69,
          "schema_version": 0,
          "attributes": {
            "id": "-",
            "input": [
              "RUN",
              "DANCE",
              "LOVE",
              "RESPECT",
              "KICKED",
              "BAKED"
            ],
            "keepers": null,
            "result": [
              "KICKED",
              "RUN",
              "DANCE",
              "BAKED",
              "LOVE",
              "RESPECT"
            ],
            "result_count": null,
            "seed": null
          },
          "sensitive_attributes": []
        },
        {
          "index_key": 70,
          "schema_version": 0,
          "attributes": {
            "id": "-",
            "input": [
              "RUN",
              "DANCE",
              "LOVE",
              "RESPECT",
              "KICKED",
              "BAKED"
            ],
            "keepers": null,
            "result": [
              "LOVE",
              "BAKED",
              "DANCE",
              "KICKED",
              "RESPECT",
              "RUN"
            ],
            "result_count": null,
            "seed": null
          },
          "sensitive_attributes": []
        },
        {
          "index_key": 71,
          "schema_version": 0,
          "attributes": {
            "id": "-",
            "input": [
              "RUN",
              "DANCE",
              "LOVE",
              "RESPECT",
              "KICKED",
              "BAKED"
            ],
            "keepers": null,
            "result": [
              "DANCE",
              "LOVE",
              "RESPECT",
              "KICKED",
              "RUN",
              "BAKED"
            ],
            "result_count": null,
            "seed": null
          },
          "sensitive_attributes": []
        },
        {
          "index_key": 72,
          "schema_version": 0,
          "attributes": {
            "id": "-",
            "input": [
              "RUN",
              "DANCE",
              "LOVE",
              "RESPECT",
              "KICKED",
              "BAKED"
            ],
            "keepers": null,
            "result": [
              "DANCE",
              "RESPECT",
              "LOVE",
              "RUN",
              "BAKED",
              "KICKED"
            ],
            "result_count": null,
            "seed": null
          },
          "sensitive_attributes": []
        },
        {
          "index_key": 73,
          "schema_version": 0,
          "attributes": {
            "id": "-",
            "input": [
              "RUN",
              "DANCE",
              "LOVE",
              "RESPECT",
              "KICKED",
              "BAKED"
            ],
            "keepers": null,
            "result": [
              "LOVE",
              "BAKED",
              "RESPECT",
              "RUN",
              "DANCE",
              "KICKED"
            ],
            "result_count": null,
            "seed": null
          },
          "sensitive_attributes": []
        },
        {
          "index_key": 74,
          "schema_version": 0,
          "attributes": {
            "id": "-",
            "input": [
              "RUN",
              "DANCE",
              "LOVE",
              "RESPECT",
              "KICKED",
              "BAKED"
            ],
            "keepers": null,
            "result": [
              "LOVE",
              "KICKED",
              "DANCE",
              "BAKED",
              "RUN",
              "RESPECT"
            ],
            "result_count": null,
            "seed": null
          },
          "sensitive_attributes": []
        },
        {
          "index_key": 75,
          "schema_version": 0,
          "attributes": {
            "id": "-",
            "input": [
              "RUN",
              "DANCE",
              "LOVE",
              "RESPECT",
              "KICKED",
              "BAKED"
            ],
            "keepers": null,
            "result": [
              "KICKED",
              "RUN",
              "RESPECT",
              "LOVE",
              "BAKED",
              "DANCE"
            ],
            "result_count": null,
            "seed": null
          },
          "sensitive_attributes": []
        },
        {
          "index_key": 76,
          "schema_version": 0,
          "attributes": {
            "id": "-",
            "input": [
              "RUN",
              "DANCE",
              "LOVE",
              "RESPECT",
              "KICKED",
              "BAKED"
            ],
            "keepers": null,
            "result": [
              "BAKED",
              "KICKED",
              "LOVE",
              "RUN",
              "DANCE",
              "RESPECT"
            ],
            "result_count": null,
            "seed": null
          },
          "sensitive_attributes": []
        },
        {
          "index_key": 77,
          "schema_version": 0,
          "attributes": {
            "id": "-",
            "input": [
              "RUN",
              "DANCE",
              "LOVE",
              "RESPECT",
              "KICKED",
              "BAKED"
            ],
            "keepers": null,
            "result": [
              "RESPECT",
              "DANCE",
              "RUN",
              "BAKED",
              "KICKED",
              "LOVE"
            ],
            "result_count": null,
            "seed": null
          },
          "sensitive_attributes": []
        },
        {
          "index_key": 78,
          "schema_version": 0,
          "attributes": {
            "id": "-",
            "input": [
              "RUN",
              "DANCE",
              "LOVE",
              "RESPECT",
              "KICKED",
              "BAKED"
            ],
            "keepers": null,
            "result": [
              "BAKED",
              "RESPECT",
              "RUN",
              "DANCE",
              "KICKED",
              "LOVE"
            ],
            "result_count": null,
            "seed": null
          },
          "sensitive_attributes": []
        },
        {
          "index_key": 79,
          "schema_version": 0,
          "attributes": {
            "id": "-",
            "input": [
              "RUN",
              "DANCE",
              "LOVE",
              "RESPECT",
              "KICKED",
              "BAKED"
            ],
            "keepers": null,
            "result": [
              "LOVE",
              "KICKED",
              "RUN",
              "BAKED",
              "DANCE",
              "RESPECT"
            ],
            "result_count": null,
            "seed": null
          },
          "sensitive_attributes": []
        },
        {
          "index_key": 80,
          "schema_version": 0,
          "attributes": {
            "id": "-",
            "input": [
              "RUN",
              "DANCE",
              "LOVE",
              "RESPECT",
              "KICKED",
              "BAKED"
            ],
            "keepers": null,
            "result": [
              "LOVE",
              "BAKED",
              "KICKED",
              "DANCE",
              "RESPECT",
              "RUN"
            ],
            "result_count": null,
            "seed": null
          },
          "sensitive_attributes": []
        },
        {
          "index_key": 81,
          "schema_version": 0,
          "attributes": {
            "id": "-",
            "input": [
              "RUN",
              "DANCE",
              "LOVE",
              "RESPECT",
              "KICKED",
              "BAKED"
            ],
            "keepers": null,
            "result": [
              "RESPECT",
              "BAKED",
              "KICKED",
              "RUN",
              "LOVE",
              "DANCE"
            ],
            "result_count": null,
            "seed": null
          },
          "sensitive_attributes": []
        },
        {
          "index_key": 82,
          "schema_version": 0,
          "attributes": {
            "id": "-",
            "input": [
              "RUN",
              "DANCE",
              "LOVE",
              "RESPECT",
              "KICKED",
              "BAKED"
            ],
            "keepers": null,
            "result": [
              "RUN",
              "BAKED",
              "KICKED",
              "LOVE",
              "DANCE",
              "RESPECT"
            ],
            "result_count": null,
            "seed": null
          },
          "sensitive_attributes": []
        },
        {
          "index_key": 83,
          "schema_version": 0,
          "attributes": {
            "id": "-",
            "input": [
              "RUN",
              "DANCE",
              "LOVE",
              "RESPECT",
              "KICKED",
              "BAKED"
            ],
            "keepers": null,
            "result": [
              "KICKED",
              "BAKED",
              "RESPECT",
              "DANCE",
              "RUN",
              "LOVE"
            ],
            "result_count": null,
            "seed": null
          },
          "sensitive_attributes": []
        },
        {
          "index_key": 84,
          "schema_version": 0,
          "attributes": {
            "id": "-",
            "input": [
              "RUN",
              "DANCE",
              "LOVE",
              "RESPECT",
              "KICKED",
              "BAKED"
            ],
            "keepers": null,
            "result": [
              "BAKED",
              "KICKED",
              "DANCE",
              "RESPECT",
              "RUN",
              "LOVE"
            ],
            "result_count": null,
            "seed": null
          },
          "sensitive_attributes": []
        },
        {
          "index_key": 85,
          "schema_version": 0,
          "attributes": {
            "id": "-",
            "input": [
              "RUN",
              "DANCE",
              "LOVE",
              "RESPECT",
              "KICKED",
              "BAKED"
            ],
            "keepers": null,
            "result": [
              "DANCE",
              "KICKED",
              "BAKED",
              "RESPECT",
              "LOVE",
              "RUN"
            ],
            "result_count": null,
            "seed": null
          },
          "sensitive_attributes": []
        },
        {
          "index_key": 86,
          "schema_version": 0,
          "attributes": {
            "id": "-",
            "input": [
              "RUN",
              "DANCE",
              "LOVE",
              "RESPECT",
              "KICKED",
              "BAKED"
            ],
            "keepers": null,
            "result": [
              "KICKED",
              "RESPECT",
              "RUN",
              "LOVE",
              "BAKED",
              "DANCE"
            ],
            "result_count": null,
            "seed": null
          },
          "sensitive_attributes": []
        },
        {
          "index_key": 87,
          "schema_version": 0,
          "attributes": {
            "id": "-",
            "input": [
              "RUN",
              "DANCE",
              "LOVE",
              "RESPECT",
              "KICKED",
              "BAKED"
            ],
            "keepers": null,
            "result": [
              "DANCE",
              "LOVE",
              "RESPECT",
              "RUN",
              "KICKED",
              "BAKED"
            ],
            "result_count": null,
            "seed": null
          },
          "sensitive_attributes": []
        },
        {
          "index_key": 88,
          "schema_version": 0,
          "attributes": {
            "id": "-",
            "input": [
              "RUN",
              "DANCE",
              "LOVE",
              "RESPECT",
              "KICKED",
              "BAKED"
            ],
            "keepers": null,
            "result": [
              "RESPECT",
              "KICKED",
              "BAKED",
              "DANCE",
              "LOVE",
              "RUN"
            ],
            "result_count": null,
            "seed": null
          },
          "sensitive_attributes": []
        },
        {
          "index_key": 89,
          "schema_version": 0,
          "attributes": {
            "id": "-",
            "input": [
              "RUN",
              "DANCE",
              "LOVE",
              "RESPECT",
              "KICKED",
              "BAKED"
            ],
            "keepers": null,
            "result": [
              "BAKED",
              "RESPECT",
              "DANCE",
              "LOVE",
              "RUN",
              "KICKED"
            ],
            "result_count": null,
            "seed": null
          },
          "sensitive_attributes": []
        },
        {
          "index_key": 90,
          "schema_version": 0,
          "attributes": {
            "id": "-",
            "input": [
              "RUN",
              "DANCE",
              "LOVE",
              "RESPECT",
              "KICKED",
              "BAKED"
            ],
            "keepers": null,
            "result": [
              "RUN",
              "RESPECT",
              "LOVE",
              "BAKED",
              "KICKED",
              "DANCE"
            ],
            "result_count": null,
            "seed": null
          },
          "sensitive_attributes": []
        },
        {
          "index_key": 91,
          "schema_version": 0,
          "attributes": {
            "id": "-",
            "input": [
              "RUN",
              "DANCE",
              "LOVE",
              "RESPECT",
              "KICKED",
              "BAKED"
            ],
            "keepers": null,
            "result": [
              "RUN",
              "BAKED",
              "LOVE",
              "KICKED",
              "DANCE",
              "RESPECT"
            ],
            "result_count": null,
            "seed": null
          },
          "sensitive_attributes": []
        },
        {
          "index_key": 92,
          "schema_version": 0,
          "attributes": {
            "id": "-",
            "input": [
              "RUN",
              "DANCE",
              "LOVE",
              "RESPECT",
              "KICKED",
              "BAKED"
            ],
            "keepers": null,
            "result": [
              "LOVE",
              "RUN",
              "DANCE",
              "KICKED",
              "BAKED",
              "RESPECT"
            ],
            "result_count": null,
            "seed": null
          },
          "sensitive_attributes": []
        },
        {
          "index_key": 93,
          "schema_version": 0,
          "attributes": {
            "id": "-",
            "input": [
              "RUN",
              "DANCE",
              "LOVE",
              "RESPECT",
              "KICKED",
              "BAKED"
            ],
            "keepers": null,
            "result": [
              "LOVE",
              "BAKED",
              "RUN",
              "DANCE",
              "RESPECT",
              "KICKED"
            ],
            "result_count": null,
            "seed": null
          },
          "sensitive_attributes": []
        },
        {
          "index_key": 94,
          "schema_version": 0,
          "attributes": {
            "id": "-",
            "input": [
              "RUN",
              "DANCE",
              "LOVE",
              "RESPECT",
              "KICKED",
              "BAKED"
            ],
            "keepers": null,
            "result": [
              "RUN",
              "BAKED",
              "DANCE",
              "KICKED",
              "RESPECT",
              "LOVE"
            ],
            "result_count": null,
            "seed": null
          },
          "sensitive_attributes": []
        },
        {
          "index_key": 95,
          "schema_version": 0,
          "attributes": {
            "id": "-",
            "input": [
              "RUN",
              "DANCE",
              "LOVE",
              "RESPECT",
              "KICKED",
              "BAKED"
            ],
            "keepers": null,
            "result": [
              "BAKED",
              "RUN",
              "KICKED",
              "DANCE",
              "RESPECT",
              "LOVE"
            ],
            "result_count": null,
            "seed": null
          },
          "sensitive_attributes": []
        },
        {
          "index_key": 96,
          "schema_version": 0,
          "attributes": {
            "id": "-",
            "input": [
              "RUN",
              "DANCE",
              "LOVE",
              "RESPECT",
              "KICKED",
              "BAKED"
            ],
            "keepers": null,
            "result": [
              "DANCE",
              "RESPECT",
              "BAKED",
              "LOVE",
              "RUN",
              "KICKED"
            ],
            "result_count": null,
            "seed": null
          },
          "sensitive_attributes": []
        },
        {
          "index_key": 97,
          "schema_version": 0,
          "attributes": {
            "id": "-",
            "input": [
              "RUN",
              "DANCE",
              "LOVE",
              "RESPECT",
              "KICKED",
              "BAKED"
            ],
            "keepers": null,
            "result": [
              "DANCE",
              "LOVE",
              "RUN",
              "RESPECT",
              "KICKED",
              "BAKED"
            ],
            "result_count": null,
            "seed": null
          },
          "sensitive_attributes": []
        },
        {
          "index_key": 98,
          "schema_version": 0,
          "attributes": {
            "id": "-",
            "input": [
              "RUN",
              "DANCE",
              "LOVE",
              "RESPECT",
              "KICKED",
              "BAKED"
            ],
            "keepers": null,
            "result": [
              "BAKED",
              "DANCE",
              "RESPECT",
              "KICKED",
              "LOVE",
              "RUN"
            ],
            "result_count": null,
            "seed": null
          },
          "sensitive_attributes": []
        },
        {
          "index_key": 99,
          "schema_version": 0,
          "attributes": {
            "id": "-",
            "input": [
              "RUN",
              "DANCE",
              "LOVE",
              "RESPECT",
              "KICKED",
              "BAKED"
            ],
            "keepers": null,
            "result": [
              "DANCE",
              "RUN",
              "RESPECT",
              "BAKED",
              "KICKED",
              "LOVE"
            ],
            "result_count": null,
            "seed": null
          },
          "sensitive_attributes": []
        }
      ]
    }
  ],
  "check_results": null
}
